{
  "version": 4,
  "terraform_version": "0.12.8",
  "serial": 379,
  "lineage": "c4a6c4df-a99f-1a18-6d8b-ddddf7d7d3ce",
  "outputs": {},
  "resources": [
    {
      "mode": "managed",
      "type": "aws_cloudwatch_event_rule",
      "name": "every_day_1111-rule",
      "provider": "provider.aws",
      "instances": [
        {
          "schema_version": 0,
          "attributes": {
            "arn": "arn:aws:events:eu-west-3:424590257573:rule/every_day_1111",
            "description": "",
            "event_pattern": null,
            "id": "every_day_1111",
            "is_enabled": false,
            "name": "every_day_1111",
            "name_prefix": null,
            "role_arn": "",
            "schedule_expression": "cron(11 09 * * ? *)",
            "tags": {}
          },
          "private": "bnVsbA==",
          "depends_on": [
            "aws_lambda_function.feed2twitter-function"
          ]
        }
      ]
    },
    {
      "mode": "managed",
      "type": "aws_cloudwatch_event_target",
      "name": "every_day_1111-target",
      "provider": "provider.aws",
      "instances": [
        {
          "schema_version": 0,
          "attributes": {
            "arn": "arn:aws:lambda:eu-west-3:424590257573:function:feed2twitter-lambda",
            "batch_target": [],
            "ecs_target": [],
            "id": "every_day_1111-terraform-20190924214023933900000003",
            "input": "",
            "input_path": "",
            "input_transformer": [],
            "kinesis_target": [],
            "role_arn": "",
            "rule": "every_day_1111",
            "run_command_targets": [],
            "sqs_target": [],
            "target_id": "terraform-20190924214023933900000003"
          },
          "private": "bnVsbA==",
          "depends_on": [
            "aws_cloudwatch_event_rule.every_day_1111-rule",
            "aws_lambda_function.feed2twitter-function"
          ]
        }
      ]
    },
    {
      "mode": "managed",
      "type": "aws_cloudwatch_log_group",
      "name": "feed2twitter-log-group",
      "provider": "provider.aws",
      "instances": [
        {
          "schema_version": 0,
          "attributes": {
            "arn": "arn:aws:logs:eu-west-3:424590257573:log-group:/aws/lambda/feed2twitter-lambda:*",
            "id": "/aws/lambda/feed2twitter-lambda",
            "kms_key_id": "",
            "name": "/aws/lambda/feed2twitter-lambda",
            "name_prefix": null,
            "retention_in_days": 7,
            "tags": {}
          },
          "private": "bnVsbA==",
          "depends_on": [
            "aws_lambda_function.feed2twitter-function"
          ]
        }
      ]
    },
    {
      "mode": "managed",
      "type": "aws_dynamodb_table",
      "name": "authors-table",
      "provider": "provider.aws",
      "instances": [
        {
          "schema_version": 1,
          "attributes": {
            "arn": "arn:aws:dynamodb:eu-west-3:424590257573:table/Authors",
            "attribute": [
              {
                "name": "Author",
                "type": "S"
              }
            ],
            "billing_mode": "PROVISIONED",
            "global_secondary_index": [],
            "hash_key": "Author",
            "id": "Authors",
            "local_secondary_index": [],
            "name": "Authors",
            "point_in_time_recovery": [
              {
                "enabled": false
              }
            ],
            "range_key": null,
            "read_capacity": 1,
            "server_side_encryption": [],
            "stream_arn": "",
            "stream_enabled": false,
            "stream_label": "",
            "stream_view_type": "",
            "tags": {},
            "timeouts": null,
            "ttl": [
              {
                "attribute_name": "",
                "enabled": false
              }
            ],
            "write_capacity": 1
          },
          "private": "eyJlMmJmYjczMC1lY2FhLTExZTYtOGY4OC0zNDM2M2JjN2M0YzAiOnsiY3JlYXRlIjo2MDAwMDAwMDAwMDAsImRlbGV0ZSI6NjAwMDAwMDAwMDAwLCJ1cGRhdGUiOjM2MDAwMDAwMDAwMDB9LCJzY2hlbWFfdmVyc2lvbiI6IjEifQ=="
        }
      ]
    },
    {
      "mode": "managed",
      "type": "aws_dynamodb_table_item",
      "name": "Adelstein-Jake",
      "provider": "provider.aws",
      "instances": [
        {
          "schema_version": 0,
          "attributes": {
            "hash_key": "Author",
            "id": "Authors|Author||Adelstein, Jake|",
            "item": "{\n  \"Author\": {\"S\": \"Adelstein, Jake\"},\n  \"twitterHandle\": {\"S\": \"@jakeadelstein\"}\n}\n",
            "range_key": null,
            "table_name": "Authors"
          },
          "private": "bnVsbA==",
          "depends_on": [
            "aws_dynamodb_table.authors-table"
          ]
        }
      ]
    },
    {
      "mode": "managed",
      "type": "aws_dynamodb_table_item",
      "name": "Afflatet-Bernard",
      "provider": "provider.aws",
      "instances": [
        {
          "schema_version": 0,
          "attributes": {
            "hash_key": "Author",
            "id": "Authors|Author||Afflatet, Bernard|",
            "item": "{\n  \"Author\": {\"S\": \"Afflatet, Bernard\"},\n  \"twitterHandle\": {\"S\": \"@BernardAfflatet\"}\n}\n",
            "range_key": null,
            "table_name": "Authors"
          },
          "private": "bnVsbA==",
          "depends_on": [
            "aws_dynamodb_table.authors-table"
          ]
        }
      ]
    },
    {
      "mode": "managed",
      "type": "aws_dynamodb_table_item",
      "name": "Desienne-Stephane",
      "provider": "provider.aws",
      "instances": [
        {
          "schema_version": 0,
          "attributes": {
            "hash_key": "Author",
            "id": "Authors|Author||Desienne, Stéphane|",
            "item": "{\n  \"Author\": {\"S\": \"Desienne, Stéphane\"},\n  \"twitterHandle\": {\"S\": \"@DesienneAuteur\"}\n}\n",
            "range_key": null,
            "table_name": "Authors"
          },
          "private": "bnVsbA==",
          "depends_on": [
            "aws_dynamodb_table.authors-table"
          ]
        }
      ]
    },
    {
      "mode": "managed",
      "type": "aws_dynamodb_table_item",
      "name": "Dubuisson-Marc",
      "provider": "provider.aws",
      "instances": [
        {
          "schema_version": 0,
          "attributes": {
            "hash_key": "Author",
            "id": "Authors|Author||Dubuisson, Marc|",
            "item": "{\n  \"Author\": {\"S\": \"Dubuisson, Marc\"},\n  \"twitterHandle\": {\"S\": \"@Unpied\"}\n}\n",
            "range_key": null,
            "table_name": "Authors"
          },
          "private": "bnVsbA==",
          "depends_on": [
            "aws_dynamodb_table.authors-table"
          ]
        }
      ]
    },
    {
      "mode": "managed",
      "type": "aws_dynamodb_table_item",
      "name": "Louapre-David",
      "provider": "provider.aws",
      "instances": [
        {
          "schema_version": 0,
          "attributes": {
            "hash_key": "Author",
            "id": "Authors|Author||Louapre, David|",
            "item": "{\n  \"Author\": {\"S\": \"Louapre, David\"},\n  \"twitterHandle\": {\"S\": \"@dlouapre\"}\n}\n",
            "range_key": null,
            "table_name": "Authors"
          },
          "private": "bnVsbA==",
          "depends_on": [
            "aws_dynamodb_table.authors-table"
          ]
        }
      ]
    },
    {
      "mode": "managed",
      "type": "aws_dynamodb_table_item",
      "name": "Roch-Michael",
      "provider": "provider.aws",
      "instances": [
        {
          "schema_version": 0,
          "attributes": {
            "hash_key": "Author",
            "id": "Authors|Author||Roch, Michael|",
            "item": "{\n  \"Author\": {\"S\": \"Roch, Michael\"},\n  \"twitterHandle\": {\"S\": \"@MchlRoch\"}\n}\n",
            "range_key": null,
            "table_name": "Authors"
          },
          "private": "bnVsbA==",
          "depends_on": [
            "aws_dynamodb_table.authors-table"
          ]
        }
      ]
    },
    {
      "mode": "managed",
      "type": "aws_iam_role",
      "name": "feed2twitter-role",
      "provider": "provider.aws",
      "instances": [
        {
          "schema_version": 0,
          "attributes": {
            "arn": "arn:aws:iam::424590257573:role/feed2twitter-role",
            "assume_role_policy": "{\"Version\":\"2012-10-17\",\"Statement\":[{\"Sid\":\"\",\"Effect\":\"Allow\",\"Principal\":{\"Service\":\"lambda.amazonaws.com\"},\"Action\":\"sts:AssumeRole\"}]}",
            "create_date": "2019-09-24T21:40:06Z",
            "description": "Role for lambda",
            "force_detach_policies": false,
            "id": "feed2twitter-role",
            "max_session_duration": 3600,
            "name": "feed2twitter-role",
            "name_prefix": null,
            "path": "/",
            "permissions_boundary": null,
            "tags": {},
            "unique_id": "AROAWFW4NFWSY6Z3GKCM7"
          },
          "private": "bnVsbA=="
        }
      ]
    },
    {
      "mode": "managed",
      "type": "aws_iam_role_policy_attachment",
      "name": "feed2twitter_cloudwatch_role-attachment",
      "provider": "provider.aws",
      "instances": [
        {
          "schema_version": 0,
          "attributes": {
            "id": "feed2twitter-role-20190924214007315500000002",
            "policy_arn": "arn:aws:iam::aws:policy/CloudWatchLogsFullAccess",
            "role": "feed2twitter-role"
          },
          "private": "bnVsbA==",
          "depends_on": [
            "aws_iam_role.feed2twitter-role"
          ]
        }
      ]
    },
    {
      "mode": "managed",
      "type": "aws_iam_role_policy_attachment",
      "name": "feed2twitter_dynamodb_role-attachment",
      "provider": "provider.aws",
      "instances": [
        {
          "schema_version": 0,
          "attributes": {
            "id": "feed2twitter-role-20190924214007301700000001",
            "policy_arn": "arn:aws:iam::aws:policy/AmazonDynamoDBFullAccess",
            "role": "feed2twitter-role"
          },
          "private": "bnVsbA==",
          "depends_on": [
            "aws_iam_role.feed2twitter-role"
          ]
        }
      ]
    },
    {
      "mode": "managed",
      "type": "aws_lambda_function",
      "name": "feed2twitter-function",
      "provider": "provider.aws",
      "instances": [
        {
          "schema_version": 0,
          "attributes": {
            "arn": "arn:aws:lambda:eu-west-3:424590257573:function:feed2twitter-lambda",
            "dead_letter_config": [],
            "description": "Triggered by Schedule read feed and post",
            "environment": [
              {
                "variables": {
                  "access_token": "1167175791031017473-Y14i4U2J63Z33QGN4WhBqN80UUr5OR",
                  "access_token_secret": "hurfI6l0Yd3aSfGnsX6NBkvS9Z4ErK02inj90eHhDY85G",
                  "consumer_key": "VxYcMZWMjjGPx7N8iQKZIntZK",
                  "consumer_secret": "hlhRyT8Ss0l7AeHdEc8V78KedKB5kOpgY5NQao8Q5oW8EZcfDC",
                  "feed": "https://post-tenebras-lire.net/feed.xml"
                }
              }
            ],
            "filename": null,
            "function_name": "feed2twitter-lambda",
            "handler": "src/handlers/process-atom-feed.processAtomFeed",
            "id": "feed2twitter-lambda",
            "invoke_arn": "arn:aws:apigateway:eu-west-3:lambda:path/2015-03-31/functions/arn:aws:lambda:eu-west-3:424590257573:function:feed2twitter-lambda/invocations",
            "kms_key_arn": "",
            "last_modified": "2019-09-25T19:31:36.564+0000",
            "layers": [],
            "memory_size": 192,
            "publish": false,
            "qualified_arn": "arn:aws:lambda:eu-west-3:424590257573:function:feed2twitter-lambda:$LATEST",
            "reserved_concurrent_executions": -1,
            "role": "arn:aws:iam::424590257573:role/feed2twitter-role",
            "runtime": "nodejs10.x",
            "s3_bucket": "feed2twitter-christoff.net",
            "s3_key": "feed2twitter-lambda",
            "s3_object_version": null,
            "source_code_hash": "UhUflMweWxgmCQRbZySmvaKW1D65VyuvP3QDtzsFtlQ=",
            "source_code_size": 3002111,
            "tags": {},
            "timeout": 120,
            "timeouts": null,
            "tracing_config": [
              {
                "mode": "PassThrough"
              }
            ],
            "version": "$LATEST",
            "vpc_config": []
          },
          "private": "eyJlMmJmYjczMC1lY2FhLTExZTYtOGY4OC0zNDM2M2JjN2M0YzAiOnsiY3JlYXRlIjo2MDAwMDAwMDAwMDB9fQ==",
          "depends_on": [
            "aws_iam_role.feed2twitter-role",
            "aws_s3_bucket.feed2twitter-bucket",
            "aws_s3_bucket_object.feed2twitter_lambda-storage"
          ]
        }
      ]
    },
    {
      "mode": "managed",
      "type": "aws_lambda_permission",
      "name": "every_day_1111-permission",
      "provider": "provider.aws",
      "instances": [
        {
          "schema_version": 0,
          "attributes": {
            "action": "lambda:InvokeFunction",
            "event_source_token": null,
            "function_name": "feed2twitter-lambda",
            "id": "AllowExecutionFromCloudWatch",
            "principal": "events.amazonaws.com",
            "qualifier": "",
            "source_account": null,
            "source_arn": "arn:aws:events:eu-west-3:424590257573:rule/every_day_1111",
            "statement_id": "AllowExecutionFromCloudWatch",
            "statement_id_prefix": null
          },
          "private": "bnVsbA==",
          "depends_on": [
            "aws_cloudwatch_event_rule.every_day_1111-rule",
            "aws_lambda_function.feed2twitter-function"
          ]
        }
      ]
    },
    {
      "mode": "managed",
      "type": "aws_s3_bucket",
      "name": "feed2twitter-bucket",
      "provider": "provider.aws",
      "instances": [
        {
          "schema_version": 0,
          "attributes": {
            "acceleration_status": "",
            "acl": "private",
            "arn": "arn:aws:s3:::feed2twitter-christoff.net",
            "bucket": "feed2twitter-christoff.net",
            "bucket_domain_name": "feed2twitter-christoff.net.s3.amazonaws.com",
            "bucket_prefix": null,
            "bucket_regional_domain_name": "feed2twitter-christoff.net.s3.eu-west-3.amazonaws.com",
            "cors_rule": [],
            "force_destroy": true,
            "hosted_zone_id": "Z3R1K369G5AVDG",
            "id": "feed2twitter-christoff.net",
            "lifecycle_rule": [],
            "logging": [],
            "object_lock_configuration": [],
            "policy": null,
            "region": "eu-west-3",
            "replication_configuration": [],
            "request_payer": "BucketOwner",
            "server_side_encryption_configuration": [],
            "tags": {},
            "versioning": [
              {
                "enabled": false,
                "mfa_delete": false
              }
            ],
            "website": [],
            "website_domain": null,
            "website_endpoint": null
          },
          "private": "bnVsbA=="
        }
      ]
    },
    {
      "mode": "managed",
      "type": "aws_s3_bucket_object",
      "name": "feed2twitter_lambda-storage",
      "provider": "provider.aws",
      "instances": [
        {
          "schema_version": 0,
          "attributes": {
            "acl": "private",
            "bucket": "feed2twitter-christoff.net",
            "cache_control": "",
            "content": null,
            "content_base64": null,
            "content_disposition": "",
            "content_encoding": "",
            "content_language": "",
            "content_type": "application/zip",
            "etag": "c4549393c95b36b0af0f0c09f135a30d",
            "id": "feed2twitter-lambda",
            "key": "feed2twitter-lambda",
            "kms_key_id": null,
            "metadata": {},
            "server_side_encryption": "",
            "source": "../target/feed2twitter-lambda.zip",
            "storage_class": "STANDARD",
            "tags": {},
            "version_id": "",
            "website_redirect": ""
          },
          "private": "bnVsbA==",
          "depends_on": [
            "aws_s3_bucket.feed2twitter-bucket"
          ]
        }
      ]
    }
  ]
}
