{
  "version": 4,
  "terraform_version": "0.12.8",
  "serial": 706,
  "lineage": "c4a6c4df-a99f-1a18-6d8b-ddddf7d7d3ce",
  "outputs": {},
  "resources": [
    {
      "mode": "data",
      "type": "aws_iam_policy_document",
      "name": "dynamodb-document",
      "provider": "provider.aws",
      "instances": [
        {
          "schema_version": 0,
          "attributes": {
            "id": "1062318715",
            "json": "{\n  \"Version\": \"2012-10-17\",\n  \"Statement\": [\n    {\n      \"Sid\": \"\",\n      \"Effect\": \"Allow\",\n      \"Action\": \"dynamodb:*\",\n      \"Resource\": \"*\"\n    }\n  ]\n}",
            "override_json": null,
            "policy_id": null,
            "source_json": null,
            "statement": [
              {
                "actions": [
                  "dynamodb:*"
                ],
                "condition": [],
                "effect": "Allow",
                "not_actions": [],
                "not_principals": [],
                "not_resources": [],
                "principals": [],
                "resources": [
                  "*"
                ],
                "sid": ""
              }
            ],
            "version": "2012-10-17"
          }
        }
      ]
    },
    {
      "mode": "managed",
      "type": "aws_cloudwatch_event_rule",
      "name": "every_day_1111-rule",
      "provider": "provider.aws",
      "instances": [
        {
          "schema_version": 0,
          "attributes": {
            "arn": "arn:aws:events:eu-west-3:424590257573:rule/every_day_1111",
            "description": "",
            "event_pattern": null,
            "id": "every_day_1111",
            "is_enabled": false,
            "name": "every_day_1111",
            "name_prefix": null,
            "role_arn": "",
            "schedule_expression": "cron(11 09 * * ? *)",
            "tags": {}
          },
          "private": "bnVsbA==",
          "depends_on": [
            "aws_lambda_function.feed2twitter-function"
          ]
        }
      ]
    },
    {
      "mode": "managed",
      "type": "aws_cloudwatch_event_target",
      "name": "every_day_1111-target",
      "provider": "provider.aws",
      "instances": [
        {
          "schema_version": 0,
          "attributes": {
            "arn": "arn:aws:lambda:eu-west-3:424590257573:function:feed2twitter-lambda",
            "batch_target": [],
            "ecs_target": [],
            "id": "every_day_1111-terraform-20190925212447385700000001",
            "input": "",
            "input_path": "",
            "input_transformer": [],
            "kinesis_target": [],
            "role_arn": "",
            "rule": "every_day_1111",
            "run_command_targets": [],
            "sqs_target": [],
            "target_id": "terraform-20190925212447385700000001"
          },
          "private": "bnVsbA==",
          "depends_on": [
            "aws_cloudwatch_event_rule.every_day_1111-rule",
            "aws_lambda_function.feed2twitter-function"
          ]
        }
      ]
    },
    {
      "mode": "managed",
      "type": "aws_cloudwatch_log_group",
      "name": "feed2twitter-log-group",
      "provider": "provider.aws",
      "instances": [
        {
          "schema_version": 0,
          "attributes": {
            "arn": "arn:aws:logs:eu-west-3:424590257573:log-group:/aws/lambda/feed2twitter-lambda:*",
            "id": "/aws/lambda/feed2twitter-lambda",
            "kms_key_id": "",
            "name": "/aws/lambda/feed2twitter-lambda",
            "name_prefix": null,
            "retention_in_days": 7,
            "tags": {}
          },
          "private": "bnVsbA==",
          "depends_on": [
            "aws_lambda_function.feed2twitter-function"
          ]
        }
      ]
    },
    {
      "mode": "managed",
      "type": "aws_dynamodb_table",
      "name": "authors-table",
      "provider": "provider.aws",
      "instances": [
        {
          "schema_version": 1,
          "attributes": {
            "arn": "arn:aws:dynamodb:eu-west-3:424590257573:table/Authors",
            "attribute": [
              {
                "name": "Author",
                "type": "S"
              }
            ],
            "billing_mode": "PROVISIONED",
            "global_secondary_index": [],
            "hash_key": "Author",
            "id": "Authors",
            "local_secondary_index": [],
            "name": "Authors",
            "point_in_time_recovery": [
              {
                "enabled": false
              }
            ],
            "range_key": null,
            "read_capacity": 1,
            "server_side_encryption": [],
            "stream_arn": "",
            "stream_enabled": false,
            "stream_label": "",
            "stream_view_type": "",
            "tags": {},
            "timeouts": null,
            "ttl": [
              {
                "attribute_name": "",
                "enabled": false
              }
            ],
            "write_capacity": 1
          },
          "private": "eyJlMmJmYjczMC1lY2FhLTExZTYtOGY4OC0zNDM2M2JjN2M0YzAiOnsiY3JlYXRlIjo2MDAwMDAwMDAwMDAsImRlbGV0ZSI6NjAwMDAwMDAwMDAwLCJ1cGRhdGUiOjM2MDAwMDAwMDAwMDB9LCJzY2hlbWFfdmVyc2lvbiI6IjEifQ=="
        }
      ]
    },
    {
      "mode": "managed",
      "type": "aws_dynamodb_table",
      "name": "feed-table",
      "provider": "provider.aws",
      "instances": [
        {
          "schema_version": 1,
          "attributes": {
            "arn": "arn:aws:dynamodb:eu-west-3:424590257573:table/Feed",
            "attribute": [
              {
                "name": "Id",
                "type": "S"
              }
            ],
            "billing_mode": "PROVISIONED",
            "global_secondary_index": [],
            "hash_key": "Id",
            "id": "Feed",
            "local_secondary_index": [],
            "name": "Feed",
            "point_in_time_recovery": [
              {
                "enabled": false
              }
            ],
            "range_key": null,
            "read_capacity": 1,
            "server_side_encryption": [],
            "stream_arn": "",
            "stream_enabled": false,
            "stream_label": "",
            "stream_view_type": "",
            "tags": {},
            "timeouts": null,
            "ttl": [
              {
                "attribute_name": "",
                "enabled": false
              }
            ],
            "write_capacity": 1
          },
          "private": "eyJlMmJmYjczMC1lY2FhLTExZTYtOGY4OC0zNDM2M2JjN2M0YzAiOnsiY3JlYXRlIjo2MDAwMDAwMDAwMDAsImRlbGV0ZSI6NjAwMDAwMDAwMDAwLCJ1cGRhdGUiOjM2MDAwMDAwMDAwMDB9LCJzY2hlbWFfdmVyc2lvbiI6IjEifQ=="
        }
      ]
    },
    {
      "mode": "managed",
      "type": "aws_dynamodb_table_item",
      "name": "Adelstein-Jake",
      "provider": "provider.aws",
      "instances": [
        {
          "schema_version": 0,
          "attributes": {
            "hash_key": "Author",
            "id": "Authors|Author||Adelstein, Jake|",
            "item": "{\n  \"Author\": {\"S\": \"Adelstein, Jake\"},\n  \"twitterHandle\": {\"S\": \"@jakeadelstein\"}\n}\n",
            "range_key": null,
            "table_name": "Authors"
          },
          "private": "bnVsbA==",
          "depends_on": [
            "aws_dynamodb_table.authors-table"
          ]
        }
      ]
    },
    {
      "mode": "managed",
      "type": "aws_dynamodb_table_item",
      "name": "Afflatet-Bernard",
      "provider": "provider.aws",
      "instances": [
        {
          "schema_version": 0,
          "attributes": {
            "hash_key": "Author",
            "id": "Authors|Author||Afflatet, Bernard|",
            "item": "{\n  \"Author\": {\"S\": \"Afflatet, Bernard\"},\n  \"twitterHandle\": {\"S\": \"@BernardAfflatet\"}\n}\n",
            "range_key": null,
            "table_name": "Authors"
          },
          "private": "bnVsbA==",
          "depends_on": [
            "aws_dynamodb_table.authors-table"
          ]
        }
      ]
    },
    {
      "mode": "managed",
      "type": "aws_dynamodb_table_item",
      "name": "Desienne-Stephane",
      "provider": "provider.aws",
      "instances": [
        {
          "schema_version": 0,
          "attributes": {
            "hash_key": "Author",
            "id": "Authors|Author||Desienne, Stéphane|",
            "item": "{\n  \"Author\": {\"S\": \"Desienne, Stéphane\"},\n  \"twitterHandle\": {\"S\": \"@DesienneAuteur\"}\n}\n",
            "range_key": null,
            "table_name": "Authors"
          },
          "private": "bnVsbA==",
          "depends_on": [
            "aws_dynamodb_table.authors-table"
          ]
        }
      ]
    },
    {
      "mode": "managed",
      "type": "aws_dynamodb_table_item",
      "name": "Dubuisson-Marc",
      "provider": "provider.aws",
      "instances": [
        {
          "schema_version": 0,
          "attributes": {
            "hash_key": "Author",
            "id": "Authors|Author||Dubuisson, Marc|",
            "item": "{\n  \"Author\": {\"S\": \"Dubuisson, Marc\"},\n  \"twitterHandle\": {\"S\": \"@Unpied\"}\n}\n",
            "range_key": null,
            "table_name": "Authors"
          },
          "private": "bnVsbA==",
          "depends_on": [
            "aws_dynamodb_table.authors-table"
          ]
        }
      ]
    },
    {
      "mode": "managed",
      "type": "aws_dynamodb_table_item",
      "name": "Louapre-David",
      "provider": "provider.aws",
      "instances": [
        {
          "schema_version": 0,
          "attributes": {
            "hash_key": "Author",
            "id": "Authors|Author||Louapre, David|",
            "item": "{\n  \"Author\": {\"S\": \"Louapre, David\"},\n  \"twitterHandle\": {\"S\": \"@dlouapre\"}\n}\n",
            "range_key": null,
            "table_name": "Authors"
          },
          "private": "bnVsbA==",
          "depends_on": [
            "aws_dynamodb_table.authors-table"
          ]
        }
      ]
    },
    {
      "mode": "managed",
      "type": "aws_dynamodb_table_item",
      "name": "Roch-Michael",
      "provider": "provider.aws",
      "instances": [
        {
          "schema_version": 0,
          "attributes": {
            "hash_key": "Author",
            "id": "Authors|Author||Roch, Michael|",
            "item": "{\n  \"Author\": {\"S\": \"Roch, Michael\"},\n  \"twitterHandle\": {\"S\": \"@MchlRoch\"}\n}\n",
            "range_key": null,
            "table_name": "Authors"
          },
          "private": "bnVsbA==",
          "depends_on": [
            "aws_dynamodb_table.authors-table"
          ]
        }
      ]
    },
    {
      "mode": "managed",
      "type": "aws_dynamodb_table_item",
      "name": "a-comme-alone-alone-n-1",
      "provider": "provider.aws",
      "instances": [
        {
          "schema_version": 0,
          "attributes": {
            "hash_key": "Id",
            "id": "Feed|Id||https://post-tenebras-lire.net/roman-sf-comme-alone-alone-1-de-thomas|",
            "item": "{\n  \"Id\": {\"S\": \"https://post-tenebras-lire.net/roman-sf-comme-alone-alone-1-de-thomas\"},\n  \"title\": {\"S\": \"A comme Alone (Alone, n°1)\"},\n  \"writer\": {\"S\": \"Géha, Thomas\"},\n\n  \"tags\": {\"S\": \"#Post-apocalyptique #Science-Fiction #Série\"},\n  \"link\": {\"S\": \"https://post-tenebras-lire.net/roman-sf-comme-alone-alone-1-de-thomas/\"},\n\n  \"imageUrl\": {\"S\": \"https://post-tenebras-lire.net/assets/posts/2012-12-02-roman-sf-comme-alone-alone-1-de-thomas.jpg\"}\n}\n",
            "range_key": null,
            "table_name": "Feed"
          },
          "private": "bnVsbA==",
          "depends_on": [
            "aws_dynamodb_table.feed-table"
          ]
        }
      ]
    },
    {
      "mode": "managed",
      "type": "aws_dynamodb_table_item",
      "name": "addictions",
      "provider": "provider.aws",
      "instances": [
        {
          "schema_version": 0,
          "attributes": {
            "hash_key": "Id",
            "id": "Feed|Id||https://post-tenebras-lire.net/roman-noir-addictions-de-jac-barron|",
            "item": "{\n  \"Id\": {\"S\": \"https://post-tenebras-lire.net/roman-noir-addictions-de-jac-barron\"},\n  \"title\": {\"S\": \"Addictions\"},\n  \"writer\": {\"S\": \"Barron, Jac\"},\n\n  \"tags\": {\"S\": \"#Polar\"},\n  \"link\": {\"S\": \"https://post-tenebras-lire.net/roman-noir-addictions-de-jac-barron/\"},\n\n  \"imageUrl\": {\"S\": \"https://post-tenebras-lire.net/assets/posts/2016-11-06-roman-noir-addictions-de-jac-barron.jpg\"}\n}\n",
            "range_key": null,
            "table_name": "Feed"
          },
          "private": "bnVsbA==",
          "depends_on": [
            "aws_dynamodb_table.feed-table"
          ]
        }
      ]
    },
    {
      "mode": "managed",
      "type": "aws_dynamodb_table_item",
      "name": "alone-intégrale",
      "provider": "provider.aws",
      "instances": [
        {
          "schema_version": 0,
          "attributes": {
            "hash_key": "Id",
            "id": "Feed|Id||https://post-tenebras-lire.net/saga-post-apocalytique-alone-integrale|",
            "item": "{\n  \"Id\": {\"S\": \"https://post-tenebras-lire.net/saga-post-apocalytique-alone-integrale\"},\n  \"title\": {\"S\": \"Alone Intégrale\"},\n  \"writer\": {\"S\": \"Géha, Thomas\"},\n\n  \"tags\": {\"S\": \"#Post-apocalyptique\"},\n  \"link\": {\"S\": \"https://post-tenebras-lire.net/saga-post-apocalytique-alone-integrale/\"},\n\n  \"imageUrl\": {\"S\": \"https://post-tenebras-lire.net/assets/posts/2016-06-18-saga-post-apocalytique-alone-integrale.jpg\"}\n}\n",
            "range_key": null,
            "table_name": "Feed"
          },
          "private": "bnVsbA==",
          "depends_on": [
            "aws_dynamodb_table.feed-table"
          ]
        }
      ]
    },
    {
      "mode": "managed",
      "type": "aws_dynamodb_table_item",
      "name": "amour-djihad-rtt",
      "provider": "provider.aws",
      "instances": [
        {
          "schema_version": 0,
          "attributes": {
            "hash_key": "Id",
            "id": "Feed|Id||https://post-tenebras-lire.net/Amour-Djihad--RTT-Marc-Dubuisson|",
            "item": "{\n  \"Id\": {\"S\": \"https://post-tenebras-lire.net/Amour-Djihad--RTT-Marc-Dubuisson\"},\n  \"title\": {\"S\": \"Amour, Djihad \u0026amp;amp; RTT\"},\n  \"writer\": {\"S\": \"Dubuisson, Marc\"},\n\n  \"tags\": {\"S\": \"#BD #Humour\"},\n  \"link\": {\"S\": \"https://post-tenebras-lire.net/Amour-Djihad-RTT-Marc-Dubuisson/\"},\n\n  \"imageUrl\": {\"S\": \"https://post-tenebras-lire.net/assets/posts/2019-01-23-Amour-Djihad--RTT-Marc-Dubuisson.jpg\"}\n}\n",
            "range_key": null,
            "table_name": "Feed"
          },
          "private": "bnVsbA==",
          "depends_on": [
            "aws_dynamodb_table.feed-table"
          ]
        }
      ]
    },
    {
      "mode": "managed",
      "type": "aws_dynamodb_table_item",
      "name": "anamnèse-de-lady-star",
      "provider": "provider.aws",
      "instances": [
        {
          "schema_version": 0,
          "attributes": {
            "hash_key": "Id",
            "id": "Feed|Id||https://post-tenebras-lire.net/roman-anamnese-de-lady-star-laurent-l|",
            "item": "{\n  \"Id\": {\"S\": \"https://post-tenebras-lire.net/roman-anamnese-de-lady-star-laurent-l\"},\n  \"title\": {\"S\": \"Anamnèse de Lady Star\"},\n  \"writer\": {\"S\": \"Kloetzer, Laurent L.\"},\n\n  \"tags\": {\"S\": \"#Post-apocalyptique #Science-Fiction\"},\n  \"link\": {\"S\": \"https://post-tenebras-lire.net/roman-anamnese-de-lady-star-laurent-l/\"},\n\n  \"imageUrl\": {\"S\": \"https://post-tenebras-lire.net/assets/posts/2017-09-08-roman-anamnese-de-lady-star-laurent-l.jpg\"}\n}\n",
            "range_key": null,
            "table_name": "Feed"
          },
          "private": "bnVsbA==",
          "depends_on": [
            "aws_dynamodb_table.feed-table"
          ]
        }
      ]
    },
    {
      "mode": "managed",
      "type": "aws_dynamodb_table_item",
      "name": "andromède-voyager-tome-3",
      "provider": "provider.aws",
      "instances": [
        {
          "schema_version": 0,
          "attributes": {
            "hash_key": "Id",
            "id": "Feed|Id||https://post-tenebras-lire.net/Androm%C3%A8de_Voyager_Tome_3_stephanne_desienne|",
            "item": "{\n  \"Id\": {\"S\": \"https://post-tenebras-lire.net/Androm%C3%A8de_Voyager_Tome_3_stephanne_desienne\"},\n  \"title\": {\"S\": \"Andromède: Voyager Tome 3\"},\n  \"writer\": {\"S\": \"Desienne, Stéphane\"},\n\n  \"tags\": {\"S\": \"#Science-Fiction\"},\n  \"link\": {\"S\": \"https://post-tenebras-lire.net/Androm%C3%A8de_Voyager_Tome_3_stephanne_desienne/\"},\n\n  \"imageUrl\": {\"S\": \"https://post-tenebras-lire.net/assets/posts/2019-08-12-Androm%C3%A8de_Voyager_Tome_3_stephanne_desienne.jpg\"}\n}\n",
            "range_key": null,
            "table_name": "Feed"
          },
          "private": "bnVsbA==",
          "depends_on": [
            "aws_dynamodb_table.feed-table"
          ]
        }
      ]
    },
    {
      "mode": "managed",
      "type": "aws_dynamodb_table_item",
      "name": "anneaux-mirabelles-et-macchabees",
      "provider": "provider.aws",
      "instances": [
        {
          "schema_version": 0,
          "attributes": {
            "hash_key": "Id",
            "id": "Feed|Id||https://post-tenebras-lire.net/Anneaux_Mirabelles_et_Macchabees-Stephane_Desienne|",
            "item": "{\n  \"Id\": {\"S\": \"https://post-tenebras-lire.net/Anneaux_Mirabelles_et_Macchabees-Stephane_Desienne\"},\n  \"title\": {\"S\": \"Anneaux, Mirabelles et Macchabees\"},\n  \"writer\": {\"S\": \"Desienne, Stéphane\"},\n\n  \"tags\": {\"S\": \"#Science-Fiction #Série\"},\n  \"link\": {\"S\": \"https://post-tenebras-lire.net/Anneaux_Mirabelles_et_Macchabees-Stephane_Desienne/\"},\n\n  \"imageUrl\": {\"S\": \"https://post-tenebras-lire.net/assets/posts/2018-08-18-Anneaux_Mirabelles_et_Macchabees-Stephane_Desienne.jpg\"}\n}\n",
            "range_key": null,
            "table_name": "Feed"
          },
          "private": "bnVsbA==",
          "depends_on": [
            "aws_dynamodb_table.feed-table"
          ]
        }
      ]
    },
    {
      "mode": "managed",
      "type": "aws_dynamodb_table_item",
      "name": "antithèse",
      "provider": "provider.aws",
      "instances": [
        {
          "schema_version": 0,
          "attributes": {
            "hash_key": "Id",
            "id": "Feed|Id||https://post-tenebras-lire.net/polar-antithese-de-jean-baptiste-ferrero|",
            "item": "{\n  \"Id\": {\"S\": \"https://post-tenebras-lire.net/polar-antithese-de-jean-baptiste-ferrero\"},\n  \"title\": {\"S\": \"Antithèse\"},\n  \"writer\": {\"S\": \"Ferrero, Jean-Baptiste\"},\n\n  \"tags\": {\"S\": \"#Polar\"},\n  \"link\": {\"S\": \"https://post-tenebras-lire.net/polar-antithese-de-jean-baptiste-ferrero/\"},\n\n  \"imageUrl\": {\"S\": \"https://post-tenebras-lire.net/assets/posts/2015-08-17-polar-antithese-de-jean-baptiste-ferrero.jpg\"}\n}\n",
            "range_key": null,
            "table_name": "Feed"
          },
          "private": "bnVsbA==",
          "depends_on": [
            "aws_dynamodb_table.feed-table"
          ]
        }
      ]
    },
    {
      "mode": "managed",
      "type": "aws_dynamodb_table_item",
      "name": "aphorismes",
      "provider": "provider.aws",
      "instances": [
        {
          "schema_version": 0,
          "attributes": {
            "hash_key": "Id",
            "id": "Feed|Id||https://post-tenebras-lire.net/review-aphorismes|",
            "item": "{\n  \"Id\": {\"S\": \"https://post-tenebras-lire.net/review-aphorismes\"},\n  \"title\": {\"S\": \"Aphorismes\"},\n  \"writer\": {\"S\": \"Wilde, Oscar\"},\n\n  \"tags\": {\"S\": \"#Essai\"},\n  \"link\": {\"S\": \"https://post-tenebras-lire.net/review-aphorismes/\"},\n\n  \"imageUrl\": {\"S\": \"https://post-tenebras-lire.net/assets/posts/2012-06-10-review-aphorismes.jpg\"}\n}\n",
            "range_key": null,
            "table_name": "Feed"
          },
          "private": "bnVsbA==",
          "depends_on": [
            "aws_dynamodb_table.feed-table"
          ]
        }
      ]
    },
    {
      "mode": "managed",
      "type": "aws_dynamodb_table_item",
      "name": "aqua",
      "provider": "provider.aws",
      "instances": [
        {
          "schema_version": 0,
          "attributes": {
            "hash_key": "Id",
            "id": "Feed|Id||https://post-tenebras-lire.net/aqua-jean-marc-ligny|",
            "item": "{\n  \"Id\": {\"S\": \"https://post-tenebras-lire.net/aqua-jean-marc-ligny\"},\n  \"title\": {\"S\": \"Aqua™\"},\n  \"writer\": {\"S\": \"Ligny, Jean-Marc\"},\n\n  \"tags\": {\"S\": \"#Post-apocalyptique\"},\n  \"link\": {\"S\": \"https://post-tenebras-lire.net/aqua-jean-marc-ligny/\"},\n\n  \"imageUrl\": {\"S\": \"https://post-tenebras-lire.net/assets/posts/2014-02-02-aqua-jean-marc-ligny.png\"}\n}\n",
            "range_key": null,
            "table_name": "Feed"
          },
          "private": "bnVsbA==",
          "depends_on": [
            "aws_dynamodb_table.feed-table"
          ]
        }
      ]
    },
    {
      "mode": "managed",
      "type": "aws_dynamodb_table_item",
      "name": "au-pays-de-candy",
      "provider": "provider.aws",
      "instances": [
        {
          "schema_version": 0,
          "attributes": {
            "hash_key": "Id",
            "id": "Feed|Id||https://post-tenebras-lire.net/review-au-pays-de-candy|",
            "item": "{\n  \"Id\": {\"S\": \"https://post-tenebras-lire.net/review-au-pays-de-candy\"},\n  \"title\": {\"S\": \"Au pays de Candy\"},\n  \"writer\": {\"S\": \"OWNI\"},\n\n  \"tags\": {\"S\": \"#Politique #Surveillance\"},\n  \"link\": {\"S\": \"https://post-tenebras-lire.net/review-au-pays-de-candy/\"},\n\n  \"imageUrl\": {\"S\": \"https://post-tenebras-lire.net/assets/posts/2012-06-01-review-au-pays-de-candy.png\"}\n}\n",
            "range_key": null,
            "table_name": "Feed"
          },
          "private": "bnVsbA==",
          "depends_on": [
            "aws_dynamodb_table.feed-table"
          ]
        }
      ]
    },
    {
      "mode": "managed",
      "type": "aws_dynamodb_table_item",
      "name": "aurélia-sous-la-terre",
      "provider": "provider.aws",
      "instances": [
        {
          "schema_version": 0,
          "attributes": {
            "hash_key": "Id",
            "id": "Feed|Id||https://post-tenebras-lire.net/aurelia-sous-la-terre-de-neil-jomunsi|",
            "item": "{\n  \"Id\": {\"S\": \"https://post-tenebras-lire.net/aurelia-sous-la-terre-de-neil-jomunsi\"},\n  \"title\": {\"S\": \"Aurélia sous la terre\"},\n  \"writer\": {\"S\": \"Jomunsi, Neil\"},\n\n  \"tags\": {\"S\": \"#Nouvelle\"},\n  \"link\": {\"S\": \"https://post-tenebras-lire.net/aurelia-sous-la-terre-de-neil-jomunsi/\"},\n\n  \"imageUrl\": {\"S\": \"https://post-tenebras-lire.net/assets/posts/2013-09-27-aurelia-sous-la-terre-de-neil-jomunsi.jpg\"}\n}\n",
            "range_key": null,
            "table_name": "Feed"
          },
          "private": "bnVsbA==",
          "depends_on": [
            "aws_dynamodb_table.feed-table"
          ]
        }
      ]
    },
    {
      "mode": "managed",
      "type": "aws_dynamodb_table_item",
      "name": "aux-sources-de-la-vie",
      "provider": "provider.aws",
      "instances": [
        {
          "schema_version": 0,
          "attributes": {
            "hash_key": "Id",
            "id": "Feed|Id||https://post-tenebras-lire.net/Aux-sources-de-la-vie-Eric-Karsenti|",
            "item": "{\n  \"Id\": {\"S\": \"https://post-tenebras-lire.net/Aux-sources-de-la-vie-Eric-Karsenti\"},\n  \"title\": {\"S\": \"Aux sources de la vie\"},\n  \"writer\": {\"S\": \"Karsenti, Eric\"},\n\n  \"tags\": {\"S\": \"#Science #Vulgarisation\"},\n  \"link\": {\"S\": \"https://post-tenebras-lire.net/Aux-sources-de-la-vie-Eric-Karsenti/\"},\n\n  \"imageUrl\": {\"S\": \"https://post-tenebras-lire.net/assets/posts/2019-02-06-Aux-sources-de-la-vie-Eric-Karsenti.jpg\"}\n}\n",
            "range_key": null,
            "table_name": "Feed"
          },
          "private": "bnVsbA==",
          "depends_on": [
            "aws_dynamodb_table.feed-table"
          ]
        }
      ]
    },
    {
      "mode": "managed",
      "type": "aws_dynamodb_table_item",
      "name": "axis",
      "provider": "provider.aws",
      "instances": [
        {
          "schema_version": 0,
          "attributes": {
            "hash_key": "Id",
            "id": "Feed|Id||https://post-tenebras-lire.net/roman-sf-axis-robert-charles-wilson|",
            "item": "{\n  \"Id\": {\"S\": \"https://post-tenebras-lire.net/roman-sf-axis-robert-charles-wilson\"},\n  \"title\": {\"S\": \"Axis\"},\n  \"writer\": {\"S\": \"Wilson, Robert-Charles\"},\n\n  \"tags\": {\"S\": \"#Science-Fiction\"},\n  \"link\": {\"S\": \"https://post-tenebras-lire.net/roman-sf-axis-robert-charles-wilson/\"},\n\n  \"imageUrl\": {\"S\": \"https://post-tenebras-lire.net/assets/posts/2014-03-04-roman-sf-axis-robert-charles-wilson.gif\"}\n}\n",
            "range_key": null,
            "table_name": "Feed"
          },
          "private": "bnVsbA==",
          "depends_on": [
            "aws_dynamodb_table.feed-table"
          ]
        }
      ]
    },
    {
      "mode": "managed",
      "type": "aws_dynamodb_table_item",
      "name": "bad-science",
      "provider": "provider.aws",
      "instances": [
        {
          "schema_version": 0,
          "attributes": {
            "hash_key": "Id",
            "id": "Feed|Id||https://post-tenebras-lire.net/lecture-bad-science-de-ben-goldacre|",
            "item": "{\n  \"Id\": {\"S\": \"https://post-tenebras-lire.net/lecture-bad-science-de-ben-goldacre\"},\n  \"title\": {\"S\": \"Bad Science\"},\n  \"writer\": {\"S\": \"Goldacre, Ben\"},\n\n  \"tags\": {\"S\": \"#Science\"},\n  \"link\": {\"S\": \"https://post-tenebras-lire.net/lecture-bad-science-de-ben-goldacre/\"},\n\n  \"imageUrl\": {\"S\": \"https://post-tenebras-lire.net/assets/posts/2017-01-04-lecture-bad-science-de-ben-goldacre.jpg\"}\n}\n",
            "range_key": null,
            "table_name": "Feed"
          },
          "private": "bnVsbA==",
          "depends_on": [
            "aws_dynamodb_table.feed-table"
          ]
        }
      ]
    },
    {
      "mode": "managed",
      "type": "aws_dynamodb_table_item",
      "name": "betty",
      "provider": "provider.aws",
      "instances": [
        {
          "schema_version": 0,
          "attributes": {
            "hash_key": "Id",
            "id": "Feed|Id||https://post-tenebras-lire.net/polar-islandais-betty-par-arnaldur|",
            "item": "{\n  \"Id\": {\"S\": \"https://post-tenebras-lire.net/polar-islandais-betty-par-arnaldur\"},\n  \"title\": {\"S\": \"Betty\"},\n  \"writer\": {\"S\": \"Indriðason, Arnaldur\"},\n\n  \"tags\": {\"S\": \"#Islande #Polar\"},\n  \"link\": {\"S\": \"https://post-tenebras-lire.net/polar-islandais-betty-par-arnaldur/\"},\n\n  \"imageUrl\": {\"S\": \"https://post-tenebras-lire.net/assets/posts/2017-03-05-polar-islandais-betty-par-arnaldur.jpg\"}\n}\n",
            "range_key": null,
            "table_name": "Feed"
          },
          "private": "bnVsbA==",
          "depends_on": [
            "aws_dynamodb_table.feed-table"
          ]
        }
      ]
    },
    {
      "mode": "managed",
      "type": "aws_dynamodb_table_item",
      "name": "black-man-de-richard-morgan",
      "provider": "provider.aws",
      "instances": [
        {
          "schema_version": 0,
          "attributes": {
            "hash_key": "Id",
            "id": "Feed|Id||https://post-tenebras-lire.net/Black_man_Richard_Morgan|",
            "item": "{\n  \"Id\": {\"S\": \"https://post-tenebras-lire.net/Black_man_Richard_Morgan\"},\n  \"title\": {\"S\": \"Black man de Richard Morgan\"},\n  \"writer\": {\"S\": \"Morgan, Richard\"},\n\n  \"tags\": {\"S\": \"#Science-Fiction\"},\n  \"link\": {\"S\": \"https://post-tenebras-lire.net/Black_man_Richard_Morgan/\"},\n\n  \"imageUrl\": {\"S\": \"https://post-tenebras-lire.net/assets/posts/2019-05-08-Black_man_Richard_Morgan.jpg\"}\n}\n",
            "range_key": null,
            "table_name": "Feed"
          },
          "private": "bnVsbA==",
          "depends_on": [
            "aws_dynamodb_table.feed-table"
          ]
        }
      ]
    },
    {
      "mode": "managed",
      "type": "aws_dynamodb_table_item",
      "name": "blind-lake",
      "provider": "provider.aws",
      "instances": [
        {
          "schema_version": 0,
          "attributes": {
            "hash_key": "Id",
            "id": "Feed|Id||https://post-tenebras-lire.net/lecture-science-fiction-blind-lake-par|",
            "item": "{\n  \"Id\": {\"S\": \"https://post-tenebras-lire.net/lecture-science-fiction-blind-lake-par\"},\n  \"title\": {\"S\": \"Blind Lake\"},\n  \"writer\": {\"S\": \"Wilson, Robert-Charles\"},\n\n  \"tags\": {\"S\": \"#Science-Fiction\"},\n  \"link\": {\"S\": \"https://post-tenebras-lire.net/lecture-science-fiction-blind-lake-par/\"},\n\n  \"imageUrl\": {\"S\": \"https://post-tenebras-lire.net/assets/posts/2017-08-25-lecture-science-fiction-blind-lake-par.jpg\"}\n}\n",
            "range_key": null,
            "table_name": "Feed"
          },
          "private": "bnVsbA==",
          "depends_on": [
            "aws_dynamodb_table.feed-table"
          ]
        }
      ]
    },
    {
      "mode": "managed",
      "type": "aws_dynamodb_table_item",
      "name": "bonne-nuit-punpun",
      "provider": "provider.aws",
      "instances": [
        {
          "schema_version": 0,
          "attributes": {
            "hash_key": "Id",
            "id": "Feed|Id||https://post-tenebras-lire.net/manga-bonne-nuit-punpun-de-inio-asano|",
            "item": "{\n  \"Id\": {\"S\": \"https://post-tenebras-lire.net/manga-bonne-nuit-punpun-de-inio-asano\"},\n  \"title\": {\"S\": \"Bonne nuit Punpun\"},\n  \"writer\": {\"S\": \"Asano, Inio\"},\n\n  \"tags\": {\"S\": \"#Manga #Abandonné\"},\n  \"link\": {\"S\": \"https://post-tenebras-lire.net/manga-bonne-nuit-punpun-de-inio-asano/\"},\n\n  \"imageUrl\": {\"S\": \"https://post-tenebras-lire.net/assets/posts/2015-03-20-manga-bonne-nuit-punpun-de-inio-asano.jpg\"}\n}\n",
            "range_key": null,
            "table_name": "Feed"
          },
          "private": "bnVsbA==",
          "depends_on": [
            "aws_dynamodb_table.feed-table"
          ]
        }
      ]
    },
    {
      "mode": "managed",
      "type": "aws_dynamodb_table_item",
      "name": "bug",
      "provider": "provider.aws",
      "instances": [
        {
          "schema_version": 0,
          "attributes": {
            "hash_key": "Id",
            "id": "Feed|Id||https://post-tenebras-lire.net/lecture-bd-bug-denki-bilal|",
            "item": "{\n  \"Id\": {\"S\": \"https://post-tenebras-lire.net/lecture-bd-bug-denki-bilal\"},\n  \"title\": {\"S\": \"Bug\"},\n  \"writer\": {\"S\": \"Bilal, Enki\"},\n\n  \"tags\": {\"S\": \"#BD #Science-Fiction\"},\n  \"link\": {\"S\": \"https://post-tenebras-lire.net/lecture-bd-bug-denki-bilal/\"},\n\n  \"imageUrl\": {\"S\": \"https://post-tenebras-lire.net/assets/posts/2018-02-03-lecture-bd-bug-denki-bilal.jpg\"}\n}\n",
            "range_key": null,
            "table_name": "Feed"
          },
          "private": "bnVsbA==",
          "depends_on": [
            "aws_dynamodb_table.feed-table"
          ]
        }
      ]
    },
    {
      "mode": "managed",
      "type": "aws_dynamodb_table_item",
      "name": "caverne-les-disparus-du-val",
      "provider": "provider.aws",
      "instances": [
        {
          "schema_version": 0,
          "attributes": {
            "hash_key": "Id",
            "id": "Feed|Id||https://post-tenebras-lire.net/polar-fantastique-caverne-les-disparus|",
            "item": "{\n  \"Id\": {\"S\": \"https://post-tenebras-lire.net/polar-fantastique-caverne-les-disparus\"},\n  \"title\": {\"S\": \"Caverne - Les disparus du Val\"},\n  \"writer\": {\"S\": \"Afflatet, Bernard\"},\n\n  \"tags\": {\"S\": \"#Fantastique #Polar\"},\n  \"link\": {\"S\": \"https://post-tenebras-lire.net/polar-fantastique-caverne-les-disparus/\"},\n\n  \"imageUrl\": {\"S\": \"https://post-tenebras-lire.net/assets/posts/2016-01-17-polar-fantastique-caverne-les-disparus.jpg\"}\n}\n",
            "range_key": null,
            "table_name": "Feed"
          },
          "private": "bnVsbA==",
          "depends_on": [
            "aws_dynamodb_table.feed-table"
          ]
        }
      ]
    },
    {
      "mode": "managed",
      "type": "aws_dynamodb_table_item",
      "name": "ce-qui-mordait-le-ciel",
      "provider": "provider.aws",
      "instances": [
        {
          "schema_version": 0,
          "attributes": {
            "hash_key": "Id",
            "id": "Feed|Id||https://post-tenebras-lire.net/sf-ce-qui-mordait-le-ciel-de-serge|",
            "item": "{\n  \"Id\": {\"S\": \"https://post-tenebras-lire.net/sf-ce-qui-mordait-le-ciel-de-serge\"},\n  \"title\": {\"S\": \"Ce qui mordait le ciel…\"},\n  \"writer\": {\"S\": \"Brussolo, Serge\"},\n\n  \"tags\": {\"S\": \"#Science-Fiction\"},\n  \"link\": {\"S\": \"https://post-tenebras-lire.net/sf-ce-qui-mordait-le-ciel-de-serge/\"},\n\n  \"imageUrl\": {\"S\": \"https://post-tenebras-lire.net/assets/posts/2013-05-18-sf-ce-qui-mordait-le-ciel-de-serge.jpg\"}\n}\n",
            "range_key": null,
            "table_name": "Feed"
          },
          "private": "bnVsbA==",
          "depends_on": [
            "aws_dynamodb_table.feed-table"
          ]
        }
      ]
    },
    {
      "mode": "managed",
      "type": "aws_dynamodb_table_item",
      "name": "celsius-233",
      "provider": "provider.aws",
      "instances": [
        {
          "schema_version": 0,
          "attributes": {
            "hash_key": "Id",
            "id": "Feed|Id||https://post-tenebras-lire.net/celsius-233-de-neil-jomunsi|",
            "item": "{\n  \"Id\": {\"S\": \"https://post-tenebras-lire.net/celsius-233-de-neil-jomunsi\"},\n  \"title\": {\"S\": \"Celsius 233\"},\n  \"writer\": {\"S\": \"Jomunsi, Neil\"},\n\n  \"tags\": {\"S\": \"#Nouvelle\"},\n  \"link\": {\"S\": \"https://post-tenebras-lire.net/celsius-233-de-neil-jomunsi/\"},\n\n  \"imageUrl\": {\"S\": \"https://post-tenebras-lire.net/assets/posts/2013-10-04-celsius-233-de-neil-jomunsi.jpg\"}\n}\n",
            "range_key": null,
            "table_name": "Feed"
          },
          "private": "bnVsbA==",
          "depends_on": [
            "aws_dynamodb_table.feed-table"
          ]
        }
      ]
    },
    {
      "mode": "managed",
      "type": "aws_dynamodb_table_item",
      "name": "chalk",
      "provider": "provider.aws",
      "instances": [
        {
          "schema_version": 0,
          "attributes": {
            "hash_key": "Id",
            "id": "Feed|Id||https://post-tenebras-lire.net/chalk-une-excellente-serie-durban|",
            "item": "{\n  \"Id\": {\"S\": \"https://post-tenebras-lire.net/chalk-une-excellente-serie-durban\"},\n  \"title\": {\"S\": \"Chalk\"},\n  \"writer\": {\"S\": \"Woets, Freddy\"},\n\n  \"tags\": {\"S\": \"#Urban Fantasy\"},\n  \"link\": {\"S\": \"https://post-tenebras-lire.net/chalk-une-excellente-serie-durban/\"},\n\n  \"imageUrl\": {\"S\": \"https://post-tenebras-lire.net/assets/posts/2013-08-09-chalk-une-excellente-serie-durban.png\"}\n}\n",
            "range_key": null,
            "table_name": "Feed"
          },
          "private": "bnVsbA==",
          "depends_on": [
            "aws_dynamodb_table.feed-table"
          ]
        }
      ]
    },
    {
      "mode": "managed",
      "type": "aws_dynamodb_table_item",
      "name": "chronique-d-une-mort-annoncée",
      "provider": "provider.aws",
      "instances": [
        {
          "schema_version": 0,
          "attributes": {
            "hash_key": "Id",
            "id": "Feed|Id||https://post-tenebras-lire.net/chronique-dune-mort-annoncee-gabriel|",
            "item": "{\n  \"Id\": {\"S\": \"https://post-tenebras-lire.net/chronique-dune-mort-annoncee-gabriel\"},\n  \"title\": {\"S\": \"Chronique d’une mort annoncée\"},\n  \"writer\": {\"S\": \"Marquez, Gabriel Garcia\"},\n\n  \"tags\": {\"S\": \"#Littérature\"},\n  \"link\": {\"S\": \"https://post-tenebras-lire.net/chronique-dune-mort-annoncee-gabriel/\"},\n\n  \"imageUrl\": {\"S\": \"https://post-tenebras-lire.net/assets/posts/2014-01-09-chronique-dune-mort-annoncee-gabriel.jpg\"}\n}\n",
            "range_key": null,
            "table_name": "Feed"
          },
          "private": "bnVsbA==",
          "depends_on": [
            "aws_dynamodb_table.feed-table"
          ]
        }
      ]
    },
    {
      "mode": "managed",
      "type": "aws_dynamodb_table_item",
      "name": "chroniques-amasiennes-tome-1",
      "provider": "provider.aws",
      "instances": [
        {
          "schema_version": 0,
          "attributes": {
            "hash_key": "Id",
            "id": "Feed|Id||https://post-tenebras-lire.net/Chroniques-amasiennes-tome-1-Bernard-Afflatet|",
            "item": "{\n  \"Id\": {\"S\": \"https://post-tenebras-lire.net/Chroniques-amasiennes-tome-1-Bernard-Afflatet\"},\n  \"title\": {\"S\": \"Chroniques amasiennes, tome 1\"},\n  \"writer\": {\"S\": \"Afflatet, Bernard\"},\n\n  \"tags\": {\"S\": \"#Science-Fiction\"},\n  \"link\": {\"S\": \"https://post-tenebras-lire.net/Chroniques-amasiennes-tome-1-Bernard-Afflatet/\"},\n\n  \"imageUrl\": {\"S\": \"https://post-tenebras-lire.net/assets/posts/2019-01-08-Chroniques-amasiennes-tome-1-Bernard-Afflatet.jpg\"}\n}\n",
            "range_key": null,
            "table_name": "Feed"
          },
          "private": "bnVsbA==",
          "depends_on": [
            "aws_dynamodb_table.feed-table"
          ]
        }
      ]
    },
    {
      "mode": "managed",
      "type": "aws_dynamodb_table_item",
      "name": "chroniques-amasiennes-tome-2",
      "provider": "provider.aws",
      "instances": [
        {
          "schema_version": 0,
          "attributes": {
            "hash_key": "Id",
            "id": "Feed|Id||https://post-tenebras-lire.net/Chroniques-amasiennes-tome-2-Bernard-Afflatet|",
            "item": "{\n  \"Id\": {\"S\": \"https://post-tenebras-lire.net/Chroniques-amasiennes-tome-2-Bernard-Afflatet\"},\n  \"title\": {\"S\": \"Chroniques amasiennes, tome 2\"},\n  \"writer\": {\"S\": \"Afflatet, Bernard\"},\n\n  \"tags\": {\"S\": \"#Science-Fiction\"},\n  \"link\": {\"S\": \"https://post-tenebras-lire.net/Chroniques-amasiennes-tome-2-Bernard-Afflatet/\"},\n\n  \"imageUrl\": {\"S\": \"https://post-tenebras-lire.net/assets/posts/2019-01-09-Chroniques-amasiennes-tome-2-Bernard-Afflatet.jpg\"}\n}\n",
            "range_key": null,
            "table_name": "Feed"
          },
          "private": "bnVsbA==",
          "depends_on": [
            "aws_dynamodb_table.feed-table"
          ]
        }
      ]
    },
    {
      "mode": "managed",
      "type": "aws_dynamodb_table_item",
      "name": "chroniques-des-années-noires",
      "provider": "provider.aws",
      "instances": [
        {
          "schema_version": 0,
          "attributes": {
            "hash_key": "Id",
            "id": "Feed|Id||https://post-tenebras-lire.net/uchromnie-chroniques-des-annees-noires|",
            "item": "{\n  \"Id\": {\"S\": \"https://post-tenebras-lire.net/uchromnie-chroniques-des-annees-noires\"},\n  \"title\": {\"S\": \"Chroniques des années noires\"},\n  \"writer\": {\"S\": \"Robinson, Kim Stanley\"},\n\n  \"tags\": {\"S\": \"#Uchronie\"},\n  \"link\": {\"S\": \"https://post-tenebras-lire.net/uchromnie-chroniques-des-annees-noires/\"},\n\n  \"imageUrl\": {\"S\": \"https://post-tenebras-lire.net/assets/posts/2015-12-12-uchromnie-chroniques-des-annees-noires.gif\"}\n}\n",
            "range_key": null,
            "table_name": "Feed"
          },
          "private": "bnVsbA==",
          "depends_on": [
            "aws_dynamodb_table.feed-table"
          ]
        }
      ]
    },
    {
      "mode": "managed",
      "type": "aws_dynamodb_table_item",
      "name": "chroniques-du-pays-des-mères",
      "provider": "provider.aws",
      "instances": [
        {
          "schema_version": 0,
          "attributes": {
            "hash_key": "Id",
            "id": "Feed|Id||https://post-tenebras-lire.net/roman-sf-chroniques-du-pays-des-meres|",
            "item": "{\n  \"Id\": {\"S\": \"https://post-tenebras-lire.net/roman-sf-chroniques-du-pays-des-meres\"},\n  \"title\": {\"S\": \"Chroniques Du Pays Des Mères\"},\n  \"writer\": {\"S\": \"Vonarburg, Elisabeth\"},\n\n  \"tags\": {\"S\": \"#Science-Fiction\"},\n  \"link\": {\"S\": \"https://post-tenebras-lire.net/roman-sf-chroniques-du-pays-des-meres/\"},\n\n  \"imageUrl\": {\"S\": \"https://post-tenebras-lire.net/assets/posts/2012-11-11-roman-sf-chroniques-du-pays-des-meres.jpg\"}\n}\n",
            "range_key": null,
            "table_name": "Feed"
          },
          "private": "bnVsbA==",
          "depends_on": [
            "aws_dynamodb_table.feed-table"
          ]
        }
      ]
    },
    {
      "mode": "managed",
      "type": "aws_dynamodb_table_item",
      "name": "chroniques-martiennes",
      "provider": "provider.aws",
      "instances": [
        {
          "schema_version": 0,
          "attributes": {
            "hash_key": "Id",
            "id": "Feed|Id||https://post-tenebras-lire.net/review-chroniques-martiennes|",
            "item": "{\n  \"Id\": {\"S\": \"https://post-tenebras-lire.net/review-chroniques-martiennes\"},\n  \"title\": {\"S\": \"Chroniques Martiennes\"},\n  \"writer\": {\"S\": \"Bradbury, Ray\"},\n\n  \"tags\": {\"S\": \"#Science-Fiction\"},\n  \"link\": {\"S\": \"https://post-tenebras-lire.net/review-chroniques-martiennes/\"},\n\n  \"imageUrl\": {\"S\": \"https://post-tenebras-lire.net/assets/posts/2012-04-22-review-chroniques-martiennes.jpg\"}\n}\n",
            "range_key": null,
            "table_name": "Feed"
          },
          "private": "bnVsbA==",
          "depends_on": [
            "aws_dynamodb_table.feed-table"
          ]
        }
      ]
    },
    {
      "mode": "managed",
      "type": "aws_dynamodb_table_item",
      "name": "compléter-les-blancs",
      "provider": "provider.aws",
      "instances": [
        {
          "schema_version": 0,
          "attributes": {
            "hash_key": "Id",
            "id": "Feed|Id||https://post-tenebras-lire.net/completer-les-blancs-de-keiichiro|",
            "item": "{\n  \"Id\": {\"S\": \"https://post-tenebras-lire.net/completer-les-blancs-de-keiichiro\"},\n  \"title\": {\"S\": \"Compléter les blancs\"},\n  \"writer\": {\"S\": \"Hirano, Keiichirô\"},\n\n  \"tags\": {\"S\": \"#Japon\"},\n  \"link\": {\"S\": \"https://post-tenebras-lire.net/completer-les-blancs-de-keiichiro/\"},\n\n  \"imageUrl\": {\"S\": \"https://post-tenebras-lire.net/assets/posts/2018-03-30-completer-les-blancs-de-keiichiro.jpg\"}\n}\n",
            "range_key": null,
            "table_name": "Feed"
          },
          "private": "bnVsbA==",
          "depends_on": [
            "aws_dynamodb_table.feed-table"
          ]
        }
      ]
    },
    {
      "mode": "managed",
      "type": "aws_dynamodb_table_item",
      "name": "comprendre-l-antisémitisme",
      "provider": "provider.aws",
      "instances": [
        {
          "schema_version": 0,
          "attributes": {
            "hash_key": "Id",
            "id": "Feed|Id||https://post-tenebras-lire.net/indispensable-lecture-comprendre|",
            "item": "{\n  \"Id\": {\"S\": \"https://post-tenebras-lire.net/indispensable-lecture-comprendre\"},\n  \"title\": {\"S\": \"Comprendre l’antisémitisme\"},\n  \"writer\": {\"S\": \"Maillard, Agnès\"},\n\n  \"tags\": {\"S\": \"#Politique #Société #Religion\"},\n  \"link\": {\"S\": \"https://post-tenebras-lire.net/indispensable-lecture-comprendre/\"},\n\n  \"imageUrl\": {\"S\": \"https://post-tenebras-lire.net/assets/posts/2016-02-25-indispensable-lecture-comprendre.jpg\"}\n}\n",
            "range_key": null,
            "table_name": "Feed"
          },
          "private": "bnVsbA==",
          "depends_on": [
            "aws_dynamodb_table.feed-table"
          ]
        }
      ]
    },
    {
      "mode": "managed",
      "type": "aws_dynamodb_table_item",
      "name": "confins-voyager-tome-2",
      "provider": "provider.aws",
      "instances": [
        {
          "schema_version": 0,
          "attributes": {
            "hash_key": "Id",
            "id": "Feed|Id||https://post-tenebras-lire.net/Confins_Voyager_Tome%202_stephanne_desienne|",
            "item": "{\n  \"Id\": {\"S\": \"https://post-tenebras-lire.net/Confins_Voyager_Tome%202_stephanne_desienne\"},\n  \"title\": {\"S\": \"Confins: Voyager Tome 2\"},\n  \"writer\": {\"S\": \"Desienne, Stéphane\"},\n\n  \"tags\": {\"S\": \"#Science-Fiction\"},\n  \"link\": {\"S\": \"https://post-tenebras-lire.net/Confins_Voyager_Tome-2_stephanne_desienne/\"},\n\n  \"imageUrl\": {\"S\": \"https://post-tenebras-lire.net/assets/posts/2019-08-11-Confins_Voyager_Tome%202_stephanne_desienne.jpg\"}\n}\n",
            "range_key": null,
            "table_name": "Feed"
          },
          "private": "bnVsbA==",
          "depends_on": [
            "aws_dynamodb_table.feed-table"
          ]
        }
      ]
    },
    {
      "mode": "managed",
      "type": "aws_dynamodb_table_item",
      "name": "confiteor",
      "provider": "provider.aws",
      "instances": [
        {
          "schema_version": 0,
          "attributes": {
            "hash_key": "Id",
            "id": "Feed|Id||https://post-tenebras-lire.net/oeuvre-grandiose-confiteor-de-jaum-cabre|",
            "item": "{\n  \"Id\": {\"S\": \"https://post-tenebras-lire.net/oeuvre-grandiose-confiteor-de-jaum-cabre\"},\n  \"title\": {\"S\": \"Confiteor\"},\n  \"writer\": {\"S\": \"Cabré, Jaum\"},\n\n  \"tags\": {\"S\": \"#Espagne\"},\n  \"link\": {\"S\": \"https://post-tenebras-lire.net/oeuvre-grandiose-confiteor-de-jaum-cabre/\"},\n\n  \"imageUrl\": {\"S\": \"https://post-tenebras-lire.net/assets/posts/2014-08-11-oeuvre-grandiose-confiteor-de-jaum-cabre.jpg\"}\n}\n",
            "range_key": null,
            "table_name": "Feed"
          },
          "private": "bnVsbA==",
          "depends_on": [
            "aws_dynamodb_table.feed-table"
          ]
        }
      ]
    },
    {
      "mode": "managed",
      "type": "aws_dynamodb_table_item",
      "name": "conscience-contre-violence",
      "provider": "provider.aws",
      "instances": [
        {
          "schema_version": 0,
          "attributes": {
            "hash_key": "Id",
            "id": "Feed|Id||https://post-tenebras-lire.net/Conscience-contre-violence-Stefan-Zweig|",
            "item": "{\n  \"Id\": {\"S\": \"https://post-tenebras-lire.net/Conscience-contre-violence-Stefan-Zweig\"},\n  \"title\": {\"S\": \"Conscience contre violence\"},\n  \"writer\": {\"S\": \"Zweig, Stefan\"},\n\n  \"tags\": {\"S\": \"#Religion #Histoire #Suisse\"},\n  \"link\": {\"S\": \"https://post-tenebras-lire.net/Conscience-contre-violence-Stefan-Zweig/\"},\n\n  \"imageUrl\": {\"S\": \"https://post-tenebras-lire.net/assets/posts/2019-01-02-Conscience-contre-violence-Stefan-Zweig.jpg\"}\n}\n",
            "range_key": null,
            "table_name": "Feed"
          },
          "private": "bnVsbA==",
          "depends_on": [
            "aws_dynamodb_table.feed-table"
          ]
        }
      ]
    },
    {
      "mode": "managed",
      "type": "aws_dynamodb_table_item",
      "name": "conseils-photo-pour-les-voyageurs",
      "provider": "provider.aws",
      "instances": [
        {
          "schema_version": 0,
          "attributes": {
            "hash_key": "Id",
            "id": "Feed|Id||https://post-tenebras-lire.net/conseils-photo-pour-les-voyageurs|",
            "item": "{\n  \"Id\": {\"S\": \"https://post-tenebras-lire.net/conseils-photo-pour-les-voyageurs\"},\n  \"title\": {\"S\": \"Conseils photo pour les voyageurs\"},\n  \"writer\": {\"S\": \"Amiot, Aurélie\"},\n\n  \"tags\": {\"S\": \"#Voyage #Photographie\"},\n  \"link\": {\"S\": \"https://post-tenebras-lire.net/conseils-photo-pour-les-voyageurs/\"},\n\n  \"imageUrl\": {\"S\": \"https://post-tenebras-lire.net/assets/posts/2015-01-06-conseils-photo-pour-les-voyageurs.jpg\"}\n}\n",
            "range_key": null,
            "table_name": "Feed"
          },
          "private": "bnVsbA==",
          "depends_on": [
            "aws_dynamodb_table.feed-table"
          ]
        }
      ]
    },
    {
      "mode": "managed",
      "type": "aws_dynamodb_table_item",
      "name": "cristal-qui-songe",
      "provider": "provider.aws",
      "instances": [
        {
          "schema_version": 0,
          "attributes": {
            "hash_key": "Id",
            "id": "Feed|Id||https://post-tenebras-lire.net/cristal-qui-songe-de-theodore-sturgeon|",
            "item": "{\n  \"Id\": {\"S\": \"https://post-tenebras-lire.net/cristal-qui-songe-de-theodore-sturgeon\"},\n  \"title\": {\"S\": \"Cristal qui songe\"},\n  \"writer\": {\"S\": \"Sturgeon, Theodore\"},\n\n  \"tags\": {\"S\": \"#Science-Fiction\"},\n  \"link\": {\"S\": \"https://post-tenebras-lire.net/cristal-qui-songe-de-theodore-sturgeon/\"},\n\n  \"imageUrl\": {\"S\": \"https://post-tenebras-lire.net/assets/posts/2018-02-17-cristal-qui-songe-de-theodore-sturgeon.jpg\"}\n}\n",
            "range_key": null,
            "table_name": "Feed"
          },
          "private": "bnVsbA==",
          "depends_on": [
            "aws_dynamodb_table.feed-table"
          ]
        }
      ]
    },
    {
      "mode": "managed",
      "type": "aws_dynamodb_table_item",
      "name": "cyanure",
      "provider": "provider.aws",
      "instances": [
        {
          "schema_version": 0,
          "attributes": {
            "hash_key": "Id",
            "id": "Feed|Id||https://post-tenebras-lire.net/cyanure-camilla-l%C3%A4ckberg|",
            "item": "{\n  \"Id\": {\"S\": \"https://post-tenebras-lire.net/cyanure-camilla-l%C3%A4ckberg\"},\n  \"title\": {\"S\": \"Cyanure\"},\n  \"writer\": {\"S\": \"Läckberg, Camilla\"},\n\n  \"tags\": {\"S\": \"#Polar\"},\n  \"link\": {\"S\": \"https://post-tenebras-lire.net/cyanure-camilla-l%C3%A4ckberg/\"},\n\n  \"imageUrl\": {\"S\": \"https://post-tenebras-lire.net/assets/posts/2013-12-14-cyanure-camilla-l%C3%A4ckberg.jpg\"}\n}\n",
            "range_key": null,
            "table_name": "Feed"
          },
          "private": "bnVsbA==",
          "depends_on": [
            "aws_dynamodb_table.feed-table"
          ]
        }
      ]
    },
    {
      "mode": "managed",
      "type": "aws_dynamodb_table_item",
      "name": "dans-la-toile-du-temps",
      "provider": "provider.aws",
      "instances": [
        {
          "schema_version": 0,
          "attributes": {
            "hash_key": "Id",
            "id": "Feed|Id||https://post-tenebras-lire.net/Dans-la-toile-du-temps-Adrian%20Tchaikovsky|",
            "item": "{\n  \"Id\": {\"S\": \"https://post-tenebras-lire.net/Dans-la-toile-du-temps-Adrian%20Tchaikovsky\"},\n  \"title\": {\"S\": \"Dans la toile du temps\"},\n  \"writer\": {\"S\": \"Tchaikovsky, Adrian\"},\n\n  \"tags\": {\"S\": \"#Science-Fiction\"},\n  \"link\": {\"S\": \"https://post-tenebras-lire.net/Dans-la-toile-du-temps-Adrian-Tchaikovsky/\"},\n\n  \"imageUrl\": {\"S\": \"https://post-tenebras-lire.net/assets/posts/2018-12-19-Dans-la-toile-du-temps-Adrian%20Tchaikovsky.jpg\"}\n}\n",
            "range_key": null,
            "table_name": "Feed"
          },
          "private": "bnVsbA==",
          "depends_on": [
            "aws_dynamodb_table.feed-table"
          ]
        }
      ]
    },
    {
      "mode": "managed",
      "type": "aws_dynamodb_table_item",
      "name": "de-l-inégalité-parmi-les-sociétés-essai-sur-l-homme-et-l-environnement-dans-l-histoire",
      "provider": "provider.aws",
      "instances": [
        {
          "schema_version": 0,
          "attributes": {
            "hash_key": "Id",
            "id": "Feed|Id||https://post-tenebras-lire.net/de-linegalite-parmi-les-societes-essai|",
            "item": "{\n  \"Id\": {\"S\": \"https://post-tenebras-lire.net/de-linegalite-parmi-les-societes-essai\"},\n  \"title\": {\"S\": \"De l’inégalité parmi les sociétés : Essai sur l’homme et l’environnement dans l’histoire\"},\n  \"writer\": {\"S\": \"Diamond, Jared Mason\"},\n\n  \"tags\": {\"S\": \"#Histoire #Economie #Politique\"},\n  \"link\": {\"S\": \"https://post-tenebras-lire.net/de-linegalite-parmi-les-societes-essai/\"},\n\n  \"imageUrl\": {\"S\": \"https://post-tenebras-lire.net/assets/posts/2013-12-06-de-linegalite-parmi-les-societes-essai.jpg\"}\n}\n",
            "range_key": null,
            "table_name": "Feed"
          },
          "private": "bnVsbA==",
          "depends_on": [
            "aws_dynamodb_table.feed-table"
          ]
        }
      ]
    },
    {
      "mode": "managed",
      "type": "aws_dynamodb_table_item",
      "name": "dernières-nouvelles-de-sapiens",
      "provider": "provider.aws",
      "instances": [
        {
          "schema_version": 0,
          "attributes": {
            "hash_key": "Id",
            "id": "Feed|Id||https://post-tenebras-lire.net/Derni%C3%A8res-nouvelles-de-Sapiens-Silvana-Condemi|",
            "item": "{\n  \"Id\": {\"S\": \"https://post-tenebras-lire.net/Derni%C3%A8res-nouvelles-de-Sapiens-Silvana-Condemi\"},\n  \"title\": {\"S\": \"Dernières nouvelles de Sapiens\"},\n  \"writer\": {\"S\": \"Condemi, Silvana\"},\n\n  \"tags\": {\"S\": \"#Science #Vulgarisation\"},\n  \"link\": {\"S\": \"https://post-tenebras-lire.net/Derni%C3%A8res-nouvelles-de-Sapiens-Silvana-Condemi/\"},\n\n  \"imageUrl\": {\"S\": \"https://post-tenebras-lire.net/assets/posts/2019-03-09-Derni%C3%A8res-nouvelles-de-Sapiens-Silvana-Condemi.jpg\"}\n}\n",
            "range_key": null,
            "table_name": "Feed"
          },
          "private": "bnVsbA==",
          "depends_on": [
            "aws_dynamodb_table.feed-table"
          ]
        }
      ]
    },
    {
      "mode": "managed",
      "type": "aws_dynamodb_table_item",
      "name": "des-chrétiens-et-des-maures",
      "provider": "provider.aws",
      "instances": [
        {
          "schema_version": 0,
          "attributes": {
            "hash_key": "Id",
            "id": "Feed|Id||https://post-tenebras-lire.net/des-chretiens-et-des-maures-daniel|",
            "item": "{\n  \"Id\": {\"S\": \"https://post-tenebras-lire.net/des-chretiens-et-des-maures-daniel\"},\n  \"title\": {\"S\": \"Des chrétiens et des maures\"},\n  \"writer\": {\"S\": \"Pennac, Daniel\"},\n\n  \"tags\": {\"S\": \"#Humour\"},\n  \"link\": {\"S\": \"https://post-tenebras-lire.net/des-chretiens-et-des-maures-daniel/\"},\n\n  \"imageUrl\": {\"S\": \"https://post-tenebras-lire.net/assets/posts/2014-01-23-des-chretiens-et-des-maures-daniel.jpg\"}\n}\n",
            "range_key": null,
            "table_name": "Feed"
          },
          "private": "bnVsbA==",
          "depends_on": [
            "aws_dynamodb_table.feed-table"
          ]
        }
      ]
    },
    {
      "mode": "managed",
      "type": "aws_dynamodb_table_item",
      "name": "des-fleurs-pour-algernon",
      "provider": "provider.aws",
      "instances": [
        {
          "schema_version": 0,
          "attributes": {
            "hash_key": "Id",
            "id": "Feed|Id||https://post-tenebras-lire.net/review-des-fleurs-pour-algernon|",
            "item": "{\n  \"Id\": {\"S\": \"https://post-tenebras-lire.net/review-des-fleurs-pour-algernon\"},\n  \"title\": {\"S\": \"Des fleurs pour Algernon\"},\n  \"writer\": {\"S\": \"Keyes, Daniel\"},\n\n  \"tags\": {\"S\": \"#Science-Fiction\"},\n  \"link\": {\"S\": \"https://post-tenebras-lire.net/review-des-fleurs-pour-algernon/\"},\n\n  \"imageUrl\": {\"S\": \"https://post-tenebras-lire.net/assets/posts/2012-05-12-review-des-fleurs-pour-algernon.jpg\"}\n}\n",
            "range_key": null,
            "table_name": "Feed"
          },
          "private": "bnVsbA==",
          "depends_on": [
            "aws_dynamodb_table.feed-table"
          ]
        }
      ]
    },
    {
      "mode": "managed",
      "type": "aws_dynamodb_table_item",
      "name": "dessins-politiques",
      "provider": "provider.aws",
      "instances": [
        {
          "schema_version": 0,
          "attributes": {
            "hash_key": "Id",
            "id": "Feed|Id||https://post-tenebras-lire.net/Dessins-politiques-Mix-Remix|",
            "item": "{\n  \"Id\": {\"S\": \"https://post-tenebras-lire.net/Dessins-politiques-Mix-Remix\"},\n  \"title\": {\"S\": \"Dessins politiques\"},\n  \"writer\": {\"S\": \"Mix \u0026amp; Remix\"},\n\n  \"tags\": {\"S\": \"#BD #Humour\"},\n  \"link\": {\"S\": \"https://post-tenebras-lire.net/Dessins-politiques-Mix-Remix/\"},\n\n  \"imageUrl\": {\"S\": \"https://post-tenebras-lire.net/assets/posts/2019-01-24-Dessins-politiques-Mix-Remix.jpg\"}\n}\n",
            "range_key": null,
            "table_name": "Feed"
          },
          "private": "bnVsbA==",
          "depends_on": [
            "aws_dynamodb_table.feed-table"
          ]
        }
      ]
    },
    {
      "mode": "managed",
      "type": "aws_dynamodb_table_item",
      "name": "deus-irae",
      "provider": "provider.aws",
      "instances": [
        {
          "schema_version": 0,
          "attributes": {
            "hash_key": "Id",
            "id": "Feed|Id||https://post-tenebras-lire.net/sience-fiction-deus-irae-philip-k-dick|",
            "item": "{\n  \"Id\": {\"S\": \"https://post-tenebras-lire.net/sience-fiction-deus-irae-philip-k-dick\"},\n  \"title\": {\"S\": \"Deus Irae\"},\n  \"writer\": {\"S\": \"Dick, Philip K.\"},\n\n  \"tags\": {\"S\": \"#Post-apocalyptique #Science-Fiction\"},\n  \"link\": {\"S\": \"https://post-tenebras-lire.net/sience-fiction-deus-irae-philip-k-dick/\"},\n\n  \"imageUrl\": {\"S\": \"https://post-tenebras-lire.net/assets/posts/2015-12-26-sience-fiction-deus-irae-philip-k-dick.jpg\"}\n}\n",
            "range_key": null,
            "table_name": "Feed"
          },
          "private": "bnVsbA==",
          "depends_on": [
            "aws_dynamodb_table.feed-table"
          ]
        }
      ]
    },
    {
      "mode": "managed",
      "type": "aws_dynamodb_table_item",
      "name": "deux-dictionnaires-des-idées-reçues",
      "provider": "provider.aws",
      "instances": [
        {
          "schema_version": 0,
          "attributes": {
            "hash_key": "Id",
            "id": "Feed|Id||https://post-tenebras-lire.net/deux-dictionnaires-des-idees-recues|",
            "item": "{\n  \"Id\": {\"S\": \"https://post-tenebras-lire.net/deux-dictionnaires-des-idees-recues\"},\n  \"title\": {\"S\": \"Deux dictionnaires des idées reçues\"},\n  \"writer\": {\"S\": \"Barham, Andrea\"},\n\n  \"tags\": {\"S\": \"#Science\"},\n  \"link\": {\"S\": \"https://post-tenebras-lire.net/deux-dictionnaires-des-idees-recues/\"},\n\n  \"imageUrl\": {\"S\": \"https://post-tenebras-lire.net/assets/posts/2015-10-13-deux-dictionnaires-des-idees-recues.jpg\"}\n}\n",
            "range_key": null,
            "table_name": "Feed"
          },
          "private": "bnVsbA==",
          "depends_on": [
            "aws_dynamodb_table.feed-table"
          ]
        }
      ]
    },
    {
      "mode": "managed",
      "type": "aws_dynamodb_table_item",
      "name": "dieu-n-est-pas-grand-comment-la-religion-empoisonne-tout",
      "provider": "provider.aws",
      "instances": [
        {
          "schema_version": 0,
          "attributes": {
            "hash_key": "Id",
            "id": "Feed|Id||https://post-tenebras-lire.net/dieu-nest-pas-grand-christopher-hitchens|",
            "item": "{\n  \"Id\": {\"S\": \"https://post-tenebras-lire.net/dieu-nest-pas-grand-christopher-hitchens\"},\n  \"title\": {\"S\": \"Dieu n’est pas grand : Comment la religion empoisonne tout\"},\n  \"writer\": {\"S\": \"Hitchens, Christopher\"},\n\n  \"tags\": {\"S\": \"#Abandonné #Science #Religion\"},\n  \"link\": {\"S\": \"https://post-tenebras-lire.net/dieu-nest-pas-grand-christopher-hitchens/\"},\n\n  \"imageUrl\": {\"S\": \"https://post-tenebras-lire.net/assets/posts/2016-10-07-dieu-nest-pas-grand-christopher-hitchens.jpg\"}\n}\n",
            "range_key": null,
            "table_name": "Feed"
          },
          "private": "bnVsbA==",
          "depends_on": [
            "aws_dynamodb_table.feed-table"
          ]
        }
      ]
    },
    {
      "mode": "managed",
      "type": "aws_dynamodb_table_item",
      "name": "dino-hunter",
      "provider": "provider.aws",
      "instances": [
        {
          "schema_version": 0,
          "attributes": {
            "hash_key": "Id",
            "id": "Feed|Id||https://post-tenebras-lire.net/lecture-pulp-dino-hunterdolivier-saraja|",
            "item": "{\n  \"Id\": {\"S\": \"https://post-tenebras-lire.net/lecture-pulp-dino-hunterdolivier-saraja\"},\n  \"title\": {\"S\": \"Dino Hunter\"},\n  \"writer\": {\"S\": \"Saraja, Olivier\"},\n\n  \"tags\": {\"S\": \"#Post-apocalyptique #Pulp\"},\n  \"link\": {\"S\": \"https://post-tenebras-lire.net/lecture-pulp-dino-hunterdolivier-saraja/\"},\n\n  \"imageUrl\": {\"S\": \"https://post-tenebras-lire.net/assets/posts/2018-03-30-lecture-pulp-dino-hunterdolivier-saraja.jpg\"}\n}\n",
            "range_key": null,
            "table_name": "Feed"
          },
          "private": "bnVsbA==",
          "depends_on": [
            "aws_dynamodb_table.feed-table"
          ]
        }
      ]
    },
    {
      "mode": "managed",
      "type": "aws_dynamodb_table_item",
      "name": "dites-nous-comment-survivre-à-notre-folie",
      "provider": "provider.aws",
      "instances": [
        {
          "schema_version": 0,
          "attributes": {
            "hash_key": "Id",
            "id": "Feed|Id||https://post-tenebras-lire.net/review-teach-us-to-outgrow-our-madness|",
            "item": "{\n  \"Id\": {\"S\": \"https://post-tenebras-lire.net/review-teach-us-to-outgrow-our-madness\"},\n  \"title\": {\"S\": \"Dites-nous comment survivre à notre folie\"},\n  \"writer\": {\"S\": \"Ōe, Kenzaburō\"},\n\n  \"tags\": {\"S\": \"#Japon\"},\n  \"link\": {\"S\": \"https://post-tenebras-lire.net/review-teach-us-to-outgrow-our-madness/\"},\n\n  \"imageUrl\": {\"S\": \"https://post-tenebras-lire.net/assets/posts/2012-05-27-review-teach-us-to-outgrow-our-madness.jpg\"}\n}\n",
            "range_key": null,
            "table_name": "Feed"
          },
          "private": "bnVsbA==",
          "depends_on": [
            "aws_dynamodb_table.feed-table"
          ]
        }
      ]
    },
    {
      "mode": "managed",
      "type": "aws_dynamodb_table_item",
      "name": "doubt-1-2-3-4",
      "provider": "provider.aws",
      "instances": [
        {
          "schema_version": 0,
          "attributes": {
            "hash_key": "Id",
            "id": "Feed|Id||https://post-tenebras-lire.net/manga-doubt-1234|",
            "item": "{\n  \"Id\": {\"S\": \"https://post-tenebras-lire.net/manga-doubt-1234\"},\n  \"title\": {\"S\": \"Doubt : 1,2,3,4\"},\n  \"writer\": {\"S\": \"Tonogai, Yoshiki\"},\n\n  \"tags\": {\"S\": \"#Manga #Japon #Série\"},\n  \"link\": {\"S\": \"https://post-tenebras-lire.net/manga-doubt-1234/\"},\n\n  \"imageUrl\": {\"S\": \"https://post-tenebras-lire.net/assets/posts/2013-05-23-manga-doubt-1234.jpg\"}\n}\n",
            "range_key": null,
            "table_name": "Feed"
          },
          "private": "bnVsbA==",
          "depends_on": [
            "aws_dynamodb_table.feed-table"
          ]
        }
      ]
    },
    {
      "mode": "managed",
      "type": "aws_dynamodb_table_item",
      "name": "drôle-de-mort",
      "provider": "provider.aws",
      "instances": [
        {
          "schema_version": 0,
          "attributes": {
            "hash_key": "Id",
            "id": "Feed|Id||https://post-tenebras-lire.net/policier-drole-de-mort-de-sophie-moulay|",
            "item": "{\n  \"Id\": {\"S\": \"https://post-tenebras-lire.net/policier-drole-de-mort-de-sophie-moulay\"},\n  \"title\": {\"S\": \"Drôle de mort\"},\n  \"writer\": {\"S\": \"Moulay, Sophie\"},\n\n  \"tags\": {\"S\": \"#Polar\"},\n  \"link\": {\"S\": \"https://post-tenebras-lire.net/policier-drole-de-mort-de-sophie-moulay/\"},\n\n  \"imageUrl\": {\"S\": \"https://post-tenebras-lire.net/assets/posts/2016-04-12-policier-drole-de-mort-de-sophie-moulay.jpg\"}\n}\n",
            "range_key": null,
            "table_name": "Feed"
          },
          "private": "bnVsbA==",
          "depends_on": [
            "aws_dynamodb_table.feed-table"
          ]
        }
      ]
    },
    {
      "mode": "managed",
      "type": "aws_dynamodb_table_item",
      "name": "e-mc2-l-équation-de-tous-les-possibles",
      "provider": "provider.aws",
      "instances": [
        {
          "schema_version": 0,
          "attributes": {
            "hash_key": "Id",
            "id": "Feed|Id||https://post-tenebras-lire.net/Emc2-Christophe-Galfard|",
            "item": "{\n  \"Id\": {\"S\": \"https://post-tenebras-lire.net/Emc2-Christophe-Galfard\"},\n  \"title\": {\"S\": \"E=mc2 L’équation de tous les possibles\"},\n  \"writer\": {\"S\": \"Galfard, Christophe\"},\n\n  \"tags\": {\"S\": \"#Science #Vulgarisation\"},\n  \"link\": {\"S\": \"https://post-tenebras-lire.net/Emc2-Christophe-Galfard/\"},\n\n  \"imageUrl\": {\"S\": \"https://post-tenebras-lire.net/assets/posts/2018-04-11-Emc2-Christophe-Galfard.jpg\"}\n}\n",
            "range_key": null,
            "table_name": "Feed"
          },
          "private": "bnVsbA==",
          "depends_on": [
            "aws_dynamodb_table.feed-table"
          ]
        }
      ]
    },
    {
      "mode": "managed",
      "type": "aws_dynamodb_table_item",
      "name": "elle-est-pas-belle-la-vie-conseils-d-un-vieux-schnock-à-de-jeunes-cons",
      "provider": "provider.aws",
      "instances": [
        {
          "schema_version": 0,
          "attributes": {
            "hash_key": "Id",
            "id": "Feed|Id||https://post-tenebras-lire.net/Elle-est-pas-belle-la%20vie-Kurt-Vonnegut|",
            "item": "{\n  \"Id\": {\"S\": \"https://post-tenebras-lire.net/Elle-est-pas-belle-la%20vie-Kurt-Vonnegut\"},\n  \"title\": {\"S\": \"Elle est pas belle, la vie ? : Conseils d’un vieux schnock à de jeunes cons\"},\n  \"writer\": {\"S\": \"Vonnegut, Kurt Jr\"},\n\n  \"tags\": {\"S\": \"#Discours\"},\n  \"link\": {\"S\": \"https://post-tenebras-lire.net/Elle-est-pas-belle-la-vie-Kurt-Vonnegut/\"},\n\n  \"imageUrl\": {\"S\": \"https://post-tenebras-lire.net/assets/posts/2019-02-12-Elle-est-pas-belle-la%20vie-Kurt-Vonnegut.jpg\"}\n}\n",
            "range_key": null,
            "table_name": "Feed"
          },
          "private": "bnVsbA==",
          "depends_on": [
            "aws_dynamodb_table.feed-table"
          ]
        }
      ]
    },
    {
      "mode": "managed",
      "type": "aws_dynamodb_table_item",
      "name": "en-même-temps-toute-la-terre-et-tout-le-ciel",
      "provider": "provider.aws",
      "instances": [
        {
          "schema_version": 0,
          "attributes": {
            "hash_key": "Id",
            "id": "Feed|Id||https://post-tenebras-lire.net/en-meme-temps-toute-la-terre-et-tout-le|",
            "item": "{\n  \"Id\": {\"S\": \"https://post-tenebras-lire.net/en-meme-temps-toute-la-terre-et-tout-le\"},\n  \"title\": {\"S\": \"En même temps, toute la terre et tout le ciel\"},\n  \"writer\": {\"S\": \"Ozeki, Ruth L.\"},\n\n  \"tags\": {\"S\": \"#Japon\"},\n  \"link\": {\"S\": \"https://post-tenebras-lire.net/en-meme-temps-toute-la-terre-et-tout-le/\"},\n\n  \"imageUrl\": {\"S\": \"https://post-tenebras-lire.net/assets/posts/2013-10-20-en-meme-temps-toute-la-terre-et-tout-le.jpg\"}\n}\n",
            "range_key": null,
            "table_name": "Feed"
          },
          "private": "bnVsbA==",
          "depends_on": [
            "aws_dynamodb_table.feed-table"
          ]
        }
      ]
    },
    {
      "mode": "managed",
      "type": "aws_dynamodb_table_item",
      "name": "en-remorquant-jéhovah",
      "provider": "provider.aws",
      "instances": [
        {
          "schema_version": 0,
          "attributes": {
            "hash_key": "Id",
            "id": "Feed|Id||https://post-tenebras-lire.net/lecture-en-remorquant-jehovah-de-james|",
            "item": "{\n  \"Id\": {\"S\": \"https://post-tenebras-lire.net/lecture-en-remorquant-jehovah-de-james\"},\n  \"title\": {\"S\": \"En remorquant Jéhovah\"},\n  \"writer\": {\"S\": \"Morrow, James\"},\n\n  \"tags\": {\"S\": \"#Religion #Humour\"},\n  \"link\": {\"S\": \"https://post-tenebras-lire.net/lecture-en-remorquant-jehovah-de-james/\"},\n\n  \"imageUrl\": {\"S\": \"https://post-tenebras-lire.net/assets/posts/2018-02-02-lecture-en-remorquant-jehovah-de-james.jpg\"}\n}\n",
            "range_key": null,
            "table_name": "Feed"
          },
          "private": "bnVsbA==",
          "depends_on": [
            "aws_dynamodb_table.feed-table"
          ]
        }
      ]
    },
    {
      "mode": "managed",
      "type": "aws_dynamodb_table_item",
      "name": "excession",
      "provider": "provider.aws",
      "instances": [
        {
          "schema_version": 0,
          "attributes": {
            "hash_key": "Id",
            "id": "Feed|Id||https://post-tenebras-lire.net/lecture-science-fiction-excession-de|",
            "item": "{\n  \"Id\": {\"S\": \"https://post-tenebras-lire.net/lecture-science-fiction-excession-de\"},\n  \"title\": {\"S\": \"Excession\"},\n  \"writer\": {\"S\": \"Banks, Iain\"},\n\n  \"tags\": {\"S\": \"#Science-Fiction\"},\n  \"link\": {\"S\": \"https://post-tenebras-lire.net/lecture-science-fiction-excession-de/\"},\n\n  \"imageUrl\": {\"S\": \"https://post-tenebras-lire.net/assets/posts/2018-02-12-lecture-science-fiction-excession-de.jpg\"}\n}\n",
            "range_key": null,
            "table_name": "Feed"
          },
          "private": "bnVsbA==",
          "depends_on": [
            "aws_dynamodb_table.feed-table"
          ]
        }
      ]
    },
    {
      "mode": "managed",
      "type": "aws_dynamodb_table_item",
      "name": "exil-intégrale-saison-1",
      "provider": "provider.aws",
      "instances": [
        {
          "schema_version": 0,
          "attributes": {
            "hash_key": "Id",
            "id": "Feed|Id||https://post-tenebras-lire.net/serie-sf-exil-integrale-saison-1-de|",
            "item": "{\n  \"Id\": {\"S\": \"https://post-tenebras-lire.net/serie-sf-exil-integrale-saison-1-de\"},\n  \"title\": {\"S\": \"Exil Intégrale Saison 1\"},\n  \"writer\": {\"S\": \"Desienne, Stéphane\"},\n\n  \"tags\": {\"S\": \"#Science-Fiction\"},\n  \"link\": {\"S\": \"https://post-tenebras-lire.net/serie-sf-exil-integrale-saison-1-de/\"},\n\n  \"imageUrl\": {\"S\": \"https://post-tenebras-lire.net/assets/posts/2016-06-22-serie-sf-exil-integrale-saison-1-de.jpg\"}\n}\n",
            "range_key": null,
            "table_name": "Feed"
          },
          "private": "bnVsbA==",
          "depends_on": [
            "aws_dynamodb_table.feed-table"
          ]
        }
      ]
    },
    {
      "mode": "managed",
      "type": "aws_dynamodb_table_item",
      "name": "face-à-l-étoile",
      "provider": "provider.aws",
      "instances": [
        {
          "schema_version": 0,
          "attributes": {
            "hash_key": "Id",
            "id": "Feed|Id||https://post-tenebras-lire.net/face-letoile-de-neil-jomunsi|",
            "item": "{\n  \"Id\": {\"S\": \"https://post-tenebras-lire.net/face-letoile-de-neil-jomunsi\"},\n  \"title\": {\"S\": \"Face à l’étoile\"},\n  \"writer\": {\"S\": \"Jomunsi, Neil\"},\n\n  \"tags\": {\"S\": \"#Nouvelle #Fantastique\"},\n  \"link\": {\"S\": \"https://post-tenebras-lire.net/face-letoile-de-neil-jomunsi/\"},\n\n  \"imageUrl\": {\"S\": \"https://post-tenebras-lire.net/assets/posts/2013-10-11-face-letoile-de-neil-jomunsi.jpg\"}\n}\n",
            "range_key": null,
            "table_name": "Feed"
          },
          "private": "bnVsbA==",
          "depends_on": [
            "aws_dynamodb_table.feed-table"
          ]
        }
      ]
    },
    {
      "mode": "managed",
      "type": "aws_dynamodb_table_item",
      "name": "fuki-no-tô",
      "provider": "provider.aws",
      "instances": [
        {
          "schema_version": 0,
          "attributes": {
            "hash_key": "Id",
            "id": "Feed|Id||https://post-tenebras-lire.net/Fuki_no_t%C3%B4_%20Aki_Shimazaki|",
            "item": "{\n  \"Id\": {\"S\": \"https://post-tenebras-lire.net/Fuki_no_t%C3%B4_%20Aki_Shimazaki\"},\n  \"title\": {\"S\": \"Fuki-no-tô\"},\n  \"writer\": {\"S\": \"Shimazaki, Aki\"},\n\n  \"tags\": {\"S\": \"#Japon\"},\n  \"link\": {\"S\": \"https://post-tenebras-lire.net/Fuki_no_t%C3%B4_-Aki_Shimazaki/\"},\n\n  \"imageUrl\": {\"S\": \"https://post-tenebras-lire.net/assets/posts/2018-09-23-Fuki_no_t%C3%B4_%20Aki_Shimazaki.jpg\"}\n}\n",
            "range_key": null,
            "table_name": "Feed"
          },
          "private": "bnVsbA==",
          "depends_on": [
            "aws_dynamodb_table.feed-table"
          ]
        }
      ]
    },
    {
      "mode": "managed",
      "type": "aws_dynamodb_table_item",
      "name": "furari",
      "provider": "provider.aws",
      "instances": [
        {
          "schema_version": 0,
          "attributes": {
            "hash_key": "Id",
            "id": "Feed|Id||https://post-tenebras-lire.net/furari_jiro_taniguchi|",
            "item": "{\n  \"Id\": {\"S\": \"https://post-tenebras-lire.net/furari_jiro_taniguchi\"},\n  \"title\": {\"S\": \"Furari\"},\n  \"writer\": {\"S\": \"Taniguchi, Jirô\"},\n\n  \"tags\": {\"S\": \"#Japon #Manga\"},\n  \"link\": {\"S\": \"https://post-tenebras-lire.net/furari_jiro_taniguchi/\"},\n\n  \"imageUrl\": {\"S\": \"https://post-tenebras-lire.net/assets/posts/2018-09-17-furari_jiro_taniguchi.jpg\"}\n}\n",
            "range_key": null,
            "table_name": "Feed"
          },
          "private": "bnVsbA==",
          "depends_on": [
            "aws_dynamodb_table.feed-table"
          ]
        }
      ]
    },
    {
      "mode": "managed",
      "type": "aws_dynamodb_table_item",
      "name": "gen-d-hiroshima-tome-3",
      "provider": "provider.aws",
      "instances": [
        {
          "schema_version": 0,
          "attributes": {
            "hash_key": "Id",
            "id": "Feed|Id||https://post-tenebras-lire.net/un-manga-temoignage-gen-dhiroshima-tome|",
            "item": "{\n  \"Id\": {\"S\": \"https://post-tenebras-lire.net/un-manga-temoignage-gen-dhiroshima-tome\"},\n  \"title\": {\"S\": \"Gen d’Hiroshima Tome 3\"},\n  \"writer\": {\"S\": \"Nakazawa, Keiji\"},\n\n  \"tags\": {\"S\": \"#Manga #Japon\"},\n  \"link\": {\"S\": \"https://post-tenebras-lire.net/un-manga-temoignage-gen-dhiroshima-tome/\"},\n\n  \"imageUrl\": {\"S\": \"https://post-tenebras-lire.net/assets/posts/2014-04-22-un-manga-temoignage-gen-dhiroshima-tome.jpg\"}\n}\n",
            "range_key": null,
            "table_name": "Feed"
          },
          "private": "bnVsbA==",
          "depends_on": [
            "aws_dynamodb_table.feed-table"
          ]
        }
      ]
    },
    {
      "mode": "managed",
      "type": "aws_dynamodb_table_item",
      "name": "gen-d-hiroshima-tome-4",
      "provider": "provider.aws",
      "instances": [
        {
          "schema_version": 0,
          "attributes": {
            "hash_key": "Id",
            "id": "Feed|Id||https://post-tenebras-lire.net/gen-dhiroshima-tome-4-keiji-nakazawa|",
            "item": "{\n  \"Id\": {\"S\": \"https://post-tenebras-lire.net/gen-dhiroshima-tome-4-keiji-nakazawa\"},\n  \"title\": {\"S\": \"Gen d’Hiroshima, tome 4\"},\n  \"writer\": {\"S\": \"Nakazawa, Keiji\"},\n\n  \"tags\": {\"S\": \"#Manga #Japon\"},\n  \"link\": {\"S\": \"https://post-tenebras-lire.net/gen-dhiroshima-tome-4-keiji-nakazawa/\"},\n\n  \"imageUrl\": {\"S\": \"https://post-tenebras-lire.net/assets/posts/2014-09-22-gen-dhiroshima-tome-4-keiji-nakazawa.jpg\"}\n}\n",
            "range_key": null,
            "table_name": "Feed"
          },
          "private": "bnVsbA==",
          "depends_on": [
            "aws_dynamodb_table.feed-table"
          ]
        }
      ]
    },
    {
      "mode": "managed",
      "type": "aws_dynamodb_table_item",
      "name": "gen-d-hiroshima-tome-5",
      "provider": "provider.aws",
      "instances": [
        {
          "schema_version": 0,
          "attributes": {
            "hash_key": "Id",
            "id": "Feed|Id||https://post-tenebras-lire.net/manga-gen-dhiroshima-tome-5-keiji|",
            "item": "{\n  \"Id\": {\"S\": \"https://post-tenebras-lire.net/manga-gen-dhiroshima-tome-5-keiji\"},\n  \"title\": {\"S\": \"Gen d’Hiroshima, tome 5\"},\n  \"writer\": {\"S\": \"Nakazawa, Keiji\"},\n\n  \"tags\": {\"S\": \"#Manga #Japon #Histoire\"},\n  \"link\": {\"S\": \"https://post-tenebras-lire.net/manga-gen-dhiroshima-tome-5-keiji/\"},\n\n  \"imageUrl\": {\"S\": \"https://post-tenebras-lire.net/assets/posts/2015-05-20-manga-gen-dhiroshima-tome-5-keiji.jpg\"}\n}\n",
            "range_key": null,
            "table_name": "Feed"
          },
          "private": "bnVsbA==",
          "depends_on": [
            "aws_dynamodb_table.feed-table"
          ]
        }
      ]
    },
    {
      "mode": "managed",
      "type": "aws_dynamodb_table_item",
      "name": "hackers-au-coeur-de-la-résistance-numérique",
      "provider": "provider.aws",
      "instances": [
        {
          "schema_version": 0,
          "attributes": {
            "hash_key": "Id",
            "id": "Feed|Id||https://post-tenebras-lire.net/hackers-au-coeur-de-la-resistance|",
            "item": "{\n  \"Id\": {\"S\": \"https://post-tenebras-lire.net/hackers-au-coeur-de-la-resistance\"},\n  \"title\": {\"S\": \"Hackers: Au coeur de la résistance numérique\"},\n  \"writer\": {\"S\": \"Guiton, Amaelle\"},\n\n  \"tags\": {\"S\": \"#Numerique\"},\n  \"link\": {\"S\": \"https://post-tenebras-lire.net/hackers-au-coeur-de-la-resistance/\"},\n\n  \"imageUrl\": {\"S\": \"https://post-tenebras-lire.net/assets/posts/2013-08-17-hackers-au-coeur-de-la-resistance.jpg\"}\n}\n",
            "range_key": null,
            "table_name": "Feed"
          },
          "private": "bnVsbA==",
          "depends_on": [
            "aws_dynamodb_table.feed-table"
          ]
        }
      ]
    },
    {
      "mode": "managed",
      "type": "aws_dynamodb_table_item",
      "name": "harcèlement",
      "provider": "provider.aws",
      "instances": [
        {
          "schema_version": 0,
          "attributes": {
            "hash_key": "Id",
            "id": "Feed|Id||https://post-tenebras-lire.net/harcelement-par-jean-baptiste-ferrero|",
            "item": "{\n  \"Id\": {\"S\": \"https://post-tenebras-lire.net/harcelement-par-jean-baptiste-ferrero\"},\n  \"title\": {\"S\": \"Harcèlement\"},\n  \"writer\": {\"S\": \"Ferrero, Jean-Baptiste\"},\n\n  \"tags\": {\"S\": \"#Polar\"},\n  \"link\": {\"S\": \"https://post-tenebras-lire.net/harcelement-par-jean-baptiste-ferrero/\"},\n\n  \"imageUrl\": {\"S\": \"https://post-tenebras-lire.net/assets/posts/2013-11-14-harcelement-par-jean-baptiste-ferrero.jpg\"}\n}\n",
            "range_key": null,
            "table_name": "Feed"
          },
          "private": "bnVsbA==",
          "depends_on": [
            "aws_dynamodb_table.feed-table"
          ]
        }
      ]
    },
    {
      "mode": "managed",
      "type": "aws_dynamodb_table_item",
      "name": "haïku",
      "provider": "provider.aws",
      "instances": [
        {
          "schema_version": 0,
          "attributes": {
            "hash_key": "Id",
            "id": "Feed|Id||https://post-tenebras-lire.net/Ha%C3%AFku_%C3%89ric_Calatraba|",
            "item": "{\n  \"Id\": {\"S\": \"https://post-tenebras-lire.net/Ha%C3%AFku_%C3%89ric_Calatraba\"},\n  \"title\": {\"S\": \"Haïku\"},\n  \"writer\": {\"S\": \"Calatraba, Éric\"},\n\n  \"tags\": {\"S\": \"#Polar #Japon #Russie\"},\n  \"link\": {\"S\": \"https://post-tenebras-lire.net/Ha%C3%AFku_%C3%89ric_Calatraba/\"},\n\n  \"imageUrl\": {\"S\": \"https://post-tenebras-lire.net/assets/posts/2018-09-13-Ha%C3%AFku_%C3%89ric_Calatraba.jpg\"}\n}\n",
            "range_key": null,
            "table_name": "Feed"
          },
          "private": "bnVsbA==",
          "depends_on": [
            "aws_dynamodb_table.feed-table"
          ]
        }
      ]
    },
    {
      "mode": "managed",
      "type": "aws_dynamodb_table_item",
      "name": "heureux-les-élus",
      "provider": "provider.aws",
      "instances": [
        {
          "schema_version": 0,
          "attributes": {
            "hash_key": "Id",
            "id": "Feed|Id||https://post-tenebras-lire.net/polar-heureux-les-elus-de-jean-baptiste|",
            "item": "{\n  \"Id\": {\"S\": \"https://post-tenebras-lire.net/polar-heureux-les-elus-de-jean-baptiste\"},\n  \"title\": {\"S\": \"Heureux les élus !\"},\n  \"writer\": {\"S\": \"Ferrero, Jean-Baptiste\"},\n\n  \"tags\": {\"S\": \"#Polar\"},\n  \"link\": {\"S\": \"https://post-tenebras-lire.net/polar-heureux-les-elus-de-jean-baptiste/\"},\n\n  \"imageUrl\": {\"S\": \"https://post-tenebras-lire.net/assets/posts/2014-08-12-polar-heureux-les-elus-de-jean-baptiste.jpg\"}\n}\n",
            "range_key": null,
            "table_name": "Feed"
          },
          "private": "bnVsbA==",
          "depends_on": [
            "aws_dynamodb_table.feed-table"
          ]
        }
      ]
    },
    {
      "mode": "managed",
      "type": "aws_dynamodb_table_item",
      "name": "hi-my-name-is-loco-and-i-am-a-racist",
      "provider": "provider.aws",
      "instances": [
        {
          "schema_version": 0,
          "attributes": {
            "hash_key": "Id",
            "id": "Feed|Id||https://post-tenebras-lire.net/review-hi-my-name-is-loco-and-i-am|",
            "item": "{\n  \"Id\": {\"S\": \"https://post-tenebras-lire.net/review-hi-my-name-is-loco-and-i-am\"},\n  \"title\": {\"S\": \"Hi! My Name is Loco and I am a Racist\"},\n  \"writer\": {\"S\": \"McNeil, Baye\"},\n\n  \"tags\": {\"S\": \"#Japon\"},\n  \"link\": {\"S\": \"https://post-tenebras-lire.net/review-hi-my-name-is-loco-and-i-am/\"},\n\n  \"imageUrl\": {\"S\": \"https://post-tenebras-lire.net/assets/posts/2012-07-25-review-hi-my-name-is-loco-and-i-am.jpg\"}\n}\n",
            "range_key": null,
            "table_name": "Feed"
          },
          "private": "bnVsbA==",
          "depends_on": [
            "aws_dynamodb_table.feed-table"
          ]
        }
      ]
    },
    {
      "mode": "managed",
      "type": "aws_dynamodb_table_item",
      "name": "hideout",
      "provider": "provider.aws",
      "instances": [
        {
          "schema_version": 0,
          "attributes": {
            "hash_key": "Id",
            "id": "Feed|Id||https://post-tenebras-lire.net/review-hideout|",
            "item": "{\n  \"Id\": {\"S\": \"https://post-tenebras-lire.net/review-hideout\"},\n  \"title\": {\"S\": \"Hideout\"},\n  \"writer\": {\"S\": \"Kakizaki, Masasumi\"},\n\n  \"tags\": {\"S\": \"#Manga #Japon\"},\n  \"link\": {\"S\": \"https://post-tenebras-lire.net/review-hideout/\"},\n\n  \"imageUrl\": {\"S\": \"https://post-tenebras-lire.net/assets/posts/2012-09-03-review-hideout.jpg\"}\n}\n",
            "range_key": null,
            "table_name": "Feed"
          },
          "private": "bnVsbA==",
          "depends_on": [
            "aws_dynamodb_table.feed-table"
          ]
        }
      ]
    },
    {
      "mode": "managed",
      "type": "aws_dynamodb_table_item",
      "name": "histoire-de-la-suisse-que-sais-je",
      "provider": "provider.aws",
      "instances": [
        {
          "schema_version": 0,
          "attributes": {
            "hash_key": "Id",
            "id": "Feed|Id||https://post-tenebras-lire.net/histoire-de-la-suisse-jean-jacques|",
            "item": "{\n  \"Id\": {\"S\": \"https://post-tenebras-lire.net/histoire-de-la-suisse-jean-jacques\"},\n  \"title\": {\"S\": \"Histoire de la Suisse - Que sais-je ?\"},\n  \"writer\": {\"S\": \"Bouquet, Jean-Jacques\"},\n\n  \"tags\": {\"S\": \"#Histoire #Suisse\"},\n  \"link\": {\"S\": \"https://post-tenebras-lire.net/histoire-de-la-suisse-jean-jacques/\"},\n\n  \"imageUrl\": {\"S\": \"https://post-tenebras-lire.net/assets/posts/2014-01-18-histoire-de-la-suisse-jean-jacques.gif\"}\n}\n",
            "range_key": null,
            "table_name": "Feed"
          },
          "private": "bnVsbA==",
          "depends_on": [
            "aws_dynamodb_table.feed-table"
          ]
        }
      ]
    },
    {
      "mode": "managed",
      "type": "aws_dynamodb_table_item",
      "name": "histoire-du-japon-des-origines-à-meiji-que-sais-je",
      "provider": "provider.aws",
      "instances": [
        {
          "schema_version": 0,
          "attributes": {
            "hash_key": "Id",
            "id": "Feed|Id||https://post-tenebras-lire.net/histoire-du-japon-des-origines-meiji|",
            "item": "{\n  \"Id\": {\"S\": \"https://post-tenebras-lire.net/histoire-du-japon-des-origines-meiji\"},\n  \"title\": {\"S\": \"Histoire du Japon , des origines à Meiji - Que sais-je ?\"},\n  \"writer\": {\"S\": \"Vié, Michel\"},\n\n  \"tags\": {\"S\": \"#Japon #Histoire\"},\n  \"link\": {\"S\": \"https://post-tenebras-lire.net/histoire-du-japon-des-origines-meiji/\"},\n\n  \"imageUrl\": {\"S\": \"https://post-tenebras-lire.net/assets/posts/2014-09-18-histoire-du-japon-des-origines-meiji.gif\"}\n}\n",
            "range_key": null,
            "table_name": "Feed"
          },
          "private": "bnVsbA==",
          "depends_on": [
            "aws_dynamodb_table.feed-table"
          ]
        }
      ]
    },
    {
      "mode": "managed",
      "type": "aws_dynamodb_table_item",
      "name": "hiver-arctique",
      "provider": "provider.aws",
      "instances": [
        {
          "schema_version": 0,
          "attributes": {
            "hash_key": "Id",
            "id": "Feed|Id||https://post-tenebras-lire.net/polar-nordique-hiver-arctique-darnaldur|",
            "item": "{\n  \"Id\": {\"S\": \"https://post-tenebras-lire.net/polar-nordique-hiver-arctique-darnaldur\"},\n  \"title\": {\"S\": \"Hiver arctique\"},\n  \"writer\": {\"S\": \"Indriðason, Arnaldur\"},\n\n  \"tags\": {\"S\": \"#Islande #Polar\"},\n  \"link\": {\"S\": \"https://post-tenebras-lire.net/polar-nordique-hiver-arctique-darnaldur/\"},\n\n  \"imageUrl\": {\"S\": \"https://post-tenebras-lire.net/assets/posts/2016-07-16-polar-nordique-hiver-arctique-darnaldur.jpg\"}\n}\n",
            "range_key": null,
            "table_name": "Feed"
          },
          "private": "bnVsbA==",
          "depends_on": [
            "aws_dynamodb_table.feed-table"
          ]
        }
      ]
    },
    {
      "mode": "managed",
      "type": "aws_dynamodb_table_item",
      "name": "holocauste",
      "provider": "provider.aws",
      "instances": [
        {
          "schema_version": 0,
          "attributes": {
            "hash_key": "Id",
            "id": "Feed|Id||https://post-tenebras-lire.net/holocauste-de-christophe-siebert|",
            "item": "{\n  \"Id\": {\"S\": \"https://post-tenebras-lire.net/holocauste-de-christophe-siebert\"},\n  \"title\": {\"S\": \"Holocauste\"},\n  \"writer\": {\"S\": \"Siebert, Christophe\"},\n\n  \"tags\": {\"S\": \"#Post-apocalyptique\"},\n  \"link\": {\"S\": \"https://post-tenebras-lire.net/holocauste-de-christophe-siebert/\"},\n\n  \"imageUrl\": {\"S\": \"https://post-tenebras-lire.net/assets/posts/2013-06-13-holocauste-de-christophe-siebert.png\"}\n}\n",
            "range_key": null,
            "table_name": "Feed"
          },
          "private": "bnVsbA==",
          "depends_on": [
            "aws_dynamodb_table.feed-table"
          ]
        }
      ]
    },
    {
      "mode": "managed",
      "type": "aws_dynamodb_table_item",
      "name": "hypothermie",
      "provider": "provider.aws",
      "instances": [
        {
          "schema_version": 0,
          "attributes": {
            "hash_key": "Id",
            "id": "Feed|Id||https://post-tenebras-lire.net/polar-islandais-hypothermie-arnaldur|",
            "item": "{\n  \"Id\": {\"S\": \"https://post-tenebras-lire.net/polar-islandais-hypothermie-arnaldur\"},\n  \"title\": {\"S\": \"Hypothermie\"},\n  \"writer\": {\"S\": \"Indriðason, Arnaldur\"},\n\n  \"tags\": {\"S\": \"#Islande #Polar\"},\n  \"link\": {\"S\": \"https://post-tenebras-lire.net/polar-islandais-hypothermie-arnaldur/\"},\n\n  \"imageUrl\": {\"S\": \"https://post-tenebras-lire.net/assets/posts/2016-10-20-polar-islandais-hypothermie-arnaldur.jpg\"}\n}\n",
            "range_key": null,
            "table_name": "Feed"
          },
          "private": "bnVsbA==",
          "depends_on": [
            "aws_dynamodb_table.feed-table"
          ]
        }
      ]
    },
    {
      "mode": "managed",
      "type": "aws_dynamodb_table_item",
      "name": "hérésie-minérale",
      "provider": "provider.aws",
      "instances": [
        {
          "schema_version": 0,
          "attributes": {
            "hash_key": "Id",
            "id": "Feed|Id||https://post-tenebras-lire.net/H%C3%A9r%C3%A9sie%20min%C3%A9rale%20St%C3%A9phane%20Desienne|",
            "item": "{\n  \"Id\": {\"S\": \"https://post-tenebras-lire.net/H%C3%A9r%C3%A9sie%20min%C3%A9rale%20St%C3%A9phane%20Desienne\"},\n  \"title\": {\"S\": \"Hérésie minérale\"},\n  \"writer\": {\"S\": \"Desienne, Stéphane\"},\n\n  \"tags\": {\"S\": \"#Nouvelle #Science-Fiction #Religion\"},\n  \"link\": {\"S\": \"https://post-tenebras-lire.net/H%C3%A9r%C3%A9sie-min%C3%A9rale-St%C3%A9phane-Desienne/\"},\n\n  \"imageUrl\": {\"S\": \"https://post-tenebras-lire.net/assets/posts/2019-09-07-H%C3%A9r%C3%A9sie%20min%C3%A9rale%20St%C3%A9phane%20Desienne.jpg\"}\n}\n",
            "range_key": null,
            "table_name": "Feed"
          },
          "private": "bnVsbA==",
          "depends_on": [
            "aws_dynamodb_table.feed-table"
          ]
        }
      ]
    },
    {
      "mode": "managed",
      "type": "aws_dynamodb_table_item",
      "name": "i-am-a-hero",
      "provider": "provider.aws",
      "instances": [
        {
          "schema_version": 0,
          "attributes": {
            "hash_key": "Id",
            "id": "Feed|Id||https://post-tenebras-lire.net/manga-i-am-hero-zombies-au-pays-du|",
            "item": "{\n  \"Id\": {\"S\": \"https://post-tenebras-lire.net/manga-i-am-hero-zombies-au-pays-du\"},\n  \"title\": {\"S\": \"I am a hero\"},\n  \"writer\": {\"S\": \"Hanazawa, Kengo\"},\n\n  \"tags\": {\"S\": \"#Manga #Post-apocalyptique #Japon\"},\n  \"link\": {\"S\": \"https://post-tenebras-lire.net/manga-i-am-hero-zombies-au-pays-du/\"},\n\n  \"imageUrl\": {\"S\": \"https://post-tenebras-lire.net/assets/posts/2014-12-02-manga-i-am-hero-zombies-au-pays-du.jpg\"}\n}\n",
            "range_key": null,
            "table_name": "Feed"
          },
          "private": "bnVsbA==",
          "depends_on": [
            "aws_dynamodb_table.feed-table"
          ]
        }
      ]
    },
    {
      "mode": "managed",
      "type": "aws_dynamodb_table_item",
      "name": "ikebukuro-west-gate-park",
      "provider": "provider.aws",
      "instances": [
        {
          "schema_version": 0,
          "attributes": {
            "hash_key": "Id",
            "id": "Feed|Id||https://post-tenebras-lire.net/review-ikebukuro-west-gate-park|",
            "item": "{\n  \"Id\": {\"S\": \"https://post-tenebras-lire.net/review-ikebukuro-west-gate-park\"},\n  \"title\": {\"S\": \"Ikebukuro West Gate Park\"},\n  \"writer\": {\"S\": \"Ishida, Ira\"},\n\n  \"tags\": {\"S\": \"#Japon #Polar\"},\n  \"link\": {\"S\": \"https://post-tenebras-lire.net/review-ikebukuro-west-gate-park/\"},\n\n  \"imageUrl\": {\"S\": \"https://post-tenebras-lire.net/assets/posts/2012-05-03-review-ikebukuro-west-gate-park.png\"}\n}\n",
            "range_key": null,
            "table_name": "Feed"
          },
          "private": "bnVsbA==",
          "depends_on": [
            "aws_dynamodb_table.feed-table"
          ]
        }
      ]
    },
    {
      "mode": "managed",
      "type": "aws_dynamodb_table_item",
      "name": "ikebukuro-west-gate-park-tome-2",
      "provider": "provider.aws",
      "instances": [
        {
          "schema_version": 0,
          "attributes": {
            "hash_key": "Id",
            "id": "Feed|Id||https://post-tenebras-lire.net/policier-ikebukuro-west-gate-park-tome-2|",
            "item": "{\n  \"Id\": {\"S\": \"https://post-tenebras-lire.net/policier-ikebukuro-west-gate-park-tome-2\"},\n  \"title\": {\"S\": \"Ikebukuro West Gate Park : Tome 2\"},\n  \"writer\": {\"S\": \"Ishida, Ira\"},\n\n  \"tags\": {\"S\": \"#Japon #Polar\"},\n  \"link\": {\"S\": \"https://post-tenebras-lire.net/policier-ikebukuro-west-gate-park-tome-2/\"},\n\n  \"imageUrl\": {\"S\": \"https://post-tenebras-lire.net/assets/posts/2013-04-02-policier-ikebukuro-west-gate-park-tome-2.png\"}\n}\n",
            "range_key": null,
            "table_name": "Feed"
          },
          "private": "bnVsbA==",
          "depends_on": [
            "aws_dynamodb_table.feed-table"
          ]
        }
      ]
    },
    {
      "mode": "managed",
      "type": "aws_dynamodb_table_item",
      "name": "ikigami-préavis-de-mort-10",
      "provider": "provider.aws",
      "instances": [
        {
          "schema_version": 0,
          "attributes": {
            "hash_key": "Id",
            "id": "Feed|Id||https://post-tenebras-lire.net/review-ikigami-preavis-de-mort-10|",
            "item": "{\n  \"Id\": {\"S\": \"https://post-tenebras-lire.net/review-ikigami-preavis-de-mort-10\"},\n  \"title\": {\"S\": \"Ikigami, Préavis de Mort #10\"},\n  \"writer\": {\"S\": \"Motorō, Mase\"},\n\n  \"tags\": {\"S\": \"#Manga #Japon\"},\n  \"link\": {\"S\": \"https://post-tenebras-lire.net/review-ikigami-preavis-de-mort-10/\"},\n\n  \"imageUrl\": {\"S\": \"https://post-tenebras-lire.net/assets/posts/2012-08-20-review-ikigami-preavis-de-mort-10.jpg\"}\n}\n",
            "range_key": null,
            "table_name": "Feed"
          },
          "private": "bnVsbA==",
          "depends_on": [
            "aws_dynamodb_table.feed-table"
          ]
        }
      ]
    },
    {
      "mode": "managed",
      "type": "aws_dynamodb_table_item",
      "name": "illusions-dangereuses",
      "provider": "provider.aws",
      "instances": [
        {
          "schema_version": 0,
          "attributes": {
            "hash_key": "Id",
            "id": "Feed|Id||https://post-tenebras-lire.net/lecture-illusions-dangereuses-de-vitaly|",
            "item": "{\n  \"Id\": {\"S\": \"https://post-tenebras-lire.net/lecture-illusions-dangereuses-de-vitaly\"},\n  \"title\": {\"S\": \"Illusions dangereuses\"},\n  \"writer\": {\"S\": \"Malkin, Vitaly\"},\n\n  \"tags\": {\"S\": \"#Religion\"},\n  \"link\": {\"S\": \"https://post-tenebras-lire.net/lecture-illusions-dangereuses-de-vitaly/\"},\n\n  \"imageUrl\": {\"S\": \"https://post-tenebras-lire.net/assets/posts/2018-06-01-lecture-illusions-dangereuses-de-vitaly.jpg\"}\n}\n",
            "range_key": null,
            "table_name": "Feed"
          },
          "private": "bnVsbA==",
          "depends_on": [
            "aws_dynamodb_table.feed-table"
          ]
        }
      ]
    },
    {
      "mode": "managed",
      "type": "aws_dynamodb_table_item",
      "name": "insoluble-mais-vrai",
      "provider": "provider.aws",
      "instances": [
        {
          "schema_version": 0,
          "attributes": {
            "hash_key": "Id",
            "id": "Feed|Id||https://post-tenebras-lire.net/Insoluble_mais_vrai_David_Louapre|",
            "item": "{\n  \"Id\": {\"S\": \"https://post-tenebras-lire.net/Insoluble_mais_vrai_David_Louapre\"},\n  \"title\": {\"S\": \"Insoluble mais vrai !\"},\n  \"writer\": {\"S\": \"Louapre, David\"},\n\n  \"tags\": {\"S\": \"#Science #Vulgarisation\"},\n  \"link\": {\"S\": \"https://post-tenebras-lire.net/Insoluble_mais_vrai_David_Louapre/\"},\n\n  \"imageUrl\": {\"S\": \"https://post-tenebras-lire.net/assets/posts/2019-05-30-Insoluble_mais_vrai_David_Louapre.jpg\"}\n}\n",
            "range_key": null,
            "table_name": "Feed"
          },
          "private": "bnVsbA==",
          "depends_on": [
            "aws_dynamodb_table.feed-table"
          ]
        }
      ]
    },
    {
      "mode": "managed",
      "type": "aws_dynamodb_table_item",
      "name": "japon-365-us-et-coutumes",
      "provider": "provider.aws",
      "instances": [
        {
          "schema_version": 0,
          "attributes": {
            "hash_key": "Id",
            "id": "Feed|Id||https://post-tenebras-lire.net/japon-365-us-et-coutumes|",
            "item": "{\n  \"Id\": {\"S\": \"https://post-tenebras-lire.net/japon-365-us-et-coutumes\"},\n  \"title\": {\"S\": \"Japon, 365 us et coutumes\"},\n  \"writer\": {\"S\": \"Michaud, David\"},\n\n  \"tags\": {\"S\": \"#Japon #Beau livre\"},\n  \"link\": {\"S\": \"https://post-tenebras-lire.net/japon-365-us-et-coutumes/\"},\n\n  \"imageUrl\": {\"S\": \"https://post-tenebras-lire.net/assets/posts/2015-01-15-japon-365-us-et-coutumes.jpg\"}\n}\n",
            "range_key": null,
            "table_name": "Feed"
          },
          "private": "bnVsbA==",
          "depends_on": [
            "aws_dynamodb_table.feed-table"
          ]
        }
      ]
    },
    {
      "mode": "managed",
      "type": "aws_dynamodb_table_item",
      "name": "jason-et-robur-saison-n-1",
      "provider": "provider.aws",
      "instances": [
        {
          "schema_version": 0,
          "attributes": {
            "hash_key": "Id",
            "id": "Feed|Id||https://post-tenebras-lire.net/lecture-sf-jason-et-robur-saison-n1|",
            "item": "{\n  \"Id\": {\"S\": \"https://post-tenebras-lire.net/lecture-sf-jason-et-robur-saison-n1\"},\n  \"title\": {\"S\": \"Jason et Robur, Saison n°1\"},\n  \"writer\": {\"S\": \"Fuentealba, Jacques\"},\n\n  \"tags\": {\"S\": \"#Série #Science-Fiction\"},\n  \"link\": {\"S\": \"https://post-tenebras-lire.net/lecture-sf-jason-et-robur-saison-n1/\"},\n\n  \"imageUrl\": {\"S\": \"https://post-tenebras-lire.net/assets/posts/2014-04-22-lecture-sf-jason-et-robur-saison-n1.jpg\"}\n}\n",
            "range_key": null,
            "table_name": "Feed"
          },
          "private": "bnVsbA==",
          "depends_on": [
            "aws_dynamodb_table.feed-table"
          ]
        }
      ]
    },
    {
      "mode": "managed",
      "type": "aws_dynamodb_table_item",
      "name": "je-suis-rage",
      "provider": "provider.aws",
      "instances": [
        {
          "schema_version": 0,
          "attributes": {
            "hash_key": "Id",
            "id": "Feed|Id||https://post-tenebras-lire.net/je-suis-rage-de-neil-jomunsi|",
            "item": "{\n  \"Id\": {\"S\": \"https://post-tenebras-lire.net/je-suis-rage-de-neil-jomunsi\"},\n  \"title\": {\"S\": \"Je suis Rage\"},\n  \"writer\": {\"S\": \"Jomunsi, Neil\"},\n\n  \"tags\": {\"S\": \"#Fantastique\"},\n  \"link\": {\"S\": \"https://post-tenebras-lire.net/je-suis-rage-de-neil-jomunsi/\"},\n\n  \"imageUrl\": {\"S\": \"https://post-tenebras-lire.net/assets/posts/2013-03-14-je-suis-rage-de-neil-jomunsi.jpg\"}\n}\n",
            "range_key": null,
            "table_name": "Feed"
          },
          "private": "bnVsbA==",
          "depends_on": [
            "aws_dynamodb_table.feed-table"
          ]
        }
      ]
    },
    {
      "mode": "managed",
      "type": "aws_dynamodb_table_item",
      "name": "journal-d-hiroshima-6-août-30-septembre-1945",
      "provider": "provider.aws",
      "instances": [
        {
          "schema_version": 0,
          "attributes": {
            "hash_key": "Id",
            "id": "Feed|Id||https://post-tenebras-lire.net/journal-dhiroshima-6-aout-30-septembre|",
            "item": "{\n  \"Id\": {\"S\": \"https://post-tenebras-lire.net/journal-dhiroshima-6-aout-30-septembre\"},\n  \"title\": {\"S\": \"Journal d’Hiroshima : 6 août-30 septembre 1945\"},\n  \"writer\": {\"S\": \"Hachiya, Michihiko\"},\n\n  \"tags\": {\"S\": \"#Japon #Témoignage\"},\n  \"link\": {\"S\": \"https://post-tenebras-lire.net/journal-dhiroshima-6-aout-30-septembre/\"},\n\n  \"imageUrl\": {\"S\": \"https://post-tenebras-lire.net/assets/posts/2015-10-21-journal-dhiroshima-6-aout-30-septembre.jpg\"}\n}\n",
            "range_key": null,
            "table_name": "Feed"
          },
          "private": "bnVsbA==",
          "depends_on": [
            "aws_dynamodb_table.feed-table"
          ]
        }
      ]
    },
    {
      "mode": "managed",
      "type": "aws_dynamodb_table_item",
      "name": "joyland",
      "provider": "provider.aws",
      "instances": [
        {
          "schema_version": 0,
          "attributes": {
            "hash_key": "Id",
            "id": "Feed|Id||https://post-tenebras-lire.net/roman-joyland-de-stephen-king|",
            "item": "{\n  \"Id\": {\"S\": \"https://post-tenebras-lire.net/roman-joyland-de-stephen-king\"},\n  \"title\": {\"S\": \"Joyland\"},\n  \"writer\": {\"S\": \"King, Stephen\"},\n\n  \"tags\": {\"S\": \"#Fantastique\"},\n  \"link\": {\"S\": \"https://post-tenebras-lire.net/roman-joyland-de-stephen-king/\"},\n\n  \"imageUrl\": {\"S\": \"https://post-tenebras-lire.net/assets/posts/2015-08-10-roman-joyland-de-stephen-king.jpg\"}\n}\n",
            "range_key": null,
            "table_name": "Feed"
          },
          "private": "bnVsbA==",
          "depends_on": [
            "aws_dynamodb_table.feed-table"
          ]
        }
      ]
    },
    {
      "mode": "managed",
      "type": "aws_dynamodb_table_item",
      "name": "kokekokko-16-vues-du-japon-à-découvrir",
      "provider": "provider.aws",
      "instances": [
        {
          "schema_version": 0,
          "attributes": {
            "hash_key": "Id",
            "id": "Feed|Id||https://post-tenebras-lire.net/kokekokko-16-vues-du-japon-decouvrir|",
            "item": "{\n  \"Id\": {\"S\": \"https://post-tenebras-lire.net/kokekokko-16-vues-du-japon-decouvrir\"},\n  \"title\": {\"S\": \"Kokekokko - 16 vues du Japon à découvrir\"},\n  \"writer\": {\"S\": \"Issekinicho\"},\n\n  \"tags\": {\"S\": \"#Japon #Beau livre\"},\n  \"link\": {\"S\": \"https://post-tenebras-lire.net/kokekokko-16-vues-du-japon-decouvrir/\"},\n\n  \"imageUrl\": {\"S\": \"https://post-tenebras-lire.net/assets/posts/2014-09-06-kokekokko-16-vues-du-japon-decouvrir.jpg\"}\n}\n",
            "range_key": null,
            "table_name": "Feed"
          },
          "private": "bnVsbA==",
          "depends_on": [
            "aws_dynamodb_table.feed-table"
          ]
        }
      ]
    },
    {
      "mode": "managed",
      "type": "aws_dynamodb_table_item",
      "name": "kukulkán",
      "provider": "provider.aws",
      "instances": [
        {
          "schema_version": 0,
          "attributes": {
            "hash_key": "Id",
            "id": "Feed|Id||https://post-tenebras-lire.net/kukulkan-de-neil-jomunsi-projetbradbury|",
            "item": "{\n  \"Id\": {\"S\": \"https://post-tenebras-lire.net/kukulkan-de-neil-jomunsi-projetbradbury\"},\n  \"title\": {\"S\": \"Kukulkán\"},\n  \"writer\": {\"S\": \"Jomunsi, Neil\"},\n\n  \"tags\": {\"S\": \"#Fantastique #Nouvelle\"},\n  \"link\": {\"S\": \"https://post-tenebras-lire.net/kukulkan-de-neil-jomunsi-projetbradbury/\"},\n\n  \"imageUrl\": {\"S\": \"https://post-tenebras-lire.net/assets/posts/2013-09-13-kukulkan-de-neil-jomunsi-projetbradbury.jpg\"}\n}\n",
            "range_key": null,
            "table_name": "Feed"
          },
          "private": "bnVsbA==",
          "depends_on": [
            "aws_dynamodb_table.feed-table"
          ]
        }
      ]
    },
    {
      "mode": "managed",
      "type": "aws_dynamodb_table_item",
      "name": "l-affaire-charles-dexter-ward",
      "provider": "provider.aws",
      "instances": [
        {
          "schema_version": 0,
          "attributes": {
            "hash_key": "Id",
            "id": "Feed|Id||https://post-tenebras-lire.net/laffaire-charles-dexter-ward-lovecraft|",
            "item": "{\n  \"Id\": {\"S\": \"https://post-tenebras-lire.net/laffaire-charles-dexter-ward-lovecraft\"},\n  \"title\": {\"S\": \"L’affaire Charles Dexter Ward\"},\n  \"writer\": {\"S\": \"Lovecraft, Howard Phillips\"},\n\n  \"tags\": {\"S\": \"#Fantastique\"},\n  \"link\": {\"S\": \"https://post-tenebras-lire.net/laffaire-charles-dexter-ward-lovecraft/\"},\n\n  \"imageUrl\": {\"S\": \"https://post-tenebras-lire.net/assets/posts/2013-11-02-laffaire-charles-dexter-ward-lovecraft.jpg\"}\n}\n",
            "range_key": null,
            "table_name": "Feed"
          },
          "private": "bnVsbA==",
          "depends_on": [
            "aws_dynamodb_table.feed-table"
          ]
        }
      ]
    },
    {
      "mode": "managed",
      "type": "aws_dynamodb_table_item",
      "name": "l-affaire-sugaya",
      "provider": "provider.aws",
      "instances": [
        {
          "schema_version": 0,
          "attributes": {
            "hash_key": "Id",
            "id": "Feed|Id||https://post-tenebras-lire.net/review-laffaire-sugaya|",
            "item": "{\n  \"Id\": {\"S\": \"https://post-tenebras-lire.net/review-laffaire-sugaya\"},\n  \"title\": {\"S\": \"L’affaire Sugaya\"},\n  \"writer\": {\"S\": \"Tachibana, Ken-ichi\"},\n\n  \"tags\": {\"S\": \"#Manga #Japon\"},\n  \"link\": {\"S\": \"https://post-tenebras-lire.net/review-laffaire-sugaya/\"},\n\n  \"imageUrl\": {\"S\": \"https://post-tenebras-lire.net/assets/posts/2012-08-20-review-laffaire-sugaya.jpg\"}\n}\n",
            "range_key": null,
            "table_name": "Feed"
          },
          "private": "bnVsbA==",
          "depends_on": [
            "aws_dynamodb_table.feed-table"
          ]
        }
      ]
    },
    {
      "mode": "managed",
      "type": "aws_dynamodb_table_item",
      "name": "l-agneau",
      "provider": "provider.aws",
      "instances": [
        {
          "schema_version": 0,
          "attributes": {
            "hash_key": "Id",
            "id": "Feed|Id||https://post-tenebras-lire.net/lagneau-de-christopher-j-moore|",
            "item": "{\n  \"Id\": {\"S\": \"https://post-tenebras-lire.net/lagneau-de-christopher-j-moore\"},\n  \"title\": {\"S\": \"L’agneau\"},\n  \"writer\": {\"S\": \"Moore, Christopher J.\"},\n\n  \"tags\": {\"S\": \"#Religion #Humour\"},\n  \"link\": {\"S\": \"https://post-tenebras-lire.net/lagneau-de-christopher-j-moore/\"},\n\n  \"imageUrl\": {\"S\": \"https://post-tenebras-lire.net/assets/posts/2013-02-23-lagneau-de-christopher-j-moore.jpg\"}\n}\n",
            "range_key": null,
            "table_name": "Feed"
          },
          "private": "bnVsbA==",
          "depends_on": [
            "aws_dynamodb_table.feed-table"
          ]
        }
      ]
    },
    {
      "mode": "managed",
      "type": "aws_dynamodb_table_item",
      "name": "l-antisémitisme-que-sais-je-n-3734",
      "provider": "provider.aws",
      "instances": [
        {
          "schema_version": 0,
          "attributes": {
            "hash_key": "Id",
            "id": "Feed|Id||https://post-tenebras-lire.net/lantisemitisme-que-sais-je-n-3734|",
            "item": "{\n  \"Id\": {\"S\": \"https://post-tenebras-lire.net/lantisemitisme-que-sais-je-n-3734\"},\n  \"title\": {\"S\": \"L’antisémitisme: « Que sais-je ? » n°3734\"},\n  \"writer\": {\"S\": \"Taguieff, Pierre-André\"},\n\n  \"tags\": {\"S\": \"#Politique #Religion #Histoire\"},\n  \"link\": {\"S\": \"https://post-tenebras-lire.net/lantisemitisme-que-sais-je-n-3734/\"},\n\n  \"imageUrl\": {\"S\": \"https://post-tenebras-lire.net/assets/posts/2016-01-16-lantisemitisme-que-sais-je-n-3734.jpg\"}\n}\n",
            "range_key": null,
            "table_name": "Feed"
          },
          "private": "bnVsbA==",
          "depends_on": [
            "aws_dynamodb_table.feed-table"
          ]
        }
      ]
    },
    {
      "mode": "managed",
      "type": "aws_dynamodb_table_item",
      "name": "l-arbre-du-voyageur",
      "provider": "provider.aws",
      "instances": [
        {
          "schema_version": 0,
          "attributes": {
            "hash_key": "Id",
            "id": "Feed|Id||https://post-tenebras-lire.net/roman-japonais-larbre-du-voyageur-d|",
            "item": "{\n  \"Id\": {\"S\": \"https://post-tenebras-lire.net/roman-japonais-larbre-du-voyageur-d\"},\n  \"title\": {\"S\": \"L’arbre du voyageur\"},\n  \"writer\": {\"S\": \"Tsuji, Hitonari\"},\n\n  \"tags\": {\"S\": \"#Japon\"},\n  \"link\": {\"S\": \"https://post-tenebras-lire.net/roman-japonais-larbre-du-voyageur-d/\"},\n\n  \"imageUrl\": {\"S\": \"https://post-tenebras-lire.net/assets/posts/2018-01-04-roman-japonais-larbre-du-voyageur-d.jpg\"}\n}\n",
            "range_key": null,
            "table_name": "Feed"
          },
          "private": "bnVsbA==",
          "depends_on": [
            "aws_dynamodb_table.feed-table"
          ]
        }
      ]
    },
    {
      "mode": "managed",
      "type": "aws_dynamodb_table_item",
      "name": "l-empire-tome-2-sodome-et-gomorrhe",
      "provider": "provider.aws",
      "instances": [
        {
          "schema_version": 0,
          "attributes": {
            "hash_key": "Id",
            "id": "Feed|Id||https://post-tenebras-lire.net/L-Empire-tome-2-Sodome-et-Gomorrhe-Olivier-Bobineau|",
            "item": "{\n  \"Id\": {\"S\": \"https://post-tenebras-lire.net/L-Empire-tome-2-Sodome-et-Gomorrhe-Olivier-Bobineau\"},\n  \"title\": {\"S\": \"L’Empire tome 2 : Sodome et Gomorrhe\"},\n  \"writer\": {\"S\": \"Bobineau, Olivier\"},\n\n  \"tags\": {\"S\": \"#Religion #Histoire\"},\n  \"link\": {\"S\": \"https://post-tenebras-lire.net/L-Empire-tome-2-Sodome-et-Gomorrhe-Olivier-Bobineau/\"},\n\n  \"imageUrl\": {\"S\": \"https://post-tenebras-lire.net/assets/posts/2019-01-15-L-Empire-tome-2-Sodome-et-Gomorrhe-Olivier-Bobineau.jpg\"}\n}\n",
            "range_key": null,
            "table_name": "Feed"
          },
          "private": "bnVsbA==",
          "depends_on": [
            "aws_dynamodb_table.feed-table"
          ]
        }
      ]
    },
    {
      "mode": "managed",
      "type": "aws_dynamodb_table_item",
      "name": "l-empire-une-histoire-politique-du-christianisme",
      "provider": "provider.aws",
      "instances": [
        {
          "schema_version": 0,
          "attributes": {
            "hash_key": "Id",
            "id": "Feed|Id||https://post-tenebras-lire.net/L-Empire-Une-histoire-politique-christianisme-Pascal-Magnat|",
            "item": "{\n  \"Id\": {\"S\": \"https://post-tenebras-lire.net/L-Empire-Une-histoire-politique-christianisme-Pascal-Magnat\"},\n  \"title\": {\"S\": \"L’Empire : Une histoire politique du christianisme\"},\n  \"writer\": {\"S\": \"Magnat, Pascal\"},\n\n  \"tags\": {\"S\": \"#Religion #Histoire\"},\n  \"link\": {\"S\": \"https://post-tenebras-lire.net/L-Empire-Une-histoire-politique-christianisme-Pascal-Magnat/\"},\n\n  \"imageUrl\": {\"S\": \"https://post-tenebras-lire.net/assets/posts/2019-01-14-L-Empire-Une-histoire-politique-christianisme-Pascal-Magnat.jpg\"}\n}\n",
            "range_key": null,
            "table_name": "Feed"
          },
          "private": "bnVsbA==",
          "depends_on": [
            "aws_dynamodb_table.feed-table"
          ]
        }
      ]
    },
    {
      "mode": "managed",
      "type": "aws_dynamodb_table_item",
      "name": "l-entité-0247",
      "provider": "provider.aws",
      "instances": [
        {
          "schema_version": 0,
          "attributes": {
            "hash_key": "Id",
            "id": "Feed|Id||https://post-tenebras-lire.net/lentite-0247-de-patrick-lee|",
            "item": "{\n  \"Id\": {\"S\": \"https://post-tenebras-lire.net/lentite-0247-de-patrick-lee\"},\n  \"title\": {\"S\": \"L’entité 0247\"},\n  \"writer\": {\"S\": \"Lee, Patrick\"},\n\n  \"tags\": {\"S\": \"#Science-Fiction\"},\n  \"link\": {\"S\": \"https://post-tenebras-lire.net/lentite-0247-de-patrick-lee/\"},\n\n  \"imageUrl\": {\"S\": \"https://post-tenebras-lire.net/assets/posts/2015-01-09-lentite-0247-de-patrick-lee.jpg\"}\n}\n",
            "range_key": null,
            "table_name": "Feed"
          },
          "private": "bnVsbA==",
          "depends_on": [
            "aws_dynamodb_table.feed-table"
          ]
        }
      ]
    },
    {
      "mode": "managed",
      "type": "aws_dynamodb_table_item",
      "name": "l-histoire-du-québec-en-30-secondes",
      "provider": "provider.aws",
      "instances": [
        {
          "schema_version": 0,
          "attributes": {
            "hash_key": "Id",
            "id": "Feed|Id||https://post-tenebras-lire.net/L_histoire_du_Qu%C3%A9bec_en_30_secondes_Jean-Pierre_Charland|",
            "item": "{\n  \"Id\": {\"S\": \"https://post-tenebras-lire.net/L_histoire_du_Qu%C3%A9bec_en_30_secondes_Jean-Pierre_Charland\"},\n  \"title\": {\"S\": \"L’histoire du Québec en 30 secondes\"},\n  \"writer\": {\"S\": \"Charland, Jean-Pierre\"},\n\n  \"tags\": {\"S\": \"#Histoire #Québec\"},\n  \"link\": {\"S\": \"https://post-tenebras-lire.net/L_histoire_du_Qu%C3%A9bec_en_30_secondes_Jean-Pierre_Charland/\"},\n\n  \"imageUrl\": {\"S\": \"https://post-tenebras-lire.net/assets/posts/2019-07-31-L_histoire_du_Qu%C3%A9bec_en_30_secondes_Jean-Pierre_Charland.jpg\"}\n}\n",
            "range_key": null,
            "table_name": "Feed"
          },
          "private": "bnVsbA==",
          "depends_on": [
            "aws_dynamodb_table.feed-table"
          ]
        }
      ]
    },
    {
      "mode": "managed",
      "type": "aws_dynamodb_table_item",
      "name": "l-homme-des-jeux",
      "provider": "provider.aws",
      "instances": [
        {
          "schema_version": 0,
          "attributes": {
            "hash_key": "Id",
            "id": "Feed|Id||https://post-tenebras-lire.net/roman-sf-lhomme-des-jeux-iain-m-banks|",
            "item": "{\n  \"Id\": {\"S\": \"https://post-tenebras-lire.net/roman-sf-lhomme-des-jeux-iain-m-banks\"},\n  \"title\": {\"S\": \"L’homme des jeux\"},\n  \"writer\": {\"S\": \"Banks, Iain M.\"},\n\n  \"tags\": {\"S\": \"#Science-Fiction\"},\n  \"link\": {\"S\": \"https://post-tenebras-lire.net/roman-sf-lhomme-des-jeux-iain-m-banks/\"},\n\n  \"imageUrl\": {\"S\": \"https://post-tenebras-lire.net/assets/posts/2014-06-02-roman-sf-lhomme-des-jeux-iain-m-banks.jpg\"}\n}\n",
            "range_key": null,
            "table_name": "Feed"
          },
          "private": "bnVsbA==",
          "depends_on": [
            "aws_dynamodb_table.feed-table"
          ]
        }
      ]
    },
    {
      "mode": "managed",
      "type": "aws_dynamodb_table_item",
      "name": "l-homme-du-lac",
      "provider": "provider.aws",
      "instances": [
        {
          "schema_version": 0,
          "attributes": {
            "hash_key": "Id",
            "id": "Feed|Id||https://post-tenebras-lire.net/polar-islandais-l-homme-du-lac|",
            "item": "{\n  \"Id\": {\"S\": \"https://post-tenebras-lire.net/polar-islandais-l-homme-du-lac\"},\n  \"title\": {\"S\": \"L’Homme du Lac\"},\n  \"writer\": {\"S\": \"Indriðason, Arnaldur\"},\n\n  \"tags\": {\"S\": \"#Islande #Polar\"},\n  \"link\": {\"S\": \"https://post-tenebras-lire.net/polar-islandais-l-homme-du-lac/\"},\n\n  \"imageUrl\": {\"S\": \"https://post-tenebras-lire.net/assets/posts/2016-07-06-polar-islandais-l-homme-du-lac.jpg\"}\n}\n",
            "range_key": null,
            "table_name": "Feed"
          },
          "private": "bnVsbA==",
          "depends_on": [
            "aws_dynamodb_table.feed-table"
          ]
        }
      ]
    },
    {
      "mode": "managed",
      "type": "aws_dynamodb_table_item",
      "name": "l-homme-qui-savait-la-langue-des-serpents",
      "provider": "provider.aws",
      "instances": [
        {
          "schema_version": 0,
          "attributes": {
            "hash_key": "Id",
            "id": "Feed|Id||https://post-tenebras-lire.net/lhomme-qui-savait-la-langue-des|",
            "item": "{\n  \"Id\": {\"S\": \"https://post-tenebras-lire.net/lhomme-qui-savait-la-langue-des\"},\n  \"title\": {\"S\": \"L’Homme qui savait la langue des serpents\"},\n  \"writer\": {\"S\": \"Kivirähk, Andrus\"},\n\n  \"tags\": {\"S\": \"#Estonie\"},\n  \"link\": {\"S\": \"https://post-tenebras-lire.net/lhomme-qui-savait-la-langue-des/\"},\n\n  \"imageUrl\": {\"S\": \"https://post-tenebras-lire.net/assets/posts/2015-03-07-lhomme-qui-savait-la-langue-des.jpg\"}\n}\n",
            "range_key": null,
            "table_name": "Feed"
          },
          "private": "bnVsbA==",
          "depends_on": [
            "aws_dynamodb_table.feed-table"
          ]
        }
      ]
    },
    {
      "mode": "managed",
      "type": "aws_dynamodb_table_item",
      "name": "l-inclinaison",
      "provider": "provider.aws",
      "instances": [
        {
          "schema_version": 0,
          "attributes": {
            "hash_key": "Id",
            "id": "Feed|Id||https://post-tenebras-lire.net/roman-linclinaison-de-christopher-priest|",
            "item": "{\n  \"Id\": {\"S\": \"https://post-tenebras-lire.net/roman-linclinaison-de-christopher-priest\"},\n  \"title\": {\"S\": \"L’inclinaison\"},\n  \"writer\": {\"S\": \"Priest, Christopher\"},\n\n  \"tags\": {\"S\": \"#Fantastique\"},\n  \"link\": {\"S\": \"https://post-tenebras-lire.net/roman-linclinaison-de-christopher-priest/\"},\n\n  \"imageUrl\": {\"S\": \"https://post-tenebras-lire.net/assets/posts/2017-04-12-roman-linclinaison-de-christopher-priest.jpg\"}\n}\n",
            "range_key": null,
            "table_name": "Feed"
          },
          "private": "bnVsbA==",
          "depends_on": [
            "aws_dynamodb_table.feed-table"
          ]
        }
      ]
    },
    {
      "mode": "managed",
      "type": "aws_dynamodb_table_item",
      "name": "l-indélicatesse-du-cosmos",
      "provider": "provider.aws",
      "instances": [
        {
          "schema_version": 0,
          "attributes": {
            "hash_key": "Id",
            "id": "Feed|Id||https://post-tenebras-lire.net/lindelicatesse-du-cosmos-eric-lequien|",
            "item": "{\n  \"Id\": {\"S\": \"https://post-tenebras-lire.net/lindelicatesse-du-cosmos-eric-lequien\"},\n  \"title\": {\"S\": \"L’indélicatesse du Cosmos\"},\n  \"writer\": {\"S\": \"Esposti, Eric Lequien\"},\n\n  \"tags\": {\"S\": \"#Abandonné #Science-Fiction\"},\n  \"link\": {\"S\": \"https://post-tenebras-lire.net/lindelicatesse-du-cosmos-eric-lequien/\"},\n\n  \"imageUrl\": {\"S\": \"https://post-tenebras-lire.net/assets/posts/2014-03-25-lindelicatesse-du-cosmos-eric-lequien.jpg\"}\n}\n",
            "range_key": null,
            "table_name": "Feed"
          },
          "private": "bnVsbA==",
          "depends_on": [
            "aws_dynamodb_table.feed-table"
          ]
        }
      ]
    },
    {
      "mode": "managed",
      "type": "aws_dynamodb_table_item",
      "name": "l-oreille-interne",
      "provider": "provider.aws",
      "instances": [
        {
          "schema_version": 0,
          "attributes": {
            "hash_key": "Id",
            "id": "Feed|Id||https://post-tenebras-lire.net/lecture-loreille-interne-de-robert|",
            "item": "{\n  \"Id\": {\"S\": \"https://post-tenebras-lire.net/lecture-loreille-interne-de-robert\"},\n  \"title\": {\"S\": \"L’oreille interne\"},\n  \"writer\": {\"S\": \"Silverberg, Robert\"},\n\n  \"tags\": {\"S\": \"#Science-Fiction\"},\n  \"link\": {\"S\": \"https://post-tenebras-lire.net/lecture-loreille-interne-de-robert/\"},\n\n  \"imageUrl\": {\"S\": \"https://post-tenebras-lire.net/assets/posts/2018-02-06-lecture-loreille-interne-de-robert.jpg\"}\n}\n",
            "range_key": null,
            "table_name": "Feed"
          },
          "private": "bnVsbA==",
          "depends_on": [
            "aws_dynamodb_table.feed-table"
          ]
        }
      ]
    },
    {
      "mode": "managed",
      "type": "aws_dynamodb_table_item",
      "name": "l-univers-à-portée-de-main",
      "provider": "provider.aws",
      "instances": [
        {
          "schema_version": 0,
          "attributes": {
            "hash_key": "Id",
            "id": "Feed|Id||https://post-tenebras-lire.net/L_Univers_%C3%A0_port%C3%A9e_de_main_Christophe_Galfard|",
            "item": "{\n  \"Id\": {\"S\": \"https://post-tenebras-lire.net/L_Univers_%C3%A0_port%C3%A9e_de_main_Christophe_Galfard\"},\n  \"title\": {\"S\": \"L’univers à portée de main\"},\n  \"writer\": {\"S\": \"Galfard, Christophe\"},\n\n  \"tags\": {\"S\": \"#Science #Vulgarisation\"},\n  \"link\": {\"S\": \"https://post-tenebras-lire.net/L_Univers_%C3%A0_port%C3%A9e_de_main_Christophe_Galfard/\"},\n\n  \"imageUrl\": {\"S\": \"https://post-tenebras-lire.net/assets/posts/2018-10-17-L_Univers_%C3%A0_port%C3%A9e_de_main_Christophe_Galfard.jpg\"}\n}\n",
            "range_key": null,
            "table_name": "Feed"
          },
          "private": "bnVsbA==",
          "depends_on": [
            "aws_dynamodb_table.feed-table"
          ]
        }
      ]
    },
    {
      "mode": "managed",
      "type": "aws_dynamodb_table_item",
      "name": "l-usage-des-armes",
      "provider": "provider.aws",
      "instances": [
        {
          "schema_version": 0,
          "attributes": {
            "hash_key": "Id",
            "id": "Feed|Id||https://post-tenebras-lire.net/roman-sf-lusage-des-armes-de-iain-m|",
            "item": "{\n  \"Id\": {\"S\": \"https://post-tenebras-lire.net/roman-sf-lusage-des-armes-de-iain-m\"},\n  \"title\": {\"S\": \"L’usage des Armes\"},\n  \"writer\": {\"S\": \"Banks, Iain M.\"},\n\n  \"tags\": {\"S\": \"#Science-Fiction\"},\n  \"link\": {\"S\": \"https://post-tenebras-lire.net/roman-sf-lusage-des-armes-de-iain-m/\"},\n\n  \"imageUrl\": {\"S\": \"https://post-tenebras-lire.net/assets/posts/2014-07-15-roman-sf-lusage-des-armes-de-iain-m.jpg\"}\n}\n",
            "range_key": null,
            "table_name": "Feed"
          },
          "private": "bnVsbA==",
          "depends_on": [
            "aws_dynamodb_table.feed-table"
          ]
        }
      ]
    },
    {
      "mode": "managed",
      "type": "aws_dynamodb_table_item",
      "name": "l-âme-des-horloges",
      "provider": "provider.aws",
      "instances": [
        {
          "schema_version": 0,
          "attributes": {
            "hash_key": "Id",
            "id": "Feed|Id||https://post-tenebras-lire.net/roman-lame-des-horloges-david-mitchell|",
            "item": "{\n  \"Id\": {\"S\": \"https://post-tenebras-lire.net/roman-lame-des-horloges-david-mitchell\"},\n  \"title\": {\"S\": \"L’âme des horloges\"},\n  \"writer\": {\"S\": \"Mitchell, David\"},\n\n  \"tags\": {\"S\": \"#Post-apocalyptique #Fantastique #Science-Fiction\"},\n  \"link\": {\"S\": \"https://post-tenebras-lire.net/roman-lame-des-horloges-david-mitchell/\"},\n\n  \"imageUrl\": {\"S\": \"https://post-tenebras-lire.net/assets/posts/2017-12-28-roman-lame-des-horloges-david-mitchell.jpg\"}\n}\n",
            "range_key": null,
            "table_name": "Feed"
          },
          "private": "bnVsbA==",
          "depends_on": [
            "aws_dynamodb_table.feed-table"
          ]
        }
      ]
    },
    {
      "mode": "managed",
      "type": "aws_dynamodb_table_item",
      "name": "l-échiquier-du-mal",
      "provider": "provider.aws",
      "instances": [
        {
          "schema_version": 0,
          "attributes": {
            "hash_key": "Id",
            "id": "Feed|Id||https://post-tenebras-lire.net/lecture-lechiquier-du-mal-integrale-de|",
            "item": "{\n  \"Id\": {\"S\": \"https://post-tenebras-lire.net/lecture-lechiquier-du-mal-integrale-de\"},\n  \"title\": {\"S\": \"L’échiquier du mal\"},\n  \"writer\": {\"S\": \"Simmons, Dan\"},\n\n  \"tags\": {\"S\": \"#Thriller\"},\n  \"link\": {\"S\": \"https://post-tenebras-lire.net/lecture-lechiquier-du-mal-integrale-de/\"},\n\n  \"imageUrl\": {\"S\": \"https://post-tenebras-lire.net/assets/posts/2017-02-03-lecture-lechiquier-du-mal-integrale-de.jpg\"}\n}\n",
            "range_key": null,
            "table_name": "Feed"
          },
          "private": "bnVsbA==",
          "depends_on": [
            "aws_dynamodb_table.feed-table"
          ]
        }
      ]
    },
    {
      "mode": "managed",
      "type": "aws_dynamodb_table_item",
      "name": "l-équation-de-plein-été",
      "provider": "provider.aws",
      "instances": [
        {
          "schema_version": 0,
          "attributes": {
            "hash_key": "Id",
            "id": "Feed|Id||https://post-tenebras-lire.net/polar-japonais-lequation-de-plein-ete|",
            "item": "{\n  \"Id\": {\"S\": \"https://post-tenebras-lire.net/polar-japonais-lequation-de-plein-ete\"},\n  \"title\": {\"S\": \"L’équation de plein été\"},\n  \"writer\": {\"S\": \"Higashino, Keigo\"},\n\n  \"tags\": {\"S\": \"#Japon #Polar\"},\n  \"link\": {\"S\": \"https://post-tenebras-lire.net/polar-japonais-lequation-de-plein-ete/\"},\n\n  \"imageUrl\": {\"S\": \"https://post-tenebras-lire.net/assets/posts/2016-04-19-polar-japonais-lequation-de-plein-ete.jpg\"}\n}\n",
            "range_key": null,
            "table_name": "Feed"
          },
          "private": "bnVsbA==",
          "depends_on": [
            "aws_dynamodb_table.feed-table"
          ]
        }
      ]
    },
    {
      "mode": "managed",
      "type": "aws_dynamodb_table_item",
      "name": "l-île-des-rêves",
      "provider": "provider.aws",
      "instances": [
        {
          "schema_version": 0,
          "attributes": {
            "hash_key": "Id",
            "id": "Feed|Id||https://post-tenebras-lire.net/lile-des-reves-de-hino-keizo|",
            "item": "{\n  \"Id\": {\"S\": \"https://post-tenebras-lire.net/lile-des-reves-de-hino-keizo\"},\n  \"title\": {\"S\": \"L’île des rêves\"},\n  \"writer\": {\"S\": \"Hino, Keizo\"},\n\n  \"tags\": {\"S\": \"#Japon #Onirique\"},\n  \"link\": {\"S\": \"https://post-tenebras-lire.net/lile-des-reves-de-hino-keizo/\"},\n\n  \"imageUrl\": {\"S\": \"https://post-tenebras-lire.net/assets/posts/2015-03-25-lile-des-reves-de-hino-keizo.jpg\"}\n}\n",
            "range_key": null,
            "table_name": "Feed"
          },
          "private": "bnVsbA==",
          "depends_on": [
            "aws_dynamodb_table.feed-table"
          ]
        }
      ]
    },
    {
      "mode": "managed",
      "type": "aws_dynamodb_table_item",
      "name": "la-cigale-du-huitième-jour",
      "provider": "provider.aws",
      "instances": [
        {
          "schema_version": 0,
          "attributes": {
            "hash_key": "Id",
            "id": "Feed|Id||https://post-tenebras-lire.net/litterature-japonaise-la-cigale-du|",
            "item": "{\n  \"Id\": {\"S\": \"https://post-tenebras-lire.net/litterature-japonaise-la-cigale-du\"},\n  \"title\": {\"S\": \"La Cigale du huitième jour\"},\n  \"writer\": {\"S\": \"Kakuta, Mitsuyo\"},\n\n  \"tags\": {\"S\": \"#Japon\"},\n  \"link\": {\"S\": \"https://post-tenebras-lire.net/litterature-japonaise-la-cigale-du/\"},\n\n  \"imageUrl\": {\"S\": \"https://post-tenebras-lire.net/assets/posts/2017-08-29-litterature-japonaise-la-cigale-du.jpg\"}\n}\n",
            "range_key": null,
            "table_name": "Feed"
          },
          "private": "bnVsbA==",
          "depends_on": [
            "aws_dynamodb_table.feed-table"
          ]
        }
      ]
    },
    {
      "mode": "managed",
      "type": "aws_dynamodb_table_item",
      "name": "la-cité-du-futur",
      "provider": "provider.aws",
      "instances": [
        {
          "schema_version": 0,
          "attributes": {
            "hash_key": "Id",
            "id": "Feed|Id||https://post-tenebras-lire.net/La-Cit%C3%A9-du-futur-Robert-Charles-Wilson|",
            "item": "{\n  \"Id\": {\"S\": \"https://post-tenebras-lire.net/La-Cit%C3%A9-du-futur-Robert-Charles-Wilson\"},\n  \"title\": {\"S\": \"La Cité du futur\"},\n  \"writer\": {\"S\": \"Wilson, Robert-Charles\"},\n\n  \"tags\": {\"S\": \"#Science-Fiction\"},\n  \"link\": {\"S\": \"https://post-tenebras-lire.net/La-Cit%C3%A9-du-futur-Robert-Charles-Wilson/\"},\n\n  \"imageUrl\": {\"S\": \"https://post-tenebras-lire.net/assets/posts/2019-01-27-La-Cit%C3%A9-du-futur-Robert-Charles-Wilson.jpg\"}\n}\n",
            "range_key": null,
            "table_name": "Feed"
          },
          "private": "bnVsbA==",
          "depends_on": [
            "aws_dynamodb_table.feed-table"
          ]
        }
      ]
    },
    {
      "mode": "managed",
      "type": "aws_dynamodb_table_item",
      "name": "la-compagnie",
      "provider": "provider.aws",
      "instances": [
        {
          "schema_version": 0,
          "attributes": {
            "hash_key": "Id",
            "id": "Feed|Id||https://post-tenebras-lire.net/la-compagnie-robert-littell|",
            "item": "{\n  \"Id\": {\"S\": \"https://post-tenebras-lire.net/la-compagnie-robert-littell\"},\n  \"title\": {\"S\": \"La Compagnie\"},\n  \"writer\": {\"S\": \"Littell, Robert\"},\n\n  \"tags\": {\"S\": \"#Espionnage #Polar\"},\n  \"link\": {\"S\": \"https://post-tenebras-lire.net/la-compagnie-robert-littell/\"},\n\n  \"imageUrl\": {\"S\": \"https://post-tenebras-lire.net/assets/posts/2014-09-11-la-compagnie-robert-littell.jpg\"}\n}\n",
            "range_key": null,
            "table_name": "Feed"
          },
          "private": "bnVsbA==",
          "depends_on": [
            "aws_dynamodb_table.feed-table"
          ]
        }
      ]
    },
    {
      "mode": "managed",
      "type": "aws_dynamodb_table_item",
      "name": "la-femme-en-vert",
      "provider": "provider.aws",
      "instances": [
        {
          "schema_version": 0,
          "attributes": {
            "hash_key": "Id",
            "id": "Feed|Id||https://post-tenebras-lire.net/polar-islandais-la-femme-en-vert|",
            "item": "{\n  \"Id\": {\"S\": \"https://post-tenebras-lire.net/polar-islandais-la-femme-en-vert\"},\n  \"title\": {\"S\": \"La femme en vert\"},\n  \"writer\": {\"S\": \"Indriðason, Arnaldur\"},\n\n  \"tags\": {\"S\": \"#Islande #Polar\"},\n  \"link\": {\"S\": \"https://post-tenebras-lire.net/polar-islandais-la-femme-en-vert/\"},\n\n  \"imageUrl\": {\"S\": \"https://post-tenebras-lire.net/assets/posts/2016-03-17-polar-islandais-la-femme-en-vert.jpg\"}\n}\n",
            "range_key": null,
            "table_name": "Feed"
          },
          "private": "bnVsbA==",
          "depends_on": [
            "aws_dynamodb_table.feed-table"
          ]
        }
      ]
    },
    {
      "mode": "managed",
      "type": "aws_dynamodb_table_item",
      "name": "la-ferme-des-animaux",
      "provider": "provider.aws",
      "instances": [
        {
          "schema_version": 0,
          "attributes": {
            "hash_key": "Id",
            "id": "Feed|Id||https://post-tenebras-lire.net/La-ferme-des-animaux-George-Orwell|",
            "item": "{\n  \"Id\": {\"S\": \"https://post-tenebras-lire.net/La-ferme-des-animaux-George-Orwell\"},\n  \"title\": {\"S\": \"La ferme des animaux\"},\n  \"writer\": {\"S\": \"Orwell, George\"},\n\n  \"tags\": {\"S\": \"#Dystopie\"},\n  \"link\": {\"S\": \"https://post-tenebras-lire.net/La-ferme-des-animaux-George-Orwell/\"},\n\n  \"imageUrl\": {\"S\": \"https://post-tenebras-lire.net/assets/posts/2019-02-23-La-ferme-des-animaux-George-Orwell.jpg\"}\n}\n",
            "range_key": null,
            "table_name": "Feed"
          },
          "private": "bnVsbA==",
          "depends_on": [
            "aws_dynamodb_table.feed-table"
          ]
        }
      ]
    },
    {
      "mode": "managed",
      "type": "aws_dynamodb_table_item",
      "name": "la-fille-de-la-supérette",
      "provider": "provider.aws",
      "instances": [
        {
          "schema_version": 0,
          "attributes": {
            "hash_key": "Id",
            "id": "Feed|Id||https://post-tenebras-lire.net/La-fille-de-la-sup%C3%A9rette-Sayaka-Murata|",
            "item": "{\n  \"Id\": {\"S\": \"https://post-tenebras-lire.net/La-fille-de-la-sup%C3%A9rette-Sayaka-Murata\"},\n  \"title\": {\"S\": \"La fille de la supérette\"},\n  \"writer\": {\"S\": \"Murata, Sayaka\"},\n\n  \"tags\": {\"S\": \"#Japon\"},\n  \"link\": {\"S\": \"https://post-tenebras-lire.net/La-fille-de-la-sup%C3%A9rette-Sayaka-Murata/\"},\n\n  \"imageUrl\": {\"S\": \"https://post-tenebras-lire.net/assets/posts/2019-08-25-La-fille-de-la-sup%C3%A9rette-Sayaka-Murata.jpg\"}\n}\n",
            "range_key": null,
            "table_name": "Feed"
          },
          "private": "bnVsbA==",
          "depends_on": [
            "aws_dynamodb_table.feed-table"
          ]
        }
      ]
    },
    {
      "mode": "managed",
      "type": "aws_dynamodb_table_item",
      "name": "la-fleur-de-l-illusion",
      "provider": "provider.aws",
      "instances": [
        {
          "schema_version": 0,
          "attributes": {
            "hash_key": "Id",
            "id": "Feed|Id||https://post-tenebras-lire.net/polar-japonais-la-fleur-de-lillusion-de|",
            "item": "{\n  \"Id\": {\"S\": \"https://post-tenebras-lire.net/polar-japonais-la-fleur-de-lillusion-de\"},\n  \"title\": {\"S\": \"La fleur de l’illusion\"},\n  \"writer\": {\"S\": \"Higashino, Keigo\"},\n\n  \"tags\": {\"S\": \"#Japon #Polar\"},\n  \"link\": {\"S\": \"https://post-tenebras-lire.net/polar-japonais-la-fleur-de-lillusion-de/\"},\n\n  \"imageUrl\": {\"S\": \"https://post-tenebras-lire.net/assets/posts/2016-10-25-polar-japonais-la-fleur-de-lillusion-de.jpg\"}\n}\n",
            "range_key": null,
            "table_name": "Feed"
          },
          "private": "bnVsbA==",
          "depends_on": [
            "aws_dynamodb_table.feed-table"
          ]
        }
      ]
    },
    {
      "mode": "managed",
      "type": "aws_dynamodb_table_item",
      "name": "la-forêt-sombre",
      "provider": "provider.aws",
      "instances": [
        {
          "schema_version": 0,
          "attributes": {
            "hash_key": "Id",
            "id": "Feed|Id||https://post-tenebras-lire.net/La_for%C3%AAt_sombre_Cixin_Liu|",
            "item": "{\n  \"Id\": {\"S\": \"https://post-tenebras-lire.net/La_for%C3%AAt_sombre_Cixin_Liu\"},\n  \"title\": {\"S\": \"La forêt sombre\"},\n  \"writer\": {\"S\": \"Liu, Cixin\"},\n\n  \"tags\": {\"S\": \"#Science-Fiction\"},\n  \"link\": {\"S\": \"https://post-tenebras-lire.net/La_for%C3%AAt_sombre_Cixin_Liu/\"},\n\n  \"imageUrl\": {\"S\": \"https://post-tenebras-lire.net/assets/posts/2019-06-17-La_for%C3%AAt_sombre_Cixin_Liu.jpg\"}\n}\n",
            "range_key": null,
            "table_name": "Feed"
          },
          "private": "bnVsbA==",
          "depends_on": [
            "aws_dynamodb_table.feed-table"
          ]
        }
      ]
    },
    {
      "mode": "managed",
      "type": "aws_dynamodb_table_item",
      "name": "la-fée-carabine",
      "provider": "provider.aws",
      "instances": [
        {
          "schema_version": 0,
          "attributes": {
            "hash_key": "Id",
            "id": "Feed|Id||https://post-tenebras-lire.net/lecture-la-fee-carabine-daniel-pennac|",
            "item": "{\n  \"Id\": {\"S\": \"https://post-tenebras-lire.net/lecture-la-fee-carabine-daniel-pennac\"},\n  \"title\": {\"S\": \"La Fée Carabine\"},\n  \"writer\": {\"S\": \"Pennac, Daniel\"},\n\n  \"tags\": {\"S\": \"#Humour\"},\n  \"link\": {\"S\": \"https://post-tenebras-lire.net/lecture-la-fee-carabine-daniel-pennac/\"},\n\n  \"imageUrl\": {\"S\": \"https://post-tenebras-lire.net/assets/posts/2013-01-02-lecture-la-fee-carabine-daniel-pennac.jpg\"}\n}\n",
            "range_key": null,
            "table_name": "Feed"
          },
          "private": "bnVsbA==",
          "depends_on": [
            "aws_dynamodb_table.feed-table"
          ]
        }
      ]
    },
    {
      "mode": "managed",
      "type": "aws_dynamodb_table_item",
      "name": "la-grande-faucheuse",
      "provider": "provider.aws",
      "instances": [
        {
          "schema_version": 0,
          "attributes": {
            "hash_key": "Id",
            "id": "Feed|Id||https://post-tenebras-lire.net/La-Grande-Faucheuse-James-Morrow|",
            "item": "{\n  \"Id\": {\"S\": \"https://post-tenebras-lire.net/La-Grande-Faucheuse-James-Morrow\"},\n  \"title\": {\"S\": \"La Grande Faucheuse\"},\n  \"writer\": {\"S\": \"Morrow, James\"},\n\n  \"tags\": {\"S\": \"#Religion #Humour\"},\n  \"link\": {\"S\": \"https://post-tenebras-lire.net/La-Grande-Faucheuse-James-Morrow/\"},\n\n  \"imageUrl\": {\"S\": \"https://post-tenebras-lire.net/assets/posts/2019-09-22-La-Grande-Faucheuse-James-Morrow.jpg\"}\n}\n",
            "range_key": null,
            "table_name": "Feed"
          },
          "private": "bnVsbA==",
          "depends_on": [
            "aws_dynamodb_table.feed-table"
          ]
        }
      ]
    },
    {
      "mode": "managed",
      "type": "aws_dynamodb_table_item",
      "name": "la-laïcité",
      "provider": "provider.aws",
      "instances": [
        {
          "schema_version": 0,
          "attributes": {
            "hash_key": "Id",
            "id": "Feed|Id||https://post-tenebras-lire.net/la-laicite-par-guy-haarscher-aux-puf|",
            "item": "{\n  \"Id\": {\"S\": \"https://post-tenebras-lire.net/la-laicite-par-guy-haarscher-aux-puf\"},\n  \"title\": {\"S\": \"La Laïcité\"},\n  \"writer\": {\"S\": \"Haarscher, Guy\"},\n\n  \"tags\": {\"S\": \"#Politique #Religion\"},\n  \"link\": {\"S\": \"https://post-tenebras-lire.net/la-laicite-par-guy-haarscher-aux-puf/\"},\n\n  \"imageUrl\": {\"S\": \"https://post-tenebras-lire.net/assets/posts/2013-05-30-la-laicite-par-guy-haarscher-aux-puf.gif\"}\n}\n",
            "range_key": null,
            "table_name": "Feed"
          },
          "private": "bnVsbA==",
          "depends_on": [
            "aws_dynamodb_table.feed-table"
          ]
        }
      ]
    },
    {
      "mode": "managed",
      "type": "aws_dynamodb_table_item",
      "name": "la-lumière-de-la-nuit",
      "provider": "provider.aws",
      "instances": [
        {
          "schema_version": 0,
          "attributes": {
            "hash_key": "Id",
            "id": "Feed|Id||https://post-tenebras-lire.net/polar-la-lumiere-de-la-nuit-de-keigo|",
            "item": "{\n  \"Id\": {\"S\": \"https://post-tenebras-lire.net/polar-la-lumiere-de-la-nuit-de-keigo\"},\n  \"title\": {\"S\": \"La lumière de la nuit\"},\n  \"writer\": {\"S\": \"Higashino, Keigo\"},\n\n  \"tags\": {\"S\": \"#Japon #Polar\"},\n  \"link\": {\"S\": \"https://post-tenebras-lire.net/polar-la-lumiere-de-la-nuit-de-keigo/\"},\n\n  \"imageUrl\": {\"S\": \"https://post-tenebras-lire.net/assets/posts/2015-11-07-polar-la-lumiere-de-la-nuit-de-keigo.jpg\"}\n}\n",
            "range_key": null,
            "table_name": "Feed"
          },
          "private": "bnVsbA==",
          "depends_on": [
            "aws_dynamodb_table.feed-table"
          ]
        }
      ]
    },
    {
      "mode": "managed",
      "type": "aws_dynamodb_table_item",
      "name": "la-maison-dans-l-arbre",
      "provider": "provider.aws",
      "instances": [
        {
          "schema_version": 0,
          "attributes": {
            "hash_key": "Id",
            "id": "Feed|Id||https://post-tenebras-lire.net/litterature-japonaise-la-maison-dans|",
            "item": "{\n  \"Id\": {\"S\": \"https://post-tenebras-lire.net/litterature-japonaise-la-maison-dans\"},\n  \"title\": {\"S\": \"La Maison dans l’arbre\"},\n  \"writer\": {\"S\": \"Kakuta, Mitsuyo\"},\n\n  \"tags\": {\"S\": \"#Japon\"},\n  \"link\": {\"S\": \"https://post-tenebras-lire.net/litterature-japonaise-la-maison-dans/\"},\n\n  \"imageUrl\": {\"S\": \"https://post-tenebras-lire.net/assets/posts/2017-12-09-litterature-japonaise-la-maison-dans.jpg\"}\n}\n",
            "range_key": null,
            "table_name": "Feed"
          },
          "private": "bnVsbA==",
          "depends_on": [
            "aws_dynamodb_table.feed-table"
          ]
        }
      ]
    },
    {
      "mode": "managed",
      "type": "aws_dynamodb_table_item",
      "name": "la-maison-où-je-suis-mort-autrefois",
      "provider": "provider.aws",
      "instances": [
        {
          "schema_version": 0,
          "attributes": {
            "hash_key": "Id",
            "id": "Feed|Id||https://post-tenebras-lire.net/la-maison-ou-je-suis-mort-autrefois|",
            "item": "{\n  \"Id\": {\"S\": \"https://post-tenebras-lire.net/la-maison-ou-je-suis-mort-autrefois\"},\n  \"title\": {\"S\": \"La maison où je suis mort autrefois\"},\n  \"writer\": {\"S\": \"Higashino, Keigo\"},\n\n  \"tags\": {\"S\": \"#Japon #Polar\"},\n  \"link\": {\"S\": \"https://post-tenebras-lire.net/la-maison-ou-je-suis-mort-autrefois/\"},\n\n  \"imageUrl\": {\"S\": \"https://post-tenebras-lire.net/assets/posts/2014-03-28-la-maison-ou-je-suis-mort-autrefois.jpg\"}\n}\n",
            "range_key": null,
            "table_name": "Feed"
          },
          "private": "bnVsbA==",
          "depends_on": [
            "aws_dynamodb_table.feed-table"
          ]
        }
      ]
    },
    {
      "mode": "managed",
      "type": "aws_dynamodb_table_item",
      "name": "la-mort-immortelle",
      "provider": "provider.aws",
      "instances": [
        {
          "schema_version": 0,
          "attributes": {
            "hash_key": "Id",
            "id": "Feed|Id||https://post-tenebras-lire.net/La_mort_immortelle_Cixin_Liu|",
            "item": "{\n  \"Id\": {\"S\": \"https://post-tenebras-lire.net/La_mort_immortelle_Cixin_Liu\"},\n  \"title\": {\"S\": \"La mort immortelle\"},\n  \"writer\": {\"S\": \"Liu, Cixin\"},\n\n  \"tags\": {\"S\": \"#Science-Fiction\"},\n  \"link\": {\"S\": \"https://post-tenebras-lire.net/La_mort_immortelle_Cixin_Liu/\"},\n\n  \"imageUrl\": {\"S\": \"https://post-tenebras-lire.net/assets/posts/2019-08-07-La_mort_immortelle_Cixin_Liu.jpg\"}\n}\n",
            "range_key": null,
            "table_name": "Feed"
          },
          "private": "bnVsbA==",
          "depends_on": [
            "aws_dynamodb_table.feed-table"
          ]
        }
      ]
    },
    {
      "mode": "managed",
      "type": "aws_dynamodb_table_item",
      "name": "la-muraille-de-lave",
      "provider": "provider.aws",
      "instances": [
        {
          "schema_version": 0,
          "attributes": {
            "hash_key": "Id",
            "id": "Feed|Id||https://post-tenebras-lire.net/polar-la-muraille-de-lave-arnaldur|",
            "item": "{\n  \"Id\": {\"S\": \"https://post-tenebras-lire.net/polar-la-muraille-de-lave-arnaldur\"},\n  \"title\": {\"S\": \"La muraille de lave\"},\n  \"writer\": {\"S\": \"Indriðason, Arnaldur\"},\n\n  \"tags\": {\"S\": \"#Polar #Islande\"},\n  \"link\": {\"S\": \"https://post-tenebras-lire.net/polar-la-muraille-de-lave-arnaldur/\"},\n\n  \"imageUrl\": {\"S\": \"https://post-tenebras-lire.net/assets/posts/2017-03-07-polar-la-muraille-de-lave-arnaldur.jpg\"}\n}\n",
            "range_key": null,
            "table_name": "Feed"
          },
          "private": "bnVsbA==",
          "depends_on": [
            "aws_dynamodb_table.feed-table"
          ]
        }
      ]
    },
    {
      "mode": "managed",
      "type": "aws_dynamodb_table_item",
      "name": "la-mélancolie-des-sirènes-par-30-mètres-de-fond",
      "provider": "provider.aws",
      "instances": [
        {
          "schema_version": 0,
          "attributes": {
            "hash_key": "Id",
            "id": "Feed|Id||https://post-tenebras-lire.net/fanstastique-la-melancolie-des-sirenes|",
            "item": "{\n  \"Id\": {\"S\": \"https://post-tenebras-lire.net/fanstastique-la-melancolie-des-sirenes\"},\n  \"title\": {\"S\": \"La mélancolie des sirènes par 30 mètres de fond\"},\n  \"writer\": {\"S\": \"Brussolo, Serge\"},\n\n  \"tags\": {\"S\": \"#Fantastique\"},\n  \"link\": {\"S\": \"https://post-tenebras-lire.net/fanstastique-la-melancolie-des-sirenes/\"},\n\n  \"imageUrl\": {\"S\": \"https://post-tenebras-lire.net/assets/posts/2012-12-29-fanstastique-la-melancolie-des-sirenes.jpg\"}\n}\n",
            "range_key": null,
            "table_name": "Feed"
          },
          "private": "bnVsbA==",
          "depends_on": [
            "aws_dynamodb_table.feed-table"
          ]
        }
      ]
    },
    {
      "mode": "managed",
      "type": "aws_dynamodb_table_item",
      "name": "la-peau-sur-les-os",
      "provider": "provider.aws",
      "instances": [
        {
          "schema_version": 0,
          "attributes": {
            "hash_key": "Id",
            "id": "Feed|Id||https://post-tenebras-lire.net/lecture-la-peau-sur-les-os-par-stephen|",
            "item": "{\n  \"Id\": {\"S\": \"https://post-tenebras-lire.net/lecture-la-peau-sur-les-os-par-stephen\"},\n  \"title\": {\"S\": \"La Peau sur les os\"},\n  \"writer\": {\"S\": \"King, Stephen\"},\n\n  \"tags\": {\"S\": \"#Fantastique #Thriller\"},\n  \"link\": {\"S\": \"https://post-tenebras-lire.net/lecture-la-peau-sur-les-os-par-stephen/\"},\n\n  \"imageUrl\": {\"S\": \"https://post-tenebras-lire.net/assets/posts/2016-03-05-lecture-la-peau-sur-les-os-par-stephen.jpg\"}\n}\n",
            "range_key": null,
            "table_name": "Feed"
          },
          "private": "bnVsbA==",
          "depends_on": [
            "aws_dynamodb_table.feed-table"
          ]
        }
      ]
    },
    {
      "mode": "managed",
      "type": "aws_dynamodb_table_item",
      "name": "la-petite-fille-qui-aimait-tom-gordon",
      "provider": "provider.aws",
      "instances": [
        {
          "schema_version": 0,
          "attributes": {
            "hash_key": "Id",
            "id": "Feed|Id||https://post-tenebras-lire.net/la-petite-fille-qui-aimait-tom-gordon|",
            "item": "{\n  \"Id\": {\"S\": \"https://post-tenebras-lire.net/la-petite-fille-qui-aimait-tom-gordon\"},\n  \"title\": {\"S\": \"La petite fille qui aimait Tom Gordon\"},\n  \"writer\": {\"S\": \"King, Stephen\"},\n\n  \"tags\": {\"S\": \"#Thriller\"},\n  \"link\": {\"S\": \"https://post-tenebras-lire.net/la-petite-fille-qui-aimait-tom-gordon/\"},\n\n  \"imageUrl\": {\"S\": \"https://post-tenebras-lire.net/assets/posts/2014-02-23-la-petite-fille-qui-aimait-tom-gordon.jpg\"}\n}\n",
            "range_key": null,
            "table_name": "Feed"
          },
          "private": "bnVsbA==",
          "depends_on": [
            "aws_dynamodb_table.feed-table"
          ]
        }
      ]
    },
    {
      "mode": "managed",
      "type": "aws_dynamodb_table_item",
      "name": "la-physique-quantique-enfin-expliquée-simplement",
      "provider": "provider.aws",
      "instances": [
        {
          "schema_version": 0,
          "attributes": {
            "hash_key": "Id",
            "id": "Feed|Id||https://post-tenebras-lire.net/la-physique-quantique-enfin-expliquee|",
            "item": "{\n  \"Id\": {\"S\": \"https://post-tenebras-lire.net/la-physique-quantique-enfin-expliquee\"},\n  \"title\": {\"S\": \"La Physique Quantique: (enfin) expliquée simplement\"},\n  \"writer\": {\"S\": \"Rollet, Vincent\"},\n\n  \"tags\": {\"S\": \"#Science\"},\n  \"link\": {\"S\": \"https://post-tenebras-lire.net/la-physique-quantique-enfin-expliquee/\"},\n\n  \"imageUrl\": {\"S\": \"https://post-tenebras-lire.net/assets/posts/2015-01-24-la-physique-quantique-enfin-expliquee.jpg\"}\n}\n",
            "range_key": null,
            "table_name": "Feed"
          },
          "private": "bnVsbA==",
          "depends_on": [
            "aws_dynamodb_table.feed-table"
          ]
        }
      ]
    },
    {
      "mode": "managed",
      "type": "aws_dynamodb_table_item",
      "name": "la-prophétie-de-l-abeille",
      "provider": "provider.aws",
      "instances": [
        {
          "schema_version": 0,
          "attributes": {
            "hash_key": "Id",
            "id": "Feed|Id||https://post-tenebras-lire.net/la-prophetie-de-labeille-keigo|",
            "item": "{\n  \"Id\": {\"S\": \"https://post-tenebras-lire.net/la-prophetie-de-labeille-keigo\"},\n  \"title\": {\"S\": \"La Prophétie de l’abeille\"},\n  \"writer\": {\"S\": \"Higashino, Keigo\"},\n\n  \"tags\": {\"S\": \"#Japon #Polar\"},\n  \"link\": {\"S\": \"https://post-tenebras-lire.net/la-prophetie-de-labeille-keigo/\"},\n\n  \"imageUrl\": {\"S\": \"https://post-tenebras-lire.net/assets/posts/2014-03-15-la-prophetie-de-labeille-keigo.jpg\"}\n}\n",
            "range_key": null,
            "table_name": "Feed"
          },
          "private": "bnVsbA==",
          "depends_on": [
            "aws_dynamodb_table.feed-table"
          ]
        }
      ]
    },
    {
      "mode": "managed",
      "type": "aws_dynamodb_table_item",
      "name": "la-route",
      "provider": "provider.aws",
      "instances": [
        {
          "schema_version": 0,
          "attributes": {
            "hash_key": "Id",
            "id": "Feed|Id||https://post-tenebras-lire.net/roman-la-route-de-cormac-mccarthy|",
            "item": "{\n  \"Id\": {\"S\": \"https://post-tenebras-lire.net/roman-la-route-de-cormac-mccarthy\"},\n  \"title\": {\"S\": \"La route\"},\n  \"writer\": {\"S\": \"McCarthy, Cormac\"},\n\n  \"tags\": {\"S\": \"#Post-apocalyptique #Science-Fiction\"},\n  \"link\": {\"S\": \"https://post-tenebras-lire.net/roman-la-route-de-cormac-mccarthy/\"},\n\n  \"imageUrl\": {\"S\": \"https://post-tenebras-lire.net/assets/posts/2012-11-23-roman-la-route-de-cormac-mccarthy.jpg\"}\n}\n",
            "range_key": null,
            "table_name": "Feed"
          },
          "private": "bnVsbA==",
          "depends_on": [
            "aws_dynamodb_table.feed-table"
          ]
        }
      ]
    },
    {
      "mode": "managed",
      "type": "aws_dynamodb_table_item",
      "name": "la-salamandre",
      "provider": "provider.aws",
      "instances": [
        {
          "schema_version": 0,
          "attributes": {
            "hash_key": "Id",
            "id": "Feed|Id||https://post-tenebras-lire.net/la-salamandre-par-masuji-ibuse|",
            "item": "{\n  \"Id\": {\"S\": \"https://post-tenebras-lire.net/la-salamandre-par-masuji-ibuse\"},\n  \"title\": {\"S\": \"La salamandre\"},\n  \"writer\": {\"S\": \"Ibuse, Masuji\"},\n\n  \"tags\": {\"S\": \"#Japon\"},\n  \"link\": {\"S\": \"https://post-tenebras-lire.net/la-salamandre-par-masuji-ibuse/\"},\n\n  \"imageUrl\": {\"S\": \"https://post-tenebras-lire.net/assets/posts/2013-10-28-la-salamandre-par-masuji-ibuse.jpg\"}\n}\n",
            "range_key": null,
            "table_name": "Feed"
          },
          "private": "bnVsbA==",
          "depends_on": [
            "aws_dynamodb_table.feed-table"
          ]
        }
      ]
    },
    {
      "mode": "managed",
      "type": "aws_dynamodb_table_item",
      "name": "la-servante-écarlate",
      "provider": "provider.aws",
      "instances": [
        {
          "schema_version": 0,
          "attributes": {
            "hash_key": "Id",
            "id": "Feed|Id||https://post-tenebras-lire.net/la-servante-ecarlate-par-margaret|",
            "item": "{\n  \"Id\": {\"S\": \"https://post-tenebras-lire.net/la-servante-ecarlate-par-margaret\"},\n  \"title\": {\"S\": \"La Servante écarlate\"},\n  \"writer\": {\"S\": \"Atwood, Margaret\"},\n\n  \"tags\": {\"S\": \"#Dystopie\"},\n  \"link\": {\"S\": \"https://post-tenebras-lire.net/la-servante-ecarlate-par-margaret/\"},\n\n  \"imageUrl\": {\"S\": \"https://post-tenebras-lire.net/assets/posts/2018-02-21-la-servante-ecarlate-par-margaret.jpg\"}\n}\n",
            "range_key": null,
            "table_name": "Feed"
          },
          "private": "bnVsbA==",
          "depends_on": [
            "aws_dynamodb_table.feed-table"
          ]
        }
      ]
    },
    {
      "mode": "managed",
      "type": "aws_dynamodb_table_item",
      "name": "la-submersion-du-japon",
      "provider": "provider.aws",
      "instances": [
        {
          "schema_version": 0,
          "attributes": {
            "hash_key": "Id",
            "id": "Feed|Id||https://post-tenebras-lire.net/roman-catastrophe-la-submersion-du|",
            "item": "{\n  \"Id\": {\"S\": \"https://post-tenebras-lire.net/roman-catastrophe-la-submersion-du\"},\n  \"title\": {\"S\": \"La submersion du Japon\"},\n  \"writer\": {\"S\": \"Komatsu, Sakyo\"},\n\n  \"tags\": {\"S\": \"#Japon\"},\n  \"link\": {\"S\": \"https://post-tenebras-lire.net/roman-catastrophe-la-submersion-du/\"},\n\n  \"imageUrl\": {\"S\": \"https://post-tenebras-lire.net/assets/posts/2014-07-18-roman-catastrophe-la-submersion-du.jpg\"}\n}\n",
            "range_key": null,
            "table_name": "Feed"
          },
          "private": "bnVsbA==",
          "depends_on": [
            "aws_dynamodb_table.feed-table"
          ]
        }
      ]
    },
    {
      "mode": "managed",
      "type": "aws_dynamodb_table_item",
      "name": "la-symétrie-des-souffles",
      "provider": "provider.aws",
      "instances": [
        {
          "schema_version": 0,
          "attributes": {
            "hash_key": "Id",
            "id": "Feed|Id||https://post-tenebras-lire.net/la-symetrie-des-souffles-dalexandre|",
            "item": "{\n  \"Id\": {\"S\": \"https://post-tenebras-lire.net/la-symetrie-des-souffles-dalexandre\"},\n  \"title\": {\"S\": \"La symétrie des Souffles\"},\n  \"writer\": {\"S\": \"Jarry, Alexandre\"},\n\n  \"tags\": {\"S\": \"#Abandonné #Fantastique\"},\n  \"link\": {\"S\": \"https://post-tenebras-lire.net/la-symetrie-des-souffles-dalexandre/\"},\n\n  \"imageUrl\": {\"S\": \"https://post-tenebras-lire.net/assets/posts/2013-09-18-la-symetrie-des-souffles-dalexandre.jpg\"}\n}\n",
            "range_key": null,
            "table_name": "Feed"
          },
          "private": "bnVsbA==",
          "depends_on": [
            "aws_dynamodb_table.feed-table"
          ]
        }
      ]
    },
    {
      "mode": "managed",
      "type": "aws_dynamodb_table_item",
      "name": "la-tour-folkstrom",
      "provider": "provider.aws",
      "instances": [
        {
          "schema_version": 0,
          "attributes": {
            "hash_key": "Id",
            "id": "Feed|Id||https://post-tenebras-lire.net/review-la-tour-folkstrom|",
            "item": "{\n  \"Id\": {\"S\": \"https://post-tenebras-lire.net/review-la-tour-folkstrom\"},\n  \"title\": {\"S\": \"La Tour Folkstrom\"},\n  \"writer\": {\"S\": \"Balek, Jeff\"},\n\n  \"tags\": {\"S\": \"#Fantastique\"},\n  \"link\": {\"S\": \"https://post-tenebras-lire.net/review-la-tour-folkstrom/\"},\n\n  \"imageUrl\": {\"S\": \"https://post-tenebras-lire.net/assets/posts/2012-08-22-review-la-tour-folkstrom.jpg\"}\n}\n",
            "range_key": null,
            "table_name": "Feed"
          },
          "private": "bnVsbA==",
          "depends_on": [
            "aws_dynamodb_table.feed-table"
          ]
        }
      ]
    },
    {
      "mode": "managed",
      "type": "aws_dynamodb_table_item",
      "name": "la-vie-est-belle-les-surprises-de-l-évolution",
      "provider": "provider.aws",
      "instances": [
        {
          "schema_version": 0,
          "attributes": {
            "hash_key": "Id",
            "id": "Feed|Id||https://post-tenebras-lire.net/La-Vie-est-belle-Les-Surprises-de-l-%C3%A9volution-Stephen-Jay-Gould|",
            "item": "{\n  \"Id\": {\"S\": \"https://post-tenebras-lire.net/La-Vie-est-belle-Les-Surprises-de-l-%C3%A9volution-Stephen-Jay-Gould\"},\n  \"title\": {\"S\": \"La Vie est belle : Les Surprises de l’évolution\"},\n  \"writer\": {\"S\": \"Gould, Stephen Jay\"},\n\n  \"tags\": {\"S\": \"#Science\"},\n  \"link\": {\"S\": \"https://post-tenebras-lire.net/La-Vie-est-belle-Les-Surprises-de-l-%C3%A9volution-Stephen-Jay-Gould/\"},\n\n  \"imageUrl\": {\"S\": \"https://post-tenebras-lire.net/assets/posts/2019-01-13-La-Vie-est-belle-Les-Surprises-de-l-%C3%A9volution-Stephen-Jay-Gould.jpg\"}\n}\n",
            "range_key": null,
            "table_name": "Feed"
          },
          "private": "bnVsbA==",
          "depends_on": [
            "aws_dynamodb_table.feed-table"
          ]
        }
      ]
    },
    {
      "mode": "managed",
      "type": "aws_dynamodb_table_item",
      "name": "la-voix",
      "provider": "provider.aws",
      "instances": [
        {
          "schema_version": 0,
          "attributes": {
            "hash_key": "Id",
            "id": "Feed|Id||https://post-tenebras-lire.net/la-voix-arnaldur-indriason-un-polar|",
            "item": "{\n  \"Id\": {\"S\": \"https://post-tenebras-lire.net/la-voix-arnaldur-indriason-un-polar\"},\n  \"title\": {\"S\": \"La Voix\"},\n  \"writer\": {\"S\": \"Indriðason, Arnaldur\"},\n\n  \"tags\": {\"S\": \"#Polar #Islande\"},\n  \"link\": {\"S\": \"https://post-tenebras-lire.net/la-voix-arnaldur-indriason-un-polar/\"},\n\n  \"imageUrl\": {\"S\": \"https://post-tenebras-lire.net/assets/posts/2016-04-29-la-voix-arnaldur-indriason-un-polar.jpg\"}\n}\n",
            "range_key": null,
            "table_name": "Feed"
          },
          "private": "bnVsbA==",
          "depends_on": [
            "aws_dynamodb_table.feed-table"
          ]
        }
      ]
    },
    {
      "mode": "managed",
      "type": "aws_dynamodb_table_item",
      "name": "latium",
      "provider": "provider.aws",
      "instances": [
        {
          "schema_version": 0,
          "attributes": {
            "hash_key": "Id",
            "id": "Feed|Id||https://post-tenebras-lire.net/Latium_de_Romain_Lucazeau|",
            "item": "{\n  \"Id\": {\"S\": \"https://post-tenebras-lire.net/Latium_de_Romain_Lucazeau\"},\n  \"title\": {\"S\": \"Latium\"},\n  \"writer\": {\"S\": \"Lucazeau, Romain\"},\n\n  \"tags\": {\"S\": \"#Science-Fiction\"},\n  \"link\": {\"S\": \"https://post-tenebras-lire.net/Latium_de_Romain_Lucazeau/\"},\n\n  \"imageUrl\": {\"S\": \"https://post-tenebras-lire.net/assets/posts/2018-11-19-Latium_de_Romain_Lucazeau.jpg\"}\n}\n",
            "range_key": null,
            "table_name": "Feed"
          },
          "private": "bnVsbA==",
          "depends_on": [
            "aws_dynamodb_table.feed-table"
          ]
        }
      ]
    },
    {
      "mode": "managed",
      "type": "aws_dynamodb_table_item",
      "name": "le-beau-livre-de-l-astronomie-de-l-observation-à-l-exploration-spatiale",
      "provider": "provider.aws",
      "instances": [
        {
          "schema_version": 0,
          "attributes": {
            "hash_key": "Id",
            "id": "Feed|Id||https://post-tenebras-lire.net/sciences-le-beau-livre-de-lastronomie|",
            "item": "{\n  \"Id\": {\"S\": \"https://post-tenebras-lire.net/sciences-le-beau-livre-de-lastronomie\"},\n  \"title\": {\"S\": \"Le Beau Livre de l’Astronomie - De l’observation à l’exploration spatiale\"},\n  \"writer\": {\"S\": \"Bell, Jim\"},\n\n  \"tags\": {\"S\": \"#Science #Beau livre #Vulgarisation\"},\n  \"link\": {\"S\": \"https://post-tenebras-lire.net/sciences-le-beau-livre-de-lastronomie/\"},\n\n  \"imageUrl\": {\"S\": \"https://post-tenebras-lire.net/assets/posts/2016-06-05-sciences-le-beau-livre-de-lastronomie.jpg\"}\n}\n",
            "range_key": null,
            "table_name": "Feed"
          },
          "private": "bnVsbA==",
          "depends_on": [
            "aws_dynamodb_table.feed-table"
          ]
        }
      ]
    },
    {
      "mode": "managed",
      "type": "aws_dynamodb_table_item",
      "name": "le-beau-livre-de-la-terre-de-la-formation-du-système-solaire-à-nos-jours",
      "provider": "provider.aws",
      "instances": [
        {
          "schema_version": 0,
          "attributes": {
            "hash_key": "Id",
            "id": "Feed|Id||https://post-tenebras-lire.net/le-beau-livre-de-la-terre-de-la|",
            "item": "{\n  \"Id\": {\"S\": \"https://post-tenebras-lire.net/le-beau-livre-de-la-terre-de-la\"},\n  \"title\": {\"S\": \"Le beau livre de la terre : De la formation du système solaire à nos jours\"},\n  \"writer\": {\"S\": \"De Wever, Patrick\"},\n\n  \"tags\": {\"S\": \"#Science #Beau livre\"},\n  \"link\": {\"S\": \"https://post-tenebras-lire.net/le-beau-livre-de-la-terre-de-la/\"},\n\n  \"imageUrl\": {\"S\": \"https://post-tenebras-lire.net/assets/posts/2015-03-01-le-beau-livre-de-la-terre-de-la.jpg\"}\n}\n",
            "range_key": null,
            "table_name": "Feed"
          },
          "private": "bnVsbA==",
          "depends_on": [
            "aws_dynamodb_table.feed-table"
          ]
        }
      ]
    },
    {
      "mode": "managed",
      "type": "aws_dynamodb_table_item",
      "name": "le-chant-de-kali",
      "provider": "provider.aws",
      "instances": [
        {
          "schema_version": 0,
          "attributes": {
            "hash_key": "Id",
            "id": "Feed|Id||https://post-tenebras-lire.net/Le-chant-de-Kali-Dan-Simmons|",
            "item": "{\n  \"Id\": {\"S\": \"https://post-tenebras-lire.net/Le-chant-de-Kali-Dan-Simmons\"},\n  \"title\": {\"S\": \"Le chant de Kali\"},\n  \"writer\": {\"S\": \"Simmons, Dan\"},\n\n  \"tags\": {\"S\": \"#Fantastique #Horreur #Inde\"},\n  \"link\": {\"S\": \"https://post-tenebras-lire.net/Le-chant-de-Kali-Dan-Simmons/\"},\n\n  \"imageUrl\": {\"S\": \"https://post-tenebras-lire.net/assets/posts/2019-08-21-Le-chant-de-Kali-Dan-Simmons.png\"}\n}\n",
            "range_key": null,
            "table_name": "Feed"
          },
          "private": "bnVsbA==",
          "depends_on": [
            "aws_dynamodb_table.feed-table"
          ]
        }
      ]
    },
    {
      "mode": "managed",
      "type": "aws_dynamodb_table_item",
      "name": "le-chemin-des-dieux",
      "provider": "provider.aws",
      "instances": [
        {
          "schema_version": 0,
          "attributes": {
            "hash_key": "Id",
            "id": "Feed|Id||https://post-tenebras-lire.net/le-chemin-des-dieux-jean-philippe-depotte|",
            "item": "{\n  \"Id\": {\"S\": \"https://post-tenebras-lire.net/le-chemin-des-dieux-jean-philippe-depotte\"},\n  \"title\": {\"S\": \"Le chemin des dieux\"},\n  \"writer\": {\"S\": \"Depotte, Jean-Philippe\"},\n\n  \"tags\": {\"S\": \"#Polar #Japon #Fantastique\"},\n  \"link\": {\"S\": \"https://post-tenebras-lire.net/le-chemin-des-dieux-jean-philippe-depotte/\"},\n\n  \"imageUrl\": {\"S\": \"https://post-tenebras-lire.net/assets/posts/2019-04-11-le-chemin-des-dieux-jean-philippe-depotte.jpg\"}\n}\n",
            "range_key": null,
            "table_name": "Feed"
          },
          "private": "bnVsbA==",
          "depends_on": [
            "aws_dynamodb_table.feed-table"
          ]
        }
      ]
    },
    {
      "mode": "managed",
      "type": "aws_dynamodb_table_item",
      "name": "le-chemin-du-retour",
      "provider": "provider.aws",
      "instances": [
        {
          "schema_version": 0,
          "attributes": {
            "hash_key": "Id",
            "id": "Feed|Id||https://post-tenebras-lire.net/le-chemin-du-retour-par-neil-jomunsi|",
            "item": "{\n  \"Id\": {\"S\": \"https://post-tenebras-lire.net/le-chemin-du-retour-par-neil-jomunsi\"},\n  \"title\": {\"S\": \"Le chemin du retour\"},\n  \"writer\": {\"S\": \"Jomunsi, Neil\"},\n\n  \"tags\": {\"S\": \"#Fantastique #Nouvelle\"},\n  \"link\": {\"S\": \"https://post-tenebras-lire.net/le-chemin-du-retour-par-neil-jomunsi/\"},\n\n  \"imageUrl\": {\"S\": \"https://post-tenebras-lire.net/assets/posts/2013-03-22-le-chemin-du-retour-par-neil-jomunsi.png\"}\n}\n",
            "range_key": null,
            "table_name": "Feed"
          },
          "private": "bnVsbA==",
          "depends_on": [
            "aws_dynamodb_table.feed-table"
          ]
        }
      ]
    },
    {
      "mode": "managed",
      "type": "aws_dynamodb_table_item",
      "name": "le-combat-ordinaire-intégrale",
      "provider": "provider.aws",
      "instances": [
        {
          "schema_version": 0,
          "attributes": {
            "hash_key": "Id",
            "id": "Feed|Id||https://post-tenebras-lire.net/le-combat-ordinaire-integrale-manu|",
            "item": "{\n  \"Id\": {\"S\": \"https://post-tenebras-lire.net/le-combat-ordinaire-integrale-manu\"},\n  \"title\": {\"S\": \"Le combat ordinaire, Intégrale\"},\n  \"writer\": {\"S\": \"Larcenet, Manu\"},\n\n  \"tags\": {\"S\": \"#BD\"},\n  \"link\": {\"S\": \"https://post-tenebras-lire.net/le-combat-ordinaire-integrale-manu/\"},\n\n  \"imageUrl\": {\"S\": \"https://post-tenebras-lire.net/assets/posts/2015-03-22-le-combat-ordinaire-integrale-manu.jpg\"}\n}\n",
            "range_key": null,
            "table_name": "Feed"
          },
          "private": "bnVsbA==",
          "depends_on": [
            "aws_dynamodb_table.feed-table"
          ]
        }
      ]
    },
    {
      "mode": "managed",
      "type": "aws_dynamodb_table_item",
      "name": "le-convoi-de-l-eau",
      "provider": "provider.aws",
      "instances": [
        {
          "schema_version": 0,
          "attributes": {
            "hash_key": "Id",
            "id": "Feed|Id||https://post-tenebras-lire.net/review-le-convoi-de-l|",
            "item": "{\n  \"Id\": {\"S\": \"https://post-tenebras-lire.net/review-le-convoi-de-l\"},\n  \"title\": {\"S\": \"Le Convoi De L’eau\"},\n  \"writer\": {\"S\": \"Yoshimura, Akira\"},\n\n  \"tags\": {\"S\": \"#Japon\"},\n  \"link\": {\"S\": \"https://post-tenebras-lire.net/review-le-convoi-de-l/\"},\n\n  \"imageUrl\": {\"S\": \"https://post-tenebras-lire.net/assets/posts/2012-08-18-review-le-convoi-de-l.jpg\"}\n}\n",
            "range_key": null,
            "table_name": "Feed"
          },
          "private": "bnVsbA==",
          "depends_on": [
            "aws_dynamodb_table.feed-table"
          ]
        }
      ]
    },
    {
      "mode": "managed",
      "type": "aws_dynamodb_table_item",
      "name": "le-dernier-des-yakuzas",
      "provider": "provider.aws",
      "instances": [
        {
          "schema_version": 0,
          "attributes": {
            "hash_key": "Id",
            "id": "Feed|Id||https://post-tenebras-lire.net/Le_Dernier_des_Yakuzas_Jake_Adelstein|",
            "item": "{\n  \"Id\": {\"S\": \"https://post-tenebras-lire.net/Le_Dernier_des_Yakuzas_Jake_Adelstein\"},\n  \"title\": {\"S\": \"Le Dernier Des Yakuzas\"},\n  \"writer\": {\"S\": \"Adelstein, Jake\"},\n\n  \"tags\": {\"S\": \"#Japon\"},\n  \"link\": {\"S\": \"https://post-tenebras-lire.net/Le_Dernier_des_Yakuzas_Jake_Adelstein/\"},\n\n  \"imageUrl\": {\"S\": \"https://post-tenebras-lire.net/assets/posts/2018-11-23-Le_Dernier_des_Yakuzas_Jake_Adelstein.jpg\"}\n}\n",
            "range_key": null,
            "table_name": "Feed"
          },
          "private": "bnVsbA==",
          "depends_on": [
            "aws_dynamodb_table.feed-table"
          ]
        }
      ]
    },
    {
      "mode": "managed",
      "type": "aws_dynamodb_table_item",
      "name": "le-dernier-invité",
      "provider": "provider.aws",
      "instances": [
        {
          "schema_version": 0,
          "attributes": {
            "hash_key": "Id",
            "id": "Feed|Id||https://post-tenebras-lire.net/le-dernier-invite-de-neil-jomunsi|",
            "item": "{\n  \"Id\": {\"S\": \"https://post-tenebras-lire.net/le-dernier-invite-de-neil-jomunsi\"},\n  \"title\": {\"S\": \"Le dernier invité\"},\n  \"writer\": {\"S\": \"Jomunsi, Neil\"},\n\n  \"tags\": {\"S\": \"#Nouvelle\"},\n  \"link\": {\"S\": \"https://post-tenebras-lire.net/le-dernier-invite-de-neil-jomunsi/\"},\n\n  \"imageUrl\": {\"S\": \"https://post-tenebras-lire.net/assets/posts/2013-09-06-le-dernier-invite-de-neil-jomunsi.jpg\"}\n}\n",
            "range_key": null,
            "table_name": "Feed"
          },
          "private": "bnVsbA==",
          "depends_on": [
            "aws_dynamodb_table.feed-table"
          ]
        }
      ]
    },
    {
      "mode": "managed",
      "type": "aws_dynamodb_table_item",
      "name": "le-diable-chuchotait",
      "provider": "provider.aws",
      "instances": [
        {
          "schema_version": 0,
          "attributes": {
            "hash_key": "Id",
            "id": "Feed|Id||https://post-tenebras-lire.net/polar-japonais-le-diable-chuchotait-de|",
            "item": "{\n  \"Id\": {\"S\": \"https://post-tenebras-lire.net/polar-japonais-le-diable-chuchotait-de\"},\n  \"title\": {\"S\": \"Le diable chuchotait\"},\n  \"writer\": {\"S\": \"Miyabe, Miyuki\"},\n\n  \"tags\": {\"S\": \"#Japon #Polar\"},\n  \"link\": {\"S\": \"https://post-tenebras-lire.net/polar-japonais-le-diable-chuchotait-de/\"},\n\n  \"imageUrl\": {\"S\": \"https://post-tenebras-lire.net/assets/posts/2014-11-19-polar-japonais-le-diable-chuchotait-de.jpg\"}\n}\n",
            "range_key": null,
            "table_name": "Feed"
          },
          "private": "bnVsbA==",
          "depends_on": [
            "aws_dynamodb_table.feed-table"
          ]
        }
      ]
    },
    {
      "mode": "managed",
      "type": "aws_dynamodb_table_item",
      "name": "le-dieu-venu-du-centaure",
      "provider": "provider.aws",
      "instances": [
        {
          "schema_version": 0,
          "attributes": {
            "hash_key": "Id",
            "id": "Feed|Id||https://post-tenebras-lire.net/roman-sf-le-dieu-venu-du-centaure|",
            "item": "{\n  \"Id\": {\"S\": \"https://post-tenebras-lire.net/roman-sf-le-dieu-venu-du-centaure\"},\n  \"title\": {\"S\": \"Le dieu venu du Centaure\"},\n  \"writer\": {\"S\": \"Dick, Philip K.\"},\n\n  \"tags\": {\"S\": \"#Science-Fiction\"},\n  \"link\": {\"S\": \"https://post-tenebras-lire.net/roman-sf-le-dieu-venu-du-centaure/\"},\n\n  \"imageUrl\": {\"S\": \"https://post-tenebras-lire.net/assets/posts/2016-03-05-roman-sf-le-dieu-venu-du-centaure.jpg\"}\n}\n",
            "range_key": null,
            "table_name": "Feed"
          },
          "private": "bnVsbA==",
          "depends_on": [
            "aws_dynamodb_table.feed-table"
          ]
        }
      ]
    },
    {
      "mode": "managed",
      "type": "aws_dynamodb_table_item",
      "name": "le-dévouement-du-suspect-x",
      "provider": "provider.aws",
      "instances": [
        {
          "schema_version": 0,
          "attributes": {
            "hash_key": "Id",
            "id": "Feed|Id||https://post-tenebras-lire.net/un-bon-polar-japonais-le-devouement-du|",
            "item": "{\n  \"Id\": {\"S\": \"https://post-tenebras-lire.net/un-bon-polar-japonais-le-devouement-du\"},\n  \"title\": {\"S\": \"Le Dévouement du suspect X\"},\n  \"writer\": {\"S\": \"Higashino, Keigo\"},\n\n  \"tags\": {\"S\": \"#Japon #Polar\"},\n  \"link\": {\"S\": \"https://post-tenebras-lire.net/un-bon-polar-japonais-le-devouement-du/\"},\n\n  \"imageUrl\": {\"S\": \"https://post-tenebras-lire.net/assets/posts/2014-04-29-un-bon-polar-japonais-le-devouement-du.jpg\"}\n}\n",
            "range_key": null,
            "table_name": "Feed"
          },
          "private": "bnVsbA==",
          "depends_on": [
            "aws_dynamodb_table.feed-table"
          ]
        }
      ]
    },
    {
      "mode": "managed",
      "type": "aws_dynamodb_table_item",
      "name": "le-fils-de-la-maîtresse-de-pétain",
      "provider": "provider.aws",
      "instances": [
        {
          "schema_version": 0,
          "attributes": {
            "hash_key": "Id",
            "id": "Feed|Id||https://post-tenebras-lire.net/le-fils-de-la-maitresse-de-petain-de|",
            "item": "{\n  \"Id\": {\"S\": \"https://post-tenebras-lire.net/le-fils-de-la-maitresse-de-petain-de\"},\n  \"title\": {\"S\": \"Le fils de la maîtresse de Pétain\"},\n  \"writer\": {\"S\": \"Torchet, Hervé\"},\n\n  \"tags\": {\"S\": \"#Histoire\"},\n  \"link\": {\"S\": \"https://post-tenebras-lire.net/le-fils-de-la-maitresse-de-petain-de/\"},\n\n  \"imageUrl\": {\"S\": \"https://post-tenebras-lire.net/assets/posts/2014-10-28-le-fils-de-la-maitresse-de-petain-de.png\"}\n}\n",
            "range_key": null,
            "table_name": "Feed"
          },
          "private": "bnVsbA==",
          "depends_on": [
            "aws_dynamodb_table.feed-table"
          ]
        }
      ]
    },
    {
      "mode": "managed",
      "type": "aws_dynamodb_table_item",
      "name": "le-fils-prodigue",
      "provider": "provider.aws",
      "instances": [
        {
          "schema_version": 0,
          "attributes": {
            "hash_key": "Id",
            "id": "Feed|Id||https://post-tenebras-lire.net/polar-le-fils-prodigue-de-jean-baptiste|",
            "item": "{\n  \"Id\": {\"S\": \"https://post-tenebras-lire.net/polar-le-fils-prodigue-de-jean-baptiste\"},\n  \"title\": {\"S\": \"Le fils prodigue\"},\n  \"writer\": {\"S\": \"Ferrero, Jean-Baptiste\"},\n\n  \"tags\": {\"S\": \"#Polar\"},\n  \"link\": {\"S\": \"https://post-tenebras-lire.net/polar-le-fils-prodigue-de-jean-baptiste/\"},\n\n  \"imageUrl\": {\"S\": \"https://post-tenebras-lire.net/assets/posts/2016-10-14-polar-le-fils-prodigue-de-jean-baptiste.jpg\"}\n}\n",
            "range_key": null,
            "table_name": "Feed"
          },
          "private": "bnVsbA==",
          "depends_on": [
            "aws_dynamodb_table.feed-table"
          ]
        }
      ]
    },
    {
      "mode": "managed",
      "type": "aws_dynamodb_table_item",
      "name": "le-gambit-du-renard",
      "provider": "provider.aws",
      "instances": [
        {
          "schema_version": 0,
          "attributes": {
            "hash_key": "Id",
            "id": "Feed|Id||https://post-tenebras-lire.net/Le-Gambit-du-Renard-Yoon-ha-Lee|",
            "item": "{\n  \"Id\": {\"S\": \"https://post-tenebras-lire.net/Le-Gambit-du-Renard-Yoon-ha-Lee\"},\n  \"title\": {\"S\": \"Le Gambit du Renard\"},\n  \"writer\": {\"S\": \"Lee, Yoon-ha\"},\n\n  \"tags\": {\"S\": \"#Science-Fiction\"},\n  \"link\": {\"S\": \"https://post-tenebras-lire.net/Le-Gambit-du-Renard-Yoon-ha-Lee/\"},\n\n  \"imageUrl\": {\"S\": \"https://post-tenebras-lire.net/assets/posts/2019-02-19-Le-Gambit-du-Renard-Yoon-ha-Lee.jpg\"}\n}\n",
            "range_key": null,
            "table_name": "Feed"
          },
          "private": "bnVsbA==",
          "depends_on": [
            "aws_dynamodb_table.feed-table"
          ]
        }
      ]
    },
    {
      "mode": "managed",
      "type": "aws_dynamodb_table_item",
      "name": "le-gourmet-solitaire",
      "provider": "provider.aws",
      "instances": [
        {
          "schema_version": 0,
          "attributes": {
            "hash_key": "Id",
            "id": "Feed|Id||https://post-tenebras-lire.net/un-manga-succulent-le-gourmet-solitaire|",
            "item": "{\n  \"Id\": {\"S\": \"https://post-tenebras-lire.net/un-manga-succulent-le-gourmet-solitaire\"},\n  \"title\": {\"S\": \"Le gourmet solitaire\"},\n  \"writer\": {\"S\": \"Taniguchi, Jirô\"},\n\n  \"tags\": {\"S\": \"#Manga #Japon\"},\n  \"link\": {\"S\": \"https://post-tenebras-lire.net/un-manga-succulent-le-gourmet-solitaire/\"},\n\n  \"imageUrl\": {\"S\": \"https://post-tenebras-lire.net/assets/posts/2014-05-21-un-manga-succulent-le-gourmet-solitaire.jpg\"}\n}\n",
            "range_key": null,
            "table_name": "Feed"
          },
          "private": "bnVsbA==",
          "depends_on": [
            "aws_dynamodb_table.feed-table"
          ]
        }
      ]
    },
    {
      "mode": "managed",
      "type": "aws_dynamodb_table_item",
      "name": "le-grand-hozirus",
      "provider": "provider.aws",
      "instances": [
        {
          "schema_version": 0,
          "attributes": {
            "hash_key": "Id",
            "id": "Feed|Id||https://post-tenebras-lire.net/le-grand-hozirus-de-neil-jomunsi|",
            "item": "{\n  \"Id\": {\"S\": \"https://post-tenebras-lire.net/le-grand-hozirus-de-neil-jomunsi\"},\n  \"title\": {\"S\": \"Le Grand-Hozirus\"},\n  \"writer\": {\"S\": \"Jomunsi, Neil\"},\n\n  \"tags\": {\"S\": \"#Nouvelle\"},\n  \"link\": {\"S\": \"https://post-tenebras-lire.net/le-grand-hozirus-de-neil-jomunsi/\"},\n\n  \"imageUrl\": {\"S\": \"https://post-tenebras-lire.net/assets/posts/2013-09-20-le-grand-hozirus-de-neil-jomunsi.jpg\"}\n}\n",
            "range_key": null,
            "table_name": "Feed"
          },
          "private": "bnVsbA==",
          "depends_on": [
            "aws_dynamodb_table.feed-table"
          ]
        }
      ]
    },
    {
      "mode": "managed",
      "type": "aws_dynamodb_table_item",
      "name": "le-grand-livre-des-gnomes",
      "provider": "provider.aws",
      "instances": [
        {
          "schema_version": 0,
          "attributes": {
            "hash_key": "Id",
            "id": "Feed|Id||https://post-tenebras-lire.net/le-grand-livre-des-gnomes-terry|",
            "item": "{\n  \"Id\": {\"S\": \"https://post-tenebras-lire.net/le-grand-livre-des-gnomes-terry\"},\n  \"title\": {\"S\": \"Le Grand Livre des gnomes\"},\n  \"writer\": {\"S\": \"Pratchett, Terry\"},\n\n  \"tags\": {\"S\": \"#Fantasy\"},\n  \"link\": {\"S\": \"https://post-tenebras-lire.net/le-grand-livre-des-gnomes-terry/\"},\n\n  \"imageUrl\": {\"S\": \"https://post-tenebras-lire.net/assets/posts/2013-11-26-le-grand-livre-des-gnomes-terry.jpg\"}\n}\n",
            "range_key": null,
            "table_name": "Feed"
          },
          "private": "bnVsbA==",
          "depends_on": [
            "aws_dynamodb_table.feed-table"
          ]
        }
      ]
    },
    {
      "mode": "managed",
      "type": "aws_dynamodb_table_item",
      "name": "le-grand-roman-des-maths",
      "provider": "provider.aws",
      "instances": [
        {
          "schema_version": 0,
          "attributes": {
            "hash_key": "Id",
            "id": "Feed|Id||https://post-tenebras-lire.net/Le_grand_roman_des%20maths_Micka%C3%ABl_Launay|",
            "item": "{\n  \"Id\": {\"S\": \"https://post-tenebras-lire.net/Le_grand_roman_des%20maths_Micka%C3%ABl_Launay\"},\n  \"title\": {\"S\": \"Le Grand Roman des Maths\"},\n  \"writer\": {\"S\": \"Launay, Mickaël\"},\n\n  \"tags\": {\"S\": \"#Science #Vulgarisation\"},\n  \"link\": {\"S\": \"https://post-tenebras-lire.net/Le_grand_roman_des-maths_Micka%C3%ABl_Launay/\"},\n\n  \"imageUrl\": {\"S\": \"https://post-tenebras-lire.net/assets/posts/2018-11-06-Le_grand_roman_des%20maths_Micka%C3%ABl_Launay.jpg\"}\n}\n",
            "range_key": null,
            "table_name": "Feed"
          },
          "private": "bnVsbA==",
          "depends_on": [
            "aws_dynamodb_table.feed-table"
          ]
        }
      ]
    },
    {
      "mode": "managed",
      "type": "aws_dynamodb_table_item",
      "name": "le-japon-moderne-et-l-éthique-samouraï",
      "provider": "provider.aws",
      "instances": [
        {
          "schema_version": 0,
          "attributes": {
            "hash_key": "Id",
            "id": "Feed|Id||https://post-tenebras-lire.net/Le_Japon_moderne_et_l_%C3%A9thique_samoura%C3%AF|",
            "item": "{\n  \"Id\": {\"S\": \"https://post-tenebras-lire.net/Le_Japon_moderne_et_l_%C3%A9thique_samoura%C3%AF\"},\n  \"title\": {\"S\": \"Le Japon moderne et l’éthique samouraï\"},\n  \"writer\": {\"S\": \"Mishima, Yukio\"},\n\n  \"tags\": {\"S\": \"#Japon\"},\n  \"link\": {\"S\": \"https://post-tenebras-lire.net/Le_Japon_moderne_et_l_%C3%A9thique_samoura%C3%AF/\"},\n\n  \"imageUrl\": {\"S\": \"https://post-tenebras-lire.net/assets/posts/2018-09-13-Le_Japon_moderne_et_l_%C3%A9thique_samoura%C3%AF.jpg\"}\n}\n",
            "range_key": null,
            "table_name": "Feed"
          },
          "private": "bnVsbA==",
          "depends_on": [
            "aws_dynamodb_table.feed-table"
          ]
        }
      ]
    },
    {
      "mode": "managed",
      "type": "aws_dynamodb_table_item",
      "name": "le-japon-vu-de-l-intérieur",
      "provider": "provider.aws",
      "instances": [
        {
          "schema_version": 0,
          "attributes": {
            "hash_key": "Id",
            "id": "Feed|Id||https://post-tenebras-lire.net/review-le-japon-vu-de-l|",
            "item": "{\n  \"Id\": {\"S\": \"https://post-tenebras-lire.net/review-le-japon-vu-de-l\"},\n  \"title\": {\"S\": \"Le Japon vu de l’intérieur\"},\n  \"writer\": {\"S\": \"Michaud, David\"},\n\n  \"tags\": {\"S\": \"#Japon #Photographie\"},\n  \"link\": {\"S\": \"https://post-tenebras-lire.net/review-le-japon-vu-de-l/\"},\n\n  \"imageUrl\": {\"S\": \"https://post-tenebras-lire.net/assets/posts/2012-08-28-review-le-japon-vu-de-l.jpg\"}\n}\n",
            "range_key": null,
            "table_name": "Feed"
          },
          "private": "bnVsbA==",
          "depends_on": [
            "aws_dynamodb_table.feed-table"
          ]
        }
      ]
    },
    {
      "mode": "managed",
      "type": "aws_dynamodb_table_item",
      "name": "le-japon-vu-du-train",
      "provider": "provider.aws",
      "instances": [
        {
          "schema_version": 0,
          "attributes": {
            "hash_key": "Id",
            "id": "Feed|Id||https://post-tenebras-lire.net/le-japon-vu-du-train-guide-de-voyage|",
            "item": "{\n  \"Id\": {\"S\": \"https://post-tenebras-lire.net/le-japon-vu-du-train-guide-de-voyage\"},\n  \"title\": {\"S\": \"Le Japon vu du train\"},\n  \"writer\": {\"S\": \"Leblanc, Claude\"},\n\n  \"tags\": {\"S\": \"#Voyage #Japon\"},\n  \"link\": {\"S\": \"https://post-tenebras-lire.net/le-japon-vu-du-train-guide-de-voyage/\"},\n\n  \"imageUrl\": {\"S\": \"https://post-tenebras-lire.net/assets/posts/2013-05-01-le-japon-vu-du-train-guide-de-voyage.jpg\"}\n}\n",
            "range_key": null,
            "table_name": "Feed"
          },
          "private": "bnVsbA==",
          "depends_on": [
            "aws_dynamodb_table.feed-table"
          ]
        }
      ]
    },
    {
      "mode": "managed",
      "type": "aws_dynamodb_table_item",
      "name": "le-jardin-arc-en-ciel",
      "provider": "provider.aws",
      "instances": [
        {
          "schema_version": 0,
          "attributes": {
            "hash_key": "Id",
            "id": "Feed|Id||https://post-tenebras-lire.net/Le_Jardin_Arc_en_ciel_Ito_Ogawa|",
            "item": "{\n  \"Id\": {\"S\": \"https://post-tenebras-lire.net/Le_Jardin_Arc_en_ciel_Ito_Ogawa\"},\n  \"title\": {\"S\": \"Le Jardin Arc-en-ciel\"},\n  \"writer\": {\"S\": \"Ogawa, Ito\"},\n\n  \"tags\": {\"S\": \"#Japon\"},\n  \"link\": {\"S\": \"https://post-tenebras-lire.net/Le_Jardin_Arc_en_ciel_Ito_Ogawa/\"},\n\n  \"imageUrl\": {\"S\": \"https://post-tenebras-lire.net/assets/posts/2018-09-24-Le_Jardin_Arc_en_ciel_Ito_Ogawa.jpg\"}\n}\n",
            "range_key": null,
            "table_name": "Feed"
          },
          "private": "bnVsbA==",
          "depends_on": [
            "aws_dynamodb_table.feed-table"
          ]
        }
      ]
    },
    {
      "mode": "managed",
      "type": "aws_dynamodb_table_item",
      "name": "le-jugement-de-jéhovah",
      "provider": "provider.aws",
      "instances": [
        {
          "schema_version": 0,
          "attributes": {
            "hash_key": "Id",
            "id": "Feed|Id||https://post-tenebras-lire.net/Le-Jugement-de-J%C3%A9hovah-James-Morrow|",
            "item": "{\n  \"Id\": {\"S\": \"https://post-tenebras-lire.net/Le-Jugement-de-J%C3%A9hovah-James-Morrow\"},\n  \"title\": {\"S\": \"Le Jugement de Jéhovah\"},\n  \"writer\": {\"S\": \"Morrow, James\"},\n\n  \"tags\": {\"S\": \"#Religion #Humour\"},\n  \"link\": {\"S\": \"https://post-tenebras-lire.net/Le-Jugement-de-J%C3%A9hovah-James-Morrow/\"},\n\n  \"imageUrl\": {\"S\": \"https://post-tenebras-lire.net/assets/posts/2019-09-06-Le-Jugement-de-J%C3%A9hovah-James-Morrow.jpg\"}\n}\n",
            "range_key": null,
            "table_name": "Feed"
          },
          "private": "bnVsbA==",
          "depends_on": [
            "aws_dynamodb_table.feed-table"
          ]
        }
      ]
    },
    {
      "mode": "managed",
      "type": "aws_dynamodb_table_item",
      "name": "le-lagon-noir",
      "provider": "provider.aws",
      "instances": [
        {
          "schema_version": 0,
          "attributes": {
            "hash_key": "Id",
            "id": "Feed|Id||https://post-tenebras-lire.net/le-lagon-noir-darnaldur-indriason-polar|",
            "item": "{\n  \"Id\": {\"S\": \"https://post-tenebras-lire.net/le-lagon-noir-darnaldur-indriason-polar\"},\n  \"title\": {\"S\": \"Le lagon noir\"},\n  \"writer\": {\"S\": \"Indriðason, Arnaldur\"},\n\n  \"tags\": {\"S\": \"#Islande #Polar\"},\n  \"link\": {\"S\": \"https://post-tenebras-lire.net/le-lagon-noir-darnaldur-indriason-polar/\"},\n\n  \"imageUrl\": {\"S\": \"https://post-tenebras-lire.net/assets/posts/2018-01-17-le-lagon-noir-darnaldur-indriason-polar.jpg\"}\n}\n",
            "range_key": null,
            "table_name": "Feed"
          },
          "private": "bnVsbA==",
          "depends_on": [
            "aws_dynamodb_table.feed-table"
          ]
        }
      ]
    },
    {
      "mode": "managed",
      "type": "aws_dynamodb_table_item",
      "name": "le-livre-du-thé",
      "provider": "provider.aws",
      "instances": [
        {
          "schema_version": 0,
          "attributes": {
            "hash_key": "Id",
            "id": "Feed|Id||https://post-tenebras-lire.net/le-livre-du-de-kakuzo-okakura-avis-et|",
            "item": "{\n  \"Id\": {\"S\": \"https://post-tenebras-lire.net/le-livre-du-de-kakuzo-okakura-avis-et\"},\n  \"title\": {\"S\": \"Le Livre du thé\"},\n  \"writer\": {\"S\": \"Okakura, Kakuzô\"},\n\n  \"tags\": {\"S\": \"#Japon\"},\n  \"link\": {\"S\": \"https://post-tenebras-lire.net/le-livre-du-de-kakuzo-okakura-avis-et/\"},\n\n  \"imageUrl\": {\"S\": \"https://post-tenebras-lire.net/assets/posts/2013-03-10-le-livre-du-de-kakuzo-okakura-avis-et.jpg\"}\n}\n",
            "range_key": null,
            "table_name": "Feed"
          },
          "private": "bnVsbA==",
          "depends_on": [
            "aws_dynamodb_table.feed-table"
          ]
        }
      ]
    },
    {
      "mode": "managed",
      "type": "aws_dynamodb_table_item",
      "name": "le-livre-jaune",
      "provider": "provider.aws",
      "instances": [
        {
          "schema_version": 0,
          "attributes": {
            "hash_key": "Id",
            "id": "Feed|Id||https://post-tenebras-lire.net/Le-livre-jaune-Michael-Roch|",
            "item": "{\n  \"Id\": {\"S\": \"https://post-tenebras-lire.net/Le-livre-jaune-Michael-Roch\"},\n  \"title\": {\"S\": \"Le livre jaune\"},\n  \"writer\": {\"S\": \"Roch, Michael\"},\n\n  \"tags\": {\"S\": \"#Onirique\"},\n  \"link\": {\"S\": \"https://post-tenebras-lire.net/Le-livre-jaune-Michael-Roch/\"},\n\n  \"imageUrl\": {\"S\": \"https://post-tenebras-lire.net/assets/posts/2019-08-26-Le-livre-jaune-Michael-Roch.jpg\"}\n}\n",
            "range_key": null,
            "table_name": "Feed"
          },
          "private": "bnVsbA==",
          "depends_on": [
            "aws_dynamodb_table.feed-table"
          ]
        }
      ]
    },
    {
      "mode": "managed",
      "type": "aws_dynamodb_table_item",
      "name": "le-massacre-de-nankin-1937-le-crime-contre-l-humanité-de-l-armée-japonaise",
      "provider": "provider.aws",
      "instances": [
        {
          "schema_version": 0,
          "attributes": {
            "hash_key": "Id",
            "id": "Feed|Id||https://post-tenebras-lire.net/le-massacre-de-nankin-1937-le-crime|",
            "item": "{\n  \"Id\": {\"S\": \"https://post-tenebras-lire.net/le-massacre-de-nankin-1937-le-crime\"},\n  \"title\": {\"S\": \"Le massacre de Nankin : 1937, le crime contre l’humanité de l’armée japonaise\"},\n  \"writer\": {\"S\": \"Prazan, Michaël\"},\n\n  \"tags\": {\"S\": \"#Japon #Chine #Histoire\"},\n  \"link\": {\"S\": \"https://post-tenebras-lire.net/le-massacre-de-nankin-1937-le-crime/\"},\n\n  \"imageUrl\": {\"S\": \"https://post-tenebras-lire.net/assets/posts/2014-06-13-le-massacre-de-nankin-1937-le-crime.jpg\"}\n}\n",
            "range_key": null,
            "table_name": "Feed"
          },
          "private": "bnVsbA==",
          "depends_on": [
            "aws_dynamodb_table.feed-table"
          ]
        }
      ]
    },
    {
      "mode": "managed",
      "type": "aws_dynamodb_table_item",
      "name": "le-maître-du-haut-château",
      "provider": "provider.aws",
      "instances": [
        {
          "schema_version": 0,
          "attributes": {
            "hash_key": "Id",
            "id": "Feed|Id||https://post-tenebras-lire.net/uchronie-le-maitre-du-haut-chateau-de|",
            "item": "{\n  \"Id\": {\"S\": \"https://post-tenebras-lire.net/uchronie-le-maitre-du-haut-chateau-de\"},\n  \"title\": {\"S\": \"Le maître du haut château\"},\n  \"writer\": {\"S\": \"Dick, Philip K.\"},\n\n  \"tags\": {\"S\": \"#Science-Fiction #Uchronie\"},\n  \"link\": {\"S\": \"https://post-tenebras-lire.net/uchronie-le-maitre-du-haut-chateau-de/\"},\n\n  \"imageUrl\": {\"S\": \"https://post-tenebras-lire.net/assets/posts/2016-02-09-uchronie-le-maitre-du-haut-chateau-de.jpg\"}\n}\n",
            "range_key": null,
            "table_name": "Feed"
          },
          "private": "bnVsbA==",
          "depends_on": [
            "aws_dynamodb_table.feed-table"
          ]
        }
      ]
    },
    {
      "mode": "managed",
      "type": "aws_dynamodb_table_item",
      "name": "le-noir-qui-infiltra-le-ku-klux-klan",
      "provider": "provider.aws",
      "instances": [
        {
          "schema_version": 0,
          "attributes": {
            "hash_key": "Id",
            "id": "Feed|Id||https://post-tenebras-lire.net/Le_noir_qui_infiltra_le_Ku_Klux_Klan_%20Ron_Stallworth|",
            "item": "{\n  \"Id\": {\"S\": \"https://post-tenebras-lire.net/Le_noir_qui_infiltra_le_Ku_Klux_Klan_%20Ron_Stallworth\"},\n  \"title\": {\"S\": \"Le noir qui infiltra le Ku Klux Klan\"},\n  \"writer\": {\"S\": \"Stallworth, Ron\"},\n\n  \"tags\": {\"S\": \"#Témoignage\"},\n  \"link\": {\"S\": \"https://post-tenebras-lire.net/Le_noir_qui_infiltra_le_Ku_Klux_Klan_-Ron_Stallworth/\"},\n\n  \"imageUrl\": {\"S\": \"https://post-tenebras-lire.net/assets/posts/2018-09-28-Le_noir_qui_infiltra_le_Ku_Klux_Klan_%20Ron_Stallworth.jpg\"}\n}\n",
            "range_key": null,
            "table_name": "Feed"
          },
          "private": "bnVsbA==",
          "depends_on": [
            "aws_dynamodb_table.feed-table"
          ]
        }
      ]
    },
    {
      "mode": "managed",
      "type": "aws_dynamodb_table_item",
      "name": "le-petit-déjeuner-des-champions",
      "provider": "provider.aws",
      "instances": [
        {
          "schema_version": 0,
          "attributes": {
            "hash_key": "Id",
            "id": "Feed|Id||https://post-tenebras-lire.net/Le-petit-d%C3%A9jeuner-des-champions-Kurt-Vonnegut-Jr|",
            "item": "{\n  \"Id\": {\"S\": \"https://post-tenebras-lire.net/Le-petit-d%C3%A9jeuner-des-champions-Kurt-Vonnegut-Jr\"},\n  \"title\": {\"S\": \"Le petit déjeuner des champions\"},\n  \"writer\": {\"S\": \"Vonnegut, Kurt Jr\"},\n\n  \"tags\": {\"S\": \"#Science-Fiction\"},\n  \"link\": {\"S\": \"https://post-tenebras-lire.net/Le-petit-d%C3%A9jeuner-des-champions-Kurt-Vonnegut-Jr/\"},\n\n  \"imageUrl\": {\"S\": \"https://post-tenebras-lire.net/assets/posts/2019-03-15-Le-petit-d%C3%A9jeuner-des-champions-Kurt-Vonnegut-Jr.jpg\"}\n}\n",
            "range_key": null,
            "table_name": "Feed"
          },
          "private": "bnVsbA==",
          "depends_on": [
            "aws_dynamodb_table.feed-table"
          ]
        }
      ]
    },
    {
      "mode": "managed",
      "type": "aws_dynamodb_table_item",
      "name": "le-petit-fiera-illustré-dictionnaire-politiquement-incorrect-du-management-et-de-l-entreprise",
      "provider": "provider.aws",
      "instances": [
        {
          "schema_version": 0,
          "attributes": {
            "hash_key": "Id",
            "id": "Feed|Id||https://post-tenebras-lire.net/Le_petit_Fiera_illustr%C3%A9|",
            "item": "{\n  \"Id\": {\"S\": \"https://post-tenebras-lire.net/Le_petit_Fiera_illustr%C3%A9\"},\n  \"title\": {\"S\": \"Le petit Fiera illustré: Dictionnaire politiquement incorrect du management et de l’entreprise\"},\n  \"writer\": {\"S\": \"Ferrero, Jean-Baptiste\"},\n\n  \"tags\": {\"S\": \"#Dictionnaire #Entreprise\"},\n  \"link\": {\"S\": \"https://post-tenebras-lire.net/Le_petit_Fiera_illustr%C3%A9/\"},\n\n  \"imageUrl\": {\"S\": \"https://post-tenebras-lire.net/assets/posts/2019-05-08-Le_petit_Fiera_illustr%C3%A9.jpg\"}\n}\n",
            "range_key": null,
            "table_name": "Feed"
          },
          "private": "bnVsbA==",
          "depends_on": [
            "aws_dynamodb_table.feed-table"
          ]
        }
      ]
    },
    {
      "mode": "managed",
      "type": "aws_dynamodb_table_item",
      "name": "le-problème-à-trois-corps",
      "provider": "provider.aws",
      "instances": [
        {
          "schema_version": 0,
          "attributes": {
            "hash_key": "Id",
            "id": "Feed|Id||https://post-tenebras-lire.net/Le_probl%C3%A8me_%C3%A0_trois_corps%20_Cixin_Liu|",
            "item": "{\n  \"Id\": {\"S\": \"https://post-tenebras-lire.net/Le_probl%C3%A8me_%C3%A0_trois_corps%20_Cixin_Liu\"},\n  \"title\": {\"S\": \"Le problème à trois corps\"},\n  \"writer\": {\"S\": \"Liu, Cixin\"},\n\n  \"tags\": {\"S\": \"#Science-Fiction\"},\n  \"link\": {\"S\": \"https://post-tenebras-lire.net/Le_probl%C3%A8me_%C3%A0_trois_corps-_Cixin_Liu/\"},\n\n  \"imageUrl\": {\"S\": \"https://post-tenebras-lire.net/assets/posts/2019-06-03-Le_probl%C3%A8me_%C3%A0_trois_corps%20_Cixin_Liu.jpg\"}\n}\n",
            "range_key": null,
            "table_name": "Feed"
          },
          "private": "bnVsbA==",
          "depends_on": [
            "aws_dynamodb_table.feed-table"
          ]
        }
      ]
    },
    {
      "mode": "managed",
      "type": "aws_dynamodb_table_item",
      "name": "le-restaurant-de-l-amour-retrouvé",
      "provider": "provider.aws",
      "instances": [
        {
          "schema_version": 0,
          "attributes": {
            "hash_key": "Id",
            "id": "Feed|Id||https://post-tenebras-lire.net/le-restaurant-de-lamour-retrouve-dito_74|",
            "item": "{\n  \"Id\": {\"S\": \"https://post-tenebras-lire.net/le-restaurant-de-lamour-retrouve-dito_74\"},\n  \"title\": {\"S\": \"Le restaurant de l’amour retrouvé\"},\n  \"writer\": {\"S\": \"Ogawa, Ito\"},\n\n  \"tags\": {\"S\": \"#Japon\"},\n  \"link\": {\"S\": \"https://post-tenebras-lire.net/le-restaurant-de-lamour-retrouve-dito_74/\"},\n\n  \"imageUrl\": {\"S\": \"https://post-tenebras-lire.net/assets/posts/2015-02-19-le-restaurant-de-lamour-retrouve-dito_74.jpg\"}\n}\n",
            "range_key": null,
            "table_name": "Feed"
          },
          "private": "bnVsbA==",
          "depends_on": [
            "aws_dynamodb_table.feed-table"
          ]
        }
      ]
    },
    {
      "mode": "managed",
      "type": "aws_dynamodb_table_item",
      "name": "le-roi-des-aulnes",
      "provider": "provider.aws",
      "instances": [
        {
          "schema_version": 0,
          "attributes": {
            "hash_key": "Id",
            "id": "Feed|Id||https://post-tenebras-lire.net/roman-le-roi-des-aulnes-de-michel|",
            "item": "{\n  \"Id\": {\"S\": \"https://post-tenebras-lire.net/roman-le-roi-des-aulnes-de-michel\"},\n  \"title\": {\"S\": \"Le Roi des Aulnes\"},\n  \"writer\": {\"S\": \"Tournier, Michel\"},\n\n  \"tags\": {\"S\": \"#Littérature\"},\n  \"link\": {\"S\": \"https://post-tenebras-lire.net/roman-le-roi-des-aulnes-de-michel/\"},\n\n  \"imageUrl\": {\"S\": \"https://post-tenebras-lire.net/assets/posts/2014-06-19-roman-le-roi-des-aulnes-de-michel.jpg\"}\n}\n",
            "range_key": null,
            "table_name": "Feed"
          },
          "private": "bnVsbA==",
          "depends_on": [
            "aws_dynamodb_table.feed-table"
          ]
        }
      ]
    },
    {
      "mode": "managed",
      "type": "aws_dynamodb_table_item",
      "name": "le-samourai-virtuel-snow-crash",
      "provider": "provider.aws",
      "instances": [
        {
          "schema_version": 0,
          "attributes": {
            "hash_key": "Id",
            "id": "Feed|Id||https://post-tenebras-lire.net/le-samourai-virtuel-snow-crash-neal|",
            "item": "{\n  \"Id\": {\"S\": \"https://post-tenebras-lire.net/le-samourai-virtuel-snow-crash-neal\"},\n  \"title\": {\"S\": \"Le Samourai Virtuel (Snow Crash)\"},\n  \"writer\": {\"S\": \"Stephenson, Neal\"},\n\n  \"tags\": {\"S\": \"#Science-Fiction\"},\n  \"link\": {\"S\": \"https://post-tenebras-lire.net/le-samourai-virtuel-snow-crash-neal/\"},\n\n  \"imageUrl\": {\"S\": \"https://post-tenebras-lire.net/assets/posts/2013-11-12-le-samourai-virtuel-snow-crash-neal.jpg\"}\n}\n",
            "range_key": null,
            "table_name": "Feed"
          },
          "private": "bnVsbA==",
          "depends_on": [
            "aws_dynamodb_table.feed-table"
          ]
        }
      ]
    },
    {
      "mode": "managed",
      "type": "aws_dynamodb_table_item",
      "name": "le-silence-du-bourreau",
      "provider": "provider.aws",
      "instances": [
        {
          "schema_version": 0,
          "attributes": {
            "hash_key": "Id",
            "id": "Feed|Id||https://post-tenebras-lire.net/le-silence-du-bourreau-francois-bizot|",
            "item": "{\n  \"Id\": {\"S\": \"https://post-tenebras-lire.net/le-silence-du-bourreau-francois-bizot\"},\n  \"title\": {\"S\": \"Le silence du bourreau\"},\n  \"writer\": {\"S\": \"Bizot, François\"},\n\n  \"tags\": {\"S\": \"#Torture #Dictature #Procès\"},\n  \"link\": {\"S\": \"https://post-tenebras-lire.net/le-silence-du-bourreau-francois-bizot/\"},\n\n  \"imageUrl\": {\"S\": \"https://post-tenebras-lire.net/assets/posts/2013-02-27-le-silence-du-bourreau-francois-bizot.jpg\"}\n}\n",
            "range_key": null,
            "table_name": "Feed"
          },
          "private": "bnVsbA==",
          "depends_on": [
            "aws_dynamodb_table.feed-table"
          ]
        }
      ]
    },
    {
      "mode": "managed",
      "type": "aws_dynamodb_table_item",
      "name": "le-tumulte-des-flots",
      "provider": "provider.aws",
      "instances": [
        {
          "schema_version": 0,
          "attributes": {
            "hash_key": "Id",
            "id": "Feed|Id||https://post-tenebras-lire.net/le-tumulte-des-flots-de-yukio-mishima|",
            "item": "{\n  \"Id\": {\"S\": \"https://post-tenebras-lire.net/le-tumulte-des-flots-de-yukio-mishima\"},\n  \"title\": {\"S\": \"Le tumulte des flots\"},\n  \"writer\": {\"S\": \"Mishima, Yukio\"},\n\n  \"tags\": {\"S\": \"#Japon\"},\n  \"link\": {\"S\": \"https://post-tenebras-lire.net/le-tumulte-des-flots-de-yukio-mishima/\"},\n\n  \"imageUrl\": {\"S\": \"https://post-tenebras-lire.net/assets/posts/2015-01-09-le-tumulte-des-flots-de-yukio-mishima.jpg\"}\n}\n",
            "range_key": null,
            "table_name": "Feed"
          },
          "private": "bnVsbA==",
          "depends_on": [
            "aws_dynamodb_table.feed-table"
          ]
        }
      ]
    },
    {
      "mode": "managed",
      "type": "aws_dynamodb_table_item",
      "name": "le-vase-de-sable",
      "provider": "provider.aws",
      "instances": [
        {
          "schema_version": 0,
          "attributes": {
            "hash_key": "Id",
            "id": "Feed|Id||https://post-tenebras-lire.net/roman-japonais-le-vase-de-sable-seicho|",
            "item": "{\n  \"Id\": {\"S\": \"https://post-tenebras-lire.net/roman-japonais-le-vase-de-sable-seicho\"},\n  \"title\": {\"S\": \"Le vase de sable\"},\n  \"writer\": {\"S\": \"Matsumoto, Seicho\"},\n\n  \"tags\": {\"S\": \"#Japon #Polar\"},\n  \"link\": {\"S\": \"https://post-tenebras-lire.net/roman-japonais-le-vase-de-sable-seicho/\"},\n\n  \"imageUrl\": {\"S\": \"https://post-tenebras-lire.net/assets/posts/2013-04-26-roman-japonais-le-vase-de-sable-seicho.jpg\"}\n}\n",
            "range_key": null,
            "table_name": "Feed"
          },
          "private": "bnVsbA==",
          "depends_on": [
            "aws_dynamodb_table.feed-table"
          ]
        }
      ]
    },
    {
      "mode": "managed",
      "type": "aws_dynamodb_table_item",
      "name": "le-vieil-homme-et-la-mer",
      "provider": "provider.aws",
      "instances": [
        {
          "schema_version": 0,
          "attributes": {
            "hash_key": "Id",
            "id": "Feed|Id||https://post-tenebras-lire.net/le-vieil-homme-et-la-mer-hemingway|",
            "item": "{\n  \"Id\": {\"S\": \"https://post-tenebras-lire.net/le-vieil-homme-et-la-mer-hemingway\"},\n  \"title\": {\"S\": \"Le vieil homme et la mer\"},\n  \"writer\": {\"S\": \"Hemingway, Ernest\"},\n\n  \"tags\": {\"S\": \"#Littérature\"},\n  \"link\": {\"S\": \"https://post-tenebras-lire.net/le-vieil-homme-et-la-mer-hemingway/\"},\n\n  \"imageUrl\": {\"S\": \"https://post-tenebras-lire.net/assets/posts/2013-12-10-le-vieil-homme-et-la-mer-hemingway.png\"}\n}\n",
            "range_key": null,
            "table_name": "Feed"
          },
          "private": "bnVsbA==",
          "depends_on": [
            "aws_dynamodb_table.feed-table"
          ]
        }
      ]
    },
    {
      "mode": "managed",
      "type": "aws_dynamodb_table_item",
      "name": "le-vieux-qui-ne-voulait-pas-fêter-son-anniversaire",
      "provider": "provider.aws",
      "instances": [
        {
          "schema_version": 0,
          "attributes": {
            "hash_key": "Id",
            "id": "Feed|Id||https://post-tenebras-lire.net/roman-le-vieux-qui-ne-voulait-pas-feter|",
            "item": "{\n  \"Id\": {\"S\": \"https://post-tenebras-lire.net/roman-le-vieux-qui-ne-voulait-pas-feter\"},\n  \"title\": {\"S\": \"Le vieux qui ne voulait pas fêter son anniversaire\"},\n  \"writer\": {\"S\": \"Jonasson, Jonas\"},\n\n  \"tags\": {\"S\": \"#Humour\"},\n  \"link\": {\"S\": \"https://post-tenebras-lire.net/roman-le-vieux-qui-ne-voulait-pas-feter/\"},\n\n  \"imageUrl\": {\"S\": \"https://post-tenebras-lire.net/assets/posts/2012-12-21-roman-le-vieux-qui-ne-voulait-pas-feter.jpg\"}\n}\n",
            "range_key": null,
            "table_name": "Feed"
          },
          "private": "bnVsbA==",
          "depends_on": [
            "aws_dynamodb_table.feed-table"
          ]
        }
      ]
    },
    {
      "mode": "managed",
      "type": "aws_dynamodb_table_item",
      "name": "les-affinités",
      "provider": "provider.aws",
      "instances": [
        {
          "schema_version": 0,
          "attributes": {
            "hash_key": "Id",
            "id": "Feed|Id||https://post-tenebras-lire.net/Les-Affinit%C3%A9s-Wilson,-Robert-Charles|",
            "item": "{\n  \"Id\": {\"S\": \"https://post-tenebras-lire.net/Les-Affinit%C3%A9s-Wilson,-Robert-Charles\"},\n  \"title\": {\"S\": \"Les Affinités\"},\n  \"writer\": {\"S\": \"Wilson, Robert-Charles\"},\n\n  \"tags\": {\"S\": \"#Science-Fiction\"},\n  \"link\": {\"S\": \"https://post-tenebras-lire.net/Les-Affinit%C3%A9s-Wilson,-Robert-Charles/\"},\n\n  \"imageUrl\": {\"S\": \"https://post-tenebras-lire.net/assets/posts/2017-08-21-lecture-roman-science-fiction-les.jpg\"}\n}\n",
            "range_key": null,
            "table_name": "Feed"
          },
          "private": "bnVsbA==",
          "depends_on": [
            "aws_dynamodb_table.feed-table"
          ]
        }
      ]
    },
    {
      "mode": "managed",
      "type": "aws_dynamodb_table_item",
      "name": "les-annales-du-disque-monde-tome-10-les-zinzins-d-olive-oued",
      "provider": "provider.aws",
      "instances": [
        {
          "schema_version": 0,
          "attributes": {
            "hash_key": "Id",
            "id": "Feed|Id||https://post-tenebras-lire.net/court-avis-sur-les-zinzins-dolive-oueud|",
            "item": "{\n  \"Id\": {\"S\": \"https://post-tenebras-lire.net/court-avis-sur-les-zinzins-dolive-oueud\"},\n  \"title\": {\"S\": \"Les Annales du Disque-Monde, Tome 10 : Les Zinzins d’Olive-Oued\"},\n  \"writer\": {\"S\": \"Pratchett, Terry\"},\n\n  \"tags\": {\"S\": \"#Fantasy #Humour #Série\"},\n  \"link\": {\"S\": \"https://post-tenebras-lire.net/court-avis-sur-les-zinzins-dolive-oueud/\"},\n\n  \"imageUrl\": {\"S\": \"https://post-tenebras-lire.net/assets/posts/2013-08-01-court-avis-sur-les-zinzins-dolive-oueud.jpg\"}\n}\n",
            "range_key": null,
            "table_name": "Feed"
          },
          "private": "bnVsbA==",
          "depends_on": [
            "aws_dynamodb_table.feed-table"
          ]
        }
      ]
    },
    {
      "mode": "managed",
      "type": "aws_dynamodb_table_item",
      "name": "les-annales-du-disque-monde-tome-12-mécomptes-de-fées",
      "provider": "provider.aws",
      "instances": [
        {
          "schema_version": 0,
          "attributes": {
            "hash_key": "Id",
            "id": "Feed|Id||https://post-tenebras-lire.net/les-annales-du-disque-monde-tome-12|",
            "item": "{\n  \"Id\": {\"S\": \"https://post-tenebras-lire.net/les-annales-du-disque-monde-tome-12\"},\n  \"title\": {\"S\": \"Les Annales du Disque-Monde, Tome 12 : Mécomptes de fées\"},\n  \"writer\": {\"S\": \"Pratchett, Terry\"},\n\n  \"tags\": {\"S\": \"#Fantasy #Humour\"},\n  \"link\": {\"S\": \"https://post-tenebras-lire.net/les-annales-du-disque-monde-tome-12/\"},\n\n  \"imageUrl\": {\"S\": \"https://post-tenebras-lire.net/assets/posts/2014-09-25-les-annales-du-disque-monde-tome-12.jpg\"}\n}\n",
            "range_key": null,
            "table_name": "Feed"
          },
          "private": "bnVsbA==",
          "depends_on": [
            "aws_dynamodb_table.feed-table"
          ]
        }
      ]
    },
    {
      "mode": "managed",
      "type": "aws_dynamodb_table_item",
      "name": "les-annales-du-disque-monde-tome-13-les-petits-dieux",
      "provider": "provider.aws",
      "instances": [
        {
          "schema_version": 0,
          "attributes": {
            "hash_key": "Id",
            "id": "Feed|Id||https://post-tenebras-lire.net/les-annales-du-disque-monde-tome-13-les|",
            "item": "{\n  \"Id\": {\"S\": \"https://post-tenebras-lire.net/les-annales-du-disque-monde-tome-13-les\"},\n  \"title\": {\"S\": \"Les Annales du Disque-Monde, Tome 13 : Les Petits dieux\"},\n  \"writer\": {\"S\": \"Pratchett, Terry\"},\n\n  \"tags\": {\"S\": \"#Fantasy #Humour\"},\n  \"link\": {\"S\": \"https://post-tenebras-lire.net/les-annales-du-disque-monde-tome-13-les/\"},\n\n  \"imageUrl\": {\"S\": \"https://post-tenebras-lire.net/assets/posts/2015-01-05-les-annales-du-disque-monde-tome-13-les.jpg\"}\n}\n",
            "range_key": null,
            "table_name": "Feed"
          },
          "private": "bnVsbA==",
          "depends_on": [
            "aws_dynamodb_table.feed-table"
          ]
        }
      ]
    },
    {
      "mode": "managed",
      "type": "aws_dynamodb_table_item",
      "name": "les-annales-du-disque-monde-tome-15-le-guet-des-orfèvres",
      "provider": "provider.aws",
      "instances": [
        {
          "schema_version": 0,
          "attributes": {
            "hash_key": "Id",
            "id": "Feed|Id||https://post-tenebras-lire.net/les-annales-du-disque-monde-tome-15-le|",
            "item": "{\n  \"Id\": {\"S\": \"https://post-tenebras-lire.net/les-annales-du-disque-monde-tome-15-le\"},\n  \"title\": {\"S\": \"Les Annales du Disque-Monde, Tome 15 : Le Guet des orfèvres\"},\n  \"writer\": {\"S\": \"Pratchett, Terry\"},\n\n  \"tags\": {\"S\": \"#Fantasy #Humour\"},\n  \"link\": {\"S\": \"https://post-tenebras-lire.net/les-annales-du-disque-monde-tome-15-le/\"},\n\n  \"imageUrl\": {\"S\": \"https://post-tenebras-lire.net/assets/posts/2015-09-30-les-annales-du-disque-monde-tome-15-le.jpg\"}\n}\n",
            "range_key": null,
            "table_name": "Feed"
          },
          "private": "bnVsbA==",
          "depends_on": [
            "aws_dynamodb_table.feed-table"
          ]
        }
      ]
    },
    {
      "mode": "managed",
      "type": "aws_dynamodb_table_item",
      "name": "les-annales-du-disque-monde-tome-16-accros-du-roc",
      "provider": "provider.aws",
      "instances": [
        {
          "schema_version": 0,
          "attributes": {
            "hash_key": "Id",
            "id": "Feed|Id||https://post-tenebras-lire.net/les-annales-du-disque-monde-tome-16|",
            "item": "{\n  \"Id\": {\"S\": \"https://post-tenebras-lire.net/les-annales-du-disque-monde-tome-16\"},\n  \"title\": {\"S\": \"Les Annales du Disque-Monde, Tome 16 : Accros du roc\"},\n  \"writer\": {\"S\": \"Pratchett, Terry\"},\n\n  \"tags\": {\"S\": \"#Fantasy #Humour #Musique\"},\n  \"link\": {\"S\": \"https://post-tenebras-lire.net/les-annales-du-disque-monde-tome-16/\"},\n\n  \"imageUrl\": {\"S\": \"https://post-tenebras-lire.net/assets/posts/2015-11-28-les-annales-du-disque-monde-tome-16.jpg\"}\n}\n",
            "range_key": null,
            "table_name": "Feed"
          },
          "private": "bnVsbA==",
          "depends_on": [
            "aws_dynamodb_table.feed-table"
          ]
        }
      ]
    },
    {
      "mode": "managed",
      "type": "aws_dynamodb_table_item",
      "name": "les-annales-du-disque-monde-tome-17-les-tribulations-d-un-mage-en-aurient",
      "provider": "provider.aws",
      "instances": [
        {
          "schema_version": 0,
          "attributes": {
            "hash_key": "Id",
            "id": "Feed|Id||https://post-tenebras-lire.net/fantasy-humoristique-les-annales-du|",
            "item": "{\n  \"Id\": {\"S\": \"https://post-tenebras-lire.net/fantasy-humoristique-les-annales-du\"},\n  \"title\": {\"S\": \"Les Annales du Disque-Monde, Tome 17 : Les Tribulations d’un mage en Aurient\"},\n  \"writer\": {\"S\": \"Pratchett, Terry\"},\n\n  \"tags\": {\"S\": \"#Fantasy #Humour\"},\n  \"link\": {\"S\": \"https://post-tenebras-lire.net/fantasy-humoristique-les-annales-du/\"},\n\n  \"imageUrl\": {\"S\": \"https://post-tenebras-lire.net/assets/posts/2016-03-15-fantasy-humoristique-les-annales-du.jpg\"}\n}\n",
            "range_key": null,
            "table_name": "Feed"
          },
          "private": "bnVsbA==",
          "depends_on": [
            "aws_dynamodb_table.feed-table"
          ]
        }
      ]
    },
    {
      "mode": "managed",
      "type": "aws_dynamodb_table_item",
      "name": "les-annales-du-disque-monde-tome-20-le-père-porcher",
      "provider": "provider.aws",
      "instances": [
        {
          "schema_version": 0,
          "attributes": {
            "hash_key": "Id",
            "id": "Feed|Id||https://post-tenebras-lire.net/Annales-Disque-Monde-Tome-20%20-Le-P%C3%A8re-Porcher|",
            "item": "{\n  \"Id\": {\"S\": \"https://post-tenebras-lire.net/Annales-Disque-Monde-Tome-20%20-Le-P%C3%A8re-Porcher\"},\n  \"title\": {\"S\": \"Les Annales du Disque-Monde, Tome 20 : Le Père Porcher\"},\n  \"writer\": {\"S\": \"Pratchett, Terry\"},\n\n  \"tags\": {\"S\": \"#Fantasy #Humour\"},\n  \"link\": {\"S\": \"https://post-tenebras-lire.net/Annales-Disque-Monde-Tome-20-Le-P%C3%A8re-Porcher/\"},\n\n  \"imageUrl\": {\"S\": \"https://post-tenebras-lire.net/assets/posts/2017-02-26-lecture-fantasy-et-humour-les-annales.jpg\"}\n}\n",
            "range_key": null,
            "table_name": "Feed"
          },
          "private": "bnVsbA==",
          "depends_on": [
            "aws_dynamodb_table.feed-table"
          ]
        }
      ]
    },
    {
      "mode": "managed",
      "type": "aws_dynamodb_table_item",
      "name": "les-annales-du-disque-monde-tome-22-le-dernier-continent",
      "provider": "provider.aws",
      "instances": [
        {
          "schema_version": 0,
          "attributes": {
            "hash_key": "Id",
            "id": "Feed|Id||https://post-tenebras-lire.net/lecture-les-annales-du-disque-monde|",
            "item": "{\n  \"Id\": {\"S\": \"https://post-tenebras-lire.net/lecture-les-annales-du-disque-monde\"},\n  \"title\": {\"S\": \"Les Annales du Disque-Monde, Tome 22 : Le Dernier continent\"},\n  \"writer\": {\"S\": \"Pratchett, Terry\"},\n\n  \"tags\": {\"S\": \"#Fantasy #Humour\"},\n  \"link\": {\"S\": \"https://post-tenebras-lire.net/lecture-les-annales-du-disque-monde/\"},\n\n  \"imageUrl\": {\"S\": \"https://post-tenebras-lire.net/assets/posts/2017-02-28-lecture-les-annales-du-disque-monde.jpg\"}\n}\n",
            "range_key": null,
            "table_name": "Feed"
          },
          "private": "bnVsbA==",
          "depends_on": [
            "aws_dynamodb_table.feed-table"
          ]
        }
      ]
    },
    {
      "mode": "managed",
      "type": "aws_dynamodb_table_item",
      "name": "les-annales-du-disque-monde-tome-22-va-t-en-guerre",
      "provider": "provider.aws",
      "instances": [
        {
          "schema_version": 0,
          "attributes": {
            "hash_key": "Id",
            "id": "Feed|Id||https://post-tenebras-lire.net/fantasy-va-t-en-guerre-terry-pratchett|",
            "item": "{\n  \"Id\": {\"S\": \"https://post-tenebras-lire.net/fantasy-va-t-en-guerre-terry-pratchett\"},\n  \"title\": {\"S\": \"Les Annales du Disque-Monde, Tome 22 : Va-t-en guerre\"},\n  \"writer\": {\"S\": \"Pratchett, Terry\"},\n\n  \"tags\": {\"S\": \"#Fantasy #Humour\"},\n  \"link\": {\"S\": \"https://post-tenebras-lire.net/fantasy-va-t-en-guerre-terry-pratchett/\"},\n\n  \"imageUrl\": {\"S\": \"https://post-tenebras-lire.net/assets/posts//assets/posts/2016-11-23-fantasy-va-t-en-guerre-terry-pratchett.png\"}\n}\n",
            "range_key": null,
            "table_name": "Feed"
          },
          "private": "bnVsbA==",
          "depends_on": [
            "aws_dynamodb_table.feed-table"
          ]
        }
      ]
    },
    {
      "mode": "managed",
      "type": "aws_dynamodb_table_item",
      "name": "les-annales-du-disque-monde-tome-24-carpe-jugulum",
      "provider": "provider.aws",
      "instances": [
        {
          "schema_version": 0,
          "attributes": {
            "hash_key": "Id",
            "id": "Feed|Id||https://post-tenebras-lire.net/lecture-fantasy-et-humour-les-annales|",
            "item": "{\n  \"Id\": {\"S\": \"https://post-tenebras-lire.net/lecture-fantasy-et-humour-les-annales\"},\n  \"title\": {\"S\": \"Les Annales du Disque-Monde, Tome 24 : Carpe jugulum\"},\n  \"writer\": {\"S\": \"Pratchett, Terry\"},\n\n  \"tags\": {\"S\": \"#Fantasy #Humour\"},\n  \"link\": {\"S\": \"https://post-tenebras-lire.net/lecture-fantasy-et-humour-les-annales/\"},\n\n  \"imageUrl\": {\"S\": \"https://post-tenebras-lire.net/assets/posts/2017-03-04-lecture-fantasy-et-humour-les-annales.jpg\"}\n}\n",
            "range_key": null,
            "table_name": "Feed"
          },
          "private": "bnVsbA==",
          "depends_on": [
            "aws_dynamodb_table.feed-table"
          ]
        }
      ]
    },
    {
      "mode": "managed",
      "type": "aws_dynamodb_table_item",
      "name": "les-annales-du-disque-monde-tome-25-le-cinquième-éléphant",
      "provider": "provider.aws",
      "instances": [
        {
          "schema_version": 0,
          "attributes": {
            "hash_key": "Id",
            "id": "Feed|Id||https://post-tenebras-lire.net/Les_Annales_du_Disque_Monde_Tome%2025_Le_Cinqui%C3%A8me_%C3%A9l%C3%A9phant_Terry_Pratchett|",
            "item": "{\n  \"Id\": {\"S\": \"https://post-tenebras-lire.net/Les_Annales_du_Disque_Monde_Tome%2025_Le_Cinqui%C3%A8me_%C3%A9l%C3%A9phant_Terry_Pratchett\"},\n  \"title\": {\"S\": \"Les Annales du Disque-Monde, Tome 25 : Le Cinquième éléphant\"},\n  \"writer\": {\"S\": \"Pratchett, Terry\"},\n\n  \"tags\": {\"S\": \"#Fantasy #Humour\"},\n  \"link\": {\"S\": \"https://post-tenebras-lire.net/Les_Annales_du_Disque_Monde_Tome-25_Le_Cinqui%C3%A8me_%C3%A9l%C3%A9phant_Terry_Pratchett/\"},\n\n  \"imageUrl\": {\"S\": \"https://post-tenebras-lire.net/assets/posts/2018-09-30-Les_Annales_du_Disque_Monde_Tome%2025_Le_Cinqui%C3%A8me_%C3%A9l%C3%A9phant_Terry_Pratchett.jpg\"}\n}\n",
            "range_key": null,
            "table_name": "Feed"
          },
          "private": "bnVsbA==",
          "depends_on": [
            "aws_dynamodb_table.feed-table"
          ]
        }
      ]
    },
    {
      "mode": "managed",
      "type": "aws_dynamodb_table_item",
      "name": "les-annales-du-disque-monde-tome-26-la-vérité",
      "provider": "provider.aws",
      "instances": [
        {
          "schema_version": 0,
          "attributes": {
            "hash_key": "Id",
            "id": "Feed|Id||https://post-tenebras-lire.net/les-annales-du-disque-monde-tome-26-la|",
            "item": "{\n  \"Id\": {\"S\": \"https://post-tenebras-lire.net/les-annales-du-disque-monde-tome-26-la\"},\n  \"title\": {\"S\": \"Les Annales du Disque-Monde, Tome 26 : La Vérité\"},\n  \"writer\": {\"S\": \"Pratchett, Terry\"},\n\n  \"tags\": {\"S\": \"#Fantasy #Humour\"},\n  \"link\": {\"S\": \"https://post-tenebras-lire.net/les-annales-du-disque-monde-tome-26-la/\"},\n\n  \"imageUrl\": {\"S\": \"https://post-tenebras-lire.net/assets/posts/2018-01-15-les-annales-du-disque-monde-tome-26-la.jpg\"}\n}\n",
            "range_key": null,
            "table_name": "Feed"
          },
          "private": "bnVsbA==",
          "depends_on": [
            "aws_dynamodb_table.feed-table"
          ]
        }
      ]
    },
    {
      "mode": "managed",
      "type": "aws_dynamodb_table_item",
      "name": "les-annales-du-disque-monde-tome-27-procrastination",
      "provider": "provider.aws",
      "instances": [
        {
          "schema_version": 0,
          "attributes": {
            "hash_key": "Id",
            "id": "Feed|Id||https://post-tenebras-lire.net/Les-Annales-du-Disque-Monde-Tome-27-Procrastination-Terry-Pratchett|",
            "item": "{\n  \"Id\": {\"S\": \"https://post-tenebras-lire.net/Les-Annales-du-Disque-Monde-Tome-27-Procrastination-Terry-Pratchett\"},\n  \"title\": {\"S\": \"Les Annales du Disque-Monde, Tome 27 : Procrastination\"},\n  \"writer\": {\"S\": \"Pratchett, Terry\"},\n\n  \"tags\": {\"S\": \"#Fantasy #Humour\"},\n  \"link\": {\"S\": \"https://post-tenebras-lire.net/Les-Annales-du-Disque-Monde-Tome-27-Procrastination-Terry-Pratchett/\"},\n\n  \"imageUrl\": {\"S\": \"https://post-tenebras-lire.net/assets/posts/2019-01-22-Les-Annales-du-Disque-Monde-Tome-27-Procrastination-Terry-Pratchett.jpg\"}\n}\n",
            "range_key": null,
            "table_name": "Feed"
          },
          "private": "bnVsbA==",
          "depends_on": [
            "aws_dynamodb_table.feed-table"
          ]
        }
      ]
    },
    {
      "mode": "managed",
      "type": "aws_dynamodb_table_item",
      "name": "les-annales-du-disque-monde-tome-28-ronde-de-nuit",
      "provider": "provider.aws",
      "instances": [
        {
          "schema_version": 0,
          "attributes": {
            "hash_key": "Id",
            "id": "Feed|Id||https://post-tenebras-lire.net/Ronde_de_nuit_Terry_Pratchett|",
            "item": "{\n  \"Id\": {\"S\": \"https://post-tenebras-lire.net/Ronde_de_nuit_Terry_Pratchett\"},\n  \"title\": {\"S\": \"Les Annales du Disque-Monde, Tome 28 : Ronde de nuit\"},\n  \"writer\": {\"S\": \"Pratchett, Terry\"},\n\n  \"tags\": {\"S\": \"#Fantasy #Humour\"},\n  \"link\": {\"S\": \"https://post-tenebras-lire.net/Ronde_de_nuit_Terry_Pratchett/\"},\n\n  \"imageUrl\": {\"S\": \"https://post-tenebras-lire.net/assets/posts/2018-11-24-Ronde_de_nuit_Terry_Pratchett.jpg\"}\n}\n",
            "range_key": null,
            "table_name": "Feed"
          },
          "private": "bnVsbA==",
          "depends_on": [
            "aws_dynamodb_table.feed-table"
          ]
        }
      ]
    },
    {
      "mode": "managed",
      "type": "aws_dynamodb_table_item",
      "name": "les-annales-du-disque-monde-tome-29-le-régiment-monstrueux",
      "provider": "provider.aws",
      "instances": [
        {
          "schema_version": 0,
          "attributes": {
            "hash_key": "Id",
            "id": "Feed|Id||https://post-tenebras-lire.net/Les-annales-du-Disque-Monde-Le-r%C3%A9giment-monstrueux|",
            "item": "{\n  \"Id\": {\"S\": \"https://post-tenebras-lire.net/Les-annales-du-Disque-Monde-Le-r%C3%A9giment-monstrueux\"},\n  \"title\": {\"S\": \"Les annales du Disque-Monde, Tome 29 : Le régiment monstrueux\"},\n  \"writer\": {\"S\": \"Pratchett, Terry\"},\n\n  \"tags\": {\"S\": \"#Fantasy #Humour\"},\n  \"link\": {\"S\": \"https://post-tenebras-lire.net/Les-annales-du-Disque-Monde-Le-r%C3%A9giment-monstrueux/\"},\n\n  \"imageUrl\": {\"S\": \"https://post-tenebras-lire.net/assets/posts/2019-08-19-Les-annales-du-Disque-Monde-Le-r%C3%A9giment-monstrueux.jpg\"}\n}\n",
            "range_key": null,
            "table_name": "Feed"
          },
          "private": "bnVsbA==",
          "depends_on": [
            "aws_dynamodb_table.feed-table"
          ]
        }
      ]
    },
    {
      "mode": "managed",
      "type": "aws_dynamodb_table_item",
      "name": "les-années-douces-tome-2",
      "provider": "provider.aws",
      "instances": [
        {
          "schema_version": 0,
          "attributes": {
            "hash_key": "Id",
            "id": "Feed|Id||https://post-tenebras-lire.net/review-les-annees-douces-tome-2|",
            "item": "{\n  \"Id\": {\"S\": \"https://post-tenebras-lire.net/review-les-annees-douces-tome-2\"},\n  \"title\": {\"S\": \"Les années douces : Tome 2\"},\n  \"writer\": {\"S\": \"Taniguchi, Jirô\"},\n\n  \"tags\": {\"S\": \"#Japon #Manga\"},\n  \"link\": {\"S\": \"https://post-tenebras-lire.net/review-les-annees-douces-tome-2/\"},\n\n  \"imageUrl\": {\"S\": \"https://post-tenebras-lire.net/assets/posts/2012-05-12-review-les-annees-douces-tome-2.jpg\"}\n}\n",
            "range_key": null,
            "table_name": "Feed"
          },
          "private": "bnVsbA==",
          "depends_on": [
            "aws_dynamodb_table.feed-table"
          ]
        }
      ]
    },
    {
      "mode": "managed",
      "type": "aws_dynamodb_table_item",
      "name": "les-bébés-de-la-consigne-automatique",
      "provider": "provider.aws",
      "instances": [
        {
          "schema_version": 0,
          "attributes": {
            "hash_key": "Id",
            "id": "Feed|Id||https://post-tenebras-lire.net/Les_B%C3%A9b%C3%A9s_de_la_consigne_automatique_Ry%C3%BB_Murakami|",
            "item": "{\n  \"Id\": {\"S\": \"https://post-tenebras-lire.net/Les_B%C3%A9b%C3%A9s_de_la_consigne_automatique_Ry%C3%BB_Murakami\"},\n  \"title\": {\"S\": \"Les Bébés de la consigne automatique\"},\n  \"writer\": {\"S\": \"Murakami, Ryû\"},\n\n  \"tags\": {\"S\": \"#Japon #Onirique\"},\n  \"link\": {\"S\": \"https://post-tenebras-lire.net/Les_B%C3%A9b%C3%A9s_de_la_consigne_automatique_Ry%C3%BB_Murakami/\"},\n\n  \"imageUrl\": {\"S\": \"https://post-tenebras-lire.net/assets/posts/2018-10-07-Les_B%C3%A9b%C3%A9s_de_la_consigne_automatique_Ry%C3%BB_Murakami.jpg\"}\n}\n",
            "range_key": null,
            "table_name": "Feed"
          },
          "private": "bnVsbA==",
          "depends_on": [
            "aws_dynamodb_table.feed-table"
          ]
        }
      ]
    },
    {
      "mode": "managed",
      "type": "aws_dynamodb_table_item",
      "name": "les-chronolithes",
      "provider": "provider.aws",
      "instances": [
        {
          "schema_version": 0,
          "attributes": {
            "hash_key": "Id",
            "id": "Feed|Id||https://post-tenebras-lire.net/les-chronolithes-robert-charles-wilson|",
            "item": "{\n  \"Id\": {\"S\": \"https://post-tenebras-lire.net/les-chronolithes-robert-charles-wilson\"},\n  \"title\": {\"S\": \"Les Chronolithes\"},\n  \"writer\": {\"S\": \"Wilson, Robert-Charles\"},\n\n  \"tags\": {\"S\": \"#Science-Fiction\"},\n  \"link\": {\"S\": \"https://post-tenebras-lire.net/les-chronolithes-robert-charles-wilson/\"},\n\n  \"imageUrl\": {\"S\": \"https://post-tenebras-lire.net/assets/posts/2013-04-12-les-chronolithes-robert-charles-wilson.jpg\"}\n}\n",
            "range_key": null,
            "table_name": "Feed"
          },
          "private": "bnVsbA==",
          "depends_on": [
            "aws_dynamodb_table.feed-table"
          ]
        }
      ]
    },
    {
      "mode": "managed",
      "type": "aws_dynamodb_table_item",
      "name": "les-derniers-jours-du-paradis",
      "provider": "provider.aws",
      "instances": [
        {
          "schema_version": 0,
          "attributes": {
            "hash_key": "Id",
            "id": "Feed|Id||https://post-tenebras-lire.net/roman-sf-les-derniers-jours-du-paradis|",
            "item": "{\n  \"Id\": {\"S\": \"https://post-tenebras-lire.net/roman-sf-les-derniers-jours-du-paradis\"},\n  \"title\": {\"S\": \"Les derniers jours du paradis\"},\n  \"writer\": {\"S\": \"Wilson, Robert-Charles\"},\n\n  \"tags\": {\"S\": \"#Science-Fiction\"},\n  \"link\": {\"S\": \"https://post-tenebras-lire.net/roman-sf-les-derniers-jours-du-paradis/\"},\n\n  \"imageUrl\": {\"S\": \"https://post-tenebras-lire.net/assets/posts/2016-04-08-roman-sf-les-derniers-jours-du-paradis.jpg\"}\n}\n",
            "range_key": null,
            "table_name": "Feed"
          },
          "private": "bnVsbA==",
          "depends_on": [
            "aws_dynamodb_table.feed-table"
          ]
        }
      ]
    },
    {
      "mode": "managed",
      "type": "aws_dynamodb_table_item",
      "name": "les-dividendes-de-l-apocalypse",
      "provider": "provider.aws",
      "instances": [
        {
          "schema_version": 0,
          "attributes": {
            "hash_key": "Id",
            "id": "Feed|Id||https://post-tenebras-lire.net/roman-sf-les-dividendes-de-lapocalypse|",
            "item": "{\n  \"Id\": {\"S\": \"https://post-tenebras-lire.net/roman-sf-les-dividendes-de-lapocalypse\"},\n  \"title\": {\"S\": \"Les Dividendes de l’Apocalypse\"},\n  \"writer\": {\"S\": \"Desienne, Stéphane\"},\n\n  \"tags\": {\"S\": \"#Science-Fiction\"},\n  \"link\": {\"S\": \"https://post-tenebras-lire.net/roman-sf-les-dividendes-de-lapocalypse/\"},\n\n  \"imageUrl\": {\"S\": \"https://post-tenebras-lire.net/assets/posts/2015-05-30-roman-sf-les-dividendes-de-lapocalypse.png\"}\n}\n",
            "range_key": null,
            "table_name": "Feed"
          },
          "private": "bnVsbA==",
          "depends_on": [
            "aws_dynamodb_table.feed-table"
          ]
        }
      ]
    },
    {
      "mode": "managed",
      "type": "aws_dynamodb_table_item",
      "name": "les-doigts-rouges",
      "provider": "provider.aws",
      "instances": [
        {
          "schema_version": 0,
          "attributes": {
            "hash_key": "Id",
            "id": "Feed|Id||https://post-tenebras-lire.net/les-doigts-rouges-par-keigo-higashino|",
            "item": "{\n  \"Id\": {\"S\": \"https://post-tenebras-lire.net/les-doigts-rouges-par-keigo-higashino\"},\n  \"title\": {\"S\": \"Les doigts rouges\"},\n  \"writer\": {\"S\": \"Higashino, Keigo\"},\n\n  \"tags\": {\"S\": \"#Japon #Polar\"},\n  \"link\": {\"S\": \"https://post-tenebras-lire.net/les-doigts-rouges-par-keigo-higashino/\"},\n\n  \"imageUrl\": {\"S\": \"https://post-tenebras-lire.net/assets/posts/2018-04-28-les-doigts-rouges-par-keigo-higashino.jpg\"}\n}\n",
            "range_key": null,
            "table_name": "Feed"
          },
          "private": "bnVsbA==",
          "depends_on": [
            "aws_dynamodb_table.feed-table"
          ]
        }
      ]
    },
    {
      "mode": "managed",
      "type": "aws_dynamodb_table_item",
      "name": "les-délices-de-tokyo",
      "provider": "provider.aws",
      "instances": [
        {
          "schema_version": 0,
          "attributes": {
            "hash_key": "Id",
            "id": "Feed|Id||https://post-tenebras-lire.net/les-delices-de-tokyo-par-durian|",
            "item": "{\n  \"Id\": {\"S\": \"https://post-tenebras-lire.net/les-delices-de-tokyo-par-durian\"},\n  \"title\": {\"S\": \"Les délices de Tokyo\"},\n  \"writer\": {\"S\": \"Sukegawa, Durian\"},\n\n  \"tags\": {\"S\": \"#Japon\"},\n  \"link\": {\"S\": \"https://post-tenebras-lire.net/les-delices-de-tokyo-par-durian/\"},\n\n  \"imageUrl\": {\"S\": \"https://post-tenebras-lire.net/assets/posts/2018-02-26-les-delices-de-tokyo-par-durian.jpg\"}\n}\n",
            "range_key": null,
            "table_name": "Feed"
          },
          "private": "bnVsbA==",
          "depends_on": [
            "aws_dynamodb_table.feed-table"
          ]
        }
      ]
    },
    {
      "mode": "managed",
      "type": "aws_dynamodb_table_item",
      "name": "les-déportés-du-cambrien",
      "provider": "provider.aws",
      "instances": [
        {
          "schema_version": 0,
          "attributes": {
            "hash_key": "Id",
            "id": "Feed|Id||https://post-tenebras-lire.net/review-les-deportes-du-cambrien|",
            "item": "{\n  \"Id\": {\"S\": \"https://post-tenebras-lire.net/review-les-deportes-du-cambrien\"},\n  \"title\": {\"S\": \"Les déportés du Cambrien\"},\n  \"writer\": {\"S\": \"Silverberg, Robert\"},\n\n  \"tags\": {\"S\": \"#Science-Fiction\"},\n  \"link\": {\"S\": \"https://post-tenebras-lire.net/review-les-deportes-du-cambrien/\"},\n\n  \"imageUrl\": {\"S\": \"https://post-tenebras-lire.net/assets/posts/2012-07-27-review-les-deportes-du-cambrien.jpg\"}\n}\n",
            "range_key": null,
            "table_name": "Feed"
          },
          "private": "bnVsbA==",
          "depends_on": [
            "aws_dynamodb_table.feed-table"
          ]
        }
      ]
    },
    {
      "mode": "managed",
      "type": "aws_dynamodb_table_item",
      "name": "les-eltychev",
      "provider": "provider.aws",
      "instances": [
        {
          "schema_version": 0,
          "attributes": {
            "hash_key": "Id",
            "id": "Feed|Id||https://post-tenebras-lire.net/les-eltychev-de-roman-sentchine|",
            "item": "{\n  \"Id\": {\"S\": \"https://post-tenebras-lire.net/les-eltychev-de-roman-sentchine\"},\n  \"title\": {\"S\": \"Les Eltychev\"},\n  \"writer\": {\"S\": \"Sentchine, Roman\"},\n\n  \"tags\": {\"S\": \"#Russie\"},\n  \"link\": {\"S\": \"https://post-tenebras-lire.net/les-eltychev-de-roman-sentchine/\"},\n\n  \"imageUrl\": {\"S\": \"https://post-tenebras-lire.net/assets/posts/2013-10-12-les-eltychev-de-roman-sentchine.jpg\"}\n}\n",
            "range_key": null,
            "table_name": "Feed"
          },
          "private": "bnVsbA==",
          "depends_on": [
            "aws_dynamodb_table.feed-table"
          ]
        }
      ]
    },
    {
      "mode": "managed",
      "type": "aws_dynamodb_table_item",
      "name": "les-hommes-frénétiques",
      "provider": "provider.aws",
      "instances": [
        {
          "schema_version": 0,
          "attributes": {
            "hash_key": "Id",
            "id": "Feed|Id||https://post-tenebras-lire.net/les-hommes-frenetiques-de-ernest|",
            "item": "{\n  \"Id\": {\"S\": \"https://post-tenebras-lire.net/les-hommes-frenetiques-de-ernest\"},\n  \"title\": {\"S\": \"Les Hommes frénétiques\"},\n  \"writer\": {\"S\": \"Pérochon, Ernest\"},\n\n  \"tags\": {\"S\": \"#Post-apocalyptique #Science-Fiction\"},\n  \"link\": {\"S\": \"https://post-tenebras-lire.net/les-hommes-frenetiques-de-ernest/\"},\n\n  \"imageUrl\": {\"S\": \"https://post-tenebras-lire.net/assets/posts/2013-12-05-les-hommes-frenetiques-de-ernest.png\"}\n}\n",
            "range_key": null,
            "table_name": "Feed"
          },
          "private": "bnVsbA==",
          "depends_on": [
            "aws_dynamodb_table.feed-table"
          ]
        }
      ]
    },
    {
      "mode": "managed",
      "type": "aws_dynamodb_table_item",
      "name": "les-japonais-日本人",
      "provider": "provider.aws",
      "instances": [
        {
          "schema_version": 0,
          "attributes": {
            "hash_key": "Id",
            "id": "Feed|Id||https://post-tenebras-lire.net/les-japonais-de-karyn-poupee|",
            "item": "{\n  \"Id\": {\"S\": \"https://post-tenebras-lire.net/les-japonais-de-karyn-poupee\"},\n  \"title\": {\"S\": \"Les Japonais 日本人\"},\n  \"writer\": {\"S\": \"Poupée, Karyn\"},\n\n  \"tags\": {\"S\": \"#Japon #Société\"},\n  \"link\": {\"S\": \"https://post-tenebras-lire.net/les-japonais-de-karyn-poupee/\"},\n\n  \"imageUrl\": {\"S\": \"https://post-tenebras-lire.net/assets/posts/2014-10-19-les-japonais-de-karyn-poupee.gif\"}\n}\n",
            "range_key": null,
            "table_name": "Feed"
          },
          "private": "bnVsbA==",
          "depends_on": [
            "aws_dynamodb_table.feed-table"
          ]
        }
      ]
    },
    {
      "mode": "managed",
      "type": "aws_dynamodb_table_item",
      "name": "les-modifiés",
      "provider": "provider.aws",
      "instances": [
        {
          "schema_version": 0,
          "attributes": {
            "hash_key": "Id",
            "id": "Feed|Id||https://post-tenebras-lire.net/roman-post-apocalyptique-les-modifies|",
            "item": "{\n  \"Id\": {\"S\": \"https://post-tenebras-lire.net/roman-post-apocalyptique-les-modifies\"},\n  \"title\": {\"S\": \"Les modifiés\"},\n  \"writer\": {\"S\": \"Kauffman, Christophe\"},\n\n  \"tags\": {\"S\": \"#Post-apocalyptique #Science-Fiction\"},\n  \"link\": {\"S\": \"https://post-tenebras-lire.net/roman-post-apocalyptique-les-modifies/\"},\n\n  \"imageUrl\": {\"S\": \"https://post-tenebras-lire.net/assets/posts/2015-08-06-roman-post-apocalyptique-les-modifies.jpg\"}\n}\n",
            "range_key": null,
            "table_name": "Feed"
          },
          "private": "bnVsbA==",
          "depends_on": [
            "aws_dynamodb_table.feed-table"
          ]
        }
      ]
    },
    {
      "mode": "managed",
      "type": "aws_dynamodb_table_item",
      "name": "les-mémoires-d-un-chat",
      "provider": "provider.aws",
      "instances": [
        {
          "schema_version": 0,
          "attributes": {
            "hash_key": "Id",
            "id": "Feed|Id||https://post-tenebras-lire.net/Les_m%C3%A9moires_d_un_chat_Hiro_Arikawa|",
            "item": "{\n  \"Id\": {\"S\": \"https://post-tenebras-lire.net/Les_m%C3%A9moires_d_un_chat_Hiro_Arikawa\"},\n  \"title\": {\"S\": \"Les mémoires d’un chat\"},\n  \"writer\": {\"S\": \"Arikawa, Hiro\"},\n\n  \"tags\": {\"S\": \"#Japon\"},\n  \"link\": {\"S\": \"https://post-tenebras-lire.net/Les_m%C3%A9moires_d_un_chat_Hiro_Arikawa/\"},\n\n  \"imageUrl\": {\"S\": \"https://post-tenebras-lire.net/assets/posts/2018-09-18-Les_m%C3%A9moires_d_un_chat_Hiro_Arikawa.jpg\"}\n}\n",
            "range_key": null,
            "table_name": "Feed"
          },
          "private": "bnVsbA==",
          "depends_on": [
            "aws_dynamodb_table.feed-table"
          ]
        }
      ]
    },
    {
      "mode": "managed",
      "type": "aws_dynamodb_table_item",
      "name": "les-plus-qu-humains",
      "provider": "provider.aws",
      "instances": [
        {
          "schema_version": 0,
          "attributes": {
            "hash_key": "Id",
            "id": "Feed|Id||https://post-tenebras-lire.net/les-plus-qu-humains-theodore-sturgeon|",
            "item": "{\n  \"Id\": {\"S\": \"https://post-tenebras-lire.net/les-plus-qu-humains-theodore-sturgeon\"},\n  \"title\": {\"S\": \"Les plus qu’humains\"},\n  \"writer\": {\"S\": \"Sturgeon, Theodore\"},\n\n  \"tags\": {\"S\": \"#Science-Fiction\"},\n  \"link\": {\"S\": \"https://post-tenebras-lire.net/les-plus-qu-humains-theodore-sturgeon/\"},\n\n  \"imageUrl\": {\"S\": \"https://post-tenebras-lire.net/assets/posts/2019-04-01-les-plus-qu-humains-theodore-sturgeon.jpg\"}\n}\n",
            "range_key": null,
            "table_name": "Feed"
          },
          "private": "bnVsbA==",
          "depends_on": [
            "aws_dynamodb_table.feed-table"
          ]
        }
      ]
    },
    {
      "mode": "managed",
      "type": "aws_dynamodb_table_item",
      "name": "les-remèdes-du-docteur-irabu",
      "provider": "provider.aws",
      "instances": [
        {
          "schema_version": 0,
          "attributes": {
            "hash_key": "Id",
            "id": "Feed|Id||https://post-tenebras-lire.net/Les_rem%C3%A8des_du_docteur_Irabu_Hideo_Okuda|",
            "item": "{\n  \"Id\": {\"S\": \"https://post-tenebras-lire.net/Les_rem%C3%A8des_du_docteur_Irabu_Hideo_Okuda\"},\n  \"title\": {\"S\": \"Les Remèdes du Docteur Irabu\"},\n  \"writer\": {\"S\": \"Okuda, Hideo\"},\n\n  \"tags\": {\"S\": \"#Japon\"},\n  \"link\": {\"S\": \"https://post-tenebras-lire.net/Les_rem%C3%A8des_du_docteur_Irabu_Hideo_Okuda/\"},\n\n  \"imageUrl\": {\"S\": \"https://post-tenebras-lire.net/assets/posts/2018-11-12-Les_rem%C3%A8des_du_docteur_Irabu_Hideo_Okuda.jpg\"}\n}\n",
            "range_key": null,
            "table_name": "Feed"
          },
          "private": "bnVsbA==",
          "depends_on": [
            "aws_dynamodb_table.feed-table"
          ]
        }
      ]
    },
    {
      "mode": "managed",
      "type": "aws_dynamodb_table_item",
      "name": "les-secrets-du-mentaliste",
      "provider": "provider.aws",
      "instances": [
        {
          "schema_version": 0,
          "attributes": {
            "hash_key": "Id",
            "id": "Feed|Id||https://post-tenebras-lire.net/Les-secrets-du-mentaliste-de-Viktor-Vincent|",
            "item": "{\n  \"Id\": {\"S\": \"https://post-tenebras-lire.net/Les-secrets-du-mentaliste-de-Viktor-Vincent\"},\n  \"title\": {\"S\": \"Les secrets du mentaliste\"},\n  \"writer\": {\"S\": \"Vincent, Viktor\"},\n\n  \"tags\": {\"S\": \"#Magie\"},\n  \"link\": {\"S\": \"https://post-tenebras-lire.net/Les-secrets-du-mentaliste-de-Viktor-Vincent/\"},\n\n  \"imageUrl\": {\"S\": \"https://post-tenebras-lire.net/assets/posts/2019-03-18-Les-secrets-du-mentaliste-de-Viktor-Vincent.jpg\"}\n}\n",
            "range_key": null,
            "table_name": "Feed"
          },
          "private": "bnVsbA==",
          "depends_on": [
            "aws_dynamodb_table.feed-table"
          ]
        }
      ]
    },
    {
      "mode": "managed",
      "type": "aws_dynamodb_table_item",
      "name": "les-sumos-de-ryôgoku",
      "provider": "provider.aws",
      "instances": [
        {
          "schema_version": 0,
          "attributes": {
            "hash_key": "Id",
            "id": "Feed|Id||https://post-tenebras-lire.net/les-sumos-de-ryogoku-de-gilles-bordes|",
            "item": "{\n  \"Id\": {\"S\": \"https://post-tenebras-lire.net/les-sumos-de-ryogoku-de-gilles-bordes\"},\n  \"title\": {\"S\": \"Les sumos de Ryôgoku\"},\n  \"writer\": {\"S\": \"Bordes-Pagès, Gilles\"},\n\n  \"tags\": {\"S\": \"#Japon #Beau livre\"},\n  \"link\": {\"S\": \"https://post-tenebras-lire.net/les-sumos-de-ryogoku-de-gilles-bordes/\"},\n\n  \"imageUrl\": {\"S\": \"https://post-tenebras-lire.net/assets/posts/2013-08-07-les-sumos-de-ryogoku-de-gilles-bordes.jpg\"}\n}\n",
            "range_key": null,
            "table_name": "Feed"
          },
          "private": "bnVsbA==",
          "depends_on": [
            "aws_dynamodb_table.feed-table"
          ]
        }
      ]
    },
    {
      "mode": "managed",
      "type": "aws_dynamodb_table_item",
      "name": "les-vacances-de-jésus-bouddha-tome-1-à-7",
      "provider": "provider.aws",
      "instances": [
        {
          "schema_version": 0,
          "attributes": {
            "hash_key": "Id",
            "id": "Feed|Id||https://post-tenebras-lire.net/manga-les-vacances-de-jesus-bouddha|",
            "item": "{\n  \"Id\": {\"S\": \"https://post-tenebras-lire.net/manga-les-vacances-de-jesus-bouddha\"},\n  \"title\": {\"S\": \"Les vacances de Jésus \u0026amp;amp; Bouddha, Tome 1 à 7\"},\n  \"writer\": {\"S\": \"Nakamura, Hikaru\"},\n\n  \"tags\": {\"S\": \"#Manga #Abandonné #Japon #Religion #Humour\"},\n  \"link\": {\"S\": \"https://post-tenebras-lire.net/manga-les-vacances-de-jesus-bouddha/\"},\n\n  \"imageUrl\": {\"S\": \"https://post-tenebras-lire.net/assets/posts/2016-03-09-manga-les-vacances-de-jesus-bouddha.jpg\"}\n}\n",
            "range_key": null,
            "table_name": "Feed"
          },
          "private": "bnVsbA==",
          "depends_on": [
            "aws_dynamodb_table.feed-table"
          ]
        }
      ]
    },
    {
      "mode": "managed",
      "type": "aws_dynamodb_table_item",
      "name": "les-voies-d-anubis",
      "provider": "provider.aws",
      "instances": [
        {
          "schema_version": 0,
          "attributes": {
            "hash_key": "Id",
            "id": "Feed|Id||https://post-tenebras-lire.net/roman-fantastique-les-voies-danubis-de|",
            "item": "{\n  \"Id\": {\"S\": \"https://post-tenebras-lire.net/roman-fantastique-les-voies-danubis-de\"},\n  \"title\": {\"S\": \"Les voies d’Anubis\"},\n  \"writer\": {\"S\": \"Powers, Tim\"},\n\n  \"tags\": {\"S\": \"#Fantastique\"},\n  \"link\": {\"S\": \"https://post-tenebras-lire.net/roman-fantastique-les-voies-danubis-de/\"},\n\n  \"imageUrl\": {\"S\": \"https://post-tenebras-lire.net/assets/posts/2015-09-26-roman-fantastique-les-voies-danubis-de.png\"}\n}\n",
            "range_key": null,
            "table_name": "Feed"
          },
          "private": "bnVsbA==",
          "depends_on": [
            "aws_dynamodb_table.feed-table"
          ]
        }
      ]
    },
    {
      "mode": "managed",
      "type": "aws_dynamodb_table_item",
      "name": "luna",
      "provider": "provider.aws",
      "instances": [
        {
          "schema_version": 0,
          "attributes": {
            "hash_key": "Id",
            "id": "Feed|Id||https://post-tenebras-lire.net/Luna-Ian-McDonald|",
            "item": "{\n  \"Id\": {\"S\": \"https://post-tenebras-lire.net/Luna-Ian-McDonald\"},\n  \"title\": {\"S\": \"Luna\"},\n  \"writer\": {\"S\": \"McDonald, Ian\"},\n\n  \"tags\": {\"S\": \"#Science-Fiction\"},\n  \"link\": {\"S\": \"https://post-tenebras-lire.net/Luna-Ian-McDonald/\"},\n\n  \"imageUrl\": {\"S\": \"https://post-tenebras-lire.net/assets/posts/2019-02-23-Luna-Ian-McDonald.jpg\"}\n}\n",
            "range_key": null,
            "table_name": "Feed"
          },
          "private": "bnVsbA==",
          "depends_on": [
            "aws_dynamodb_table.feed-table"
          ]
        }
      ]
    },
    {
      "mode": "managed",
      "type": "aws_dynamodb_table_item",
      "name": "luna-lune-du-loup",
      "provider": "provider.aws",
      "instances": [
        {
          "schema_version": 0,
          "attributes": {
            "hash_key": "Id",
            "id": "Feed|Id||https://post-tenebras-lire.net/Luna-Lune-du-loup-Ian-McDonald|",
            "item": "{\n  \"Id\": {\"S\": \"https://post-tenebras-lire.net/Luna-Lune-du-loup-Ian-McDonald\"},\n  \"title\": {\"S\": \"Luna : Lune du loup\"},\n  \"writer\": {\"S\": \"McDonald, Ian\"},\n\n  \"tags\": {\"S\": \"#Science-Fiction\"},\n  \"link\": {\"S\": \"https://post-tenebras-lire.net/Luna-Lune-du-loup-Ian-McDonald/\"},\n\n  \"imageUrl\": {\"S\": \"https://post-tenebras-lire.net/assets/posts/2019-03-05-Luna-Lune-du-loup-Ian-McDonald.jpg\"}\n}\n",
            "range_key": null,
            "table_name": "Feed"
          },
          "private": "bnVsbA==",
          "depends_on": [
            "aws_dynamodb_table.feed-table"
          ]
        }
      ]
    },
    {
      "mode": "managed",
      "type": "aws_dynamodb_table_item",
      "name": "mais-qui-a-attrapé-le-bison-de-higgs",
      "provider": "provider.aws",
      "instances": [
        {
          "schema_version": 0,
          "attributes": {
            "hash_key": "Id",
            "id": "Feed|Id||https://post-tenebras-lire.net/Mais_qui_a_attrap%C3%A9_le_bison_de_Higgs_David_Louapre|",
            "item": "{\n  \"Id\": {\"S\": \"https://post-tenebras-lire.net/Mais_qui_a_attrap%C3%A9_le_bison_de_Higgs_David_Louapre\"},\n  \"title\": {\"S\": \"Mais qui a attrapé le bison de Higgs ?\"},\n  \"writer\": {\"S\": \"Louapre, David\"},\n\n  \"tags\": {\"S\": \"#Science #Vulgarisation\"},\n  \"link\": {\"S\": \"https://post-tenebras-lire.net/Mais_qui_a_attrap%C3%A9_le_bison_de_Higgs_David_Louapre/\"},\n\n  \"imageUrl\": {\"S\": \"https://post-tenebras-lire.net/assets/posts/2019-05-31-Mais_qui_a_attrap%C3%A9_le_bison_de_Higgs_David_Louapre.jpg\"}\n}\n",
            "range_key": null,
            "table_name": "Feed"
          },
          "private": "bnVsbA==",
          "depends_on": [
            "aws_dynamodb_table.feed-table"
          ]
        }
      ]
    },
    {
      "mode": "managed",
      "type": "aws_dynamodb_table_item",
      "name": "maus-intégrale",
      "provider": "provider.aws",
      "instances": [
        {
          "schema_version": 0,
          "attributes": {
            "hash_key": "Id",
            "id": "Feed|Id||https://post-tenebras-lire.net/maus-integrale|",
            "item": "{\n  \"Id\": {\"S\": \"https://post-tenebras-lire.net/maus-integrale\"},\n  \"title\": {\"S\": \"Maus : Intégrale\"},\n  \"writer\": {\"S\": \"Spiegelman, Art\"},\n\n  \"tags\": {\"S\": \"#BD #Histoire\"},\n  \"link\": {\"S\": \"https://post-tenebras-lire.net/maus-integrale/\"},\n\n  \"imageUrl\": {\"S\": \"https://post-tenebras-lire.net/assets/posts/2015-01-13-maus-integrale.jpg\"}\n}\n",
            "range_key": null,
            "table_name": "Feed"
          },
          "private": "bnVsbA==",
          "depends_on": [
            "aws_dynamodb_table.feed-table"
          ]
        }
      ]
    },
    {
      "mode": "managed",
      "type": "aws_dynamodb_table_item",
      "name": "minority-report",
      "provider": "provider.aws",
      "instances": [
        {
          "schema_version": 0,
          "attributes": {
            "hash_key": "Id",
            "id": "Feed|Id||https://post-tenebras-lire.net/nouvelle-minority-report-de-philip-k|",
            "item": "{\n  \"Id\": {\"S\": \"https://post-tenebras-lire.net/nouvelle-minority-report-de-philip-k\"},\n  \"title\": {\"S\": \"Minority Report\"},\n  \"writer\": {\"S\": \"Dick, Philip K.\"},\n\n  \"tags\": {\"S\": \"#Science-Fiction #Nouvelle\"},\n  \"link\": {\"S\": \"https://post-tenebras-lire.net/nouvelle-minority-report-de-philip-k/\"},\n\n  \"imageUrl\": {\"S\": \"https://post-tenebras-lire.net/assets/posts/2016-01-14-nouvelle-minority-report-de-philip-k.jpg\"}\n}\n",
            "range_key": null,
            "table_name": "Feed"
          },
          "private": "bnVsbA==",
          "depends_on": [
            "aws_dynamodb_table.feed-table"
          ]
        }
      ]
    },
    {
      "mode": "managed",
      "type": "aws_dynamodb_table_item",
      "name": "miso-soup",
      "provider": "provider.aws",
      "instances": [
        {
          "schema_version": 0,
          "attributes": {
            "hash_key": "Id",
            "id": "Feed|Id||https://post-tenebras-lire.net/litterature-japonaise-miso-soup-ryu|",
            "item": "{\n  \"Id\": {\"S\": \"https://post-tenebras-lire.net/litterature-japonaise-miso-soup-ryu\"},\n  \"title\": {\"S\": \"Miso Soup\"},\n  \"writer\": {\"S\": \"Murakami, Ryû\"},\n\n  \"tags\": {\"S\": \"#Japon\"},\n  \"link\": {\"S\": \"https://post-tenebras-lire.net/litterature-japonaise-miso-soup-ryu/\"},\n\n  \"imageUrl\": {\"S\": \"https://post-tenebras-lire.net/assets/posts/2015-12-16-litterature-japonaise-miso-soup-ryu.jpg\"}\n}\n",
            "range_key": null,
            "table_name": "Feed"
          },
          "private": "bnVsbA==",
          "depends_on": [
            "aws_dynamodb_table.feed-table"
          ]
        }
      ]
    },
    {
      "mode": "managed",
      "type": "aws_dynamodb_table_item",
      "name": "misquoting-jesus-the-story-behind-who-changed-the-bible-why",
      "provider": "provider.aws",
      "instances": [
        {
          "schema_version": 0,
          "attributes": {
            "hash_key": "Id",
            "id": "Feed|Id||https://post-tenebras-lire.net/misquoting-jesus-story-behind-who|",
            "item": "{\n  \"Id\": {\"S\": \"https://post-tenebras-lire.net/misquoting-jesus-story-behind-who\"},\n  \"title\": {\"S\": \"Misquoting Jesus: The Story Behind Who Changed the Bible \u0026amp;amp; Why\"},\n  \"writer\": {\"S\": \"Ehrman, Bart D.\"},\n\n  \"tags\": {\"S\": \"#Religion\"},\n  \"link\": {\"S\": \"https://post-tenebras-lire.net/misquoting-jesus-story-behind-who/\"},\n\n  \"imageUrl\": {\"S\": \"https://post-tenebras-lire.net/assets/posts/2012-11-21-misquoting-jesus-story-behind-who.jpg\"}\n}\n",
            "range_key": null,
            "table_name": "Feed"
          },
          "private": "bnVsbA==",
          "depends_on": [
            "aws_dynamodb_table.feed-table"
          ]
        }
      ]
    },
    {
      "mode": "managed",
      "type": "aws_dynamodb_table_item",
      "name": "mitania",
      "provider": "provider.aws",
      "instances": [
        {
          "schema_version": 0,
          "attributes": {
            "hash_key": "Id",
            "id": "Feed|Id||https://post-tenebras-lire.net/ebook-sf-mitania-de-bernard-afflatet|",
            "item": "{\n  \"Id\": {\"S\": \"https://post-tenebras-lire.net/ebook-sf-mitania-de-bernard-afflatet\"},\n  \"title\": {\"S\": \"Mitania\"},\n  \"writer\": {\"S\": \"Afflatet, Bernard\"},\n\n  \"tags\": {\"S\": \"#Post-apocalyptique #Science-Fiction\"},\n  \"link\": {\"S\": \"https://post-tenebras-lire.net/ebook-sf-mitania-de-bernard-afflatet/\"},\n\n  \"imageUrl\": {\"S\": \"https://post-tenebras-lire.net/assets/posts/2014-07-16-ebook-sf-mitania-de-bernard-afflatet.jpg\"}\n}\n",
            "range_key": null,
            "table_name": "Feed"
          },
          "private": "bnVsbA==",
          "depends_on": [
            "aws_dynamodb_table.feed-table"
          ]
        }
      ]
    },
    {
      "mode": "managed",
      "type": "aws_dynamodb_table_item",
      "name": "mitsuba",
      "provider": "provider.aws",
      "instances": [
        {
          "schema_version": 0,
          "attributes": {
            "hash_key": "Id",
            "id": "Feed|Id||https://post-tenebras-lire.net/mitsuba-par-aki-shimazaki-tres-beau|",
            "item": "{\n  \"Id\": {\"S\": \"https://post-tenebras-lire.net/mitsuba-par-aki-shimazaki-tres-beau\"},\n  \"title\": {\"S\": \"Mitsuba\"},\n  \"writer\": {\"S\": \"Shimazaki, Aki\"},\n\n  \"tags\": {\"S\": \"#Japon\"},\n  \"link\": {\"S\": \"https://post-tenebras-lire.net/mitsuba-par-aki-shimazaki-tres-beau/\"},\n\n  \"imageUrl\": {\"S\": \"https://post-tenebras-lire.net/assets/posts/2013-08-15-mitsuba-par-aki-shimazaki-tres-beau.jpg\"}\n}\n",
            "range_key": null,
            "table_name": "Feed"
          },
          "private": "bnVsbA==",
          "depends_on": [
            "aws_dynamodb_table.feed-table"
          ]
        }
      ]
    },
    {
      "mode": "managed",
      "type": "aws_dynamodb_table_item",
      "name": "moi-peter-pan-livre-i",
      "provider": "provider.aws",
      "instances": [
        {
          "schema_version": 0,
          "attributes": {
            "hash_key": "Id",
            "id": "Feed|Id||https://post-tenebras-lire.net/moi-peter-pan-livre-i-de-michael-roch|",
            "item": "{\n  \"Id\": {\"S\": \"https://post-tenebras-lire.net/moi-peter-pan-livre-i-de-michael-roch\"},\n  \"title\": {\"S\": \"Moi Peter Pan Livre I\"},\n  \"writer\": {\"S\": \"Roch, Michael\"},\n\n  \"tags\": {\"S\": \"#Fantastique\"},\n  \"link\": {\"S\": \"https://post-tenebras-lire.net/moi-peter-pan-livre-i-de-michael-roch/\"},\n\n  \"imageUrl\": {\"S\": \"https://post-tenebras-lire.net/assets/posts/2014-09-18-moi-peter-pan-livre-i-de-michael-roch.jpg\"}\n}\n",
            "range_key": null,
            "table_name": "Feed"
          },
          "private": "bnVsbA==",
          "depends_on": [
            "aws_dynamodb_table.feed-table"
          ]
        }
      ]
    },
    {
      "mode": "managed",
      "type": "aws_dynamodb_table_item",
      "name": "mon-donjon-mon-dragon",
      "provider": "provider.aws",
      "instances": [
        {
          "schema_version": 0,
          "attributes": {
            "hash_key": "Id",
            "id": "Feed|Id||https://post-tenebras-lire.net/mon-donjon-mon-dragon-de-lilian-peschet|",
            "item": "{\n  \"Id\": {\"S\": \"https://post-tenebras-lire.net/mon-donjon-mon-dragon-de-lilian-peschet\"},\n  \"title\": {\"S\": \"Mon Donjon mon Dragon\"},\n  \"writer\": {\"S\": \"Peschet, Lilian\"},\n\n  \"tags\": {\"S\": \"#Fantastique\"},\n  \"link\": {\"S\": \"https://post-tenebras-lire.net/mon-donjon-mon-dragon-de-lilian-peschet/\"},\n\n  \"imageUrl\": {\"S\": \"https://post-tenebras-lire.net/assets/posts/2013-06-17-mon-donjon-mon-dragon-de-lilian-peschet.jpg\"}\n}\n",
            "range_key": null,
            "table_name": "Feed"
          },
          "private": "bnVsbA==",
          "depends_on": [
            "aws_dynamodb_table.feed-table"
          ]
        }
      ]
    },
    {
      "mode": "managed",
      "type": "aws_dynamodb_table_item",
      "name": "mon-nom-est-rouge",
      "provider": "provider.aws",
      "instances": [
        {
          "schema_version": 0,
          "attributes": {
            "hash_key": "Id",
            "id": "Feed|Id||https://post-tenebras-lire.net/mon-nom-est-rouge-orhan-pamuk_5|",
            "item": "{\n  \"Id\": {\"S\": \"https://post-tenebras-lire.net/mon-nom-est-rouge-orhan-pamuk_5\"},\n  \"title\": {\"S\": \"Mon nom est rouge\"},\n  \"writer\": {\"S\": \"Pamuk, Orhan\"},\n\n  \"tags\": {\"S\": \"#Abandonné\"},\n  \"link\": {\"S\": \"https://post-tenebras-lire.net/mon-nom-est-rouge-orhan-pamuk_5/\"},\n\n  \"imageUrl\": {\"S\": \"https://post-tenebras-lire.net/assets/posts/2014-11-05-mon-nom-est-rouge-orhan-pamuk_5.jpg\"}\n}\n",
            "range_key": null,
            "table_name": "Feed"
          },
          "private": "bnVsbA==",
          "depends_on": [
            "aws_dynamodb_table.feed-table"
          ]
        }
      ]
    },
    {
      "mode": "managed",
      "type": "aws_dynamodb_table_item",
      "name": "monsieur-malaussène",
      "provider": "provider.aws",
      "instances": [
        {
          "schema_version": 0,
          "attributes": {
            "hash_key": "Id",
            "id": "Feed|Id||https://post-tenebras-lire.net/monsieur-malaussene-de-daniel-pennac|",
            "item": "{\n  \"Id\": {\"S\": \"https://post-tenebras-lire.net/monsieur-malaussene-de-daniel-pennac\"},\n  \"title\": {\"S\": \"Monsieur Malaussène\"},\n  \"writer\": {\"S\": \"Pennac, Daniel\"},\n\n  \"tags\": {\"S\": \"#Humour\"},\n  \"link\": {\"S\": \"https://post-tenebras-lire.net/monsieur-malaussene-de-daniel-pennac/\"},\n\n  \"imageUrl\": {\"S\": \"https://post-tenebras-lire.net/assets/posts/2013-12-20-monsieur-malaussene-de-daniel-pennac.jpg\"}\n}\n",
            "range_key": null,
            "table_name": "Feed"
          },
          "private": "bnVsbA==",
          "depends_on": [
            "aws_dynamodb_table.feed-table"
          ]
        }
      ]
    },
    {
      "mode": "managed",
      "type": "aws_dynamodb_table_item",
      "name": "mourir-en-août",
      "provider": "provider.aws",
      "instances": [
        {
          "schema_version": 0,
          "attributes": {
            "hash_key": "Id",
            "id": "Feed|Id||https://post-tenebras-lire.net/mourir-en-aout-de-jean-baptiste-ferrero_1|",
            "item": "{\n  \"Id\": {\"S\": \"https://post-tenebras-lire.net/mourir-en-aout-de-jean-baptiste-ferrero_1\"},\n  \"title\": {\"S\": \"Mourir en août\"},\n  \"writer\": {\"S\": \"Ferrero, Jean-Baptiste\"},\n\n  \"tags\": {\"S\": \"#Polar\"},\n  \"link\": {\"S\": \"https://post-tenebras-lire.net/mourir-en-aout-de-jean-baptiste-ferrero_1/\"},\n\n  \"imageUrl\": {\"S\": \"https://post-tenebras-lire.net/assets/posts/2013-10-01-mourir-en-aout-de-jean-baptiste-ferrero_1.jpg\"}\n}\n",
            "range_key": null,
            "table_name": "Feed"
          },
          "private": "bnVsbA==",
          "depends_on": [
            "aws_dynamodb_table.feed-table"
          ]
        }
      ]
    },
    {
      "mode": "managed",
      "type": "aws_dynamodb_table_item",
      "name": "mélanie-au-crépuscule",
      "provider": "provider.aws",
      "instances": [
        {
          "schema_version": 0,
          "attributes": {
            "hash_key": "Id",
            "id": "Feed|Id||https://post-tenebras-lire.net/nouvelle-fantastique-melanie-au|",
            "item": "{\n  \"Id\": {\"S\": \"https://post-tenebras-lire.net/nouvelle-fantastique-melanie-au\"},\n  \"title\": {\"S\": \"Mélanie au Crépuscule\"},\n  \"writer\": {\"S\": \"Sun, Sozuka\"},\n\n  \"tags\": {\"S\": \"#Nouvelle #Fantastique\"},\n  \"link\": {\"S\": \"https://post-tenebras-lire.net/nouvelle-fantastique-melanie-au/\"},\n\n  \"imageUrl\": {\"S\": \"https://post-tenebras-lire.net/assets/posts/2013-08-01-nouvelle-fantastique-melanie-au.jpg\"}\n}\n",
            "range_key": null,
            "table_name": "Feed"
          },
          "private": "bnVsbA==",
          "depends_on": [
            "aws_dynamodb_table.feed-table"
          ]
        }
      ]
    },
    {
      "mode": "managed",
      "type": "aws_dynamodb_table_item",
      "name": "mémoires-écrits-dans-un-souterrain",
      "provider": "provider.aws",
      "instances": [
        {
          "schema_version": 0,
          "attributes": {
            "hash_key": "Id",
            "id": "Feed|Id||https://post-tenebras-lire.net/litterature-russe-memoires-ecrits-dans|",
            "item": "{\n  \"Id\": {\"S\": \"https://post-tenebras-lire.net/litterature-russe-memoires-ecrits-dans\"},\n  \"title\": {\"S\": \"Mémoires écrits dans un souterrain\"},\n  \"writer\": {\"S\": \"Dostoïevski, Fiodor\"},\n\n  \"tags\": {\"S\": \"#Russie\"},\n  \"link\": {\"S\": \"https://post-tenebras-lire.net/litterature-russe-memoires-ecrits-dans/\"},\n\n  \"imageUrl\": {\"S\": \"https://post-tenebras-lire.net/assets/posts/2017-02-21-litterature-russe-memoires-ecrits-dans.jpg\"}\n}\n",
            "range_key": null,
            "table_name": "Feed"
          },
          "private": "bnVsbA==",
          "depends_on": [
            "aws_dynamodb_table.feed-table"
          ]
        }
      ]
    },
    {
      "mode": "managed",
      "type": "aws_dynamodb_table_item",
      "name": "métro-2033",
      "provider": "provider.aws",
      "instances": [
        {
          "schema_version": 0,
          "attributes": {
            "hash_key": "Id",
            "id": "Feed|Id||https://post-tenebras-lire.net/lecture-post-apocalyptique-metro-2033|",
            "item": "{\n  \"Id\": {\"S\": \"https://post-tenebras-lire.net/lecture-post-apocalyptique-metro-2033\"},\n  \"title\": {\"S\": \"Métro 2033\"},\n  \"writer\": {\"S\": \"Glukhovsky, Dmitry\"},\n\n  \"tags\": {\"S\": \"#Post-apocalyptique #Russie\"},\n  \"link\": {\"S\": \"https://post-tenebras-lire.net/lecture-post-apocalyptique-metro-2033/\"},\n\n  \"imageUrl\": {\"S\": \"https://post-tenebras-lire.net/assets/posts/2017-07-31-lecture-post-apocalyptique-metro-2033.jpg\"}\n}\n",
            "range_key": null,
            "table_name": "Feed"
          },
          "private": "bnVsbA==",
          "depends_on": [
            "aws_dynamodb_table.feed-table"
          ]
        }
      ]
    },
    {
      "mode": "managed",
      "type": "aws_dynamodb_table_item",
      "name": "métro-2034",
      "provider": "provider.aws",
      "instances": [
        {
          "schema_version": 0,
          "attributes": {
            "hash_key": "Id",
            "id": "Feed|Id||https://post-tenebras-lire.net/lecture-post-apo-metro-2034-de-dmitry|",
            "item": "{\n  \"Id\": {\"S\": \"https://post-tenebras-lire.net/lecture-post-apo-metro-2034-de-dmitry\"},\n  \"title\": {\"S\": \"Métro 2034\"},\n  \"writer\": {\"S\": \"Glukhovsky, Dmitry\"},\n\n  \"tags\": {\"S\": \"#Post-apocalyptique #Russie\"},\n  \"link\": {\"S\": \"https://post-tenebras-lire.net/lecture-post-apo-metro-2034-de-dmitry/\"},\n\n  \"imageUrl\": {\"S\": \"https://post-tenebras-lire.net/assets/posts/2017-08-03-lecture-post-apo-metro-2034-de-dmitry.jpg\"}\n}\n",
            "range_key": null,
            "table_name": "Feed"
          },
          "private": "bnVsbA==",
          "depends_on": [
            "aws_dynamodb_table.feed-table"
          ]
        }
      ]
    },
    {
      "mode": "managed",
      "type": "aws_dynamodb_table_item",
      "name": "métro-2035",
      "provider": "provider.aws",
      "instances": [
        {
          "schema_version": 0,
          "attributes": {
            "hash_key": "Id",
            "id": "Feed|Id||https://post-tenebras-lire.net/lecture-post-apo-metro-2035-de-dmitry|",
            "item": "{\n  \"Id\": {\"S\": \"https://post-tenebras-lire.net/lecture-post-apo-metro-2035-de-dmitry\"},\n  \"title\": {\"S\": \"Métro 2035\"},\n  \"writer\": {\"S\": \"Glukhovsky, Dmitry\"},\n\n  \"tags\": {\"S\": \"#Post-apocalyptique #Russie\"},\n  \"link\": {\"S\": \"https://post-tenebras-lire.net/lecture-post-apo-metro-2035-de-dmitry/\"},\n\n  \"imageUrl\": {\"S\": \"https://post-tenebras-lire.net/assets/posts/2017-08-11-lecture-post-apo-metro-2035-de-dmitry.jpg\"}\n}\n",
            "range_key": null,
            "table_name": "Feed"
          },
          "private": "bnVsbA==",
          "depends_on": [
            "aws_dynamodb_table.feed-table"
          ]
        }
      ]
    },
    {
      "mode": "managed",
      "type": "aws_dynamodb_table_item",
      "name": "nos-premières-fois",
      "provider": "provider.aws",
      "instances": [
        {
          "schema_version": 0,
          "attributes": {
            "hash_key": "Id",
            "id": "Feed|Id||https://post-tenebras-lire.net/Nos_premi%C3%A8res_fois_Nicolas_Teyssandier|",
            "item": "{\n  \"Id\": {\"S\": \"https://post-tenebras-lire.net/Nos_premi%C3%A8res_fois_Nicolas_Teyssandier\"},\n  \"title\": {\"S\": \"Nos premières fois\"},\n  \"writer\": {\"S\": \"Teyssandier, Nicolas\"},\n\n  \"tags\": {\"S\": \"#Science\"},\n  \"link\": {\"S\": \"https://post-tenebras-lire.net/Nos_premi%C3%A8res_fois_Nicolas_Teyssandier/\"},\n\n  \"imageUrl\": {\"S\": \"https://post-tenebras-lire.net/assets/posts/2019-05-13-Nos_premi%C3%A8res_fois_Nicolas_Teyssandier.jpg\"}\n}\n",
            "range_key": null,
            "table_name": "Feed"
          },
          "private": "bnVsbA==",
          "depends_on": [
            "aws_dynamodb_table.feed-table"
          ]
        }
      ]
    },
    {
      "mode": "managed",
      "type": "aws_dynamodb_table_item",
      "name": "nouveau-message",
      "provider": "provider.aws",
      "instances": [
        {
          "schema_version": 0,
          "attributes": {
            "hash_key": "Id",
            "id": "Feed|Id||https://post-tenebras-lire.net/nouveau-message-de-neil-jomunsi-projet|",
            "item": "{\n  \"Id\": {\"S\": \"https://post-tenebras-lire.net/nouveau-message-de-neil-jomunsi-projet\"},\n  \"title\": {\"S\": \"Nouveau Message\"},\n  \"writer\": {\"S\": \"Jomunsi, Neil\"},\n\n  \"tags\": {\"S\": \"#Nouvelle\"},\n  \"link\": {\"S\": \"https://post-tenebras-lire.net/nouveau-message-de-neil-jomunsi-projet/\"},\n\n  \"imageUrl\": {\"S\": \"https://post-tenebras-lire.net/assets/posts/2013-08-26-nouveau-message-de-neil-jomunsi-projet.jpg\"}\n}\n",
            "range_key": null,
            "table_name": "Feed"
          },
          "private": "bnVsbA==",
          "depends_on": [
            "aws_dynamodb_table.feed-table"
          ]
        }
      ]
    },
    {
      "mode": "managed",
      "type": "aws_dynamodb_table_item",
      "name": "nouvelles-japonaises-papillon-suivi-de-la-lionne",
      "provider": "provider.aws",
      "instances": [
        {
          "schema_version": 0,
          "attributes": {
            "hash_key": "Id",
            "id": "Feed|Id||https://post-tenebras-lire.net/nouvelles-japonaises-papillon-suivi-de|",
            "item": "{\n  \"Id\": {\"S\": \"https://post-tenebras-lire.net/nouvelles-japonaises-papillon-suivi-de\"},\n  \"title\": {\"S\": \"Nouvelles Japonaises : Papillon : Suivi de La lionne\"},\n  \"writer\": {\"S\": \"Mishima, Yukio\"},\n\n  \"tags\": {\"S\": \"#Japon #Nouvelle\"},\n  \"link\": {\"S\": \"https://post-tenebras-lire.net/nouvelles-japonaises-papillon-suivi-de/\"},\n\n  \"imageUrl\": {\"S\": \"https://post-tenebras-lire.net/assets/posts/2013-09-10-nouvelles-japonaises-papillon-suivi-de.jpeg\"}\n}\n",
            "range_key": null,
            "table_name": "Feed"
          },
          "private": "bnVsbA==",
          "depends_on": [
            "aws_dynamodb_table.feed-table"
          ]
        }
      ]
    },
    {
      "mode": "managed",
      "type": "aws_dynamodb_table_item",
      "name": "nuit-mère",
      "provider": "provider.aws",
      "instances": [
        {
          "schema_version": 0,
          "attributes": {
            "hash_key": "Id",
            "id": "Feed|Id||https://post-tenebras-lire.net/lecture-roman-nuit-mere-de-kurt|",
            "item": "{\n  \"Id\": {\"S\": \"https://post-tenebras-lire.net/lecture-roman-nuit-mere-de-kurt\"},\n  \"title\": {\"S\": \"Nuit mère\"},\n  \"writer\": {\"S\": \"Vonnegut, Kurt Jr\"},\n\n  \"tags\": {\"S\": \"#Histoire\"},\n  \"link\": {\"S\": \"https://post-tenebras-lire.net/lecture-roman-nuit-mere-de-kurt/\"},\n\n  \"imageUrl\": {\"S\": \"https://post-tenebras-lire.net/assets/posts/2017-08-18-lecture-roman-nuit-mere-de-kurt.jpg\"}\n}\n",
            "range_key": null,
            "table_name": "Feed"
          },
          "private": "bnVsbA==",
          "depends_on": [
            "aws_dynamodb_table.feed-table"
          ]
        }
      ]
    },
    {
      "mode": "managed",
      "type": "aws_dynamodb_table_item",
      "name": "on-les-croise-parfois",
      "provider": "provider.aws",
      "instances": [
        {
          "schema_version": 0,
          "attributes": {
            "hash_key": "Id",
            "id": "Feed|Id||https://post-tenebras-lire.net/roman-despionnage-on-les-croise-parfois|",
            "item": "{\n  \"Id\": {\"S\": \"https://post-tenebras-lire.net/roman-despionnage-on-les-croise-parfois\"},\n  \"title\": {\"S\": \"On les croise parfois\"},\n  \"writer\": {\"S\": \"Citharel, Cédric\"},\n\n  \"tags\": {\"S\": \"#Espionnage\"},\n  \"link\": {\"S\": \"https://post-tenebras-lire.net/roman-despionnage-on-les-croise-parfois/\"},\n\n  \"imageUrl\": {\"S\": \"https://post-tenebras-lire.net/assets/posts/2014-07-22-roman-despionnage-on-les-croise-parfois.jpg\"}\n}\n",
            "range_key": null,
            "table_name": "Feed"
          },
          "private": "bnVsbA==",
          "depends_on": [
            "aws_dynamodb_table.feed-table"
          ]
        }
      ]
    },
    {
      "mode": "managed",
      "type": "aws_dynamodb_table_item",
      "name": "onkalo",
      "provider": "provider.aws",
      "instances": [
        {
          "schema_version": 0,
          "attributes": {
            "hash_key": "Id",
            "id": "Feed|Id||https://post-tenebras-lire.net/onkalo-de-neil-jomunsi-projetbradbury|",
            "item": "{\n  \"Id\": {\"S\": \"https://post-tenebras-lire.net/onkalo-de-neil-jomunsi-projetbradbury\"},\n  \"title\": {\"S\": \"Onkalo\"},\n  \"writer\": {\"S\": \"Jomunsi, Neil\"},\n\n  \"tags\": {\"S\": \"#Nouvelle #Science-Fiction\"},\n  \"link\": {\"S\": \"https://post-tenebras-lire.net/onkalo-de-neil-jomunsi-projetbradbury/\"},\n\n  \"imageUrl\": {\"S\": \"https://post-tenebras-lire.net/assets/posts/2013-08-30-onkalo-de-neil-jomunsi-projetbradbury.jpg\"}\n}\n",
            "range_key": null,
            "table_name": "Feed"
          },
          "private": "bnVsbA==",
          "depends_on": [
            "aws_dynamodb_table.feed-table"
          ]
        }
      ]
    },
    {
      "mode": "managed",
      "type": "aws_dynamodb_table_item",
      "name": "pacemaker",
      "provider": "provider.aws",
      "instances": [
        {
          "schema_version": 0,
          "attributes": {
            "hash_key": "Id",
            "id": "Feed|Id||https://post-tenebras-lire.net/Pacemaker-Bernard-Afflatet|",
            "item": "{\n  \"Id\": {\"S\": \"https://post-tenebras-lire.net/Pacemaker-Bernard-Afflatet\"},\n  \"title\": {\"S\": \"Pacemaker\"},\n  \"writer\": {\"S\": \"Afflatet, Bernard\"},\n\n  \"tags\": {\"S\": \"#Fantastique\"},\n  \"link\": {\"S\": \"https://post-tenebras-lire.net/Pacemaker-Bernard-Afflatet/\"},\n\n  \"imageUrl\": {\"S\": \"https://post-tenebras-lire.net/assets/posts/2019-09-25-Pacemaker-Bernard-Afflatet.jpg\"}\n}\n",
            "range_key": null,
            "table_name": "Feed"
          },
          "private": "bnVsbA==",
          "depends_on": [
            "aws_dynamodb_table.feed-table"
          ]
        }
      ]
    },
    {
      "mode": "managed",
      "type": "aws_dynamodb_table_item",
      "name": "papeterie-tsubaki",
      "provider": "provider.aws",
      "instances": [
        {
          "schema_version": 0,
          "attributes": {
            "hash_key": "Id",
            "id": "Feed|Id||https://post-tenebras-lire.net/La_papeterie_Tsubaki%20_Ito_Ogawa|",
            "item": "{\n  \"Id\": {\"S\": \"https://post-tenebras-lire.net/La_papeterie_Tsubaki%20_Ito_Ogawa\"},\n  \"title\": {\"S\": \"Papeterie Tsubaki\"},\n  \"writer\": {\"S\": \"Ogawa, Ito\"},\n\n  \"tags\": {\"S\": \"#Japon\"},\n  \"link\": {\"S\": \"https://post-tenebras-lire.net/La_papeterie_Tsubaki-_Ito_Ogawa/\"},\n\n  \"imageUrl\": {\"S\": \"https://post-tenebras-lire.net/assets/posts/2018-02-10-La_papeterie_Tsubaki%20_Ito_Ogawa.jpg\"}\n}\n",
            "range_key": null,
            "table_name": "Feed"
          },
          "private": "bnVsbA==",
          "depends_on": [
            "aws_dynamodb_table.feed-table"
          ]
        }
      ]
    },
    {
      "mode": "managed",
      "type": "aws_dynamodb_table_item",
      "name": "par-delà-l-océan",
      "provider": "provider.aws",
      "instances": [
        {
          "schema_version": 0,
          "attributes": {
            "hash_key": "Id",
            "id": "Feed|Id||https://post-tenebras-lire.net/par-dela-locean-de-nicolas-b-wulf|",
            "item": "{\n  \"Id\": {\"S\": \"https://post-tenebras-lire.net/par-dela-locean-de-nicolas-b-wulf\"},\n  \"title\": {\"S\": \"Par-delà l’océan\"},\n  \"writer\": {\"S\": \"Wulf, Nicolas B.\"},\n\n  \"tags\": {\"S\": \"#Fantastique\"},\n  \"link\": {\"S\": \"https://post-tenebras-lire.net/par-dela-locean-de-nicolas-b-wulf/\"},\n\n  \"imageUrl\": {\"S\": \"https://post-tenebras-lire.net/assets/posts/2013-10-08-par-dela-locean-de-nicolas-b-wulf.jpg\"}\n}\n",
            "range_key": null,
            "table_name": "Feed"
          },
          "private": "bnVsbA==",
          "depends_on": [
            "aws_dynamodb_table.feed-table"
          ]
        }
      ]
    },
    {
      "mode": "managed",
      "type": "aws_dynamodb_table_item",
      "name": "par-la-mer-et-les-nuages",
      "provider": "provider.aws",
      "instances": [
        {
          "schema_version": 0,
          "attributes": {
            "hash_key": "Id",
            "id": "Feed|Id||https://post-tenebras-lire.net/lecture-par-la-mer-et-les-nuages-de|",
            "item": "{\n  \"Id\": {\"S\": \"https://post-tenebras-lire.net/lecture-par-la-mer-et-les-nuages-de\"},\n  \"title\": {\"S\": \"Par la mer et les nuages\"},\n  \"writer\": {\"S\": \"Whale, Laurent\"},\n\n  \"tags\": {\"S\": \"#Post-apocalyptique\"},\n  \"link\": {\"S\": \"https://post-tenebras-lire.net/lecture-par-la-mer-et-les-nuages-de/\"},\n\n  \"imageUrl\": {\"S\": \"https://post-tenebras-lire.net/assets/posts/2018-04-17-lecture-par-la-mer-et-les-nuages-de.jpg\"}\n}\n",
            "range_key": null,
            "table_name": "Feed"
          },
          "private": "bnVsbA==",
          "depends_on": [
            "aws_dynamodb_table.feed-table"
          ]
        }
      ]
    },
    {
      "mode": "managed",
      "type": "aws_dynamodb_table_item",
      "name": "park-life-吉田修",
      "provider": "provider.aws",
      "instances": [
        {
          "schema_version": 0,
          "attributes": {
            "hash_key": "Id",
            "id": "Feed|Id||https://post-tenebras-lire.net/roman-park-life-yoshida-shuichi|",
            "item": "{\n  \"Id\": {\"S\": \"https://post-tenebras-lire.net/roman-park-life-yoshida-shuichi\"},\n  \"title\": {\"S\": \"Park Life - 吉田修\"},\n  \"writer\": {\"S\": \"Shuichi, Yoshida\"},\n\n  \"tags\": {\"S\": \"#Japon\"},\n  \"link\": {\"S\": \"https://post-tenebras-lire.net/roman-park-life-yoshida-shuichi/\"},\n\n  \"imageUrl\": {\"S\": \"https://post-tenebras-lire.net/assets/posts/2012-09-28-roman-park-life-yoshida-shuichi.jpg\"}\n}\n",
            "range_key": null,
            "table_name": "Feed"
          },
          "private": "bnVsbA==",
          "depends_on": [
            "aws_dynamodb_table.feed-table"
          ]
        }
      ]
    },
    {
      "mode": "managed",
      "type": "aws_dynamodb_table_item",
      "name": "pays-de-neige",
      "provider": "provider.aws",
      "instances": [
        {
          "schema_version": 0,
          "attributes": {
            "hash_key": "Id",
            "id": "Feed|Id||https://post-tenebras-lire.net/pays-de-neige-de-yasunari-kawabata|",
            "item": "{\n  \"Id\": {\"S\": \"https://post-tenebras-lire.net/pays-de-neige-de-yasunari-kawabata\"},\n  \"title\": {\"S\": \"Pays de neige\"},\n  \"writer\": {\"S\": \"Kawabata, Yasunari\"},\n\n  \"tags\": {\"S\": \"#Japon\"},\n  \"link\": {\"S\": \"https://post-tenebras-lire.net/pays-de-neige-de-yasunari-kawabata/\"},\n\n  \"imageUrl\": {\"S\": \"https://post-tenebras-lire.net/assets/posts/2014-05-07-pays-de-neige-de-yasunari-kawabata.jpg\"}\n}\n",
            "range_key": null,
            "table_name": "Feed"
          },
          "private": "bnVsbA==",
          "depends_on": [
            "aws_dynamodb_table.feed-table"
          ]
        }
      ]
    },
    {
      "mode": "managed",
      "type": "aws_dynamodb_table_item",
      "name": "petites-expériences-scientifiques-potentiellement-catastrophiques",
      "provider": "provider.aws",
      "instances": [
        {
          "schema_version": 0,
          "attributes": {
            "hash_key": "Id",
            "id": "Feed|Id||https://post-tenebras-lire.net/lecture-petites-experiences|",
            "item": "{\n  \"Id\": {\"S\": \"https://post-tenebras-lire.net/lecture-petites-experiences\"},\n  \"title\": {\"S\": \"Petites expériences scientifiques potentiellement catastrophiques !\"},\n  \"writer\": {\"S\": \"Connolly, Sean\"},\n\n  \"tags\": {\"S\": \"#Science\"},\n  \"link\": {\"S\": \"https://post-tenebras-lire.net/lecture-petites-experiences/\"},\n\n  \"imageUrl\": {\"S\": \"https://post-tenebras-lire.net/assets/posts/2014-03-05-lecture-petites-experiences.jpg\"}\n}\n",
            "range_key": null,
            "table_name": "Feed"
          },
          "private": "bnVsbA==",
          "depends_on": [
            "aws_dynamodb_table.feed-table"
          ]
        }
      ]
    },
    {
      "mode": "managed",
      "type": "aws_dynamodb_table_item",
      "name": "plasma",
      "provider": "provider.aws",
      "instances": [
        {
          "schema_version": 0,
          "attributes": {
            "hash_key": "Id",
            "id": "Feed|Id||https://post-tenebras-lire.net/lecture-sf-plasma-de-walter-jon-williams|",
            "item": "{\n  \"Id\": {\"S\": \"https://post-tenebras-lire.net/lecture-sf-plasma-de-walter-jon-williams\"},\n  \"title\": {\"S\": \"Plasma\"},\n  \"writer\": {\"S\": \"Williams, Walter Jon\"},\n\n  \"tags\": {\"S\": \"#Science-Fiction\"},\n  \"link\": {\"S\": \"https://post-tenebras-lire.net/lecture-sf-plasma-de-walter-jon-williams/\"},\n\n  \"imageUrl\": {\"S\": \"https://post-tenebras-lire.net/assets/posts/2014-05-17-lecture-sf-plasma-de-walter-jon-williams.jpg\"}\n}\n",
            "range_key": null,
            "table_name": "Feed"
          },
          "private": "bnVsbA==",
          "depends_on": [
            "aws_dynamodb_table.feed-table"
          ]
        }
      ]
    },
    {
      "mode": "managed",
      "type": "aws_dynamodb_table_item",
      "name": "plongée-sur-r-lyeh-un-roman-dont-vous-êtes-le-héros",
      "provider": "provider.aws",
      "instances": [
        {
          "schema_version": 0,
          "attributes": {
            "hash_key": "Id",
            "id": "Feed|Id||https://post-tenebras-lire.net/plongee-sur-rlyeh-loic-richard-un-roman|",
            "item": "{\n  \"Id\": {\"S\": \"https://post-tenebras-lire.net/plongee-sur-rlyeh-loic-richard-un-roman\"},\n  \"title\": {\"S\": \"Plongée sur R’Lyeh - Un roman dont vous êtes le héros\"},\n  \"writer\": {\"S\": \"Richard, Loïc\"},\n\n  \"tags\": {\"S\": \"#Fantastique #Livre Dont Vous Etes Le Héros\"},\n  \"link\": {\"S\": \"https://post-tenebras-lire.net/plongee-sur-rlyeh-loic-richard-un-roman/\"},\n\n  \"imageUrl\": {\"S\": \"https://post-tenebras-lire.net/assets/posts/2013-06-11-plongee-sur-rlyeh-loic-richard-un-roman.jpg\"}\n}\n",
            "range_key": null,
            "table_name": "Feed"
          },
          "private": "bnVsbA==",
          "depends_on": [
            "aws_dynamodb_table.feed-table"
          ]
        }
      ]
    },
    {
      "mode": "managed",
      "type": "aws_dynamodb_table_item",
      "name": "pour-mieux-comprendre-le-proche-orient-géopolitique-du-proche-orient-que-sais-je-n-3678",
      "provider": "provider.aws",
      "instances": [
        {
          "schema_version": 0,
          "attributes": {
            "hash_key": "Id",
            "id": "Feed|Id||https://post-tenebras-lire.net/pour-mieux-comprendre-le-proche-orient|",
            "item": "{\n  \"Id\": {\"S\": \"https://post-tenebras-lire.net/pour-mieux-comprendre-le-proche-orient\"},\n  \"title\": {\"S\": \"Pour mieux comprendre le Proche-Orient : Géopolitique du Proche-Orient « Que sais-je ? » n° 3678\"},\n  \"writer\": {\"S\": \"Defay, Alexandre\"},\n\n  \"tags\": {\"S\": \"#Politique #Géographie #Histoire\"},\n  \"link\": {\"S\": \"https://post-tenebras-lire.net/pour-mieux-comprendre-le-proche-orient/\"},\n\n  \"imageUrl\": {\"S\": \"https://post-tenebras-lire.net/assets/posts/2013-04-20-pour-mieux-comprendre-le-proche-orient.jpg\"}\n}\n",
            "range_key": null,
            "table_name": "Feed"
          },
          "private": "bnVsbA==",
          "depends_on": [
            "aws_dynamodb_table.feed-table"
          ]
        }
      ]
    },
    {
      "mode": "managed",
      "type": "aws_dynamodb_table_item",
      "name": "prenez-le-temps-d-e-penser-tome-1",
      "provider": "provider.aws",
      "instances": [
        {
          "schema_version": 0,
          "attributes": {
            "hash_key": "Id",
            "id": "Feed|Id||https://post-tenebras-lire.net/science-prenez-le-temps-de-penser-tome|",
            "item": "{\n  \"Id\": {\"S\": \"https://post-tenebras-lire.net/science-prenez-le-temps-de-penser-tome\"},\n  \"title\": {\"S\": \"Prenez le temps d’e-penser, tome 1\"},\n  \"writer\": {\"S\": \"Benamran, Bruce\"},\n\n  \"tags\": {\"S\": \"#Science\"},\n  \"link\": {\"S\": \"https://post-tenebras-lire.net/science-prenez-le-temps-de-penser-tome/\"},\n\n  \"imageUrl\": {\"S\": \"https://post-tenebras-lire.net/assets/posts/2016-06-05-science-prenez-le-temps-de-penser-tome.jpg\"}\n}\n",
            "range_key": null,
            "table_name": "Feed"
          },
          "private": "bnVsbA==",
          "depends_on": [
            "aws_dynamodb_table.feed-table"
          ]
        }
      ]
    },
    {
      "mode": "managed",
      "type": "aws_dynamodb_table_item",
      "name": "prélude-et-aube-de-la-fondation",
      "provider": "provider.aws",
      "instances": [
        {
          "schema_version": 0,
          "attributes": {
            "hash_key": "Id",
            "id": "Feed|Id||https://post-tenebras-lire.net/sf-prelude-et-aube-de-la-fondation|",
            "item": "{\n  \"Id\": {\"S\": \"https://post-tenebras-lire.net/sf-prelude-et-aube-de-la-fondation\"},\n  \"title\": {\"S\": \"Prélude et Aube de la Fondation\"},\n  \"writer\": {\"S\": \"Asimov, Issac\"},\n\n  \"tags\": {\"S\": \"#Science-Fiction\"},\n  \"link\": {\"S\": \"https://post-tenebras-lire.net/sf-prelude-et-aube-de-la-fondation/\"},\n\n  \"imageUrl\": {\"S\": \"https://post-tenebras-lire.net/assets/posts/2016-09-16-sf-prelude-et-aube-de-la-fondation.jpg\"}\n}\n",
            "range_key": null,
            "table_name": "Feed"
          },
          "private": "bnVsbA==",
          "depends_on": [
            "aws_dynamodb_table.feed-table"
          ]
        }
      ]
    },
    {
      "mode": "managed",
      "type": "aws_dynamodb_table_item",
      "name": "que-sais-je-histoire-de-genève",
      "provider": "provider.aws",
      "instances": [
        {
          "schema_version": 0,
          "attributes": {
            "hash_key": "Id",
            "id": "Feed|Id||https://post-tenebras-lire.net/que-sais-jehistoire-de-geneve-puf|",
            "item": "{\n  \"Id\": {\"S\": \"https://post-tenebras-lire.net/que-sais-jehistoire-de-geneve-puf\"},\n  \"title\": {\"S\": \"Que sais-je : Histoire de Genève\"},\n  \"writer\": {\"S\": \"Dufour, Alfred\"},\n\n  \"tags\": {\"S\": \"#Histoire #Suisse\"},\n  \"link\": {\"S\": \"https://post-tenebras-lire.net/que-sais-jehistoire-de-geneve-puf/\"},\n\n  \"imageUrl\": {\"S\": \"https://post-tenebras-lire.net/assets/posts/2014-05-27-que-sais-jehistoire-de-geneve-puf.jpg\"}\n}\n",
            "range_key": null,
            "table_name": "Feed"
          },
          "private": "bnVsbA==",
          "depends_on": [
            "aws_dynamodb_table.feed-table"
          ]
        }
      ]
    },
    {
      "mode": "managed",
      "type": "aws_dynamodb_table_item",
      "name": "r-u-n",
      "provider": "provider.aws",
      "instances": [
        {
          "schema_version": 0,
          "attributes": {
            "hash_key": "Id",
            "id": "Feed|Id||https://post-tenebras-lire.net/lecture-run-alexandre-jarry|",
            "item": "{\n  \"Id\": {\"S\": \"https://post-tenebras-lire.net/lecture-run-alexandre-jarry\"},\n  \"title\": {\"S\": \"[R.U.N]\"},\n  \"writer\": {\"S\": \"Jarry, Alexandre\"},\n\n  \"tags\": {\"S\": \"#Science-Fiction #Polar\"},\n  \"link\": {\"S\": \"https://post-tenebras-lire.net/lecture-run-alexandre-jarry/\"},\n\n  \"imageUrl\": {\"S\": \"https://post-tenebras-lire.net/assets/posts/2014-05-23-lecture-run-alexandre-jarry.jpg\"}\n}\n",
            "range_key": null,
            "table_name": "Feed"
          },
          "private": "bnVsbA==",
          "depends_on": [
            "aws_dynamodb_table.feed-table"
          ]
        }
      ]
    },
    {
      "mode": "managed",
      "type": "aws_dynamodb_table_item",
      "name": "radix",
      "provider": "provider.aws",
      "instances": [
        {
          "schema_version": 0,
          "attributes": {
            "hash_key": "Id",
            "id": "Feed|Id||https://post-tenebras-lire.net/un-roman-que-je-nai-pas-pu-finir-radix|",
            "item": "{\n  \"Id\": {\"S\": \"https://post-tenebras-lire.net/un-roman-que-je-nai-pas-pu-finir-radix\"},\n  \"title\": {\"S\": \"Radix\"},\n  \"writer\": {\"S\": \"Attanasio, A. A.\"},\n\n  \"tags\": {\"S\": \"#Abandonné #Science-Fiction\"},\n  \"link\": {\"S\": \"https://post-tenebras-lire.net/un-roman-que-je-nai-pas-pu-finir-radix/\"},\n\n  \"imageUrl\": {\"S\": \"https://post-tenebras-lire.net/assets/posts/2013-06-05-un-roman-que-je-nai-pas-pu-finir-radix.jpg\"}\n}\n",
            "range_key": null,
            "table_name": "Feed"
          },
          "private": "bnVsbA==",
          "depends_on": [
            "aws_dynamodb_table.feed-table"
          ]
        }
      ]
    },
    {
      "mode": "managed",
      "type": "aws_dynamodb_table_item",
      "name": "ragnarök",
      "provider": "provider.aws",
      "instances": [
        {
          "schema_version": 0,
          "attributes": {
            "hash_key": "Id",
            "id": "Feed|Id||https://post-tenebras-lire.net/ragnarok-de-freddy-woets|",
            "item": "{\n  \"Id\": {\"S\": \"https://post-tenebras-lire.net/ragnarok-de-freddy-woets\"},\n  \"title\": {\"S\": \"Ragnarök\"},\n  \"writer\": {\"S\": \"Woets, Freddy\"},\n\n  \"tags\": {\"S\": \"#Abandonné #Fantasy\"},\n  \"link\": {\"S\": \"https://post-tenebras-lire.net/ragnarok-de-freddy-woets/\"},\n\n  \"imageUrl\": {\"S\": \"https://post-tenebras-lire.net/assets/posts/2015-01-22-ragnarok-de-freddy-woets.jpg\"}\n}\n",
            "range_key": null,
            "table_name": "Feed"
          },
          "private": "bnVsbA==",
          "depends_on": [
            "aws_dynamodb_table.feed-table"
          ]
        }
      ]
    },
    {
      "mode": "managed",
      "type": "aws_dynamodb_table_item",
      "name": "republic-com-2-0",
      "provider": "provider.aws",
      "instances": [
        {
          "schema_version": 0,
          "attributes": {
            "hash_key": "Id",
            "id": "Feed|Id||https://post-tenebras-lire.net/book-republiccom-20-by-cass-r-sunstein|",
            "item": "{\n  \"Id\": {\"S\": \"https://post-tenebras-lire.net/book-republiccom-20-by-cass-r-sunstein\"},\n  \"title\": {\"S\": \"Republic.com 2.0\"},\n  \"writer\": {\"S\": \"Sunstein, Cass R.\"},\n\n  \"tags\": {\"S\": \"#Politique #Essai\"},\n  \"link\": {\"S\": \"https://post-tenebras-lire.net/book-republiccom-20-by-cass-r-sunstein/\"},\n\n  \"imageUrl\": {\"S\": \"https://post-tenebras-lire.net/assets/posts/2012-10-06-book-republiccom-20-by-cass-r-sunstein.jpg\"}\n}\n",
            "range_key": null,
            "table_name": "Feed"
          },
          "private": "bnVsbA==",
          "depends_on": [
            "aws_dynamodb_table.feed-table"
          ]
        }
      ]
    },
    {
      "mode": "managed",
      "type": "aws_dynamodb_table_item",
      "name": "ressentiment-tome-1",
      "provider": "provider.aws",
      "instances": [
        {
          "schema_version": 0,
          "attributes": {
            "hash_key": "Id",
            "id": "Feed|Id||https://post-tenebras-lire.net/manga-ressentiment-tome-1-de-kengo|",
            "item": "{\n  \"Id\": {\"S\": \"https://post-tenebras-lire.net/manga-ressentiment-tome-1-de-kengo\"},\n  \"title\": {\"S\": \"Ressentiment, tome 1\"},\n  \"writer\": {\"S\": \"Hanazawa, Kengo\"},\n\n  \"tags\": {\"S\": \"#Manga #Abandonné #Japon\"},\n  \"link\": {\"S\": \"https://post-tenebras-lire.net/manga-ressentiment-tome-1-de-kengo/\"},\n\n  \"imageUrl\": {\"S\": \"https://post-tenebras-lire.net/assets/posts/2015-10-29-manga-ressentiment-tome-1-de-kengo.jpg\"}\n}\n",
            "range_key": null,
            "table_name": "Feed"
          },
          "private": "bnVsbA==",
          "depends_on": [
            "aws_dynamodb_table.feed-table"
          ]
        }
      ]
    },
    {
      "mode": "managed",
      "type": "aws_dynamodb_table_item",
      "name": "roman-1q84-livre-3-octobre-décembre",
      "provider": "provider.aws",
      "instances": [
        {
          "schema_version": 0,
          "attributes": {
            "hash_key": "Id",
            "id": "Feed|Id||https://post-tenebras-lire.net/review-1q84-livre-3-octobre-decembre|",
            "item": "{\n  \"Id\": {\"S\": \"https://post-tenebras-lire.net/review-1q84-livre-3-octobre-decembre\"},\n  \"title\": {\"S\": \"Roman : 1Q84, livre 3 Octobre-Décembre\"},\n  \"writer\": {\"S\": \"Murakami, Haruki\"},\n\n  \"tags\": {\"S\": \"#Japon\"},\n  \"link\": {\"S\": \"https://post-tenebras-lire.net/review-1q84-livre-3-octobre-decembre/\"},\n\n  \"imageUrl\": {\"S\": \"https://post-tenebras-lire.net/assets/posts/2012-04-29-review-1q84-livre-3-octobre-decembre.jpg\"}\n}\n",
            "range_key": null,
            "table_name": "Feed"
          },
          "private": "bnVsbA==",
          "depends_on": [
            "aws_dynamodb_table.feed-table"
          ]
        }
      ]
    },
    {
      "mode": "managed",
      "type": "aws_dynamodb_table_item",
      "name": "roses-mécaniques",
      "provider": "provider.aws",
      "instances": [
        {
          "schema_version": 0,
          "attributes": {
            "hash_key": "Id",
            "id": "Feed|Id||https://post-tenebras-lire.net/lecture-sciencefiction-roses-mecaniques|",
            "item": "{\n  \"Id\": {\"S\": \"https://post-tenebras-lire.net/lecture-sciencefiction-roses-mecaniques\"},\n  \"title\": {\"S\": \"Roses Mécaniques\"},\n  \"writer\": {\"S\": \"Desienne, Stéphane\"},\n\n  \"tags\": {\"S\": \"#Science-Fiction\"},\n  \"link\": {\"S\": \"https://post-tenebras-lire.net/lecture-sciencefiction-roses-mecaniques/\"},\n\n  \"imageUrl\": {\"S\": \"https://post-tenebras-lire.net/assets/posts/2017-10-11-lecture-sciencefiction-roses-mecaniques.jpg\"}\n}\n",
            "range_key": null,
            "table_name": "Feed"
          },
          "private": "bnVsbA==",
          "depends_on": [
            "aws_dynamodb_table.feed-table"
          ]
        }
      ]
    },
    {
      "mode": "managed",
      "type": "aws_dynamodb_table_item",
      "name": "révolte-sur-la-lune",
      "provider": "provider.aws",
      "instances": [
        {
          "schema_version": 0,
          "attributes": {
            "hash_key": "Id",
            "id": "Feed|Id||https://post-tenebras-lire.net/revolte-sur-la-lune-robert-heinlein|",
            "item": "{\n  \"Id\": {\"S\": \"https://post-tenebras-lire.net/revolte-sur-la-lune-robert-heinlein\"},\n  \"title\": {\"S\": \"Révolte sur la Lune\"},\n  \"writer\": {\"S\": \"Heinlein, Robert A.\"},\n\n  \"tags\": {\"S\": \"#Science-Fiction\"},\n  \"link\": {\"S\": \"https://post-tenebras-lire.net/revolte-sur-la-lune-robert-heinlein/\"},\n\n  \"imageUrl\": {\"S\": \"https://post-tenebras-lire.net/assets/posts/2015-03-08-revolte-sur-la-lune-robert-heinlein.jpg\"}\n}\n",
            "range_key": null,
            "table_name": "Feed"
          },
          "private": "bnVsbA==",
          "depends_on": [
            "aws_dynamodb_table.feed-table"
          ]
        }
      ]
    },
    {
      "mode": "managed",
      "type": "aws_dynamodb_table_item",
      "name": "sanctum-corpus",
      "provider": "provider.aws",
      "instances": [
        {
          "schema_version": 0,
          "attributes": {
            "hash_key": "Id",
            "id": "Feed|Id||https://post-tenebras-lire.net/novella-sf-sanctum-corpus-dolivier|",
            "item": "{\n  \"Id\": {\"S\": \"https://post-tenebras-lire.net/novella-sf-sanctum-corpus-dolivier\"},\n  \"title\": {\"S\": \"Sanctum Corpus\"},\n  \"writer\": {\"S\": \"Saraja, Olivier\"},\n\n  \"tags\": {\"S\": \"#Science-Fiction #Nouvelle\"},\n  \"link\": {\"S\": \"https://post-tenebras-lire.net/novella-sf-sanctum-corpus-dolivier/\"},\n\n  \"imageUrl\": {\"S\": \"https://post-tenebras-lire.net/assets/posts/2016-06-29-novella-sf-sanctum-corpus-dolivier.jpg\"}\n}\n",
            "range_key": null,
            "table_name": "Feed"
          },
          "private": "bnVsbA==",
          "depends_on": [
            "aws_dynamodb_table.feed-table"
          ]
        }
      ]
    },
    {
      "mode": "managed",
      "type": "aws_dynamodb_table_item",
      "name": "santetsu-11-mars-2011-après-le-cataclysme",
      "provider": "provider.aws",
      "instances": [
        {
          "schema_version": 0,
          "attributes": {
            "hash_key": "Id",
            "id": "Feed|Id||https://post-tenebras-lire.net/manga-temoignage-santetsu-11-mars-2011|",
            "item": "{\n  \"Id\": {\"S\": \"https://post-tenebras-lire.net/manga-temoignage-santetsu-11-mars-2011\"},\n  \"title\": {\"S\": \"Santetsu : 11 mars 2011, après le cataclysme\"},\n  \"writer\": {\"S\": \"Yoshimoto, Koji\"},\n\n  \"tags\": {\"S\": \"#Manga #Japon\"},\n  \"link\": {\"S\": \"https://post-tenebras-lire.net/manga-temoignage-santetsu-11-mars-2011/\"},\n\n  \"imageUrl\": {\"S\": \"https://post-tenebras-lire.net/assets/posts/2013-04-27-manga-temoignage-santetsu-11-mars-2011.jpg\"}\n}\n",
            "range_key": null,
            "table_name": "Feed"
          },
          "private": "bnVsbA==",
          "depends_on": [
            "aws_dynamodb_table.feed-table"
          ]
        }
      ]
    },
    {
      "mode": "managed",
      "type": "aws_dynamodb_table_item",
      "name": "sea-secte-and-sun-harcèlement-et-voleurs",
      "provider": "provider.aws",
      "instances": [
        {
          "schema_version": 0,
          "attributes": {
            "hash_key": "Id",
            "id": "Feed|Id||https://post-tenebras-lire.net/polar-sea-secte-and-sun-suivi-de|",
            "item": "{\n  \"Id\": {\"S\": \"https://post-tenebras-lire.net/polar-sea-secte-and-sun-suivi-de\"},\n  \"title\": {\"S\": \"‘Sea, secte and sun’, ‘Harcèlement’ et ‘Voleurs !’\"},\n  \"writer\": {\"S\": \"Ferrero, Jean-Baptiste\"},\n\n  \"tags\": {\"S\": \"#Polar\"},\n  \"link\": {\"S\": \"https://post-tenebras-lire.net/polar-sea-secte-and-sun-suivi-de/\"},\n\n  \"imageUrl\": {\"S\": \"https://post-tenebras-lire.net/assets/posts/2014-06-20-polar-sea-secte-and-sun-suivi-de.jpg\"}\n}\n",
            "range_key": null,
            "table_name": "Feed"
          },
          "private": "bnVsbA==",
          "depends_on": [
            "aws_dynamodb_table.feed-table"
          ]
        }
      ]
    },
    {
      "mode": "managed",
      "type": "aws_dynamodb_table_item",
      "name": "seul-sur-mars",
      "provider": "provider.aws",
      "instances": [
        {
          "schema_version": 0,
          "attributes": {
            "hash_key": "Id",
            "id": "Feed|Id||https://post-tenebras-lire.net/roman-hard-sf-seul-sur-mars-dandy-weir|",
            "item": "{\n  \"Id\": {\"S\": \"https://post-tenebras-lire.net/roman-hard-sf-seul-sur-mars-dandy-weir\"},\n  \"title\": {\"S\": \"Seul sur Mars\"},\n  \"writer\": {\"S\": \"Weir, Andy\"},\n\n  \"tags\": {\"S\": \"#Science-Fiction\"},\n  \"link\": {\"S\": \"https://post-tenebras-lire.net/roman-hard-sf-seul-sur-mars-dandy-weir/\"},\n\n  \"imageUrl\": {\"S\": \"https://post-tenebras-lire.net/assets/posts/2016-03-06-roman-hard-sf-seul-sur-mars-dandy-weir.jpg\"}\n}\n",
            "range_key": null,
            "table_name": "Feed"
          },
          "private": "bnVsbA==",
          "depends_on": [
            "aws_dynamodb_table.feed-table"
          ]
        }
      ]
    },
    {
      "mode": "managed",
      "type": "aws_dynamodb_table_item",
      "name": "sex-and-the-japanese-the-sensual-side-of-japan",
      "provider": "provider.aws",
      "instances": [
        {
          "schema_version": 0,
          "attributes": {
            "hash_key": "Id",
            "id": "Feed|Id||https://post-tenebras-lire.net/review-sex-and-japanese-sensual-side-of|",
            "item": "{\n  \"Id\": {\"S\": \"https://post-tenebras-lire.net/review-sex-and-japanese-sensual-side-of\"},\n  \"title\": {\"S\": \"Sex and the Japanese: The Sensual Side of Japan\"},\n  \"writer\": {\"S\": \"Lafayette de Mente, Boyé\"},\n\n  \"tags\": {\"S\": \"#Japon\"},\n  \"link\": {\"S\": \"https://post-tenebras-lire.net/review-sex-and-japanese-sensual-side-of/\"},\n\n  \"imageUrl\": {\"S\": \"https://post-tenebras-lire.net/assets/posts/2012-06-07-review-sex-and-japanese-sensual-side-of.jpg\"}\n}\n",
            "range_key": null,
            "table_name": "Feed"
          },
          "private": "bnVsbA==",
          "depends_on": [
            "aws_dynamodb_table.feed-table"
          ]
        }
      ]
    },
    {
      "mode": "managed",
      "type": "aws_dynamodb_table_item",
      "name": "si-c-est-un-homme",
      "provider": "provider.aws",
      "instances": [
        {
          "schema_version": 0,
          "attributes": {
            "hash_key": "Id",
            "id": "Feed|Id||https://post-tenebras-lire.net/Si_c_est_un%20homme_Primo_Levi|",
            "item": "{\n  \"Id\": {\"S\": \"https://post-tenebras-lire.net/Si_c_est_un%20homme_Primo_Levi\"},\n  \"title\": {\"S\": \"Si c’est un homme\"},\n  \"writer\": {\"S\": \"Levi, Primo\"},\n\n  \"tags\": {\"S\": \"#Biographie #Histoire\"},\n  \"link\": {\"S\": \"https://post-tenebras-lire.net/Si_c_est_un-homme_Primo_Levi/\"},\n\n  \"imageUrl\": {\"S\": \"https://post-tenebras-lire.net/assets/posts/2018-10-08-Si_c_est_un%20homme_Primo_Levi.jpg\"}\n}\n",
            "range_key": null,
            "table_name": "Feed"
          },
          "private": "bnVsbA==",
          "depends_on": [
            "aws_dynamodb_table.feed-table"
          ]
        }
      ]
    },
    {
      "mode": "managed",
      "type": "aws_dynamodb_table_item",
      "name": "simetierre",
      "provider": "provider.aws",
      "instances": [
        {
          "schema_version": 0,
          "attributes": {
            "hash_key": "Id",
            "id": "Feed|Id||https://post-tenebras-lire.net/simetierre-de-stephen-king|",
            "item": "{\n  \"Id\": {\"S\": \"https://post-tenebras-lire.net/simetierre-de-stephen-king\"},\n  \"title\": {\"S\": \"Simetierre\"},\n  \"writer\": {\"S\": \"King, Stephen\"},\n\n  \"tags\": {\"S\": \"#Fantastique\"},\n  \"link\": {\"S\": \"https://post-tenebras-lire.net/simetierre-de-stephen-king/\"},\n\n  \"imageUrl\": {\"S\": \"https://post-tenebras-lire.net/assets/posts/2014-01-12-simetierre-de-stephen-king.jpg\"}\n}\n",
            "range_key": null,
            "table_name": "Feed"
          },
          "private": "bnVsbA==",
          "depends_on": [
            "aws_dynamodb_table.feed-table"
          ]
        }
      ]
    },
    {
      "mode": "managed",
      "type": "aws_dynamodb_table_item",
      "name": "simon-s-cat-in-kitten-chaos",
      "provider": "provider.aws",
      "instances": [
        {
          "schema_version": 0,
          "attributes": {
            "hash_key": "Id",
            "id": "Feed|Id||https://post-tenebras-lire.net/review-simon-cat-in-kitten-chaos|",
            "item": "{\n  \"Id\": {\"S\": \"https://post-tenebras-lire.net/review-simon-cat-in-kitten-chaos\"},\n  \"title\": {\"S\": \"Simon’s Cat in Kitten Chaos\"},\n  \"writer\": {\"S\": \"Tofield, Simon\"},\n\n  \"tags\": {\"S\": \"#Humour\"},\n  \"link\": {\"S\": \"https://post-tenebras-lire.net/review-simon-cat-in-kitten-chaos/\"},\n\n  \"imageUrl\": {\"S\": \"https://post-tenebras-lire.net/assets/posts/2012-04-26-review-simon-cat-in-kitten-chaos.jpg\"}\n}\n",
            "range_key": null,
            "table_name": "Feed"
          },
          "private": "bnVsbA==",
          "depends_on": [
            "aws_dynamodb_table.feed-table"
          ]
        }
      ]
    },
    {
      "mode": "managed",
      "type": "aws_dynamodb_table_item",
      "name": "sortie-parc-gare-d-ueno",
      "provider": "provider.aws",
      "instances": [
        {
          "schema_version": 0,
          "attributes": {
            "hash_key": "Id",
            "id": "Feed|Id||https://post-tenebras-lire.net/roman-japonais-sortie-parc-gare-dueno|",
            "item": "{\n  \"Id\": {\"S\": \"https://post-tenebras-lire.net/roman-japonais-sortie-parc-gare-dueno\"},\n  \"title\": {\"S\": \"Sortie parc, gare d’Ueno\"},\n  \"writer\": {\"S\": \"Miri, Yu\"},\n\n  \"tags\": {\"S\": \"#Japon\"},\n  \"link\": {\"S\": \"https://post-tenebras-lire.net/roman-japonais-sortie-parc-gare-dueno/\"},\n\n  \"imageUrl\": {\"S\": \"https://post-tenebras-lire.net/assets/posts/2016-03-10-roman-japonais-sortie-parc-gare-dueno.jpg\"}\n}\n",
            "range_key": null,
            "table_name": "Feed"
          },
          "private": "bnVsbA==",
          "depends_on": [
            "aws_dynamodb_table.feed-table"
          ]
        }
      ]
    },
    {
      "mode": "managed",
      "type": "aws_dynamodb_table_item",
      "name": "spin",
      "provider": "provider.aws",
      "instances": [
        {
          "schema_version": 0,
          "attributes": {
            "hash_key": "Id",
            "id": "Feed|Id||https://post-tenebras-lire.net/roman-sf-spin-robert-charles-wilson|",
            "item": "{\n  \"Id\": {\"S\": \"https://post-tenebras-lire.net/roman-sf-spin-robert-charles-wilson\"},\n  \"title\": {\"S\": \"Spin\"},\n  \"writer\": {\"S\": \"Wilson, Robert-Charles\"},\n\n  \"tags\": {\"S\": \"#Science-Fiction\"},\n  \"link\": {\"S\": \"https://post-tenebras-lire.net/roman-sf-spin-robert-charles-wilson/\"},\n\n  \"imageUrl\": {\"S\": \"https://post-tenebras-lire.net/assets/posts/2012-12-08-roman-sf-spin-robert-charles-wilson.jpg\"}\n}\n",
            "range_key": null,
            "table_name": "Feed"
          },
          "private": "bnVsbA==",
          "depends_on": [
            "aws_dynamodb_table.feed-table"
          ]
        }
      ]
    },
    {
      "mode": "managed",
      "type": "aws_dynamodb_table_item",
      "name": "spin-tome-3-vortex",
      "provider": "provider.aws",
      "instances": [
        {
          "schema_version": 0,
          "attributes": {
            "hash_key": "Id",
            "id": "Feed|Id||https://post-tenebras-lire.net/roman-sf-spin-tome-3-vortex-de-robert|",
            "item": "{\n  \"Id\": {\"S\": \"https://post-tenebras-lire.net/roman-sf-spin-tome-3-vortex-de-robert\"},\n  \"title\": {\"S\": \"Spin, Tome 3 : Vortex\"},\n  \"writer\": {\"S\": \"Wilson, Robert-Charles\"},\n\n  \"tags\": {\"S\": \"#Science-Fiction\"},\n  \"link\": {\"S\": \"https://post-tenebras-lire.net/roman-sf-spin-tome-3-vortex-de-robert/\"},\n\n  \"imageUrl\": {\"S\": \"https://post-tenebras-lire.net/assets/posts/2014-03-09-roman-sf-spin-tome-3-vortex-de-robert.jpg\"}\n}\n",
            "range_key": null,
            "table_name": "Feed"
          },
          "private": "bnVsbA==",
          "depends_on": [
            "aws_dynamodb_table.feed-table"
          ]
        }
      ]
    },
    {
      "mode": "managed",
      "type": "aws_dynamodb_table_item",
      "name": "spores",
      "provider": "provider.aws",
      "instances": [
        {
          "schema_version": 0,
          "attributes": {
            "hash_key": "Id",
            "id": "Feed|Id||https://post-tenebras-lire.net/nouvelle-post-apocalyptique-spores|",
            "item": "{\n  \"Id\": {\"S\": \"https://post-tenebras-lire.net/nouvelle-post-apocalyptique-spores\"},\n  \"title\": {\"S\": \"Spores !\"},\n  \"writer\": {\"S\": \"Saraja, Olivier\"},\n\n  \"tags\": {\"S\": \"#Post-apocalyptique #Nouvelle\"},\n  \"link\": {\"S\": \"https://post-tenebras-lire.net/nouvelle-post-apocalyptique-spores/\"},\n\n  \"imageUrl\": {\"S\": \"https://post-tenebras-lire.net/assets/posts/2014-07-23-nouvelle-post-apocalyptique-spores.jpg\"}\n}\n",
            "range_key": null,
            "table_name": "Feed"
          },
          "private": "bnVsbA==",
          "depends_on": [
            "aws_dynamodb_table.feed-table"
          ]
        }
      ]
    },
    {
      "mode": "managed",
      "type": "aws_dynamodb_table_item",
      "name": "substance-mort",
      "provider": "provider.aws",
      "instances": [
        {
          "schema_version": 0,
          "attributes": {
            "hash_key": "Id",
            "id": "Feed|Id||https://post-tenebras-lire.net/roman-sf-substance-mort-philip-k-dick|",
            "item": "{\n  \"Id\": {\"S\": \"https://post-tenebras-lire.net/roman-sf-substance-mort-philip-k-dick\"},\n  \"title\": {\"S\": \"Substance mort\"},\n  \"writer\": {\"S\": \"Dick, Philip K.\"},\n\n  \"tags\": {\"S\": \"#Science-Fiction #Abandonné\"},\n  \"link\": {\"S\": \"https://post-tenebras-lire.net/roman-sf-substance-mort-philip-k-dick/\"},\n\n  \"imageUrl\": {\"S\": \"https://post-tenebras-lire.net/assets/posts/2014-05-10-roman-sf-substance-mort-philip-k-dick.jpg\"}\n}\n",
            "range_key": null,
            "table_name": "Feed"
          },
          "private": "bnVsbA==",
          "depends_on": [
            "aws_dynamodb_table.feed-table"
          ]
        }
      ]
    },
    {
      "mode": "managed",
      "type": "aws_dynamodb_table_item",
      "name": "série-enfer-et-en-os-jésus-contre-hitler-n-4",
      "provider": "provider.aws",
      "instances": [
        {
          "schema_version": 0,
          "attributes": {
            "hash_key": "Id",
            "id": "Feed|Id||https://post-tenebras-lire.net/serie-enfer-et-en-os-jesus-contre|",
            "item": "{\n  \"Id\": {\"S\": \"https://post-tenebras-lire.net/serie-enfer-et-en-os-jesus-contre\"},\n  \"title\": {\"S\": \"Série : Enfer et en os (Jésus contre Hitler n°4)\"},\n  \"writer\": {\"S\": \"Jomunsi, Neil\"},\n\n  \"tags\": {\"S\": \"#Fantastique #Humour #Série\"},\n  \"link\": {\"S\": \"https://post-tenebras-lire.net/serie-enfer-et-en-os-jesus-contre/\"},\n\n  \"imageUrl\": {\"S\": \"https://post-tenebras-lire.net/assets/posts/2013-08-20-serie-enfer-et-en-os-jesus-contre.jpg\"}\n}\n",
            "range_key": null,
            "table_name": "Feed"
          },
          "private": "bnVsbA==",
          "depends_on": [
            "aws_dynamodb_table.feed-table"
          ]
        }
      ]
    },
    {
      "mode": "managed",
      "type": "aws_dynamodb_table_item",
      "name": "série-heil-yéti-jésus-contre-hitler-n-3",
      "provider": "provider.aws",
      "instances": [
        {
          "schema_version": 0,
          "attributes": {
            "hash_key": "Id",
            "id": "Feed|Id||https://post-tenebras-lire.net/roman-heil-yeti-jesus-contre-hitler-3|",
            "item": "{\n  \"Id\": {\"S\": \"https://post-tenebras-lire.net/roman-heil-yeti-jesus-contre-hitler-3\"},\n  \"title\": {\"S\": \"Série : Heil Yéti! (Jésus contre Hitler n°3)\"},\n  \"writer\": {\"S\": \"Jomunsi, Neil\"},\n\n  \"tags\": {\"S\": \"#Série #Science-Fiction #Humour\"},\n  \"link\": {\"S\": \"https://post-tenebras-lire.net/roman-heil-yeti-jesus-contre-hitler-3/\"},\n\n  \"imageUrl\": {\"S\": \"https://post-tenebras-lire.net/assets/posts/2012-12-10-roman-heil-yeti-jesus-contre-hitler-3.jpg\"}\n}\n",
            "range_key": null,
            "table_name": "Feed"
          },
          "private": "bnVsbA==",
          "depends_on": [
            "aws_dynamodb_table.feed-table"
          ]
        }
      ]
    },
    {
      "mode": "managed",
      "type": "aws_dynamodb_table_item",
      "name": "série-tentacules-en-folie-jésus-contre-hitler-2",
      "provider": "provider.aws",
      "instances": [
        {
          "schema_version": 0,
          "attributes": {
            "hash_key": "Id",
            "id": "Feed|Id||https://post-tenebras-lire.net/serie-tentacules-en-folie-jesus-contre|",
            "item": "{\n  \"Id\": {\"S\": \"https://post-tenebras-lire.net/serie-tentacules-en-folie-jesus-contre\"},\n  \"title\": {\"S\": \"Série : Tentacules en Folie (Jésus contre Hitler #2)\"},\n  \"writer\": {\"S\": \"Jomunsi, Neil\"},\n\n  \"tags\": {\"S\": \"#Science-Fiction #Série #Humour\"},\n  \"link\": {\"S\": \"https://post-tenebras-lire.net/serie-tentacules-en-folie-jesus-contre/\"},\n\n  \"imageUrl\": {\"S\": \"https://post-tenebras-lire.net/assets/posts/2012-10-11-serie-tentacules-en-folie-jesus-contre.jpg\"}\n}\n",
            "range_key": null,
            "table_name": "Feed"
          },
          "private": "bnVsbA==",
          "depends_on": [
            "aws_dynamodb_table.feed-table"
          ]
        }
      ]
    },
    {
      "mode": "managed",
      "type": "aws_dynamodb_table_item",
      "name": "série-zombies-nazis-en-sibérie-jésus-contre-hitler-n-1",
      "provider": "provider.aws",
      "instances": [
        {
          "schema_version": 0,
          "attributes": {
            "hash_key": "Id",
            "id": "Feed|Id||https://post-tenebras-lire.net/serie-zombies-nazis-en-siberie-jesus|",
            "item": "{\n  \"Id\": {\"S\": \"https://post-tenebras-lire.net/serie-zombies-nazis-en-siberie-jesus\"},\n  \"title\": {\"S\": \"Série : Zombies Nazis en Sibérie (Jésus contre Hitler n°1)\"},\n  \"writer\": {\"S\": \"Jomunsi, Neil\"},\n\n  \"tags\": {\"S\": \"#Science-Fiction #Série #Humour\"},\n  \"link\": {\"S\": \"https://post-tenebras-lire.net/serie-zombies-nazis-en-siberie-jesus/\"},\n\n  \"imageUrl\": {\"S\": \"https://post-tenebras-lire.net/assets/posts/2012-10-02-serie-zombies-nazis-en-siberie-jesus.jpg\"}\n}\n",
            "range_key": null,
            "table_name": "Feed"
          },
          "private": "bnVsbA==",
          "depends_on": [
            "aws_dynamodb_table.feed-table"
          ]
        }
      ]
    },
    {
      "mode": "managed",
      "type": "aws_dynamodb_table_item",
      "name": "takeshi-kovacs-tome-1-carbone-modifié",
      "provider": "provider.aws",
      "instances": [
        {
          "schema_version": 0,
          "attributes": {
            "hash_key": "Id",
            "id": "Feed|Id||https://post-tenebras-lire.net/Takeshi_Kovacs_Carbone%20modifi%C3%A9_Altered_Carbon|",
            "item": "{\n  \"Id\": {\"S\": \"https://post-tenebras-lire.net/Takeshi_Kovacs_Carbone%20modifi%C3%A9_Altered_Carbon\"},\n  \"title\": {\"S\": \"Takeshi Kovacs, tome 1 : Carbone modifié\"},\n  \"writer\": {\"S\": \"Morgan, Richard\"},\n\n  \"tags\": {\"S\": \"#Polar #Science-Fiction\"},\n  \"link\": {\"S\": \"https://post-tenebras-lire.net/Takeshi_Kovacs_Carbone-modifi%C3%A9_Altered_Carbon/\"},\n\n  \"imageUrl\": {\"S\": \"https://post-tenebras-lire.net/assets/posts/2019-04-14-Takeshi_Kovacs_Carbone%20modifi%C3%A9_Altered_Carbon.jpg\"}\n}\n",
            "range_key": null,
            "table_name": "Feed"
          },
          "private": "bnVsbA==",
          "depends_on": [
            "aws_dynamodb_table.feed-table"
          ]
        }
      ]
    },
    {
      "mode": "managed",
      "type": "aws_dynamodb_table_item",
      "name": "takeshi-kovacs-tome-2-anges-déchus",
      "provider": "provider.aws",
      "instances": [
        {
          "schema_version": 0,
          "attributes": {
            "hash_key": "Id",
            "id": "Feed|Id||https://post-tenebras-lire.net/Takeshi_Kovacs_Anges_d%C3%A9chus_Richard_Morgan|",
            "item": "{\n  \"Id\": {\"S\": \"https://post-tenebras-lire.net/Takeshi_Kovacs_Anges_d%C3%A9chus_Richard_Morgan\"},\n  \"title\": {\"S\": \"Takeshi Kovacs, tome 2 : Anges déchus\"},\n  \"writer\": {\"S\": \"Morgan, Richard\"},\n\n  \"tags\": {\"S\": \"#Science-Fiction\"},\n  \"link\": {\"S\": \"https://post-tenebras-lire.net/Takeshi_Kovacs_Anges_d%C3%A9chus_Richard_Morgan/\"},\n\n  \"imageUrl\": {\"S\": \"https://post-tenebras-lire.net/assets/posts/2019-04-25-Takeshi_Kovacs_Anges_d%C3%A9chus_Richard_Morgan.jpg\"}\n}\n",
            "range_key": null,
            "table_name": "Feed"
          },
          "private": "bnVsbA==",
          "depends_on": [
            "aws_dynamodb_table.feed-table"
          ]
        }
      ]
    },
    {
      "mode": "managed",
      "type": "aws_dynamodb_table_item",
      "name": "takeshi-kovacs-tome-3-furies-déchaînées",
      "provider": "provider.aws",
      "instances": [
        {
          "schema_version": 0,
          "attributes": {
            "hash_key": "Id",
            "id": "Feed|Id||https://post-tenebras-lire.net/Takeshi_Kovacs_Furies_d%C3%A9cha%C3%AEn%C3%A9es_Richard_Morgan|",
            "item": "{\n  \"Id\": {\"S\": \"https://post-tenebras-lire.net/Takeshi_Kovacs_Furies_d%C3%A9cha%C3%AEn%C3%A9es_Richard_Morgan\"},\n  \"title\": {\"S\": \"Takeshi Kovacs, tome 3 : Furies déchaînées\"},\n  \"writer\": {\"S\": \"Morgan, Richard\"},\n\n  \"tags\": {\"S\": \"#Science-Fiction\"},\n  \"link\": {\"S\": \"https://post-tenebras-lire.net/Takeshi_Kovacs_Furies_d%C3%A9cha%C3%AEn%C3%A9es_Richard_Morgan/\"},\n\n  \"imageUrl\": {\"S\": \"https://post-tenebras-lire.net/assets/posts/2019-04-29-Takeshi_Kovacs_Furies_d%C3%A9cha%C3%AEn%C3%A9es_Richard_Morgan.jpg\"}\n}\n",
            "range_key": null,
            "table_name": "Feed"
          },
          "private": "bnVsbA==",
          "depends_on": [
            "aws_dynamodb_table.feed-table"
          ]
        }
      ]
    },
    {
      "mode": "managed",
      "type": "aws_dynamodb_table_item",
      "name": "tau-zéro",
      "provider": "provider.aws",
      "instances": [
        {
          "schema_version": 0,
          "attributes": {
            "hash_key": "Id",
            "id": "Feed|Id||https://post-tenebras-lire.net/sf-tau-zero-de-poul-anderson|",
            "item": "{\n  \"Id\": {\"S\": \"https://post-tenebras-lire.net/sf-tau-zero-de-poul-anderson\"},\n  \"title\": {\"S\": \"Tau Zéro\"},\n  \"writer\": {\"S\": \"Anderson, Poul\"},\n\n  \"tags\": {\"S\": \"#Science-Fiction\"},\n  \"link\": {\"S\": \"https://post-tenebras-lire.net/sf-tau-zero-de-poul-anderson/\"},\n\n  \"imageUrl\": {\"S\": \"https://post-tenebras-lire.net/assets/posts/2012-10-13-sf-tau-zero-de-poul-anderson.jpg\"}\n}\n",
            "range_key": null,
            "table_name": "Feed"
          },
          "private": "bnVsbA==",
          "depends_on": [
            "aws_dynamodb_table.feed-table"
          ]
        }
      ]
    },
    {
      "mode": "managed",
      "type": "aws_dynamodb_table_item",
      "name": "the-accidental-office-lady",
      "provider": "provider.aws",
      "instances": [
        {
          "schema_version": 0,
          "attributes": {
            "hash_key": "Id",
            "id": "Feed|Id||https://post-tenebras-lire.net/The_Accidental_Office_Lady_Laura_Kriska|",
            "item": "{\n  \"Id\": {\"S\": \"https://post-tenebras-lire.net/The_Accidental_Office_Lady_Laura_Kriska\"},\n  \"title\": {\"S\": \"The Accidental Office Lady\"},\n  \"writer\": {\"S\": \"Kriska, Laura\"},\n\n  \"tags\": {\"S\": \"#Japon\"},\n  \"link\": {\"S\": \"https://post-tenebras-lire.net/The_Accidental_Office_Lady_Laura_Kriska/\"},\n\n  \"imageUrl\": {\"S\": \"https://post-tenebras-lire.net/assets/posts/2018-10-10-The_Accidental_Office_Lady_Laura_Kriska.jpg\"}\n}\n",
            "range_key": null,
            "table_name": "Feed"
          },
          "private": "bnVsbA==",
          "depends_on": [
            "aws_dynamodb_table.feed-table"
          ]
        }
      ]
    },
    {
      "mode": "managed",
      "type": "aws_dynamodb_table_item",
      "name": "the-blue-eyed-salaryman-from-world-traveller-to-lifer-at-mitsubishi",
      "provider": "provider.aws",
      "instances": [
        {
          "schema_version": 0,
          "attributes": {
            "hash_key": "Id",
            "id": "Feed|Id||https://post-tenebras-lire.net/The_Blue-_Eyed%20_Salaryman_Niall_Murtagh|",
            "item": "{\n  \"Id\": {\"S\": \"https://post-tenebras-lire.net/The_Blue-_Eyed%20_Salaryman_Niall_Murtagh\"},\n  \"title\": {\"S\": \"The Blue-Eyed Salaryman: From World Traveller to Lifer at Mitsubishi\"},\n  \"writer\": {\"S\": \"Murtagh, Niall\"},\n\n  \"tags\": {\"S\": \"#Japon\"},\n  \"link\": {\"S\": \"https://post-tenebras-lire.net/The_Blue-_Eyed-_Salaryman_Niall_Murtagh/\"},\n\n  \"imageUrl\": {\"S\": \"https://post-tenebras-lire.net/assets/posts/2018-11-07-The_Blue-_Eyed%20_Salaryman_Niall_Murtagh.jpg\"}\n}\n",
            "range_key": null,
            "table_name": "Feed"
          },
          "private": "bnVsbA==",
          "depends_on": [
            "aws_dynamodb_table.feed-table"
          ]
        }
      ]
    },
    {
      "mode": "managed",
      "type": "aws_dynamodb_table_item",
      "name": "the-christian-delusion-why-faith-fails",
      "provider": "provider.aws",
      "instances": [
        {
          "schema_version": 0,
          "attributes": {
            "hash_key": "Id",
            "id": "Feed|Id||https://post-tenebras-lire.net/the-christian-delusion-why-faith-fails|",
            "item": "{\n  \"Id\": {\"S\": \"https://post-tenebras-lire.net/the-christian-delusion-why-faith-fails\"},\n  \"title\": {\"S\": \"The Christian Delusion: Why Faith Fails\"},\n  \"writer\": {\"S\": \"Loftus, John W.\"},\n\n  \"tags\": {\"S\": \"#Religion\"},\n  \"link\": {\"S\": \"https://post-tenebras-lire.net/the-christian-delusion-why-faith-fails/\"},\n\n  \"imageUrl\": {\"S\": \"https://post-tenebras-lire.net/assets/posts/2013-09-07-the-christian-delusion-why-faith-fails.jpg\"}\n}\n",
            "range_key": null,
            "table_name": "Feed"
          },
          "private": "bnVsbA==",
          "depends_on": [
            "aws_dynamodb_table.feed-table"
          ]
        }
      ]
    },
    {
      "mode": "managed",
      "type": "aws_dynamodb_table_item",
      "name": "tokyo-sanpo-promenades-à-tokyo",
      "provider": "provider.aws",
      "instances": [
        {
          "schema_version": 0,
          "attributes": {
            "hash_key": "Id",
            "id": "Feed|Id||https://post-tenebras-lire.net/tokyo-sanpo-promenades-tokyo-de-florent|",
            "item": "{\n  \"Id\": {\"S\": \"https://post-tenebras-lire.net/tokyo-sanpo-promenades-tokyo-de-florent\"},\n  \"title\": {\"S\": \"Tokyo Sanpo : Promenades à Tokyo\"},\n  \"writer\": {\"S\": \"Chavouet, Florent\"},\n\n  \"tags\": {\"S\": \"#Voyage #Japon #Beau livre\"},\n  \"link\": {\"S\": \"https://post-tenebras-lire.net/tokyo-sanpo-promenades-tokyo-de-florent/\"},\n\n  \"imageUrl\": {\"S\": \"https://post-tenebras-lire.net/assets/posts/2013-06-20-tokyo-sanpo-promenades-tokyo-de-florent.jpg\"}\n}\n",
            "range_key": null,
            "table_name": "Feed"
          },
          "private": "bnVsbA==",
          "depends_on": [
            "aws_dynamodb_table.feed-table"
          ]
        }
      ]
    },
    {
      "mode": "managed",
      "type": "aws_dynamodb_table_item",
      "name": "tokyo-vice",
      "provider": "provider.aws",
      "instances": [
        {
          "schema_version": 0,
          "attributes": {
            "hash_key": "Id",
            "id": "Feed|Id||https://post-tenebras-lire.net/Tokyo_Vice_Jake_Adelstein|",
            "item": "{\n  \"Id\": {\"S\": \"https://post-tenebras-lire.net/Tokyo_Vice_Jake_Adelstein\"},\n  \"title\": {\"S\": \"Tokyo Vice\"},\n  \"writer\": {\"S\": \"Adelstein, Jake\"},\n\n  \"tags\": {\"S\": \"#Japon\"},\n  \"link\": {\"S\": \"https://post-tenebras-lire.net/Tokyo_Vice_Jake_Adelstein/\"},\n\n  \"imageUrl\": {\"S\": \"https://post-tenebras-lire.net/assets/posts/2018-11-09-Tokyo_Vice_Jake_Adelstein.jpg\"}\n}\n",
            "range_key": null,
            "table_name": "Feed"
          },
          "private": "bnVsbA==",
          "depends_on": [
            "aws_dynamodb_table.feed-table"
          ]
        }
      ]
    },
    {
      "mode": "managed",
      "type": "aws_dynamodb_table_item",
      "name": "tonbo",
      "provider": "provider.aws",
      "instances": [
        {
          "schema_version": 0,
          "attributes": {
            "hash_key": "Id",
            "id": "Feed|Id||https://post-tenebras-lire.net/review-tonbo|",
            "item": "{\n  \"Id\": {\"S\": \"https://post-tenebras-lire.net/review-tonbo\"},\n  \"title\": {\"S\": \"Tonbo\"},\n  \"writer\": {\"S\": \"Shimazaki, Aki\"},\n\n  \"tags\": {\"S\": \"#Japon\"},\n  \"link\": {\"S\": \"https://post-tenebras-lire.net/review-tonbo/\"},\n\n  \"imageUrl\": {\"S\": \"https://post-tenebras-lire.net/assets/posts/2012-06-08-review-tonbo.jpg\"}\n}\n",
            "range_key": null,
            "table_name": "Feed"
          },
          "private": "bnVsbA==",
          "depends_on": [
            "aws_dynamodb_table.feed-table"
          ]
        }
      ]
    },
    {
      "mode": "managed",
      "type": "aws_dynamodb_table_item",
      "name": "toxic-saison-1",
      "provider": "provider.aws",
      "instances": [
        {
          "schema_version": 0,
          "attributes": {
            "hash_key": "Id",
            "id": "Feed|Id||https://post-tenebras-lire.net/toxic-stephane-desienne|",
            "item": "{\n  \"Id\": {\"S\": \"https://post-tenebras-lire.net/toxic-stephane-desienne\"},\n  \"title\": {\"S\": \"Toxic Saison 1\"},\n  \"writer\": {\"S\": \"Desienne, Stéphane\"},\n\n  \"tags\": {\"S\": \"#Post-apocalyptique #Série #Science-Fiction\"},\n  \"link\": {\"S\": \"https://post-tenebras-lire.net/toxic-stephane-desienne/\"},\n\n  \"imageUrl\": {\"S\": \"https://post-tenebras-lire.net/assets/posts/2014-06-11-toxic-stephane-desienne.jpg\"}\n}\n",
            "range_key": null,
            "table_name": "Feed"
          },
          "private": "bnVsbA==",
          "depends_on": [
            "aws_dynamodb_table.feed-table"
          ]
        }
      ]
    },
    {
      "mode": "managed",
      "type": "aws_dynamodb_table_item",
      "name": "toxic-saison-2",
      "provider": "provider.aws",
      "instances": [
        {
          "schema_version": 0,
          "attributes": {
            "hash_key": "Id",
            "id": "Feed|Id||https://post-tenebras-lire.net/serie-science-fiction-toxic-saison-2-de|",
            "item": "{\n  \"Id\": {\"S\": \"https://post-tenebras-lire.net/serie-science-fiction-toxic-saison-2-de\"},\n  \"title\": {\"S\": \"Toxic Saison 2\"},\n  \"writer\": {\"S\": \"Desienne, Stéphane\"},\n\n  \"tags\": {\"S\": \"#Série #Science-Fiction\"},\n  \"link\": {\"S\": \"https://post-tenebras-lire.net/serie-science-fiction-toxic-saison-2-de/\"},\n\n  \"imageUrl\": {\"S\": \"https://post-tenebras-lire.net/assets/posts/2016-10-01-serie-science-fiction-toxic-saison-2-de.jpg\"}\n}\n",
            "range_key": null,
            "table_name": "Feed"
          },
          "private": "bnVsbA==",
          "depends_on": [
            "aws_dynamodb_table.feed-table"
          ]
        }
      ]
    },
    {
      "mode": "managed",
      "type": "aws_dynamodb_table_item",
      "name": "traque-d-un-homme-à-l-autre",
      "provider": "provider.aws",
      "instances": [
        {
          "schema_version": 0,
          "attributes": {
            "hash_key": "Id",
            "id": "Feed|Id||https://post-tenebras-lire.net/roman-post-apocalyptique-dun-homme|",
            "item": "{\n  \"Id\": {\"S\": \"https://post-tenebras-lire.net/roman-post-apocalyptique-dun-homme\"},\n  \"title\": {\"S\": \"Traque, d’un homme à l’autre\"},\n  \"writer\": {\"S\": \"Moulay, Sophie\"},\n\n  \"tags\": {\"S\": \"#Post-apocalyptique\"},\n  \"link\": {\"S\": \"https://post-tenebras-lire.net/roman-post-apocalyptique-dun-homme/\"},\n\n  \"imageUrl\": {\"S\": \"https://post-tenebras-lire.net/assets/posts/2014-05-25-roman-post-apocalyptique-dun-homme.jpg\"}\n}\n",
            "range_key": null,
            "table_name": "Feed"
          },
          "private": "bnVsbA==",
          "depends_on": [
            "aws_dynamodb_table.feed-table"
          ]
        }
      ]
    },
    {
      "mode": "managed",
      "type": "aws_dynamodb_table_item",
      "name": "trilogie-quantika",
      "provider": "provider.aws",
      "instances": [
        {
          "schema_version": 0,
          "attributes": {
            "hash_key": "Id",
            "id": "Feed|Id||https://post-tenebras-lire.net/trilogie-sf-quantika-de-laurence-suhner|",
            "item": "{\n  \"Id\": {\"S\": \"https://post-tenebras-lire.net/trilogie-sf-quantika-de-laurence-suhner\"},\n  \"title\": {\"S\": \"Trilogie Quantika\"},\n  \"writer\": {\"S\": \"Suhner, Laurence\"},\n\n  \"tags\": {\"S\": \"#Science-Fiction\"},\n  \"link\": {\"S\": \"https://post-tenebras-lire.net/trilogie-sf-quantika-de-laurence-suhner/\"},\n\n  \"imageUrl\": {\"S\": \"https://post-tenebras-lire.net/assets/posts/2015-09-27-trilogie-sf-quantika-de-laurence-suhner.jpg\"}\n}\n",
            "range_key": null,
            "table_name": "Feed"
          },
          "private": "bnVsbA==",
          "depends_on": [
            "aws_dynamodb_table.feed-table"
          ]
        }
      ]
    },
    {
      "mode": "managed",
      "type": "aws_dynamodb_table_item",
      "name": "trois-coups-contre-ma-porte",
      "provider": "provider.aws",
      "instances": [
        {
          "schema_version": 0,
          "attributes": {
            "hash_key": "Id",
            "id": "Feed|Id||https://post-tenebras-lire.net/trois-coups-contre-ma-porte-michael|",
            "item": "{\n  \"Id\": {\"S\": \"https://post-tenebras-lire.net/trois-coups-contre-ma-porte-michael\"},\n  \"title\": {\"S\": \"Trois coups contre ma porte\"},\n  \"writer\": {\"S\": \"Roch, Michael\"},\n\n  \"tags\": {\"S\": \"#Nouvelle\"},\n  \"link\": {\"S\": \"https://post-tenebras-lire.net/trois-coups-contre-ma-porte-michael/\"},\n\n  \"imageUrl\": {\"S\": \"https://post-tenebras-lire.net/assets/posts/2013-08-21-trois-coups-contre-ma-porte-michael.jpg\"}\n}\n",
            "range_key": null,
            "table_name": "Feed"
          },
          "private": "bnVsbA==",
          "depends_on": [
            "aws_dynamodb_table.feed-table"
          ]
        }
      ]
    },
    {
      "mode": "managed",
      "type": "aws_dynamodb_table_item",
      "name": "troublerêve",
      "provider": "provider.aws",
      "instances": [
        {
          "schema_version": 0,
          "attributes": {
            "hash_key": "Id",
            "id": "Feed|Id||https://post-tenebras-lire.net/fantastique-troublereve-par-christophe|",
            "item": "{\n  \"Id\": {\"S\": \"https://post-tenebras-lire.net/fantastique-troublereve-par-christophe\"},\n  \"title\": {\"S\": \"Troublerêve\"},\n  \"writer\": {\"S\": \"Kauffman, Christophe\"},\n\n  \"tags\": {\"S\": \"#Fantastique #Fantasy\"},\n  \"link\": {\"S\": \"https://post-tenebras-lire.net/fantastique-troublereve-par-christophe/\"},\n\n  \"imageUrl\": {\"S\": \"https://post-tenebras-lire.net/assets/posts/2016-01-31-fantastique-troublereve-par-christophe.jpg\"}\n}\n",
            "range_key": null,
            "table_name": "Feed"
          },
          "private": "bnVsbA==",
          "depends_on": [
            "aws_dynamodb_table.feed-table"
          ]
        }
      ]
    },
    {
      "mode": "managed",
      "type": "aws_dynamodb_table_item",
      "name": "trous-noirs-et-distorsions-du-temps-l-héritage-sulfureux-d-einstein",
      "provider": "provider.aws",
      "instances": [
        {
          "schema_version": 0,
          "attributes": {
            "hash_key": "Id",
            "id": "Feed|Id||https://post-tenebras-lire.net/science-trous-noirs-et-distorsions-du-temps|",
            "item": "{\n  \"Id\": {\"S\": \"https://post-tenebras-lire.net/science-trous-noirs-et-distorsions-du-temps\"},\n  \"title\": {\"S\": \"Trous noirs et distorsions du temps : L’héritage sulfureux d’Einstein\"},\n  \"writer\": {\"S\": \"Thorne, Kip S.\"},\n\n  \"tags\": {\"S\": \"#Science\"},\n  \"link\": {\"S\": \"https://post-tenebras-lire.net/science-trous-noirs-et-distorsions-du-temps/\"},\n\n  \"imageUrl\": {\"S\": \"https://post-tenebras-lire.net/assets/posts/2018-03-09-science-trous-noirs-et-distorsions-du.jpg\"}\n}\n",
            "range_key": null,
            "table_name": "Feed"
          },
          "private": "bnVsbA==",
          "depends_on": [
            "aws_dynamodb_table.feed-table"
          ]
        }
      ]
    },
    {
      "mode": "managed",
      "type": "aws_dynamodb_table_item",
      "name": "tsukushi",
      "provider": "provider.aws",
      "instances": [
        {
          "schema_version": 0,
          "attributes": {
            "hash_key": "Id",
            "id": "Feed|Id||https://post-tenebras-lire.net/roman-tsukushi-par-aki-shimazaki|",
            "item": "{\n  \"Id\": {\"S\": \"https://post-tenebras-lire.net/roman-tsukushi-par-aki-shimazaki\"},\n  \"title\": {\"S\": \"Tsukushi\"},\n  \"writer\": {\"S\": \"Shimazaki, Aki\"},\n\n  \"tags\": {\"S\": \"#Japon\"},\n  \"link\": {\"S\": \"https://post-tenebras-lire.net/roman-tsukushi-par-aki-shimazaki/\"},\n\n  \"imageUrl\": {\"S\": \"https://post-tenebras-lire.net/assets/posts/2012-10-15-roman-tsukushi-par-aki-shimazaki.jpg\"}\n}\n",
            "range_key": null,
            "table_name": "Feed"
          },
          "private": "bnVsbA==",
          "depends_on": [
            "aws_dynamodb_table.feed-table"
          ]
        }
      ]
    },
    {
      "mode": "managed",
      "type": "aws_dynamodb_table_item",
      "name": "twelve",
      "provider": "provider.aws",
      "instances": [
        {
          "schema_version": 0,
          "attributes": {
            "hash_key": "Id",
            "id": "Feed|Id||https://post-tenebras-lire.net/twelve-de-michael-roch|",
            "item": "{\n  \"Id\": {\"S\": \"https://post-tenebras-lire.net/twelve-de-michael-roch\"},\n  \"title\": {\"S\": \"Twelve\"},\n  \"writer\": {\"S\": \"Roch, Michael\"},\n\n  \"tags\": {\"S\": \"#Pulp\"},\n  \"link\": {\"S\": \"https://post-tenebras-lire.net/twelve-de-michael-roch/\"},\n\n  \"imageUrl\": {\"S\": \"https://post-tenebras-lire.net/assets/posts/2014-11-08-twelve-de-michael-roch.jpg\"}\n}\n",
            "range_key": null,
            "table_name": "Feed"
          },
          "private": "bnVsbA==",
          "depends_on": [
            "aws_dynamodb_table.feed-table"
          ]
        }
      ]
    },
    {
      "mode": "managed",
      "type": "aws_dynamodb_table_item",
      "name": "un-café-maison",
      "provider": "provider.aws",
      "instances": [
        {
          "schema_version": 0,
          "attributes": {
            "hash_key": "Id",
            "id": "Feed|Id||https://post-tenebras-lire.net/un-cafe-maison-de-keigo-higashino|",
            "item": "{\n  \"Id\": {\"S\": \"https://post-tenebras-lire.net/un-cafe-maison-de-keigo-higashino\"},\n  \"title\": {\"S\": \"Un café maison\"},\n  \"writer\": {\"S\": \"Higashino, Keigo\"},\n\n  \"tags\": {\"S\": \"#Japon #Polar\"},\n  \"link\": {\"S\": \"https://post-tenebras-lire.net/un-cafe-maison-de-keigo-higashino/\"},\n\n  \"imageUrl\": {\"S\": \"https://post-tenebras-lire.net/assets/posts/2015-01-30-un-cafe-maison-de-keigo-higashino.png\"}\n}\n",
            "range_key": null,
            "table_name": "Feed"
          },
          "private": "bnVsbA==",
          "depends_on": [
            "aws_dynamodb_table.feed-table"
          ]
        }
      ]
    },
    {
      "mode": "managed",
      "type": "aws_dynamodb_table_item",
      "name": "un-endroit-discret",
      "provider": "provider.aws",
      "instances": [
        {
          "schema_version": 0,
          "attributes": {
            "hash_key": "Id",
            "id": "Feed|Id||https://post-tenebras-lire.net/polar-japonais-un-endroit-discret-de|",
            "item": "{\n  \"Id\": {\"S\": \"https://post-tenebras-lire.net/polar-japonais-un-endroit-discret-de\"},\n  \"title\": {\"S\": \"Un endroit discret\"},\n  \"writer\": {\"S\": \"Matsumoto, Seicho\"},\n\n  \"tags\": {\"S\": \"#Japon #Polar\"},\n  \"link\": {\"S\": \"https://post-tenebras-lire.net/polar-japonais-un-endroit-discret-de/\"},\n\n  \"imageUrl\": {\"S\": \"https://post-tenebras-lire.net/assets/posts/2015-12-30-polar-japonais-un-endroit-discret-de.jpg\"}\n}\n",
            "range_key": null,
            "table_name": "Feed"
          },
          "private": "bnVsbA==",
          "depends_on": [
            "aws_dynamodb_table.feed-table"
          ]
        }
      ]
    },
    {
      "mode": "managed",
      "type": "aws_dynamodb_table_item",
      "name": "un-feu-sur-l-abîme",
      "provider": "provider.aws",
      "instances": [
        {
          "schema_version": 0,
          "attributes": {
            "hash_key": "Id",
            "id": "Feed|Id||https://post-tenebras-lire.net/Un-feu-sur-l-ab%C3%AEme-Vernor-Vinge|",
            "item": "{\n  \"Id\": {\"S\": \"https://post-tenebras-lire.net/Un-feu-sur-l-ab%C3%AEme-Vernor-Vinge\"},\n  \"title\": {\"S\": \"Un feu sur l’abîme\"},\n  \"writer\": {\"S\": \"Vinge, Vernor\"},\n\n  \"tags\": {\"S\": \"#Science-Fiction\"},\n  \"link\": {\"S\": \"https://post-tenebras-lire.net/Un-feu-sur-l-ab%C3%AEme-Vernor-Vinge/\"},\n\n  \"imageUrl\": {\"S\": \"https://post-tenebras-lire.net/assets/posts/2018-12-21-Un-feu-sur-l-ab%C3%AEme-Vernor-Vinge.jpg\"}\n}\n",
            "range_key": null,
            "table_name": "Feed"
          },
          "private": "bnVsbA==",
          "depends_on": [
            "aws_dynamodb_table.feed-table"
          ]
        }
      ]
    },
    {
      "mode": "managed",
      "type": "aws_dynamodb_table_item",
      "name": "un-kimono-pour-linceul",
      "provider": "provider.aws",
      "instances": [
        {
          "schema_version": 0,
          "attributes": {
            "hash_key": "Id",
            "id": "Feed|Id||https://post-tenebras-lire.net/Un_kimono_pour_linceul_Jean_Michel_Leboulanger|",
            "item": "{\n  \"Id\": {\"S\": \"https://post-tenebras-lire.net/Un_kimono_pour_linceul_Jean_Michel_Leboulanger\"},\n  \"title\": {\"S\": \"Un kimono pour linceul\"},\n  \"writer\": {\"S\": \"Leboulanger, Jean-Michel\"},\n\n  \"tags\": {\"S\": \"#Japon #Polar\"},\n  \"link\": {\"S\": \"https://post-tenebras-lire.net/Un_kimono_pour_linceul_Jean_Michel_Leboulanger/\"},\n\n  \"imageUrl\": {\"S\": \"https://post-tenebras-lire.net/assets/posts/2018-11-13-Un_kimono_pour_linceul_Jean_Michel_Leboulanger.jpg\"}\n}\n",
            "range_key": null,
            "table_name": "Feed"
          },
          "private": "bnVsbA==",
          "depends_on": [
            "aws_dynamodb_table.feed-table"
          ]
        }
      ]
    },
    {
      "mode": "managed",
      "type": "aws_dynamodb_table_item",
      "name": "un-monde-d-azur",
      "provider": "provider.aws",
      "instances": [
        {
          "schema_version": 0,
          "attributes": {
            "hash_key": "Id",
            "id": "Feed|Id||https://post-tenebras-lire.net/roman-sf-un-monde-dazur-de-jack-vance|",
            "item": "{\n  \"Id\": {\"S\": \"https://post-tenebras-lire.net/roman-sf-un-monde-dazur-de-jack-vance\"},\n  \"title\": {\"S\": \"Un monde d’azur\"},\n  \"writer\": {\"S\": \"Vance, Jack\"},\n\n  \"tags\": {\"S\": \"#Science-Fiction\"},\n  \"link\": {\"S\": \"https://post-tenebras-lire.net/roman-sf-un-monde-dazur-de-jack-vance/\"},\n\n  \"imageUrl\": {\"S\": \"https://post-tenebras-lire.net/assets/posts/2012-10-01-roman-sf-un-monde-dazur-de-jack-vance.jpg\"}\n}\n",
            "range_key": null,
            "table_name": "Feed"
          },
          "private": "bnVsbA==",
          "depends_on": [
            "aws_dynamodb_table.feed-table"
          ]
        }
      ]
    },
    {
      "mode": "managed",
      "type": "aws_dynamodb_table_item",
      "name": "un-soupçon-d-éternité",
      "provider": "provider.aws",
      "instances": [
        {
          "schema_version": 0,
          "attributes": {
            "hash_key": "Id",
            "id": "Feed|Id||https://post-tenebras-lire.net/un-soupcon-deternite-de-freddy-woets|",
            "item": "{\n  \"Id\": {\"S\": \"https://post-tenebras-lire.net/un-soupcon-deternite-de-freddy-woets\"},\n  \"title\": {\"S\": \"Un soupçon d’éternité\"},\n  \"writer\": {\"S\": \"Woets, Freddy\"},\n\n  \"tags\": {\"S\": \"#Fantastique\"},\n  \"link\": {\"S\": \"https://post-tenebras-lire.net/un-soupcon-deternite-de-freddy-woets/\"},\n\n  \"imageUrl\": {\"S\": \"https://post-tenebras-lire.net/assets/posts/2014-09-13-un-soupcon-deternite-de-freddy-woets.jpg\"}\n}\n",
            "range_key": null,
            "table_name": "Feed"
          },
          "private": "bnVsbA==",
          "depends_on": [
            "aws_dynamodb_table.feed-table"
          ]
        }
      ]
    },
    {
      "mode": "managed",
      "type": "aws_dynamodb_table_item",
      "name": "une-forme-de-guerre",
      "provider": "provider.aws",
      "instances": [
        {
          "schema_version": 0,
          "attributes": {
            "hash_key": "Id",
            "id": "Feed|Id||https://post-tenebras-lire.net/une-forme-de-guerre-de-iain-banks|",
            "item": "{\n  \"Id\": {\"S\": \"https://post-tenebras-lire.net/une-forme-de-guerre-de-iain-banks\"},\n  \"title\": {\"S\": \"Une forme de guerre\"},\n  \"writer\": {\"S\": \"Banks, Iain\"},\n\n  \"tags\": {\"S\": \"#Science-Fiction\"},\n  \"link\": {\"S\": \"https://post-tenebras-lire.net/une-forme-de-guerre-de-iain-banks/\"},\n\n  \"imageUrl\": {\"S\": \"https://post-tenebras-lire.net/assets/posts/2015-02-17-une-forme-de-guerre-de-iain-banks.jpg\"}\n}\n",
            "range_key": null,
            "table_name": "Feed"
          },
          "private": "bnVsbA==",
          "depends_on": [
            "aws_dynamodb_table.feed-table"
          ]
        }
      ]
    },
    {
      "mode": "managed",
      "type": "aws_dynamodb_table_item",
      "name": "utopia",
      "provider": "provider.aws",
      "instances": [
        {
          "schema_version": 0,
          "attributes": {
            "hash_key": "Id",
            "id": "Feed|Id||https://post-tenebras-lire.net/roman-utopia-ahmed-khaled-towfik|",
            "item": "{\n  \"Id\": {\"S\": \"https://post-tenebras-lire.net/roman-utopia-ahmed-khaled-towfik\"},\n  \"title\": {\"S\": \"Utopia\"},\n  \"writer\": {\"S\": \"Towfik, Ahmed Khaled\"},\n\n  \"tags\": {\"S\": \"#Science-Fiction\"},\n  \"link\": {\"S\": \"https://post-tenebras-lire.net/roman-utopia-ahmed-khaled-towfik/\"},\n\n  \"imageUrl\": {\"S\": \"https://post-tenebras-lire.net/assets/posts/2013-06-08-roman-utopia-ahmed-khaled-towfik.png\"}\n}\n",
            "range_key": null,
            "table_name": "Feed"
          },
          "private": "bnVsbA==",
          "depends_on": [
            "aws_dynamodb_table.feed-table"
          ]
        }
      ]
    },
    {
      "mode": "managed",
      "type": "aws_dynamodb_table_item",
      "name": "vivant",
      "provider": "provider.aws",
      "instances": [
        {
          "schema_version": 0,
          "attributes": {
            "hash_key": "Id",
            "id": "Feed|Id||https://post-tenebras-lire.net/histoire-damour-de-zombies-vivant-isaac|",
            "item": "{\n  \"Id\": {\"S\": \"https://post-tenebras-lire.net/histoire-damour-de-zombies-vivant-isaac\"},\n  \"title\": {\"S\": \"Vivant\"},\n  \"writer\": {\"S\": \"Isaac, Marion\"},\n\n  \"tags\": {\"S\": \"#Post-apocalyptique\"},\n  \"link\": {\"S\": \"https://post-tenebras-lire.net/histoire-damour-de-zombies-vivant-isaac/\"},\n\n  \"imageUrl\": {\"S\": \"https://post-tenebras-lire.net/assets/posts/2014-08-15-histoire-damour-de-zombies-vivant-isaac.jpg\"}\n}\n",
            "range_key": null,
            "table_name": "Feed"
          },
          "private": "bnVsbA==",
          "depends_on": [
            "aws_dynamodb_table.feed-table"
          ]
        }
      ]
    },
    {
      "mode": "managed",
      "type": "aws_dynamodb_table_item",
      "name": "voyage-à-чорнобиль",
      "provider": "provider.aws",
      "instances": [
        {
          "schema_version": 0,
          "attributes": {
            "hash_key": "Id",
            "id": "Feed|Id||https://post-tenebras-lire.net/%D0%A7%D0%BE%D1%80%D0%BD%D0%BE%D0%B1%D0%B8%D0%BB%D1%8C|",
            "item": "{\n  \"Id\": {\"S\": \"https://post-tenebras-lire.net/%D0%A7%D0%BE%D1%80%D0%BD%D0%BE%D0%B1%D0%B8%D0%BB%D1%8C\"},\n  \"title\": {\"S\": \"Voyage à “Чорнобиль”\"},\n  \"writer\": {\"S\": \"Moi\"},\n\n  \"tags\": {\"S\": \"#Voyage #Post-apocalyptique\"},\n  \"link\": {\"S\": \"https://post-tenebras-lire.net/%D0%A7%D0%BE%D1%80%D0%BD%D0%BE%D0%B1%D0%B8%D0%BB%D1%8C/\"},\n\n  \"imageUrl\": {\"S\": \"https://post-tenebras-lire.net/assets/posts//assets/gallery/%D0%A7%D0%BE%D1%80%D0%BD%D0%BE%D0%B1%D0%B8%D0%BB%D1%8C/DSCF0457.jpg\"}\n}\n",
            "range_key": null,
            "table_name": "Feed"
          },
          "private": "bnVsbA==",
          "depends_on": [
            "aws_dynamodb_table.feed-table"
          ]
        }
      ]
    },
    {
      "mode": "managed",
      "type": "aws_dynamodb_table_item",
      "name": "voyager-tome-1-jonctions",
      "provider": "provider.aws",
      "instances": [
        {
          "schema_version": 0,
          "attributes": {
            "hash_key": "Id",
            "id": "Feed|Id||https://post-tenebras-lire.net/roman-sf-voyager-de-stephanne-desienne|",
            "item": "{\n  \"Id\": {\"S\": \"https://post-tenebras-lire.net/roman-sf-voyager-de-stephanne-desienne\"},\n  \"title\": {\"S\": \"Voyager, tome 1 : Jonctions\"},\n  \"writer\": {\"S\": \"Desienne, Stéphane\"},\n\n  \"tags\": {\"S\": \"#Science-Fiction\"},\n  \"link\": {\"S\": \"https://post-tenebras-lire.net/roman-sf-voyager-de-stephanne-desienne/\"},\n\n  \"imageUrl\": {\"S\": \"https://post-tenebras-lire.net/assets/posts/2016-06-13-roman-sf-voyager-de-stephanne-desienne.jpg\"}\n}\n",
            "range_key": null,
            "table_name": "Feed"
          },
          "private": "bnVsbA==",
          "depends_on": [
            "aws_dynamodb_table.feed-table"
          ]
        }
      ]
    },
    {
      "mode": "managed",
      "type": "aws_dynamodb_table_item",
      "name": "yokai",
      "provider": "provider.aws",
      "instances": [
        {
          "schema_version": 0,
          "attributes": {
            "hash_key": "Id",
            "id": "Feed|Id||https://post-tenebras-lire.net/yokai-de-neil-jomunsi-projetbradbury|",
            "item": "{\n  \"Id\": {\"S\": \"https://post-tenebras-lire.net/yokai-de-neil-jomunsi-projetbradbury\"},\n  \"title\": {\"S\": \"Yokai\"},\n  \"writer\": {\"S\": \"Jomunsi, Neil\"},\n\n  \"tags\": {\"S\": \"#Nouvelle\"},\n  \"link\": {\"S\": \"https://post-tenebras-lire.net/yokai-de-neil-jomunsi-projetbradbury/\"},\n\n  \"imageUrl\": {\"S\": \"https://post-tenebras-lire.net/assets/posts/2014-02-03-yokai-de-neil-jomunsi-projetbradbury.jpg\"}\n}\n",
            "range_key": null,
            "table_name": "Feed"
          },
          "private": "bnVsbA==",
          "depends_on": [
            "aws_dynamodb_table.feed-table"
          ]
        }
      ]
    },
    {
      "mode": "managed",
      "type": "aws_dynamodb_table_item",
      "name": "yôkai-le-monde-étrange-des-monstres-japonais",
      "provider": "provider.aws",
      "instances": [
        {
          "schema_version": 0,
          "attributes": {
            "hash_key": "Id",
            "id": "Feed|Id||https://post-tenebras-lire.net/Y%C3%B4kai_le_monde_%C3%A9trange_des_monstres_japonais|",
            "item": "{\n  \"Id\": {\"S\": \"https://post-tenebras-lire.net/Y%C3%B4kai_le_monde_%C3%A9trange_des_monstres_japonais\"},\n  \"title\": {\"S\": \"Yôkai ! Le monde étrange des monstres japonais\"},\n  \"writer\": {\"S\": \"Daugey, Fleur\"},\n\n  \"tags\": {\"S\": \"#Japon #Beau livre\"},\n  \"link\": {\"S\": \"https://post-tenebras-lire.net/Y%C3%B4kai_le_monde_%C3%A9trange_des_monstres_japonais/\"},\n\n  \"imageUrl\": {\"S\": \"https://post-tenebras-lire.net/assets/posts/2018-09-25-Y%C3%B4kai_le_monde_%C3%A9trange_des_monstres_japonais.jpg\"}\n}\n",
            "range_key": null,
            "table_name": "Feed"
          },
          "private": "bnVsbA==",
          "depends_on": [
            "aws_dynamodb_table.feed-table"
          ]
        }
      ]
    },
    {
      "mode": "managed",
      "type": "aws_dynamodb_table_item",
      "name": "zakuro",
      "provider": "provider.aws",
      "instances": [
        {
          "schema_version": 0,
          "attributes": {
            "hash_key": "Id",
            "id": "Feed|Id||https://post-tenebras-lire.net/zakuro-aki-shimazaki|",
            "item": "{\n  \"Id\": {\"S\": \"https://post-tenebras-lire.net/zakuro-aki-shimazaki\"},\n  \"title\": {\"S\": \"Zakuro\"},\n  \"writer\": {\"S\": \"Shimazaki, Aki\"},\n\n  \"tags\": {\"S\": \"#Japon\"},\n  \"link\": {\"S\": \"https://post-tenebras-lire.net/zakuro-aki-shimazaki/\"},\n\n  \"imageUrl\": {\"S\": \"https://post-tenebras-lire.net/assets/posts/2013-12-22-zakuro-aki-shimazaki.jpg\"}\n}\n",
            "range_key": null,
            "table_name": "Feed"
          },
          "private": "bnVsbA==",
          "depends_on": [
            "aws_dynamodb_table.feed-table"
          ]
        }
      ]
    },
    {
      "mode": "managed",
      "type": "aws_dynamodb_table_item",
      "name": "zombie-nostalgie",
      "provider": "provider.aws",
      "instances": [
        {
          "schema_version": 0,
          "attributes": {
            "hash_key": "Id",
            "id": "Feed|Id||https://post-tenebras-lire.net/lecture-zombie-nostalgie-de-ystein-stene|",
            "item": "{\n  \"Id\": {\"S\": \"https://post-tenebras-lire.net/lecture-zombie-nostalgie-de-ystein-stene\"},\n  \"title\": {\"S\": \"Zombie Nostalgie\"},\n  \"writer\": {\"S\": \"Stene, Øystein\"},\n\n  \"tags\": {\"S\": \"#Zombies\"},\n  \"link\": {\"S\": \"https://post-tenebras-lire.net/lecture-zombie-nostalgie-de-ystein-stene/\"},\n\n  \"imageUrl\": {\"S\": \"https://post-tenebras-lire.net/assets/posts/2016-12-10-lecture-zombie-nostalgie-de-ystein-stene.jpg\"}\n}\n",
            "range_key": null,
            "table_name": "Feed"
          },
          "private": "bnVsbA==",
          "depends_on": [
            "aws_dynamodb_table.feed-table"
          ]
        }
      ]
    },
    {
      "mode": "managed",
      "type": "aws_dynamodb_table_item",
      "name": "zoulag-la-filière-sibérienne",
      "provider": "provider.aws",
      "instances": [
        {
          "schema_version": 0,
          "attributes": {
            "hash_key": "Id",
            "id": "Feed|Id||https://post-tenebras-lire.net/zoulag-la-filiere-siberienne-de|",
            "item": "{\n  \"Id\": {\"S\": \"https://post-tenebras-lire.net/zoulag-la-filiere-siberienne-de\"},\n  \"title\": {\"S\": \"Zoulag : la filière sibérienne\"},\n  \"writer\": {\"S\": \"Desienne, Stéphane\"},\n\n  \"tags\": {\"S\": \"#Post-apocalyptique #Zombies #Pulp #Série\"},\n  \"link\": {\"S\": \"https://post-tenebras-lire.net/zoulag-la-filiere-siberienne-de/\"},\n\n  \"imageUrl\": {\"S\": \"https://post-tenebras-lire.net/assets/posts/2017-10-13-zoulag-la-filiere-siberienne-de.jpg\"}\n}\n",
            "range_key": null,
            "table_name": "Feed"
          },
          "private": "bnVsbA==",
          "depends_on": [
            "aws_dynamodb_table.feed-table"
          ]
        }
      ]
    },
    {
      "mode": "managed",
      "type": "aws_dynamodb_table_item",
      "name": "zoulag-le-syndrome-finlandais",
      "provider": "provider.aws",
      "instances": [
        {
          "schema_version": 0,
          "attributes": {
            "hash_key": "Id",
            "id": "Feed|Id||https://post-tenebras-lire.net/lecture-zoulag-le-syndrome-finlandais|",
            "item": "{\n  \"Id\": {\"S\": \"https://post-tenebras-lire.net/lecture-zoulag-le-syndrome-finlandais\"},\n  \"title\": {\"S\": \"Zoulag: Le syndrome finlandais\"},\n  \"writer\": {\"S\": \"Desienne, Stéphane\"},\n\n  \"tags\": {\"S\": \"#Post-apocalyptique #Nouvelle\"},\n  \"link\": {\"S\": \"https://post-tenebras-lire.net/lecture-zoulag-le-syndrome-finlandais/\"},\n\n  \"imageUrl\": {\"S\": \"https://post-tenebras-lire.net/assets/posts/2017-01-15-lecture-zoulag-le-syndrome-finlandais.jpg\"}\n}\n",
            "range_key": null,
            "table_name": "Feed"
          },
          "private": "bnVsbA==",
          "depends_on": [
            "aws_dynamodb_table.feed-table"
          ]
        }
      ]
    },
    {
      "mode": "managed",
      "type": "aws_dynamodb_table_item",
      "name": "ça",
      "provider": "provider.aws",
      "instances": [
        {
          "schema_version": 0,
          "attributes": {
            "hash_key": "Id",
            "id": "Feed|Id||https://post-tenebras-lire.net/ca-de-stephen-king|",
            "item": "{\n  \"Id\": {\"S\": \"https://post-tenebras-lire.net/ca-de-stephen-king\"},\n  \"title\": {\"S\": \"Ça\"},\n  \"writer\": {\"S\": \"King, Stephen\"},\n\n  \"tags\": {\"S\": \"#Thriller #Fantastique\"},\n  \"link\": {\"S\": \"https://post-tenebras-lire.net/ca-de-stephen-king/\"},\n\n  \"imageUrl\": {\"S\": \"https://post-tenebras-lire.net/assets/posts/2015-04-30-ca-de-stephen-king.jpg\"}\n}\n",
            "range_key": null,
            "table_name": "Feed"
          },
          "private": "bnVsbA==",
          "depends_on": [
            "aws_dynamodb_table.feed-table"
          ]
        }
      ]
    },
    {
      "mode": "managed",
      "type": "aws_dynamodb_table_item",
      "name": "ératosthène",
      "provider": "provider.aws",
      "instances": [
        {
          "schema_version": 0,
          "attributes": {
            "hash_key": "Id",
            "id": "Feed|Id||https://post-tenebras-lire.net/eratosthene-de-thierry-crouzet|",
            "item": "{\n  \"Id\": {\"S\": \"https://post-tenebras-lire.net/eratosthene-de-thierry-crouzet\"},\n  \"title\": {\"S\": \"Ératosthène\"},\n  \"writer\": {\"S\": \"Crouzet, Thierry\"},\n\n  \"tags\": {\"S\": \"#Histoire #Biographie #Science\"},\n  \"link\": {\"S\": \"https://post-tenebras-lire.net/eratosthene-de-thierry-crouzet/\"},\n\n  \"imageUrl\": {\"S\": \"https://post-tenebras-lire.net/assets/posts/2014-12-11-eratosthene-de-thierry-crouzet.jpg\"}\n}\n",
            "range_key": null,
            "table_name": "Feed"
          },
          "private": "bnVsbA==",
          "depends_on": [
            "aws_dynamodb_table.feed-table"
          ]
        }
      ]
    },
    {
      "mode": "managed",
      "type": "aws_dynamodb_table_item",
      "name": "étranges-rivages",
      "provider": "provider.aws",
      "instances": [
        {
          "schema_version": 0,
          "attributes": {
            "hash_key": "Id",
            "id": "Feed|Id||https://post-tenebras-lire.net/polar-islandais-etranges-rivages|",
            "item": "{\n  \"Id\": {\"S\": \"https://post-tenebras-lire.net/polar-islandais-etranges-rivages\"},\n  \"title\": {\"S\": \"Étranges rivages\"},\n  \"writer\": {\"S\": \"Indriðason, Arnaldur\"},\n\n  \"tags\": {\"S\": \"#Islande #Polar\"},\n  \"link\": {\"S\": \"https://post-tenebras-lire.net/polar-islandais-etranges-rivages/\"},\n\n  \"imageUrl\": {\"S\": \"https://post-tenebras-lire.net/assets/posts/2016-12-06-polar-islandais-etranges-rivages.jpg\"}\n}\n",
            "range_key": null,
            "table_name": "Feed"
          },
          "private": "bnVsbA==",
          "depends_on": [
            "aws_dynamodb_table.feed-table"
          ]
        }
      ]
    },
    {
      "mode": "managed",
      "type": "aws_iam_policy",
      "name": "dynamodb-policy",
      "provider": "provider.aws",
      "instances": [
        {
          "schema_version": 0,
          "attributes": {
            "arn": "arn:aws:iam::424590257573:policy/dynamodb_read-policy",
            "description": "",
            "id": "arn:aws:iam::424590257573:policy/dynamodb_read-policy",
            "name": "dynamodb_read-policy",
            "name_prefix": null,
            "path": "/",
            "policy": "{\n  \"Version\": \"2012-10-17\",\n  \"Statement\": [\n    {\n      \"Sid\": \"\",\n      \"Effect\": \"Allow\",\n      \"Action\": \"dynamodb:*\",\n      \"Resource\": \"*\"\n    }\n  ]\n}"
          },
          "private": "bnVsbA==",
          "depends_on": [
            "data.aws_iam_policy_document.dynamodb-document"
          ]
        }
      ]
    },
    {
      "mode": "managed",
      "type": "aws_iam_role",
      "name": "feed2twitter-role",
      "provider": "provider.aws",
      "instances": [
        {
          "schema_version": 0,
          "attributes": {
            "arn": "arn:aws:iam::424590257573:role/feed2twitter-role",
            "assume_role_policy": "{\"Version\":\"2012-10-17\",\"Statement\":[{\"Sid\":\"\",\"Effect\":\"Allow\",\"Principal\":{\"Service\":\"lambda.amazonaws.com\"},\"Action\":\"sts:AssumeRole\"}]}",
            "create_date": "2019-09-24T21:40:06Z",
            "description": "Role for lambda",
            "force_detach_policies": false,
            "id": "feed2twitter-role",
            "max_session_duration": 3600,
            "name": "feed2twitter-role",
            "name_prefix": null,
            "path": "/",
            "permissions_boundary": null,
            "tags": {},
            "unique_id": "AROAWFW4NFWSY6Z3GKCM7"
          },
          "private": "bnVsbA=="
        }
      ]
    },
    {
      "mode": "managed",
      "type": "aws_iam_role_policy_attachment",
      "name": "feed2twitter_cloudwatch_role-attachment",
      "provider": "provider.aws",
      "instances": [
        {
          "schema_version": 0,
          "attributes": {
            "id": "feed2twitter-role-20190924214007315500000002",
            "policy_arn": "arn:aws:iam::aws:policy/CloudWatchLogsFullAccess",
            "role": "feed2twitter-role"
          },
          "private": "bnVsbA==",
          "depends_on": [
            "aws_iam_role.feed2twitter-role"
          ]
        }
      ]
    },
    {
      "mode": "managed",
      "type": "aws_iam_role_policy_attachment",
      "name": "feed2twitter_dynamodb_policy-attachment",
      "provider": "provider.aws",
      "instances": [
        {
          "schema_version": 0,
          "attributes": {
            "id": "feed2twitter-role-20190925194638081500000001",
            "policy_arn": "arn:aws:iam::424590257573:policy/dynamodb_read-policy",
            "role": "feed2twitter-role"
          },
          "private": "bnVsbA==",
          "depends_on": [
            "aws_iam_policy.dynamodb-policy",
            "aws_iam_role.feed2twitter-role"
          ]
        }
      ]
    },
    {
      "mode": "managed",
      "type": "aws_lambda_function",
      "name": "feed2twitter-function",
      "provider": "provider.aws",
      "instances": [
        {
          "schema_version": 0,
          "attributes": {
            "arn": "arn:aws:lambda:eu-west-3:424590257573:function:feed2twitter-lambda",
            "dead_letter_config": [],
            "description": "Triggered by Schedule read feed and post",
            "environment": [
              {
                "variables": {
                  "access_token": "1167175791031017473-Y14i4U2J63Z33QGN4WhBqN80UUr5OR",
                  "access_token_secret": "hurfI6l0Yd3aSfGnsX6NBkvS9Z4ErK02inj90eHhDY85G",
                  "consumer_key": "VxYcMZWMjjGPx7N8iQKZIntZK",
                  "consumer_secret": "hlhRyT8Ss0l7AeHdEc8V78KedKB5kOpgY5NQao8Q5oW8EZcfDC",
                  "feed": "https://post-tenebras-lire.net/feed.xml"
                }
              }
            ],
            "filename": null,
            "function_name": "feed2twitter-lambda",
            "handler": "src/handlers/process-atom-feed.processAtomFeed",
            "id": "feed2twitter-lambda",
            "invoke_arn": "arn:aws:apigateway:eu-west-3:lambda:path/2015-03-31/functions/arn:aws:lambda:eu-west-3:424590257573:function:feed2twitter-lambda/invocations",
            "kms_key_arn": "",
            "last_modified": "2019-09-25T21:24:47.859+0000",
            "layers": [],
            "memory_size": 192,
            "publish": false,
            "qualified_arn": "arn:aws:lambda:eu-west-3:424590257573:function:feed2twitter-lambda:$LATEST",
            "reserved_concurrent_executions": -1,
            "role": "arn:aws:iam::424590257573:role/feed2twitter-role",
            "runtime": "nodejs10.x",
            "s3_bucket": "feed2twitter-christoff.net",
            "s3_key": "feed2twitter-lambda",
            "s3_object_version": null,
            "source_code_hash": "UhUflMweWxgmCQRbZySmvaKW1D65VyuvP3QDtzsFtlQ=",
            "source_code_size": 3002111,
            "tags": {},
            "timeout": 120,
            "timeouts": null,
            "tracing_config": [
              {
                "mode": "PassThrough"
              }
            ],
            "version": "$LATEST",
            "vpc_config": []
          },
          "private": "eyJlMmJmYjczMC1lY2FhLTExZTYtOGY4OC0zNDM2M2JjN2M0YzAiOnsiY3JlYXRlIjo2MDAwMDAwMDAwMDB9fQ==",
          "depends_on": [
            "aws_iam_role.feed2twitter-role",
            "aws_s3_bucket.feed2twitter-bucket",
            "aws_s3_bucket_object.feed2twitter_lambda-storage"
          ]
        }
      ]
    },
    {
      "mode": "managed",
      "type": "aws_lambda_permission",
      "name": "every_day_1111-permission",
      "provider": "provider.aws",
      "instances": [
        {
          "schema_version": 0,
          "attributes": {
            "action": "lambda:InvokeFunction",
            "event_source_token": null,
            "function_name": "feed2twitter-lambda",
            "id": "AllowExecutionFromCloudWatch",
            "principal": "events.amazonaws.com",
            "qualifier": "",
            "source_account": null,
            "source_arn": "arn:aws:events:eu-west-3:424590257573:rule/every_day_1111",
            "statement_id": "AllowExecutionFromCloudWatch",
            "statement_id_prefix": null
          },
          "private": "bnVsbA==",
          "depends_on": [
            "aws_cloudwatch_event_rule.every_day_1111-rule",
            "aws_lambda_function.feed2twitter-function"
          ]
        }
      ]
    },
    {
      "mode": "managed",
      "type": "aws_s3_bucket",
      "name": "feed2twitter-bucket",
      "provider": "provider.aws",
      "instances": [
        {
          "schema_version": 0,
          "attributes": {
            "acceleration_status": "",
            "acl": "private",
            "arn": "arn:aws:s3:::feed2twitter-christoff.net",
            "bucket": "feed2twitter-christoff.net",
            "bucket_domain_name": "feed2twitter-christoff.net.s3.amazonaws.com",
            "bucket_prefix": null,
            "bucket_regional_domain_name": "feed2twitter-christoff.net.s3.eu-west-3.amazonaws.com",
            "cors_rule": [],
            "force_destroy": true,
            "hosted_zone_id": "Z3R1K369G5AVDG",
            "id": "feed2twitter-christoff.net",
            "lifecycle_rule": [],
            "logging": [],
            "object_lock_configuration": [],
            "policy": null,
            "region": "eu-west-3",
            "replication_configuration": [],
            "request_payer": "BucketOwner",
            "server_side_encryption_configuration": [],
            "tags": {},
            "versioning": [
              {
                "enabled": false,
                "mfa_delete": false
              }
            ],
            "website": [],
            "website_domain": null,
            "website_endpoint": null
          },
          "private": "bnVsbA=="
        }
      ]
    },
    {
      "mode": "managed",
      "type": "aws_s3_bucket_object",
      "name": "feed2twitter_lambda-storage",
      "provider": "provider.aws",
      "instances": [
        {
          "schema_version": 0,
          "attributes": {
            "acl": "private",
            "bucket": "feed2twitter-christoff.net",
            "cache_control": "",
            "content": null,
            "content_base64": null,
            "content_disposition": "",
            "content_encoding": "",
            "content_language": "",
            "content_type": "application/zip",
            "etag": "c4549393c95b36b0af0f0c09f135a30d",
            "id": "feed2twitter-lambda",
            "key": "feed2twitter-lambda",
            "kms_key_id": null,
            "metadata": {},
            "server_side_encryption": "",
            "source": "../target/feed2twitter-lambda.zip",
            "storage_class": "STANDARD",
            "tags": {},
            "version_id": "",
            "website_redirect": ""
          },
          "private": "bnVsbA==",
          "depends_on": [
            "aws_s3_bucket.feed2twitter-bucket"
          ]
        }
      ]
    }
  ]
}
